{
  "version": 4,
  "terraform_version": "1.13.3",
  "serial": 94,
  "lineage": "ff33e342-6ca5-5bfe-653d-7ffb25b4041d",
  "outputs": {
    "argocd_admin_password": {
      "value": "kubectl -n argocd get secret argocd-initial-admin-secret -o jsonpath='{.data.password}' | base64 -d",
      "type": "string",
      "sensitive": true
    },
    "argocd_namespace": {
      "value": "argocd",
      "type": "string"
    },
    "argocd_server_port_forward": {
      "value": "kubectl port-forward svc/argocd-server -n argocd 8080:443",
      "type": "string"
    },
    "cluster_endpoint": {
      "value": "https://9D6E0C61D0C5F6C6E26D89C7D396241D.gr7.us-west-2.eks.amazonaws.com",
      "type": "string"
    },
    "cluster_name": {
      "value": "retail-store-bfkv",
      "type": "string"
    },
    "cluster_name_base": {
      "value": "retail-store",
      "type": "string"
    },
    "cluster_name_suffix": {
      "value": "bfkv",
      "type": "string"
    },
    "cluster_oidc_issuer_url": {
      "value": "https://oidc.eks.us-west-2.amazonaws.com/id/9D6E0C61D0C5F6C6E26D89C7D396241D",
      "type": "string"
    },
    "cluster_security_group_id": {
      "value": "sg-04e4ef7f72d37b19f",
      "type": "string"
    },
    "cluster_version": {
      "value": "1.33",
      "type": "string"
    },
    "configure_kubectl": {
      "value": "aws eks update-kubeconfig --region us-west-2 --name retail-store-bfkv",
      "type": "string"
    },
    "ingress_nginx_loadbalancer": {
      "value": "kubectl get svc -n ingress-nginx ingress-nginx-controller -o jsonpath='{.status.loadBalancer.ingress[0].hostname}'",
      "type": "string"
    },
    "private_subnets": {
      "value": [
        "subnet-097656737ae09a394",
        "subnet-07a007d5ecb1013e0",
        "subnet-036064752d1ac8e04"
      ],
      "type": [
        "tuple",
        [
          "string",
          "string",
          "string"
        ]
      ]
    },
    "public_subnets": {
      "value": [
        "subnet-031e9120e703397ce",
        "subnet-04b9ea603685836a2",
        "subnet-0991c61833f0700fb"
      ],
      "type": [
        "tuple",
        [
          "string",
          "string",
          "string"
        ]
      ]
    },
    "retail_store_url": {
      "value": "echo 'http://'$(kubectl get svc -n ingress-nginx ingress-nginx-controller -o jsonpath='{.status.loadBalancer.ingress[0].hostname}')",
      "type": "string"
    },
    "useful_commands": {
      "value": {
        "argocd_apps": "kubectl get applications -n argocd",
        "describe_cluster": "kubectl cluster-info",
        "get_nodes": "kubectl get nodes",
        "get_pods_all": "kubectl get pods -A",
        "get_retail_store": "kubectl get pods -n retail-store",
        "ingress_status": "kubectl get ingress -A"
      },
      "type": [
        "object",
        {
          "argocd_apps": "string",
          "describe_cluster": "string",
          "get_nodes": "string",
          "get_pods_all": "string",
          "get_retail_store": "string",
          "ingress_status": "string"
        }
      ]
    },
    "vpc_cidr_block": {
      "value": "10.0.0.0/16",
      "type": "string"
    },
    "vpc_id": {
      "value": "vpc-0db20fc11bd80e840",
      "type": "string"
    }
  },
  "resources": [
    {
      "mode": "data",
      "type": "aws_availability_zones",
      "name": "available",
      "provider": "provider[\"registry.terraform.io/hashicorp/aws\"]",
      "instances": [
        {
          "schema_version": 0,
          "attributes": {
            "all_availability_zones": null,
            "exclude_names": null,
            "exclude_zone_ids": null,
            "filter": null,
            "group_names": [
              "us-west-2-zg-1"
            ],
            "id": "us-west-2",
            "names": [
              "us-west-2a",
              "us-west-2b",
              "us-west-2c",
              "us-west-2d"
            ],
            "state": "available",
            "timeouts": null,
            "zone_ids": [
              "usw2-az2",
              "usw2-az1",
              "usw2-az3",
              "usw2-az4"
            ]
          },
          "sensitive_attributes": [],
          "identity_schema_version": 0
        }
      ]
    },
    {
      "mode": "data",
      "type": "aws_caller_identity",
      "name": "current",
      "provider": "provider[\"registry.terraform.io/hashicorp/aws\"]",
      "instances": [
        {
          "schema_version": 0,
          "attributes": {
            "account_id": "596507588379",
            "arn": "arn:aws:iam::596507588379:user/linuxuser",
            "id": "596507588379",
            "user_id": "AIDAYVYU7O4NYCHHW6IKK"
          },
          "sensitive_attributes": [],
          "identity_schema_version": 0
        }
      ]
    },
    {
      "mode": "managed",
      "type": "aws_security_group_rule",
      "name": "health_checks_to_lb",
      "provider": "provider[\"registry.terraform.io/hashicorp/aws\"]",
      "instances": [
        {
          "schema_version": 2,
          "attributes": {
            "cidr_blocks": [
              "10.0.0.0/16"
            ],
            "description": "Allow AWS health checks to LoadBalancer",
            "from_port": 10254,
            "id": "sgrule-2744286745",
            "ipv6_cidr_blocks": null,
            "prefix_list_ids": null,
            "protocol": "tcp",
            "security_group_id": "sg-04e4ef7f72d37b19f",
            "security_group_rule_id": "sgr-0c1d401a4716d6571",
            "self": false,
            "source_security_group_id": null,
            "timeouts": null,
            "to_port": 10254,
            "type": "ingress"
          },
          "sensitive_attributes": [],
          "identity_schema_version": 0,
          "private": "eyJlMmJmYjczMC1lY2FhLTExZTYtOGY4OC0zNDM2M2JjN2M0YzAiOnsiY3JlYXRlIjozMDAwMDAwMDAwMDB9LCJzY2hlbWFfdmVyc2lvbiI6IjIifQ==",
          "dependencies": [
            "data.aws_caller_identity.current",
            "module.retail_app_eks.aws_security_group.cluster",
            "module.vpc.aws_vpc.this",
            "random_string.suffix"
          ]
        }
      ]
    },
    {
      "mode": "managed",
      "type": "aws_security_group_rule",
      "name": "internet_to_lb_http",
      "provider": "provider[\"registry.terraform.io/hashicorp/aws\"]",
      "instances": [
        {
          "schema_version": 2,
          "attributes": {
            "cidr_blocks": [
              "0.0.0.0/0"
            ],
            "description": "Allow HTTP traffic from internet to LoadBalancer",
            "from_port": 80,
            "id": "sgrule-1528196093",
            "ipv6_cidr_blocks": null,
            "prefix_list_ids": null,
            "protocol": "tcp",
            "security_group_id": "sg-04e4ef7f72d37b19f",
            "security_group_rule_id": "sgr-0528b6fc5a3666fc0",
            "self": false,
            "source_security_group_id": null,
            "timeouts": null,
            "to_port": 80,
            "type": "ingress"
          },
          "sensitive_attributes": [],
          "identity_schema_version": 0,
          "private": "eyJlMmJmYjczMC1lY2FhLTExZTYtOGY4OC0zNDM2M2JjN2M0YzAiOnsiY3JlYXRlIjozMDAwMDAwMDAwMDB9LCJzY2hlbWFfdmVyc2lvbiI6IjIifQ==",
          "dependencies": [
            "data.aws_caller_identity.current",
            "module.retail_app_eks.aws_security_group.cluster",
            "module.vpc.aws_vpc.this",
            "random_string.suffix"
          ]
        }
      ]
    },
    {
      "mode": "managed",
      "type": "aws_security_group_rule",
      "name": "internet_to_lb_https",
      "provider": "provider[\"registry.terraform.io/hashicorp/aws\"]",
      "instances": [
        {
          "schema_version": 2,
          "attributes": {
            "cidr_blocks": [
              "0.0.0.0/0"
            ],
            "description": "Allow HTTPS traffic from internet to LoadBalancer",
            "from_port": 443,
            "id": "sgrule-3713081028",
            "ipv6_cidr_blocks": null,
            "prefix_list_ids": null,
            "protocol": "tcp",
            "security_group_id": "sg-04e4ef7f72d37b19f",
            "security_group_rule_id": "sgr-05795d2ca8493ee74",
            "self": false,
            "source_security_group_id": null,
            "timeouts": null,
            "to_port": 443,
            "type": "ingress"
          },
          "sensitive_attributes": [],
          "identity_schema_version": 0,
          "private": "eyJlMmJmYjczMC1lY2FhLTExZTYtOGY4OC0zNDM2M2JjN2M0YzAiOnsiY3JlYXRlIjozMDAwMDAwMDAwMDB9LCJzY2hlbWFfdmVyc2lvbiI6IjIifQ==",
          "dependencies": [
            "data.aws_caller_identity.current",
            "module.retail_app_eks.aws_security_group.cluster",
            "module.vpc.aws_vpc.this",
            "random_string.suffix"
          ]
        }
      ]
    },
    {
      "mode": "managed",
      "type": "aws_security_group_rule",
      "name": "nodeport_access",
      "provider": "provider[\"registry.terraform.io/hashicorp/aws\"]",
      "instances": [
        {
          "schema_version": 2,
          "attributes": {
            "cidr_blocks": [
              "10.0.0.0/16"
            ],
            "description": "Allow NodePort access within VPC",
            "from_port": 30000,
            "id": "sgrule-2145060609",
            "ipv6_cidr_blocks": null,
            "prefix_list_ids": null,
            "protocol": "tcp",
            "security_group_id": "sg-04e4ef7f72d37b19f",
            "security_group_rule_id": "sgr-05cac883d34540ed8",
            "self": false,
            "source_security_group_id": null,
            "timeouts": null,
            "to_port": 32767,
            "type": "ingress"
          },
          "sensitive_attributes": [],
          "identity_schema_version": 0,
          "private": "eyJlMmJmYjczMC1lY2FhLTExZTYtOGY4OC0zNDM2M2JjN2M0YzAiOnsiY3JlYXRlIjozMDAwMDAwMDAwMDB9LCJzY2hlbWFfdmVyc2lvbiI6IjIifQ==",
          "dependencies": [
            "data.aws_caller_identity.current",
            "module.retail_app_eks.aws_security_group.cluster",
            "module.vpc.aws_vpc.this",
            "random_string.suffix"
          ]
        }
      ]
    },
    {
      "mode": "managed",
      "type": "helm_release",
      "name": "argocd",
      "provider": "provider[\"registry.terraform.io/hashicorp/helm\"]",
      "instances": [
        {
          "schema_version": 1,
          "attributes": {
            "atomic": false,
            "chart": "argo-cd",
            "cleanup_on_fail": false,
            "create_namespace": true,
            "dependency_update": false,
            "description": null,
            "devel": null,
            "disable_crd_hooks": false,
            "disable_openapi_validation": false,
            "disable_webhooks": false,
            "force_update": false,
            "id": "argocd",
            "keyring": null,
            "lint": false,
            "manifest": null,
            "max_history": 0,
            "metadata": [
              {
                "app_version": "v2.9.3",
                "chart": "argo-cd",
                "first_deployed": 1763658925,
                "last_deployed": 1763658925,
                "name": "argocd",
                "namespace": "argocd",
                "notes": "\nDEPRECATED option server.extraArgs.\"--insecure\" - Use configs.params.server.insecure\n\nIn order to access the server UI you have the following options:\n\n1. kubectl port-forward service/argocd-server -n argocd 8080:443\n\n    and then open the browser on http://localhost:8080 and accept the certificate\n\n2. enable ingress in the values file `server.ingress.enabled` and either\n      - Add the annotation for ssl passthrough: https://argo-cd.readthedocs.io/en/stable/operator-manual/ingress/#option-1-ssl-passthrough\n      - Set the `configs.params.\"server.insecure\"` in the values file and terminate SSL at your ingress: https://argo-cd.readthedocs.io/en/stable/operator-manual/ingress/#option-2-multiple-ingress-objects-and-hosts\n\n\nAfter reaching the UI the first time you can login with username: admin and the random password generated during the installation. You can find the password by running:\n\nkubectl -n argocd get secret argocd-initial-admin-secret -o jsonpath=\"{.data.password}\" | base64 -d\n\n(You should delete the initial secret afterwards as suggested by the Getting Started Guide: https://argo-cd.readthedocs.io/en/stable/getting_started/#4-login-using-the-cli)\n",
                "revision": 1,
                "values": "{\"controller\":{\"resources\":{\"limits\":{\"cpu\":\"500m\",\"memory\":\"512Mi\"},\"requests\":{\"cpu\":\"100m\",\"memory\":\"128Mi\"}}},\"redis\":{\"resources\":{\"limits\":{\"cpu\":\"200m\",\"memory\":\"128Mi\"},\"requests\":{\"cpu\":\"50m\",\"memory\":\"64Mi\"}}},\"repoServer\":{\"resources\":{\"limits\":{\"cpu\":\"200m\",\"memory\":\"256Mi\"},\"requests\":{\"cpu\":\"50m\",\"memory\":\"64Mi\"}}},\"server\":{\"extraArgs\":[\"--insecure\"],\"ingress\":{\"enabled\":false},\"service\":{\"type\":\"ClusterIP\"}}}",
                "version": "5.51.6"
              }
            ],
            "name": "argocd",
            "namespace": "argocd",
            "pass_credentials": false,
            "postrender": [],
            "recreate_pods": false,
            "render_subchart_notes": true,
            "replace": false,
            "repository": "https://argoproj.github.io/argo-helm",
            "repository_ca_file": null,
            "repository_cert_file": null,
            "repository_key_file": null,
            "repository_password": null,
            "repository_username": null,
            "reset_values": false,
            "reuse_values": false,
            "set": [],
            "set_list": [],
            "set_sensitive": [],
            "skip_crds": false,
            "status": "deployed",
            "timeout": 300,
            "upgrade_install": null,
            "values": [
              "\"controller\":\n  \"resources\":\n    \"limits\":\n      \"cpu\": \"500m\"\n      \"memory\": \"512Mi\"\n    \"requests\":\n      \"cpu\": \"100m\"\n      \"memory\": \"128Mi\"\n\"redis\":\n  \"resources\":\n    \"limits\":\n      \"cpu\": \"200m\"\n      \"memory\": \"128Mi\"\n    \"requests\":\n      \"cpu\": \"50m\"\n      \"memory\": \"64Mi\"\n\"repoServer\":\n  \"resources\":\n    \"limits\":\n      \"cpu\": \"200m\"\n      \"memory\": \"256Mi\"\n    \"requests\":\n      \"cpu\": \"50m\"\n      \"memory\": \"64Mi\"\n\"server\":\n  \"extraArgs\":\n  - \"--insecure\"\n  \"ingress\":\n    \"enabled\": false\n  \"service\":\n    \"type\": \"ClusterIP\"\n"
            ],
            "verify": false,
            "version": "5.51.6",
            "wait": true,
            "wait_for_jobs": false
          },
          "sensitive_attributes": [
            [
              {
                "type": "get_attr",
                "value": "repository_password"
              }
            ]
          ],
          "identity_schema_version": 0,
          "private": "eyJzY2hlbWFfdmVyc2lvbiI6IjEifQ==",
          "dependencies": [
            "data.aws_availability_zones.available",
            "data.aws_caller_identity.current",
            "module.eks_addons.aws_autoscaling_group_tag.aws_node_termination_handler",
            "module.eks_addons.aws_autoscaling_lifecycle_hook.aws_node_termination_handler",
            "module.eks_addons.aws_cloudformation_stack.usage_telemetry",
            "module.eks_addons.aws_cloudwatch_event_rule.aws_node_termination_handler",
            "module.eks_addons.aws_cloudwatch_event_rule.karpenter",
            "module.eks_addons.aws_cloudwatch_event_target.aws_node_termination_handler",
            "module.eks_addons.aws_cloudwatch_event_target.karpenter",
            "module.eks_addons.aws_cloudwatch_log_group.aws_for_fluentbit",
            "module.eks_addons.aws_cloudwatch_log_group.fargate_fluentbit",
            "module.eks_addons.aws_eks_addon.this",
            "module.eks_addons.aws_iam_instance_profile.karpenter",
            "module.eks_addons.aws_iam_policy.fargate_fluentbit",
            "module.eks_addons.aws_iam_role.karpenter",
            "module.eks_addons.aws_iam_role_policy_attachment.additional",
            "module.eks_addons.aws_iam_role_policy_attachment.karpenter",
            "module.eks_addons.data.aws_caller_identity.current",
            "module.eks_addons.data.aws_eks_addon_version.this",
            "module.eks_addons.data.aws_iam_policy_document.aws_efs_csi_driver",
            "module.eks_addons.data.aws_iam_policy_document.aws_for_fluentbit",
            "module.eks_addons.data.aws_iam_policy_document.aws_fsx_csi_driver",
            "module.eks_addons.data.aws_iam_policy_document.aws_gateway_api_controller",
            "module.eks_addons.data.aws_iam_policy_document.aws_load_balancer_controller",
            "module.eks_addons.data.aws_iam_policy_document.aws_node_termination_handler",
            "module.eks_addons.data.aws_iam_policy_document.aws_privateca_issuer",
            "module.eks_addons.data.aws_iam_policy_document.cert_manager",
            "module.eks_addons.data.aws_iam_policy_document.cluster_autoscaler",
            "module.eks_addons.data.aws_iam_policy_document.external_dns",
            "module.eks_addons.data.aws_iam_policy_document.external_secrets",
            "module.eks_addons.data.aws_iam_policy_document.fargate_fluentbit",
            "module.eks_addons.data.aws_iam_policy_document.karpenter",
            "module.eks_addons.data.aws_iam_policy_document.karpenter_assume_role",
            "module.eks_addons.data.aws_iam_policy_document.velero",
            "module.eks_addons.data.aws_partition.current",
            "module.eks_addons.data.aws_region.current",
            "module.eks_addons.helm_release.this",
            "module.eks_addons.kubernetes_config_map_v1.aws_logging",
            "module.eks_addons.kubernetes_config_map_v1_data.aws_for_fluentbit_containerinsights",
            "module.eks_addons.kubernetes_namespace_v1.aws_observability",
            "module.eks_addons.module.argo_events.aws_iam_policy.this",
            "module.eks_addons.module.argo_events.aws_iam_role.this",
            "module.eks_addons.module.argo_events.aws_iam_role_policy_attachment.additional",
            "module.eks_addons.module.argo_events.aws_iam_role_policy_attachment.this",
            "module.eks_addons.module.argo_events.data.aws_caller_identity.current",
            "module.eks_addons.module.argo_events.data.aws_iam_policy_document.assume",
            "module.eks_addons.module.argo_events.data.aws_iam_policy_document.this",
            "module.eks_addons.module.argo_events.data.aws_partition.current",
            "module.eks_addons.module.argo_events.helm_release.this",
            "module.eks_addons.module.argo_rollouts.aws_iam_policy.this",
            "module.eks_addons.module.argo_rollouts.aws_iam_role.this",
            "module.eks_addons.module.argo_rollouts.aws_iam_role_policy_attachment.additional",
            "module.eks_addons.module.argo_rollouts.aws_iam_role_policy_attachment.this",
            "module.eks_addons.module.argo_rollouts.data.aws_caller_identity.current",
            "module.eks_addons.module.argo_rollouts.data.aws_iam_policy_document.assume",
            "module.eks_addons.module.argo_rollouts.data.aws_iam_policy_document.this",
            "module.eks_addons.module.argo_rollouts.data.aws_partition.current",
            "module.eks_addons.module.argo_rollouts.helm_release.this",
            "module.eks_addons.module.argo_workflows.aws_iam_policy.this",
            "module.eks_addons.module.argo_workflows.aws_iam_role.this",
            "module.eks_addons.module.argo_workflows.aws_iam_role_policy_attachment.additional",
            "module.eks_addons.module.argo_workflows.aws_iam_role_policy_attachment.this",
            "module.eks_addons.module.argo_workflows.data.aws_caller_identity.current",
            "module.eks_addons.module.argo_workflows.data.aws_iam_policy_document.assume",
            "module.eks_addons.module.argo_workflows.data.aws_iam_policy_document.this",
            "module.eks_addons.module.argo_workflows.data.aws_partition.current",
            "module.eks_addons.module.argo_workflows.helm_release.this",
            "module.eks_addons.module.argocd.aws_iam_policy.this",
            "module.eks_addons.module.argocd.aws_iam_role.this",
            "module.eks_addons.module.argocd.aws_iam_role_policy_attachment.additional",
            "module.eks_addons.module.argocd.aws_iam_role_policy_attachment.this",
            "module.eks_addons.module.argocd.data.aws_caller_identity.current",
            "module.eks_addons.module.argocd.data.aws_iam_policy_document.assume",
            "module.eks_addons.module.argocd.data.aws_iam_policy_document.this",
            "module.eks_addons.module.argocd.data.aws_partition.current",
            "module.eks_addons.module.argocd.helm_release.this",
            "module.eks_addons.module.aws_cloudwatch_metrics.aws_iam_policy.this",
            "module.eks_addons.module.aws_cloudwatch_metrics.aws_iam_role.this",
            "module.eks_addons.module.aws_cloudwatch_metrics.aws_iam_role_policy_attachment.additional",
            "module.eks_addons.module.aws_cloudwatch_metrics.aws_iam_role_policy_attachment.this",
            "module.eks_addons.module.aws_cloudwatch_metrics.data.aws_caller_identity.current",
            "module.eks_addons.module.aws_cloudwatch_metrics.data.aws_iam_policy_document.assume",
            "module.eks_addons.module.aws_cloudwatch_metrics.data.aws_iam_policy_document.this",
            "module.eks_addons.module.aws_cloudwatch_metrics.data.aws_partition.current",
            "module.eks_addons.module.aws_cloudwatch_metrics.helm_release.this",
            "module.eks_addons.module.aws_efs_csi_driver.aws_iam_policy.this",
            "module.eks_addons.module.aws_efs_csi_driver.aws_iam_role.this",
            "module.eks_addons.module.aws_efs_csi_driver.aws_iam_role_policy_attachment.additional",
            "module.eks_addons.module.aws_efs_csi_driver.aws_iam_role_policy_attachment.this",
            "module.eks_addons.module.aws_efs_csi_driver.data.aws_caller_identity.current",
            "module.eks_addons.module.aws_efs_csi_driver.data.aws_iam_policy_document.assume",
            "module.eks_addons.module.aws_efs_csi_driver.data.aws_iam_policy_document.this",
            "module.eks_addons.module.aws_efs_csi_driver.data.aws_partition.current",
            "module.eks_addons.module.aws_efs_csi_driver.helm_release.this",
            "module.eks_addons.module.aws_for_fluentbit.aws_iam_policy.this",
            "module.eks_addons.module.aws_for_fluentbit.aws_iam_role.this",
            "module.eks_addons.module.aws_for_fluentbit.aws_iam_role_policy_attachment.additional",
            "module.eks_addons.module.aws_for_fluentbit.aws_iam_role_policy_attachment.this",
            "module.eks_addons.module.aws_for_fluentbit.data.aws_caller_identity.current",
            "module.eks_addons.module.aws_for_fluentbit.data.aws_iam_policy_document.assume",
            "module.eks_addons.module.aws_for_fluentbit.data.aws_iam_policy_document.this",
            "module.eks_addons.module.aws_for_fluentbit.data.aws_partition.current",
            "module.eks_addons.module.aws_for_fluentbit.helm_release.this",
            "module.eks_addons.module.aws_fsx_csi_driver.aws_iam_policy.this",
            "module.eks_addons.module.aws_fsx_csi_driver.aws_iam_role.this",
            "module.eks_addons.module.aws_fsx_csi_driver.aws_iam_role_policy_attachment.additional",
            "module.eks_addons.module.aws_fsx_csi_driver.aws_iam_role_policy_attachment.this",
            "module.eks_addons.module.aws_fsx_csi_driver.data.aws_caller_identity.current",
            "module.eks_addons.module.aws_fsx_csi_driver.data.aws_iam_policy_document.assume",
            "module.eks_addons.module.aws_fsx_csi_driver.data.aws_iam_policy_document.this",
            "module.eks_addons.module.aws_fsx_csi_driver.data.aws_partition.current",
            "module.eks_addons.module.aws_fsx_csi_driver.helm_release.this",
            "module.eks_addons.module.aws_gateway_api_controller.aws_iam_policy.this",
            "module.eks_addons.module.aws_gateway_api_controller.aws_iam_role.this",
            "module.eks_addons.module.aws_gateway_api_controller.aws_iam_role_policy_attachment.additional",
            "module.eks_addons.module.aws_gateway_api_controller.aws_iam_role_policy_attachment.this",
            "module.eks_addons.module.aws_gateway_api_controller.data.aws_caller_identity.current",
            "module.eks_addons.module.aws_gateway_api_controller.data.aws_iam_policy_document.assume",
            "module.eks_addons.module.aws_gateway_api_controller.data.aws_iam_policy_document.this",
            "module.eks_addons.module.aws_gateway_api_controller.data.aws_partition.current",
            "module.eks_addons.module.aws_gateway_api_controller.helm_release.this",
            "module.eks_addons.module.aws_load_balancer_controller.aws_iam_policy.this",
            "module.eks_addons.module.aws_load_balancer_controller.aws_iam_role.this",
            "module.eks_addons.module.aws_load_balancer_controller.aws_iam_role_policy_attachment.additional",
            "module.eks_addons.module.aws_load_balancer_controller.aws_iam_role_policy_attachment.this",
            "module.eks_addons.module.aws_load_balancer_controller.data.aws_caller_identity.current",
            "module.eks_addons.module.aws_load_balancer_controller.data.aws_iam_policy_document.assume",
            "module.eks_addons.module.aws_load_balancer_controller.data.aws_iam_policy_document.this",
            "module.eks_addons.module.aws_load_balancer_controller.data.aws_partition.current",
            "module.eks_addons.module.aws_load_balancer_controller.helm_release.this",
            "module.eks_addons.module.aws_node_termination_handler.aws_iam_policy.this",
            "module.eks_addons.module.aws_node_termination_handler.aws_iam_role.this",
            "module.eks_addons.module.aws_node_termination_handler.aws_iam_role_policy_attachment.additional",
            "module.eks_addons.module.aws_node_termination_handler.aws_iam_role_policy_attachment.this",
            "module.eks_addons.module.aws_node_termination_handler.data.aws_caller_identity.current",
            "module.eks_addons.module.aws_node_termination_handler.data.aws_iam_policy_document.assume",
            "module.eks_addons.module.aws_node_termination_handler.data.aws_iam_policy_document.this",
            "module.eks_addons.module.aws_node_termination_handler.data.aws_partition.current",
            "module.eks_addons.module.aws_node_termination_handler.helm_release.this",
            "module.eks_addons.module.aws_node_termination_handler_sqs.aws_sqs_queue.dlq",
            "module.eks_addons.module.aws_node_termination_handler_sqs.aws_sqs_queue.this",
            "module.eks_addons.module.aws_node_termination_handler_sqs.aws_sqs_queue_policy.dlq",
            "module.eks_addons.module.aws_node_termination_handler_sqs.aws_sqs_queue_policy.this",
            "module.eks_addons.module.aws_node_termination_handler_sqs.aws_sqs_queue_redrive_allow_policy.dlq",
            "module.eks_addons.module.aws_node_termination_handler_sqs.aws_sqs_queue_redrive_allow_policy.this",
            "module.eks_addons.module.aws_node_termination_handler_sqs.aws_sqs_queue_redrive_policy.dlq",
            "module.eks_addons.module.aws_node_termination_handler_sqs.aws_sqs_queue_redrive_policy.this",
            "module.eks_addons.module.aws_node_termination_handler_sqs.data.aws_iam_policy_document.dlq",
            "module.eks_addons.module.aws_node_termination_handler_sqs.data.aws_iam_policy_document.this",
            "module.eks_addons.module.aws_privateca_issuer.aws_iam_policy.this",
            "module.eks_addons.module.aws_privateca_issuer.aws_iam_role.this",
            "module.eks_addons.module.aws_privateca_issuer.aws_iam_role_policy_attachment.additional",
            "module.eks_addons.module.aws_privateca_issuer.aws_iam_role_policy_attachment.this",
            "module.eks_addons.module.aws_privateca_issuer.data.aws_caller_identity.current",
            "module.eks_addons.module.aws_privateca_issuer.data.aws_iam_policy_document.assume",
            "module.eks_addons.module.aws_privateca_issuer.data.aws_iam_policy_document.this",
            "module.eks_addons.module.aws_privateca_issuer.data.aws_partition.current",
            "module.eks_addons.module.aws_privateca_issuer.helm_release.this",
            "module.eks_addons.module.bottlerocket_shadow.aws_iam_policy.this",
            "module.eks_addons.module.bottlerocket_shadow.aws_iam_role.this",
            "module.eks_addons.module.bottlerocket_shadow.aws_iam_role_policy_attachment.additional",
            "module.eks_addons.module.bottlerocket_shadow.aws_iam_role_policy_attachment.this",
            "module.eks_addons.module.bottlerocket_shadow.data.aws_caller_identity.current",
            "module.eks_addons.module.bottlerocket_shadow.data.aws_iam_policy_document.assume",
            "module.eks_addons.module.bottlerocket_shadow.data.aws_iam_policy_document.this",
            "module.eks_addons.module.bottlerocket_shadow.data.aws_partition.current",
            "module.eks_addons.module.bottlerocket_shadow.helm_release.this",
            "module.eks_addons.module.bottlerocket_update_operator.aws_iam_policy.this",
            "module.eks_addons.module.bottlerocket_update_operator.aws_iam_role.this",
            "module.eks_addons.module.bottlerocket_update_operator.aws_iam_role_policy_attachment.additional",
            "module.eks_addons.module.bottlerocket_update_operator.aws_iam_role_policy_attachment.this",
            "module.eks_addons.module.bottlerocket_update_operator.data.aws_caller_identity.current",
            "module.eks_addons.module.bottlerocket_update_operator.data.aws_iam_policy_document.assume",
            "module.eks_addons.module.bottlerocket_update_operator.data.aws_iam_policy_document.this",
            "module.eks_addons.module.bottlerocket_update_operator.data.aws_partition.current",
            "module.eks_addons.module.bottlerocket_update_operator.helm_release.this",
            "module.eks_addons.module.cert_manager.aws_iam_policy.this",
            "module.eks_addons.module.cert_manager.aws_iam_role.this",
            "module.eks_addons.module.cert_manager.aws_iam_role_policy_attachment.additional",
            "module.eks_addons.module.cert_manager.aws_iam_role_policy_attachment.this",
            "module.eks_addons.module.cert_manager.data.aws_caller_identity.current",
            "module.eks_addons.module.cert_manager.data.aws_iam_policy_document.assume",
            "module.eks_addons.module.cert_manager.data.aws_iam_policy_document.this",
            "module.eks_addons.module.cert_manager.data.aws_partition.current",
            "module.eks_addons.module.cert_manager.helm_release.this",
            "module.eks_addons.module.cluster_autoscaler.aws_iam_policy.this",
            "module.eks_addons.module.cluster_autoscaler.aws_iam_role.this",
            "module.eks_addons.module.cluster_autoscaler.aws_iam_role_policy_attachment.additional",
            "module.eks_addons.module.cluster_autoscaler.aws_iam_role_policy_attachment.this",
            "module.eks_addons.module.cluster_autoscaler.data.aws_caller_identity.current",
            "module.eks_addons.module.cluster_autoscaler.data.aws_iam_policy_document.assume",
            "module.eks_addons.module.cluster_autoscaler.data.aws_iam_policy_document.this",
            "module.eks_addons.module.cluster_autoscaler.data.aws_partition.current",
            "module.eks_addons.module.cluster_autoscaler.helm_release.this",
            "module.eks_addons.module.cluster_proportional_autoscaler.aws_iam_policy.this",
            "module.eks_addons.module.cluster_proportional_autoscaler.aws_iam_role.this",
            "module.eks_addons.module.cluster_proportional_autoscaler.aws_iam_role_policy_attachment.additional",
            "module.eks_addons.module.cluster_proportional_autoscaler.aws_iam_role_policy_attachment.this",
            "module.eks_addons.module.cluster_proportional_autoscaler.data.aws_caller_identity.current",
            "module.eks_addons.module.cluster_proportional_autoscaler.data.aws_iam_policy_document.assume",
            "module.eks_addons.module.cluster_proportional_autoscaler.data.aws_iam_policy_document.this",
            "module.eks_addons.module.cluster_proportional_autoscaler.data.aws_partition.current",
            "module.eks_addons.module.cluster_proportional_autoscaler.helm_release.this",
            "module.eks_addons.module.external_dns.aws_iam_policy.this",
            "module.eks_addons.module.external_dns.aws_iam_role.this",
            "module.eks_addons.module.external_dns.aws_iam_role_policy_attachment.additional",
            "module.eks_addons.module.external_dns.aws_iam_role_policy_attachment.this",
            "module.eks_addons.module.external_dns.data.aws_caller_identity.current",
            "module.eks_addons.module.external_dns.data.aws_iam_policy_document.assume",
            "module.eks_addons.module.external_dns.data.aws_iam_policy_document.this",
            "module.eks_addons.module.external_dns.data.aws_partition.current",
            "module.eks_addons.module.external_dns.helm_release.this",
            "module.eks_addons.module.external_secrets.aws_iam_policy.this",
            "module.eks_addons.module.external_secrets.aws_iam_role.this",
            "module.eks_addons.module.external_secrets.aws_iam_role_policy_attachment.additional",
            "module.eks_addons.module.external_secrets.aws_iam_role_policy_attachment.this",
            "module.eks_addons.module.external_secrets.data.aws_caller_identity.current",
            "module.eks_addons.module.external_secrets.data.aws_iam_policy_document.assume",
            "module.eks_addons.module.external_secrets.data.aws_iam_policy_document.this",
            "module.eks_addons.module.external_secrets.data.aws_partition.current",
            "module.eks_addons.module.external_secrets.helm_release.this",
            "module.eks_addons.module.gatekeeper.aws_iam_policy.this",
            "module.eks_addons.module.gatekeeper.aws_iam_role.this",
            "module.eks_addons.module.gatekeeper.aws_iam_role_policy_attachment.additional",
            "module.eks_addons.module.gatekeeper.aws_iam_role_policy_attachment.this",
            "module.eks_addons.module.gatekeeper.data.aws_caller_identity.current",
            "module.eks_addons.module.gatekeeper.data.aws_iam_policy_document.assume",
            "module.eks_addons.module.gatekeeper.data.aws_iam_policy_document.this",
            "module.eks_addons.module.gatekeeper.data.aws_partition.current",
            "module.eks_addons.module.gatekeeper.helm_release.this",
            "module.eks_addons.module.ingress_nginx.aws_iam_policy.this",
            "module.eks_addons.module.ingress_nginx.aws_iam_role.this",
            "module.eks_addons.module.ingress_nginx.aws_iam_role_policy_attachment.additional",
            "module.eks_addons.module.ingress_nginx.aws_iam_role_policy_attachment.this",
            "module.eks_addons.module.ingress_nginx.data.aws_caller_identity.current",
            "module.eks_addons.module.ingress_nginx.data.aws_iam_policy_document.assume",
            "module.eks_addons.module.ingress_nginx.data.aws_iam_policy_document.this",
            "module.eks_addons.module.ingress_nginx.data.aws_partition.current",
            "module.eks_addons.module.ingress_nginx.helm_release.this",
            "module.eks_addons.module.karpenter.aws_iam_policy.this",
            "module.eks_addons.module.karpenter.aws_iam_role.this",
            "module.eks_addons.module.karpenter.aws_iam_role_policy_attachment.additional",
            "module.eks_addons.module.karpenter.aws_iam_role_policy_attachment.this",
            "module.eks_addons.module.karpenter.data.aws_caller_identity.current",
            "module.eks_addons.module.karpenter.data.aws_iam_policy_document.assume",
            "module.eks_addons.module.karpenter.data.aws_iam_policy_document.this",
            "module.eks_addons.module.karpenter.data.aws_partition.current",
            "module.eks_addons.module.karpenter.helm_release.this",
            "module.eks_addons.module.karpenter_sqs.aws_sqs_queue.dlq",
            "module.eks_addons.module.karpenter_sqs.aws_sqs_queue.this",
            "module.eks_addons.module.karpenter_sqs.aws_sqs_queue_policy.dlq",
            "module.eks_addons.module.karpenter_sqs.aws_sqs_queue_policy.this",
            "module.eks_addons.module.karpenter_sqs.aws_sqs_queue_redrive_allow_policy.dlq",
            "module.eks_addons.module.karpenter_sqs.aws_sqs_queue_redrive_allow_policy.this",
            "module.eks_addons.module.karpenter_sqs.aws_sqs_queue_redrive_policy.dlq",
            "module.eks_addons.module.karpenter_sqs.aws_sqs_queue_redrive_policy.this",
            "module.eks_addons.module.karpenter_sqs.data.aws_iam_policy_document.dlq",
            "module.eks_addons.module.karpenter_sqs.data.aws_iam_policy_document.this",
            "module.eks_addons.module.kube_prometheus_stack.aws_iam_policy.this",
            "module.eks_addons.module.kube_prometheus_stack.aws_iam_role.this",
            "module.eks_addons.module.kube_prometheus_stack.aws_iam_role_policy_attachment.additional",
            "module.eks_addons.module.kube_prometheus_stack.aws_iam_role_policy_attachment.this",
            "module.eks_addons.module.kube_prometheus_stack.data.aws_caller_identity.current",
            "module.eks_addons.module.kube_prometheus_stack.data.aws_iam_policy_document.assume",
            "module.eks_addons.module.kube_prometheus_stack.data.aws_iam_policy_document.this",
            "module.eks_addons.module.kube_prometheus_stack.data.aws_partition.current",
            "module.eks_addons.module.kube_prometheus_stack.helm_release.this",
            "module.eks_addons.module.metrics_server.aws_iam_policy.this",
            "module.eks_addons.module.metrics_server.aws_iam_role.this",
            "module.eks_addons.module.metrics_server.aws_iam_role_policy_attachment.additional",
            "module.eks_addons.module.metrics_server.aws_iam_role_policy_attachment.this",
            "module.eks_addons.module.metrics_server.data.aws_caller_identity.current",
            "module.eks_addons.module.metrics_server.data.aws_iam_policy_document.assume",
            "module.eks_addons.module.metrics_server.data.aws_iam_policy_document.this",
            "module.eks_addons.module.metrics_server.data.aws_partition.current",
            "module.eks_addons.module.metrics_server.helm_release.this",
            "module.eks_addons.module.secrets_store_csi_driver.aws_iam_policy.this",
            "module.eks_addons.module.secrets_store_csi_driver.aws_iam_role.this",
            "module.eks_addons.module.secrets_store_csi_driver.aws_iam_role_policy_attachment.additional",
            "module.eks_addons.module.secrets_store_csi_driver.aws_iam_role_policy_attachment.this",
            "module.eks_addons.module.secrets_store_csi_driver.data.aws_caller_identity.current",
            "module.eks_addons.module.secrets_store_csi_driver.data.aws_iam_policy_document.assume",
            "module.eks_addons.module.secrets_store_csi_driver.data.aws_iam_policy_document.this",
            "module.eks_addons.module.secrets_store_csi_driver.data.aws_partition.current",
            "module.eks_addons.module.secrets_store_csi_driver.helm_release.this",
            "module.eks_addons.module.secrets_store_csi_driver_provider_aws.aws_iam_policy.this",
            "module.eks_addons.module.secrets_store_csi_driver_provider_aws.aws_iam_role.this",
            "module.eks_addons.module.secrets_store_csi_driver_provider_aws.aws_iam_role_policy_attachment.additional",
            "module.eks_addons.module.secrets_store_csi_driver_provider_aws.aws_iam_role_policy_attachment.this",
            "module.eks_addons.module.secrets_store_csi_driver_provider_aws.data.aws_caller_identity.current",
            "module.eks_addons.module.secrets_store_csi_driver_provider_aws.data.aws_iam_policy_document.assume",
            "module.eks_addons.module.secrets_store_csi_driver_provider_aws.data.aws_iam_policy_document.this",
            "module.eks_addons.module.secrets_store_csi_driver_provider_aws.data.aws_partition.current",
            "module.eks_addons.module.secrets_store_csi_driver_provider_aws.helm_release.this",
            "module.eks_addons.module.velero.aws_iam_policy.this",
            "module.eks_addons.module.velero.aws_iam_role.this",
            "module.eks_addons.module.velero.aws_iam_role_policy_attachment.additional",
            "module.eks_addons.module.velero.aws_iam_role_policy_attachment.this",
            "module.eks_addons.module.velero.data.aws_caller_identity.current",
            "module.eks_addons.module.velero.data.aws_iam_policy_document.assume",
            "module.eks_addons.module.velero.data.aws_iam_policy_document.this",
            "module.eks_addons.module.velero.data.aws_partition.current",
            "module.eks_addons.module.velero.helm_release.this",
            "module.eks_addons.module.vpa.aws_iam_policy.this",
            "module.eks_addons.module.vpa.aws_iam_role.this",
            "module.eks_addons.module.vpa.aws_iam_role_policy_attachment.additional",
            "module.eks_addons.module.vpa.aws_iam_role_policy_attachment.this",
            "module.eks_addons.module.vpa.data.aws_caller_identity.current",
            "module.eks_addons.module.vpa.data.aws_iam_policy_document.assume",
            "module.eks_addons.module.vpa.data.aws_iam_policy_document.this",
            "module.eks_addons.module.vpa.data.aws_partition.current",
            "module.eks_addons.module.vpa.helm_release.this",
            "module.eks_addons.random_bytes.this",
            "module.eks_addons.time_sleep.this",
            "module.retail_app_eks.aws_cloudwatch_log_group.this",
            "module.retail_app_eks.aws_ec2_tag.cluster_primary_security_group",
            "module.retail_app_eks.aws_eks_access_entry.this",
            "module.retail_app_eks.aws_eks_access_policy_association.this",
            "module.retail_app_eks.aws_eks_addon.before_compute",
            "module.retail_app_eks.aws_eks_addon.this",
            "module.retail_app_eks.aws_eks_cluster.this",
            "module.retail_app_eks.aws_eks_identity_provider_config.this",
            "module.retail_app_eks.aws_iam_openid_connect_provider.oidc_provider",
            "module.retail_app_eks.aws_iam_policy.cluster_encryption",
            "module.retail_app_eks.aws_iam_policy.cni_ipv6_policy",
            "module.retail_app_eks.aws_iam_policy.custom",
            "module.retail_app_eks.aws_iam_role.eks_auto",
            "module.retail_app_eks.aws_iam_role.this",
            "module.retail_app_eks.aws_iam_role_policy_attachment.additional",
            "module.retail_app_eks.aws_iam_role_policy_attachment.cluster_encryption",
            "module.retail_app_eks.aws_iam_role_policy_attachment.custom",
            "module.retail_app_eks.aws_iam_role_policy_attachment.eks_auto",
            "module.retail_app_eks.aws_iam_role_policy_attachment.eks_auto_additional",
            "module.retail_app_eks.aws_iam_role_policy_attachment.this",
            "module.retail_app_eks.aws_security_group.cluster",
            "module.retail_app_eks.aws_security_group.node",
            "module.retail_app_eks.aws_security_group_rule.cluster",
            "module.retail_app_eks.aws_security_group_rule.node",
            "module.retail_app_eks.data.aws_caller_identity.current",
            "module.retail_app_eks.data.aws_eks_addon_version.this",
            "module.retail_app_eks.data.aws_iam_policy_document.assume_role_policy",
            "module.retail_app_eks.data.aws_iam_policy_document.cni_ipv6_policy",
            "module.retail_app_eks.data.aws_iam_policy_document.custom",
            "module.retail_app_eks.data.aws_iam_policy_document.node_assume_role_policy",
            "module.retail_app_eks.data.aws_iam_session_context.current",
            "module.retail_app_eks.data.aws_partition.current",
            "module.retail_app_eks.data.tls_certificate.this",
            "module.retail_app_eks.module.eks_managed_node_group.aws_autoscaling_schedule.this",
            "module.retail_app_eks.module.eks_managed_node_group.aws_eks_node_group.this",
            "module.retail_app_eks.module.eks_managed_node_group.aws_iam_role.this",
            "module.retail_app_eks.module.eks_managed_node_group.aws_iam_role_policy.this",
            "module.retail_app_eks.module.eks_managed_node_group.aws_iam_role_policy_attachment.additional",
            "module.retail_app_eks.module.eks_managed_node_group.aws_iam_role_policy_attachment.this",
            "module.retail_app_eks.module.eks_managed_node_group.aws_launch_template.this",
            "module.retail_app_eks.module.eks_managed_node_group.aws_placement_group.this",
            "module.retail_app_eks.module.eks_managed_node_group.data.aws_caller_identity.current",
            "module.retail_app_eks.module.eks_managed_node_group.data.aws_ec2_instance_type.this",
            "module.retail_app_eks.module.eks_managed_node_group.data.aws_ec2_instance_type_offerings.this",
            "module.retail_app_eks.module.eks_managed_node_group.data.aws_iam_policy_document.assume_role_policy",
            "module.retail_app_eks.module.eks_managed_node_group.data.aws_iam_policy_document.role",
            "module.retail_app_eks.module.eks_managed_node_group.data.aws_partition.current",
            "module.retail_app_eks.module.eks_managed_node_group.data.aws_ssm_parameter.ami",
            "module.retail_app_eks.module.eks_managed_node_group.data.aws_subnets.placement_group",
            "module.retail_app_eks.module.eks_managed_node_group.module.user_data.data.cloudinit_config.al2023_eks_managed_node_group",
            "module.retail_app_eks.module.eks_managed_node_group.module.user_data.data.cloudinit_config.linux_eks_managed_node_group",
            "module.retail_app_eks.module.eks_managed_node_group.module.user_data.null_resource.validate_cluster_service_cidr",
            "module.retail_app_eks.module.fargate_profile.aws_eks_fargate_profile.this",
            "module.retail_app_eks.module.fargate_profile.aws_iam_role.this",
            "module.retail_app_eks.module.fargate_profile.aws_iam_role_policy.this",
            "module.retail_app_eks.module.fargate_profile.aws_iam_role_policy_attachment.additional",
            "module.retail_app_eks.module.fargate_profile.aws_iam_role_policy_attachment.this",
            "module.retail_app_eks.module.fargate_profile.data.aws_caller_identity.current",
            "module.retail_app_eks.module.fargate_profile.data.aws_iam_policy_document.assume_role_policy",
            "module.retail_app_eks.module.fargate_profile.data.aws_iam_policy_document.role",
            "module.retail_app_eks.module.fargate_profile.data.aws_partition.current",
            "module.retail_app_eks.module.fargate_profile.data.aws_region.current",
            "module.retail_app_eks.module.kms.aws_kms_alias.this",
            "module.retail_app_eks.module.kms.aws_kms_external_key.this",
            "module.retail_app_eks.module.kms.aws_kms_grant.this",
            "module.retail_app_eks.module.kms.aws_kms_key.this",
            "module.retail_app_eks.module.kms.aws_kms_replica_external_key.this",
            "module.retail_app_eks.module.kms.aws_kms_replica_key.this",
            "module.retail_app_eks.module.kms.data.aws_caller_identity.current",
            "module.retail_app_eks.module.kms.data.aws_iam_policy_document.this",
            "module.retail_app_eks.module.kms.data.aws_partition.current",
            "module.retail_app_eks.module.self_managed_node_group.aws_autoscaling_group.this",
            "module.retail_app_eks.module.self_managed_node_group.aws_autoscaling_schedule.this",
            "module.retail_app_eks.module.self_managed_node_group.aws_eks_access_entry.this",
            "module.retail_app_eks.module.self_managed_node_group.aws_iam_instance_profile.this",
            "module.retail_app_eks.module.self_managed_node_group.aws_iam_role.this",
            "module.retail_app_eks.module.self_managed_node_group.aws_iam_role_policy.this",
            "module.retail_app_eks.module.self_managed_node_group.aws_iam_role_policy_attachment.additional",
            "module.retail_app_eks.module.self_managed_node_group.aws_iam_role_policy_attachment.this",
            "module.retail_app_eks.module.self_managed_node_group.aws_launch_template.this",
            "module.retail_app_eks.module.self_managed_node_group.aws_placement_group.this",
            "module.retail_app_eks.module.self_managed_node_group.data.aws_caller_identity.current",
            "module.retail_app_eks.module.self_managed_node_group.data.aws_ec2_instance_type.this",
            "module.retail_app_eks.module.self_managed_node_group.data.aws_ec2_instance_type_offerings.this",
            "module.retail_app_eks.module.self_managed_node_group.data.aws_iam_policy_document.assume_role_policy",
            "module.retail_app_eks.module.self_managed_node_group.data.aws_iam_policy_document.role",
            "module.retail_app_eks.module.self_managed_node_group.data.aws_partition.current",
            "module.retail_app_eks.module.self_managed_node_group.data.aws_ssm_parameter.ami",
            "module.retail_app_eks.module.self_managed_node_group.data.aws_subnets.placement_group",
            "module.retail_app_eks.module.self_managed_node_group.module.user_data.data.cloudinit_config.al2023_eks_managed_node_group",
            "module.retail_app_eks.module.self_managed_node_group.module.user_data.data.cloudinit_config.linux_eks_managed_node_group",
            "module.retail_app_eks.module.self_managed_node_group.module.user_data.null_resource.validate_cluster_service_cidr",
            "module.retail_app_eks.time_sleep.this",
            "module.vpc.aws_subnet.private",
            "module.vpc.aws_vpc.this",
            "module.vpc.aws_vpc_ipv4_cidr_block_association.this",
            "random_string.suffix",
            "time_sleep.wait_for_cluster"
          ]
        }
      ]
    },
    {
      "mode": "managed",
      "type": "null_resource",
      "name": "argocd_apps",
      "provider": "provider[\"registry.terraform.io/hashicorp/null\"]",
      "instances": [
        {
          "schema_version": 0,
          "attributes": {
            "id": "6022292444115892523",
            "triggers": {
              "argocd_version": "5.51.6",
              "timestamp": "2025-11-20T17:22:23Z"
            }
          },
          "sensitive_attributes": [],
          "identity_schema_version": 0,
          "dependencies": [
            "data.aws_availability_zones.available",
            "data.aws_caller_identity.current",
            "helm_release.argocd",
            "module.eks_addons.aws_autoscaling_group_tag.aws_node_termination_handler",
            "module.eks_addons.aws_autoscaling_lifecycle_hook.aws_node_termination_handler",
            "module.eks_addons.aws_cloudformation_stack.usage_telemetry",
            "module.eks_addons.aws_cloudwatch_event_rule.aws_node_termination_handler",
            "module.eks_addons.aws_cloudwatch_event_rule.karpenter",
            "module.eks_addons.aws_cloudwatch_event_target.aws_node_termination_handler",
            "module.eks_addons.aws_cloudwatch_event_target.karpenter",
            "module.eks_addons.aws_cloudwatch_log_group.aws_for_fluentbit",
            "module.eks_addons.aws_cloudwatch_log_group.fargate_fluentbit",
            "module.eks_addons.aws_eks_addon.this",
            "module.eks_addons.aws_iam_instance_profile.karpenter",
            "module.eks_addons.aws_iam_policy.fargate_fluentbit",
            "module.eks_addons.aws_iam_role.karpenter",
            "module.eks_addons.aws_iam_role_policy_attachment.additional",
            "module.eks_addons.aws_iam_role_policy_attachment.karpenter",
            "module.eks_addons.data.aws_caller_identity.current",
            "module.eks_addons.data.aws_eks_addon_version.this",
            "module.eks_addons.data.aws_iam_policy_document.aws_efs_csi_driver",
            "module.eks_addons.data.aws_iam_policy_document.aws_for_fluentbit",
            "module.eks_addons.data.aws_iam_policy_document.aws_fsx_csi_driver",
            "module.eks_addons.data.aws_iam_policy_document.aws_gateway_api_controller",
            "module.eks_addons.data.aws_iam_policy_document.aws_load_balancer_controller",
            "module.eks_addons.data.aws_iam_policy_document.aws_node_termination_handler",
            "module.eks_addons.data.aws_iam_policy_document.aws_privateca_issuer",
            "module.eks_addons.data.aws_iam_policy_document.cert_manager",
            "module.eks_addons.data.aws_iam_policy_document.cluster_autoscaler",
            "module.eks_addons.data.aws_iam_policy_document.external_dns",
            "module.eks_addons.data.aws_iam_policy_document.external_secrets",
            "module.eks_addons.data.aws_iam_policy_document.fargate_fluentbit",
            "module.eks_addons.data.aws_iam_policy_document.karpenter",
            "module.eks_addons.data.aws_iam_policy_document.karpenter_assume_role",
            "module.eks_addons.data.aws_iam_policy_document.velero",
            "module.eks_addons.data.aws_partition.current",
            "module.eks_addons.data.aws_region.current",
            "module.eks_addons.helm_release.this",
            "module.eks_addons.kubernetes_config_map_v1.aws_logging",
            "module.eks_addons.kubernetes_config_map_v1_data.aws_for_fluentbit_containerinsights",
            "module.eks_addons.kubernetes_namespace_v1.aws_observability",
            "module.eks_addons.module.argo_events.aws_iam_policy.this",
            "module.eks_addons.module.argo_events.aws_iam_role.this",
            "module.eks_addons.module.argo_events.aws_iam_role_policy_attachment.additional",
            "module.eks_addons.module.argo_events.aws_iam_role_policy_attachment.this",
            "module.eks_addons.module.argo_events.data.aws_caller_identity.current",
            "module.eks_addons.module.argo_events.data.aws_iam_policy_document.assume",
            "module.eks_addons.module.argo_events.data.aws_iam_policy_document.this",
            "module.eks_addons.module.argo_events.data.aws_partition.current",
            "module.eks_addons.module.argo_events.helm_release.this",
            "module.eks_addons.module.argo_rollouts.aws_iam_policy.this",
            "module.eks_addons.module.argo_rollouts.aws_iam_role.this",
            "module.eks_addons.module.argo_rollouts.aws_iam_role_policy_attachment.additional",
            "module.eks_addons.module.argo_rollouts.aws_iam_role_policy_attachment.this",
            "module.eks_addons.module.argo_rollouts.data.aws_caller_identity.current",
            "module.eks_addons.module.argo_rollouts.data.aws_iam_policy_document.assume",
            "module.eks_addons.module.argo_rollouts.data.aws_iam_policy_document.this",
            "module.eks_addons.module.argo_rollouts.data.aws_partition.current",
            "module.eks_addons.module.argo_rollouts.helm_release.this",
            "module.eks_addons.module.argo_workflows.aws_iam_policy.this",
            "module.eks_addons.module.argo_workflows.aws_iam_role.this",
            "module.eks_addons.module.argo_workflows.aws_iam_role_policy_attachment.additional",
            "module.eks_addons.module.argo_workflows.aws_iam_role_policy_attachment.this",
            "module.eks_addons.module.argo_workflows.data.aws_caller_identity.current",
            "module.eks_addons.module.argo_workflows.data.aws_iam_policy_document.assume",
            "module.eks_addons.module.argo_workflows.data.aws_iam_policy_document.this",
            "module.eks_addons.module.argo_workflows.data.aws_partition.current",
            "module.eks_addons.module.argo_workflows.helm_release.this",
            "module.eks_addons.module.argocd.aws_iam_policy.this",
            "module.eks_addons.module.argocd.aws_iam_role.this",
            "module.eks_addons.module.argocd.aws_iam_role_policy_attachment.additional",
            "module.eks_addons.module.argocd.aws_iam_role_policy_attachment.this",
            "module.eks_addons.module.argocd.data.aws_caller_identity.current",
            "module.eks_addons.module.argocd.data.aws_iam_policy_document.assume",
            "module.eks_addons.module.argocd.data.aws_iam_policy_document.this",
            "module.eks_addons.module.argocd.data.aws_partition.current",
            "module.eks_addons.module.argocd.helm_release.this",
            "module.eks_addons.module.aws_cloudwatch_metrics.aws_iam_policy.this",
            "module.eks_addons.module.aws_cloudwatch_metrics.aws_iam_role.this",
            "module.eks_addons.module.aws_cloudwatch_metrics.aws_iam_role_policy_attachment.additional",
            "module.eks_addons.module.aws_cloudwatch_metrics.aws_iam_role_policy_attachment.this",
            "module.eks_addons.module.aws_cloudwatch_metrics.data.aws_caller_identity.current",
            "module.eks_addons.module.aws_cloudwatch_metrics.data.aws_iam_policy_document.assume",
            "module.eks_addons.module.aws_cloudwatch_metrics.data.aws_iam_policy_document.this",
            "module.eks_addons.module.aws_cloudwatch_metrics.data.aws_partition.current",
            "module.eks_addons.module.aws_cloudwatch_metrics.helm_release.this",
            "module.eks_addons.module.aws_efs_csi_driver.aws_iam_policy.this",
            "module.eks_addons.module.aws_efs_csi_driver.aws_iam_role.this",
            "module.eks_addons.module.aws_efs_csi_driver.aws_iam_role_policy_attachment.additional",
            "module.eks_addons.module.aws_efs_csi_driver.aws_iam_role_policy_attachment.this",
            "module.eks_addons.module.aws_efs_csi_driver.data.aws_caller_identity.current",
            "module.eks_addons.module.aws_efs_csi_driver.data.aws_iam_policy_document.assume",
            "module.eks_addons.module.aws_efs_csi_driver.data.aws_iam_policy_document.this",
            "module.eks_addons.module.aws_efs_csi_driver.data.aws_partition.current",
            "module.eks_addons.module.aws_efs_csi_driver.helm_release.this",
            "module.eks_addons.module.aws_for_fluentbit.aws_iam_policy.this",
            "module.eks_addons.module.aws_for_fluentbit.aws_iam_role.this",
            "module.eks_addons.module.aws_for_fluentbit.aws_iam_role_policy_attachment.additional",
            "module.eks_addons.module.aws_for_fluentbit.aws_iam_role_policy_attachment.this",
            "module.eks_addons.module.aws_for_fluentbit.data.aws_caller_identity.current",
            "module.eks_addons.module.aws_for_fluentbit.data.aws_iam_policy_document.assume",
            "module.eks_addons.module.aws_for_fluentbit.data.aws_iam_policy_document.this",
            "module.eks_addons.module.aws_for_fluentbit.data.aws_partition.current",
            "module.eks_addons.module.aws_for_fluentbit.helm_release.this",
            "module.eks_addons.module.aws_fsx_csi_driver.aws_iam_policy.this",
            "module.eks_addons.module.aws_fsx_csi_driver.aws_iam_role.this",
            "module.eks_addons.module.aws_fsx_csi_driver.aws_iam_role_policy_attachment.additional",
            "module.eks_addons.module.aws_fsx_csi_driver.aws_iam_role_policy_attachment.this",
            "module.eks_addons.module.aws_fsx_csi_driver.data.aws_caller_identity.current",
            "module.eks_addons.module.aws_fsx_csi_driver.data.aws_iam_policy_document.assume",
            "module.eks_addons.module.aws_fsx_csi_driver.data.aws_iam_policy_document.this",
            "module.eks_addons.module.aws_fsx_csi_driver.data.aws_partition.current",
            "module.eks_addons.module.aws_fsx_csi_driver.helm_release.this",
            "module.eks_addons.module.aws_gateway_api_controller.aws_iam_policy.this",
            "module.eks_addons.module.aws_gateway_api_controller.aws_iam_role.this",
            "module.eks_addons.module.aws_gateway_api_controller.aws_iam_role_policy_attachment.additional",
            "module.eks_addons.module.aws_gateway_api_controller.aws_iam_role_policy_attachment.this",
            "module.eks_addons.module.aws_gateway_api_controller.data.aws_caller_identity.current",
            "module.eks_addons.module.aws_gateway_api_controller.data.aws_iam_policy_document.assume",
            "module.eks_addons.module.aws_gateway_api_controller.data.aws_iam_policy_document.this",
            "module.eks_addons.module.aws_gateway_api_controller.data.aws_partition.current",
            "module.eks_addons.module.aws_gateway_api_controller.helm_release.this",
            "module.eks_addons.module.aws_load_balancer_controller.aws_iam_policy.this",
            "module.eks_addons.module.aws_load_balancer_controller.aws_iam_role.this",
            "module.eks_addons.module.aws_load_balancer_controller.aws_iam_role_policy_attachment.additional",
            "module.eks_addons.module.aws_load_balancer_controller.aws_iam_role_policy_attachment.this",
            "module.eks_addons.module.aws_load_balancer_controller.data.aws_caller_identity.current",
            "module.eks_addons.module.aws_load_balancer_controller.data.aws_iam_policy_document.assume",
            "module.eks_addons.module.aws_load_balancer_controller.data.aws_iam_policy_document.this",
            "module.eks_addons.module.aws_load_balancer_controller.data.aws_partition.current",
            "module.eks_addons.module.aws_load_balancer_controller.helm_release.this",
            "module.eks_addons.module.aws_node_termination_handler.aws_iam_policy.this",
            "module.eks_addons.module.aws_node_termination_handler.aws_iam_role.this",
            "module.eks_addons.module.aws_node_termination_handler.aws_iam_role_policy_attachment.additional",
            "module.eks_addons.module.aws_node_termination_handler.aws_iam_role_policy_attachment.this",
            "module.eks_addons.module.aws_node_termination_handler.data.aws_caller_identity.current",
            "module.eks_addons.module.aws_node_termination_handler.data.aws_iam_policy_document.assume",
            "module.eks_addons.module.aws_node_termination_handler.data.aws_iam_policy_document.this",
            "module.eks_addons.module.aws_node_termination_handler.data.aws_partition.current",
            "module.eks_addons.module.aws_node_termination_handler.helm_release.this",
            "module.eks_addons.module.aws_node_termination_handler_sqs.aws_sqs_queue.dlq",
            "module.eks_addons.module.aws_node_termination_handler_sqs.aws_sqs_queue.this",
            "module.eks_addons.module.aws_node_termination_handler_sqs.aws_sqs_queue_policy.dlq",
            "module.eks_addons.module.aws_node_termination_handler_sqs.aws_sqs_queue_policy.this",
            "module.eks_addons.module.aws_node_termination_handler_sqs.aws_sqs_queue_redrive_allow_policy.dlq",
            "module.eks_addons.module.aws_node_termination_handler_sqs.aws_sqs_queue_redrive_allow_policy.this",
            "module.eks_addons.module.aws_node_termination_handler_sqs.aws_sqs_queue_redrive_policy.dlq",
            "module.eks_addons.module.aws_node_termination_handler_sqs.aws_sqs_queue_redrive_policy.this",
            "module.eks_addons.module.aws_node_termination_handler_sqs.data.aws_iam_policy_document.dlq",
            "module.eks_addons.module.aws_node_termination_handler_sqs.data.aws_iam_policy_document.this",
            "module.eks_addons.module.aws_privateca_issuer.aws_iam_policy.this",
            "module.eks_addons.module.aws_privateca_issuer.aws_iam_role.this",
            "module.eks_addons.module.aws_privateca_issuer.aws_iam_role_policy_attachment.additional",
            "module.eks_addons.module.aws_privateca_issuer.aws_iam_role_policy_attachment.this",
            "module.eks_addons.module.aws_privateca_issuer.data.aws_caller_identity.current",
            "module.eks_addons.module.aws_privateca_issuer.data.aws_iam_policy_document.assume",
            "module.eks_addons.module.aws_privateca_issuer.data.aws_iam_policy_document.this",
            "module.eks_addons.module.aws_privateca_issuer.data.aws_partition.current",
            "module.eks_addons.module.aws_privateca_issuer.helm_release.this",
            "module.eks_addons.module.bottlerocket_shadow.aws_iam_policy.this",
            "module.eks_addons.module.bottlerocket_shadow.aws_iam_role.this",
            "module.eks_addons.module.bottlerocket_shadow.aws_iam_role_policy_attachment.additional",
            "module.eks_addons.module.bottlerocket_shadow.aws_iam_role_policy_attachment.this",
            "module.eks_addons.module.bottlerocket_shadow.data.aws_caller_identity.current",
            "module.eks_addons.module.bottlerocket_shadow.data.aws_iam_policy_document.assume",
            "module.eks_addons.module.bottlerocket_shadow.data.aws_iam_policy_document.this",
            "module.eks_addons.module.bottlerocket_shadow.data.aws_partition.current",
            "module.eks_addons.module.bottlerocket_shadow.helm_release.this",
            "module.eks_addons.module.bottlerocket_update_operator.aws_iam_policy.this",
            "module.eks_addons.module.bottlerocket_update_operator.aws_iam_role.this",
            "module.eks_addons.module.bottlerocket_update_operator.aws_iam_role_policy_attachment.additional",
            "module.eks_addons.module.bottlerocket_update_operator.aws_iam_role_policy_attachment.this",
            "module.eks_addons.module.bottlerocket_update_operator.data.aws_caller_identity.current",
            "module.eks_addons.module.bottlerocket_update_operator.data.aws_iam_policy_document.assume",
            "module.eks_addons.module.bottlerocket_update_operator.data.aws_iam_policy_document.this",
            "module.eks_addons.module.bottlerocket_update_operator.data.aws_partition.current",
            "module.eks_addons.module.bottlerocket_update_operator.helm_release.this",
            "module.eks_addons.module.cert_manager.aws_iam_policy.this",
            "module.eks_addons.module.cert_manager.aws_iam_role.this",
            "module.eks_addons.module.cert_manager.aws_iam_role_policy_attachment.additional",
            "module.eks_addons.module.cert_manager.aws_iam_role_policy_attachment.this",
            "module.eks_addons.module.cert_manager.data.aws_caller_identity.current",
            "module.eks_addons.module.cert_manager.data.aws_iam_policy_document.assume",
            "module.eks_addons.module.cert_manager.data.aws_iam_policy_document.this",
            "module.eks_addons.module.cert_manager.data.aws_partition.current",
            "module.eks_addons.module.cert_manager.helm_release.this",
            "module.eks_addons.module.cluster_autoscaler.aws_iam_policy.this",
            "module.eks_addons.module.cluster_autoscaler.aws_iam_role.this",
            "module.eks_addons.module.cluster_autoscaler.aws_iam_role_policy_attachment.additional",
            "module.eks_addons.module.cluster_autoscaler.aws_iam_role_policy_attachment.this",
            "module.eks_addons.module.cluster_autoscaler.data.aws_caller_identity.current",
            "module.eks_addons.module.cluster_autoscaler.data.aws_iam_policy_document.assume",
            "module.eks_addons.module.cluster_autoscaler.data.aws_iam_policy_document.this",
            "module.eks_addons.module.cluster_autoscaler.data.aws_partition.current",
            "module.eks_addons.module.cluster_autoscaler.helm_release.this",
            "module.eks_addons.module.cluster_proportional_autoscaler.aws_iam_policy.this",
            "module.eks_addons.module.cluster_proportional_autoscaler.aws_iam_role.this",
            "module.eks_addons.module.cluster_proportional_autoscaler.aws_iam_role_policy_attachment.additional",
            "module.eks_addons.module.cluster_proportional_autoscaler.aws_iam_role_policy_attachment.this",
            "module.eks_addons.module.cluster_proportional_autoscaler.data.aws_caller_identity.current",
            "module.eks_addons.module.cluster_proportional_autoscaler.data.aws_iam_policy_document.assume",
            "module.eks_addons.module.cluster_proportional_autoscaler.data.aws_iam_policy_document.this",
            "module.eks_addons.module.cluster_proportional_autoscaler.data.aws_partition.current",
            "module.eks_addons.module.cluster_proportional_autoscaler.helm_release.this",
            "module.eks_addons.module.external_dns.aws_iam_policy.this",
            "module.eks_addons.module.external_dns.aws_iam_role.this",
            "module.eks_addons.module.external_dns.aws_iam_role_policy_attachment.additional",
            "module.eks_addons.module.external_dns.aws_iam_role_policy_attachment.this",
            "module.eks_addons.module.external_dns.data.aws_caller_identity.current",
            "module.eks_addons.module.external_dns.data.aws_iam_policy_document.assume",
            "module.eks_addons.module.external_dns.data.aws_iam_policy_document.this",
            "module.eks_addons.module.external_dns.data.aws_partition.current",
            "module.eks_addons.module.external_dns.helm_release.this",
            "module.eks_addons.module.external_secrets.aws_iam_policy.this",
            "module.eks_addons.module.external_secrets.aws_iam_role.this",
            "module.eks_addons.module.external_secrets.aws_iam_role_policy_attachment.additional",
            "module.eks_addons.module.external_secrets.aws_iam_role_policy_attachment.this",
            "module.eks_addons.module.external_secrets.data.aws_caller_identity.current",
            "module.eks_addons.module.external_secrets.data.aws_iam_policy_document.assume",
            "module.eks_addons.module.external_secrets.data.aws_iam_policy_document.this",
            "module.eks_addons.module.external_secrets.data.aws_partition.current",
            "module.eks_addons.module.external_secrets.helm_release.this",
            "module.eks_addons.module.gatekeeper.aws_iam_policy.this",
            "module.eks_addons.module.gatekeeper.aws_iam_role.this",
            "module.eks_addons.module.gatekeeper.aws_iam_role_policy_attachment.additional",
            "module.eks_addons.module.gatekeeper.aws_iam_role_policy_attachment.this",
            "module.eks_addons.module.gatekeeper.data.aws_caller_identity.current",
            "module.eks_addons.module.gatekeeper.data.aws_iam_policy_document.assume",
            "module.eks_addons.module.gatekeeper.data.aws_iam_policy_document.this",
            "module.eks_addons.module.gatekeeper.data.aws_partition.current",
            "module.eks_addons.module.gatekeeper.helm_release.this",
            "module.eks_addons.module.ingress_nginx.aws_iam_policy.this",
            "module.eks_addons.module.ingress_nginx.aws_iam_role.this",
            "module.eks_addons.module.ingress_nginx.aws_iam_role_policy_attachment.additional",
            "module.eks_addons.module.ingress_nginx.aws_iam_role_policy_attachment.this",
            "module.eks_addons.module.ingress_nginx.data.aws_caller_identity.current",
            "module.eks_addons.module.ingress_nginx.data.aws_iam_policy_document.assume",
            "module.eks_addons.module.ingress_nginx.data.aws_iam_policy_document.this",
            "module.eks_addons.module.ingress_nginx.data.aws_partition.current",
            "module.eks_addons.module.ingress_nginx.helm_release.this",
            "module.eks_addons.module.karpenter.aws_iam_policy.this",
            "module.eks_addons.module.karpenter.aws_iam_role.this",
            "module.eks_addons.module.karpenter.aws_iam_role_policy_attachment.additional",
            "module.eks_addons.module.karpenter.aws_iam_role_policy_attachment.this",
            "module.eks_addons.module.karpenter.data.aws_caller_identity.current",
            "module.eks_addons.module.karpenter.data.aws_iam_policy_document.assume",
            "module.eks_addons.module.karpenter.data.aws_iam_policy_document.this",
            "module.eks_addons.module.karpenter.data.aws_partition.current",
            "module.eks_addons.module.karpenter.helm_release.this",
            "module.eks_addons.module.karpenter_sqs.aws_sqs_queue.dlq",
            "module.eks_addons.module.karpenter_sqs.aws_sqs_queue.this",
            "module.eks_addons.module.karpenter_sqs.aws_sqs_queue_policy.dlq",
            "module.eks_addons.module.karpenter_sqs.aws_sqs_queue_policy.this",
            "module.eks_addons.module.karpenter_sqs.aws_sqs_queue_redrive_allow_policy.dlq",
            "module.eks_addons.module.karpenter_sqs.aws_sqs_queue_redrive_allow_policy.this",
            "module.eks_addons.module.karpenter_sqs.aws_sqs_queue_redrive_policy.dlq",
            "module.eks_addons.module.karpenter_sqs.aws_sqs_queue_redrive_policy.this",
            "module.eks_addons.module.karpenter_sqs.data.aws_iam_policy_document.dlq",
            "module.eks_addons.module.karpenter_sqs.data.aws_iam_policy_document.this",
            "module.eks_addons.module.kube_prometheus_stack.aws_iam_policy.this",
            "module.eks_addons.module.kube_prometheus_stack.aws_iam_role.this",
            "module.eks_addons.module.kube_prometheus_stack.aws_iam_role_policy_attachment.additional",
            "module.eks_addons.module.kube_prometheus_stack.aws_iam_role_policy_attachment.this",
            "module.eks_addons.module.kube_prometheus_stack.data.aws_caller_identity.current",
            "module.eks_addons.module.kube_prometheus_stack.data.aws_iam_policy_document.assume",
            "module.eks_addons.module.kube_prometheus_stack.data.aws_iam_policy_document.this",
            "module.eks_addons.module.kube_prometheus_stack.data.aws_partition.current",
            "module.eks_addons.module.kube_prometheus_stack.helm_release.this",
            "module.eks_addons.module.metrics_server.aws_iam_policy.this",
            "module.eks_addons.module.metrics_server.aws_iam_role.this",
            "module.eks_addons.module.metrics_server.aws_iam_role_policy_attachment.additional",
            "module.eks_addons.module.metrics_server.aws_iam_role_policy_attachment.this",
            "module.eks_addons.module.metrics_server.data.aws_caller_identity.current",
            "module.eks_addons.module.metrics_server.data.aws_iam_policy_document.assume",
            "module.eks_addons.module.metrics_server.data.aws_iam_policy_document.this",
            "module.eks_addons.module.metrics_server.data.aws_partition.current",
            "module.eks_addons.module.metrics_server.helm_release.this",
            "module.eks_addons.module.secrets_store_csi_driver.aws_iam_policy.this",
            "module.eks_addons.module.secrets_store_csi_driver.aws_iam_role.this",
            "module.eks_addons.module.secrets_store_csi_driver.aws_iam_role_policy_attachment.additional",
            "module.eks_addons.module.secrets_store_csi_driver.aws_iam_role_policy_attachment.this",
            "module.eks_addons.module.secrets_store_csi_driver.data.aws_caller_identity.current",
            "module.eks_addons.module.secrets_store_csi_driver.data.aws_iam_policy_document.assume",
            "module.eks_addons.module.secrets_store_csi_driver.data.aws_iam_policy_document.this",
            "module.eks_addons.module.secrets_store_csi_driver.data.aws_partition.current",
            "module.eks_addons.module.secrets_store_csi_driver.helm_release.this",
            "module.eks_addons.module.secrets_store_csi_driver_provider_aws.aws_iam_policy.this",
            "module.eks_addons.module.secrets_store_csi_driver_provider_aws.aws_iam_role.this",
            "module.eks_addons.module.secrets_store_csi_driver_provider_aws.aws_iam_role_policy_attachment.additional",
            "module.eks_addons.module.secrets_store_csi_driver_provider_aws.aws_iam_role_policy_attachment.this",
            "module.eks_addons.module.secrets_store_csi_driver_provider_aws.data.aws_caller_identity.current",
            "module.eks_addons.module.secrets_store_csi_driver_provider_aws.data.aws_iam_policy_document.assume",
            "module.eks_addons.module.secrets_store_csi_driver_provider_aws.data.aws_iam_policy_document.this",
            "module.eks_addons.module.secrets_store_csi_driver_provider_aws.data.aws_partition.current",
            "module.eks_addons.module.secrets_store_csi_driver_provider_aws.helm_release.this",
            "module.eks_addons.module.velero.aws_iam_policy.this",
            "module.eks_addons.module.velero.aws_iam_role.this",
            "module.eks_addons.module.velero.aws_iam_role_policy_attachment.additional",
            "module.eks_addons.module.velero.aws_iam_role_policy_attachment.this",
            "module.eks_addons.module.velero.data.aws_caller_identity.current",
            "module.eks_addons.module.velero.data.aws_iam_policy_document.assume",
            "module.eks_addons.module.velero.data.aws_iam_policy_document.this",
            "module.eks_addons.module.velero.data.aws_partition.current",
            "module.eks_addons.module.velero.helm_release.this",
            "module.eks_addons.module.vpa.aws_iam_policy.this",
            "module.eks_addons.module.vpa.aws_iam_role.this",
            "module.eks_addons.module.vpa.aws_iam_role_policy_attachment.additional",
            "module.eks_addons.module.vpa.aws_iam_role_policy_attachment.this",
            "module.eks_addons.module.vpa.data.aws_caller_identity.current",
            "module.eks_addons.module.vpa.data.aws_iam_policy_document.assume",
            "module.eks_addons.module.vpa.data.aws_iam_policy_document.this",
            "module.eks_addons.module.vpa.data.aws_partition.current",
            "module.eks_addons.module.vpa.helm_release.this",
            "module.eks_addons.random_bytes.this",
            "module.eks_addons.time_sleep.this",
            "module.retail_app_eks.aws_cloudwatch_log_group.this",
            "module.retail_app_eks.aws_ec2_tag.cluster_primary_security_group",
            "module.retail_app_eks.aws_eks_access_entry.this",
            "module.retail_app_eks.aws_eks_access_policy_association.this",
            "module.retail_app_eks.aws_eks_addon.before_compute",
            "module.retail_app_eks.aws_eks_addon.this",
            "module.retail_app_eks.aws_eks_cluster.this",
            "module.retail_app_eks.aws_eks_identity_provider_config.this",
            "module.retail_app_eks.aws_iam_openid_connect_provider.oidc_provider",
            "module.retail_app_eks.aws_iam_policy.cluster_encryption",
            "module.retail_app_eks.aws_iam_policy.cni_ipv6_policy",
            "module.retail_app_eks.aws_iam_policy.custom",
            "module.retail_app_eks.aws_iam_role.eks_auto",
            "module.retail_app_eks.aws_iam_role.this",
            "module.retail_app_eks.aws_iam_role_policy_attachment.additional",
            "module.retail_app_eks.aws_iam_role_policy_attachment.cluster_encryption",
            "module.retail_app_eks.aws_iam_role_policy_attachment.custom",
            "module.retail_app_eks.aws_iam_role_policy_attachment.eks_auto",
            "module.retail_app_eks.aws_iam_role_policy_attachment.eks_auto_additional",
            "module.retail_app_eks.aws_iam_role_policy_attachment.this",
            "module.retail_app_eks.aws_security_group.cluster",
            "module.retail_app_eks.aws_security_group.node",
            "module.retail_app_eks.aws_security_group_rule.cluster",
            "module.retail_app_eks.aws_security_group_rule.node",
            "module.retail_app_eks.data.aws_caller_identity.current",
            "module.retail_app_eks.data.aws_eks_addon_version.this",
            "module.retail_app_eks.data.aws_iam_policy_document.assume_role_policy",
            "module.retail_app_eks.data.aws_iam_policy_document.cni_ipv6_policy",
            "module.retail_app_eks.data.aws_iam_policy_document.custom",
            "module.retail_app_eks.data.aws_iam_policy_document.node_assume_role_policy",
            "module.retail_app_eks.data.aws_iam_session_context.current",
            "module.retail_app_eks.data.aws_partition.current",
            "module.retail_app_eks.data.tls_certificate.this",
            "module.retail_app_eks.module.eks_managed_node_group.aws_autoscaling_schedule.this",
            "module.retail_app_eks.module.eks_managed_node_group.aws_eks_node_group.this",
            "module.retail_app_eks.module.eks_managed_node_group.aws_iam_role.this",
            "module.retail_app_eks.module.eks_managed_node_group.aws_iam_role_policy.this",
            "module.retail_app_eks.module.eks_managed_node_group.aws_iam_role_policy_attachment.additional",
            "module.retail_app_eks.module.eks_managed_node_group.aws_iam_role_policy_attachment.this",
            "module.retail_app_eks.module.eks_managed_node_group.aws_launch_template.this",
            "module.retail_app_eks.module.eks_managed_node_group.aws_placement_group.this",
            "module.retail_app_eks.module.eks_managed_node_group.data.aws_caller_identity.current",
            "module.retail_app_eks.module.eks_managed_node_group.data.aws_ec2_instance_type.this",
            "module.retail_app_eks.module.eks_managed_node_group.data.aws_ec2_instance_type_offerings.this",
            "module.retail_app_eks.module.eks_managed_node_group.data.aws_iam_policy_document.assume_role_policy",
            "module.retail_app_eks.module.eks_managed_node_group.data.aws_iam_policy_document.role",
            "module.retail_app_eks.module.eks_managed_node_group.data.aws_partition.current",
            "module.retail_app_eks.module.eks_managed_node_group.data.aws_ssm_parameter.ami",
            "module.retail_app_eks.module.eks_managed_node_group.data.aws_subnets.placement_group",
            "module.retail_app_eks.module.eks_managed_node_group.module.user_data.data.cloudinit_config.al2023_eks_managed_node_group",
            "module.retail_app_eks.module.eks_managed_node_group.module.user_data.data.cloudinit_config.linux_eks_managed_node_group",
            "module.retail_app_eks.module.eks_managed_node_group.module.user_data.null_resource.validate_cluster_service_cidr",
            "module.retail_app_eks.module.fargate_profile.aws_eks_fargate_profile.this",
            "module.retail_app_eks.module.fargate_profile.aws_iam_role.this",
            "module.retail_app_eks.module.fargate_profile.aws_iam_role_policy.this",
            "module.retail_app_eks.module.fargate_profile.aws_iam_role_policy_attachment.additional",
            "module.retail_app_eks.module.fargate_profile.aws_iam_role_policy_attachment.this",
            "module.retail_app_eks.module.fargate_profile.data.aws_caller_identity.current",
            "module.retail_app_eks.module.fargate_profile.data.aws_iam_policy_document.assume_role_policy",
            "module.retail_app_eks.module.fargate_profile.data.aws_iam_policy_document.role",
            "module.retail_app_eks.module.fargate_profile.data.aws_partition.current",
            "module.retail_app_eks.module.fargate_profile.data.aws_region.current",
            "module.retail_app_eks.module.kms.aws_kms_alias.this",
            "module.retail_app_eks.module.kms.aws_kms_external_key.this",
            "module.retail_app_eks.module.kms.aws_kms_grant.this",
            "module.retail_app_eks.module.kms.aws_kms_key.this",
            "module.retail_app_eks.module.kms.aws_kms_replica_external_key.this",
            "module.retail_app_eks.module.kms.aws_kms_replica_key.this",
            "module.retail_app_eks.module.kms.data.aws_caller_identity.current",
            "module.retail_app_eks.module.kms.data.aws_iam_policy_document.this",
            "module.retail_app_eks.module.kms.data.aws_partition.current",
            "module.retail_app_eks.module.self_managed_node_group.aws_autoscaling_group.this",
            "module.retail_app_eks.module.self_managed_node_group.aws_autoscaling_schedule.this",
            "module.retail_app_eks.module.self_managed_node_group.aws_eks_access_entry.this",
            "module.retail_app_eks.module.self_managed_node_group.aws_iam_instance_profile.this",
            "module.retail_app_eks.module.self_managed_node_group.aws_iam_role.this",
            "module.retail_app_eks.module.self_managed_node_group.aws_iam_role_policy.this",
            "module.retail_app_eks.module.self_managed_node_group.aws_iam_role_policy_attachment.additional",
            "module.retail_app_eks.module.self_managed_node_group.aws_iam_role_policy_attachment.this",
            "module.retail_app_eks.module.self_managed_node_group.aws_launch_template.this",
            "module.retail_app_eks.module.self_managed_node_group.aws_placement_group.this",
            "module.retail_app_eks.module.self_managed_node_group.data.aws_caller_identity.current",
            "module.retail_app_eks.module.self_managed_node_group.data.aws_ec2_instance_type.this",
            "module.retail_app_eks.module.self_managed_node_group.data.aws_ec2_instance_type_offerings.this",
            "module.retail_app_eks.module.self_managed_node_group.data.aws_iam_policy_document.assume_role_policy",
            "module.retail_app_eks.module.self_managed_node_group.data.aws_iam_policy_document.role",
            "module.retail_app_eks.module.self_managed_node_group.data.aws_partition.current",
            "module.retail_app_eks.module.self_managed_node_group.data.aws_ssm_parameter.ami",
            "module.retail_app_eks.module.self_managed_node_group.data.aws_subnets.placement_group",
            "module.retail_app_eks.module.self_managed_node_group.module.user_data.data.cloudinit_config.al2023_eks_managed_node_group",
            "module.retail_app_eks.module.self_managed_node_group.module.user_data.data.cloudinit_config.linux_eks_managed_node_group",
            "module.retail_app_eks.module.self_managed_node_group.module.user_data.null_resource.validate_cluster_service_cidr",
            "module.retail_app_eks.time_sleep.this",
            "module.vpc.aws_subnet.private",
            "module.vpc.aws_vpc.this",
            "module.vpc.aws_vpc_ipv4_cidr_block_association.this",
            "random_string.suffix",
            "time_sleep.wait_for_argocd",
            "time_sleep.wait_for_cluster"
          ]
        }
      ]
    },
    {
      "mode": "managed",
      "type": "random_string",
      "name": "suffix",
      "provider": "provider[\"registry.terraform.io/hashicorp/random\"]",
      "instances": [
        {
          "schema_version": 2,
          "attributes": {
            "id": "bfkv",
            "keepers": null,
            "length": 4,
            "lower": true,
            "min_lower": 0,
            "min_numeric": 0,
            "min_special": 0,
            "min_upper": 0,
            "number": true,
            "numeric": true,
            "override_special": null,
            "result": "bfkv",
            "special": false,
            "upper": false
          },
          "sensitive_attributes": [],
          "identity_schema_version": 0,
          "create_before_destroy": true
        }
      ]
    },
    {
      "mode": "managed",
      "type": "time_sleep",
      "name": "wait_for_argocd",
      "provider": "provider[\"registry.terraform.io/hashicorp/time\"]",
      "instances": [
        {
          "schema_version": 0,
          "attributes": {
            "create_duration": "60s",
            "destroy_duration": null,
            "id": "2025-11-20T17:22:23Z",
            "triggers": null
          },
          "sensitive_attributes": [],
          "identity_schema_version": 0,
          "dependencies": [
            "data.aws_availability_zones.available",
            "data.aws_caller_identity.current",
            "helm_release.argocd",
            "module.eks_addons.aws_autoscaling_group_tag.aws_node_termination_handler",
            "module.eks_addons.aws_autoscaling_lifecycle_hook.aws_node_termination_handler",
            "module.eks_addons.aws_cloudformation_stack.usage_telemetry",
            "module.eks_addons.aws_cloudwatch_event_rule.aws_node_termination_handler",
            "module.eks_addons.aws_cloudwatch_event_rule.karpenter",
            "module.eks_addons.aws_cloudwatch_event_target.aws_node_termination_handler",
            "module.eks_addons.aws_cloudwatch_event_target.karpenter",
            "module.eks_addons.aws_cloudwatch_log_group.aws_for_fluentbit",
            "module.eks_addons.aws_cloudwatch_log_group.fargate_fluentbit",
            "module.eks_addons.aws_eks_addon.this",
            "module.eks_addons.aws_iam_instance_profile.karpenter",
            "module.eks_addons.aws_iam_policy.fargate_fluentbit",
            "module.eks_addons.aws_iam_role.karpenter",
            "module.eks_addons.aws_iam_role_policy_attachment.additional",
            "module.eks_addons.aws_iam_role_policy_attachment.karpenter",
            "module.eks_addons.data.aws_caller_identity.current",
            "module.eks_addons.data.aws_eks_addon_version.this",
            "module.eks_addons.data.aws_iam_policy_document.aws_efs_csi_driver",
            "module.eks_addons.data.aws_iam_policy_document.aws_for_fluentbit",
            "module.eks_addons.data.aws_iam_policy_document.aws_fsx_csi_driver",
            "module.eks_addons.data.aws_iam_policy_document.aws_gateway_api_controller",
            "module.eks_addons.data.aws_iam_policy_document.aws_load_balancer_controller",
            "module.eks_addons.data.aws_iam_policy_document.aws_node_termination_handler",
            "module.eks_addons.data.aws_iam_policy_document.aws_privateca_issuer",
            "module.eks_addons.data.aws_iam_policy_document.cert_manager",
            "module.eks_addons.data.aws_iam_policy_document.cluster_autoscaler",
            "module.eks_addons.data.aws_iam_policy_document.external_dns",
            "module.eks_addons.data.aws_iam_policy_document.external_secrets",
            "module.eks_addons.data.aws_iam_policy_document.fargate_fluentbit",
            "module.eks_addons.data.aws_iam_policy_document.karpenter",
            "module.eks_addons.data.aws_iam_policy_document.karpenter_assume_role",
            "module.eks_addons.data.aws_iam_policy_document.velero",
            "module.eks_addons.data.aws_partition.current",
            "module.eks_addons.data.aws_region.current",
            "module.eks_addons.helm_release.this",
            "module.eks_addons.kubernetes_config_map_v1.aws_logging",
            "module.eks_addons.kubernetes_config_map_v1_data.aws_for_fluentbit_containerinsights",
            "module.eks_addons.kubernetes_namespace_v1.aws_observability",
            "module.eks_addons.module.argo_events.aws_iam_policy.this",
            "module.eks_addons.module.argo_events.aws_iam_role.this",
            "module.eks_addons.module.argo_events.aws_iam_role_policy_attachment.additional",
            "module.eks_addons.module.argo_events.aws_iam_role_policy_attachment.this",
            "module.eks_addons.module.argo_events.data.aws_caller_identity.current",
            "module.eks_addons.module.argo_events.data.aws_iam_policy_document.assume",
            "module.eks_addons.module.argo_events.data.aws_iam_policy_document.this",
            "module.eks_addons.module.argo_events.data.aws_partition.current",
            "module.eks_addons.module.argo_events.helm_release.this",
            "module.eks_addons.module.argo_rollouts.aws_iam_policy.this",
            "module.eks_addons.module.argo_rollouts.aws_iam_role.this",
            "module.eks_addons.module.argo_rollouts.aws_iam_role_policy_attachment.additional",
            "module.eks_addons.module.argo_rollouts.aws_iam_role_policy_attachment.this",
            "module.eks_addons.module.argo_rollouts.data.aws_caller_identity.current",
            "module.eks_addons.module.argo_rollouts.data.aws_iam_policy_document.assume",
            "module.eks_addons.module.argo_rollouts.data.aws_iam_policy_document.this",
            "module.eks_addons.module.argo_rollouts.data.aws_partition.current",
            "module.eks_addons.module.argo_rollouts.helm_release.this",
            "module.eks_addons.module.argo_workflows.aws_iam_policy.this",
            "module.eks_addons.module.argo_workflows.aws_iam_role.this",
            "module.eks_addons.module.argo_workflows.aws_iam_role_policy_attachment.additional",
            "module.eks_addons.module.argo_workflows.aws_iam_role_policy_attachment.this",
            "module.eks_addons.module.argo_workflows.data.aws_caller_identity.current",
            "module.eks_addons.module.argo_workflows.data.aws_iam_policy_document.assume",
            "module.eks_addons.module.argo_workflows.data.aws_iam_policy_document.this",
            "module.eks_addons.module.argo_workflows.data.aws_partition.current",
            "module.eks_addons.module.argo_workflows.helm_release.this",
            "module.eks_addons.module.argocd.aws_iam_policy.this",
            "module.eks_addons.module.argocd.aws_iam_role.this",
            "module.eks_addons.module.argocd.aws_iam_role_policy_attachment.additional",
            "module.eks_addons.module.argocd.aws_iam_role_policy_attachment.this",
            "module.eks_addons.module.argocd.data.aws_caller_identity.current",
            "module.eks_addons.module.argocd.data.aws_iam_policy_document.assume",
            "module.eks_addons.module.argocd.data.aws_iam_policy_document.this",
            "module.eks_addons.module.argocd.data.aws_partition.current",
            "module.eks_addons.module.argocd.helm_release.this",
            "module.eks_addons.module.aws_cloudwatch_metrics.aws_iam_policy.this",
            "module.eks_addons.module.aws_cloudwatch_metrics.aws_iam_role.this",
            "module.eks_addons.module.aws_cloudwatch_metrics.aws_iam_role_policy_attachment.additional",
            "module.eks_addons.module.aws_cloudwatch_metrics.aws_iam_role_policy_attachment.this",
            "module.eks_addons.module.aws_cloudwatch_metrics.data.aws_caller_identity.current",
            "module.eks_addons.module.aws_cloudwatch_metrics.data.aws_iam_policy_document.assume",
            "module.eks_addons.module.aws_cloudwatch_metrics.data.aws_iam_policy_document.this",
            "module.eks_addons.module.aws_cloudwatch_metrics.data.aws_partition.current",
            "module.eks_addons.module.aws_cloudwatch_metrics.helm_release.this",
            "module.eks_addons.module.aws_efs_csi_driver.aws_iam_policy.this",
            "module.eks_addons.module.aws_efs_csi_driver.aws_iam_role.this",
            "module.eks_addons.module.aws_efs_csi_driver.aws_iam_role_policy_attachment.additional",
            "module.eks_addons.module.aws_efs_csi_driver.aws_iam_role_policy_attachment.this",
            "module.eks_addons.module.aws_efs_csi_driver.data.aws_caller_identity.current",
            "module.eks_addons.module.aws_efs_csi_driver.data.aws_iam_policy_document.assume",
            "module.eks_addons.module.aws_efs_csi_driver.data.aws_iam_policy_document.this",
            "module.eks_addons.module.aws_efs_csi_driver.data.aws_partition.current",
            "module.eks_addons.module.aws_efs_csi_driver.helm_release.this",
            "module.eks_addons.module.aws_for_fluentbit.aws_iam_policy.this",
            "module.eks_addons.module.aws_for_fluentbit.aws_iam_role.this",
            "module.eks_addons.module.aws_for_fluentbit.aws_iam_role_policy_attachment.additional",
            "module.eks_addons.module.aws_for_fluentbit.aws_iam_role_policy_attachment.this",
            "module.eks_addons.module.aws_for_fluentbit.data.aws_caller_identity.current",
            "module.eks_addons.module.aws_for_fluentbit.data.aws_iam_policy_document.assume",
            "module.eks_addons.module.aws_for_fluentbit.data.aws_iam_policy_document.this",
            "module.eks_addons.module.aws_for_fluentbit.data.aws_partition.current",
            "module.eks_addons.module.aws_for_fluentbit.helm_release.this",
            "module.eks_addons.module.aws_fsx_csi_driver.aws_iam_policy.this",
            "module.eks_addons.module.aws_fsx_csi_driver.aws_iam_role.this",
            "module.eks_addons.module.aws_fsx_csi_driver.aws_iam_role_policy_attachment.additional",
            "module.eks_addons.module.aws_fsx_csi_driver.aws_iam_role_policy_attachment.this",
            "module.eks_addons.module.aws_fsx_csi_driver.data.aws_caller_identity.current",
            "module.eks_addons.module.aws_fsx_csi_driver.data.aws_iam_policy_document.assume",
            "module.eks_addons.module.aws_fsx_csi_driver.data.aws_iam_policy_document.this",
            "module.eks_addons.module.aws_fsx_csi_driver.data.aws_partition.current",
            "module.eks_addons.module.aws_fsx_csi_driver.helm_release.this",
            "module.eks_addons.module.aws_gateway_api_controller.aws_iam_policy.this",
            "module.eks_addons.module.aws_gateway_api_controller.aws_iam_role.this",
            "module.eks_addons.module.aws_gateway_api_controller.aws_iam_role_policy_attachment.additional",
            "module.eks_addons.module.aws_gateway_api_controller.aws_iam_role_policy_attachment.this",
            "module.eks_addons.module.aws_gateway_api_controller.data.aws_caller_identity.current",
            "module.eks_addons.module.aws_gateway_api_controller.data.aws_iam_policy_document.assume",
            "module.eks_addons.module.aws_gateway_api_controller.data.aws_iam_policy_document.this",
            "module.eks_addons.module.aws_gateway_api_controller.data.aws_partition.current",
            "module.eks_addons.module.aws_gateway_api_controller.helm_release.this",
            "module.eks_addons.module.aws_load_balancer_controller.aws_iam_policy.this",
            "module.eks_addons.module.aws_load_balancer_controller.aws_iam_role.this",
            "module.eks_addons.module.aws_load_balancer_controller.aws_iam_role_policy_attachment.additional",
            "module.eks_addons.module.aws_load_balancer_controller.aws_iam_role_policy_attachment.this",
            "module.eks_addons.module.aws_load_balancer_controller.data.aws_caller_identity.current",
            "module.eks_addons.module.aws_load_balancer_controller.data.aws_iam_policy_document.assume",
            "module.eks_addons.module.aws_load_balancer_controller.data.aws_iam_policy_document.this",
            "module.eks_addons.module.aws_load_balancer_controller.data.aws_partition.current",
            "module.eks_addons.module.aws_load_balancer_controller.helm_release.this",
            "module.eks_addons.module.aws_node_termination_handler.aws_iam_policy.this",
            "module.eks_addons.module.aws_node_termination_handler.aws_iam_role.this",
            "module.eks_addons.module.aws_node_termination_handler.aws_iam_role_policy_attachment.additional",
            "module.eks_addons.module.aws_node_termination_handler.aws_iam_role_policy_attachment.this",
            "module.eks_addons.module.aws_node_termination_handler.data.aws_caller_identity.current",
            "module.eks_addons.module.aws_node_termination_handler.data.aws_iam_policy_document.assume",
            "module.eks_addons.module.aws_node_termination_handler.data.aws_iam_policy_document.this",
            "module.eks_addons.module.aws_node_termination_handler.data.aws_partition.current",
            "module.eks_addons.module.aws_node_termination_handler.helm_release.this",
            "module.eks_addons.module.aws_node_termination_handler_sqs.aws_sqs_queue.dlq",
            "module.eks_addons.module.aws_node_termination_handler_sqs.aws_sqs_queue.this",
            "module.eks_addons.module.aws_node_termination_handler_sqs.aws_sqs_queue_policy.dlq",
            "module.eks_addons.module.aws_node_termination_handler_sqs.aws_sqs_queue_policy.this",
            "module.eks_addons.module.aws_node_termination_handler_sqs.aws_sqs_queue_redrive_allow_policy.dlq",
            "module.eks_addons.module.aws_node_termination_handler_sqs.aws_sqs_queue_redrive_allow_policy.this",
            "module.eks_addons.module.aws_node_termination_handler_sqs.aws_sqs_queue_redrive_policy.dlq",
            "module.eks_addons.module.aws_node_termination_handler_sqs.aws_sqs_queue_redrive_policy.this",
            "module.eks_addons.module.aws_node_termination_handler_sqs.data.aws_iam_policy_document.dlq",
            "module.eks_addons.module.aws_node_termination_handler_sqs.data.aws_iam_policy_document.this",
            "module.eks_addons.module.aws_privateca_issuer.aws_iam_policy.this",
            "module.eks_addons.module.aws_privateca_issuer.aws_iam_role.this",
            "module.eks_addons.module.aws_privateca_issuer.aws_iam_role_policy_attachment.additional",
            "module.eks_addons.module.aws_privateca_issuer.aws_iam_role_policy_attachment.this",
            "module.eks_addons.module.aws_privateca_issuer.data.aws_caller_identity.current",
            "module.eks_addons.module.aws_privateca_issuer.data.aws_iam_policy_document.assume",
            "module.eks_addons.module.aws_privateca_issuer.data.aws_iam_policy_document.this",
            "module.eks_addons.module.aws_privateca_issuer.data.aws_partition.current",
            "module.eks_addons.module.aws_privateca_issuer.helm_release.this",
            "module.eks_addons.module.bottlerocket_shadow.aws_iam_policy.this",
            "module.eks_addons.module.bottlerocket_shadow.aws_iam_role.this",
            "module.eks_addons.module.bottlerocket_shadow.aws_iam_role_policy_attachment.additional",
            "module.eks_addons.module.bottlerocket_shadow.aws_iam_role_policy_attachment.this",
            "module.eks_addons.module.bottlerocket_shadow.data.aws_caller_identity.current",
            "module.eks_addons.module.bottlerocket_shadow.data.aws_iam_policy_document.assume",
            "module.eks_addons.module.bottlerocket_shadow.data.aws_iam_policy_document.this",
            "module.eks_addons.module.bottlerocket_shadow.data.aws_partition.current",
            "module.eks_addons.module.bottlerocket_shadow.helm_release.this",
            "module.eks_addons.module.bottlerocket_update_operator.aws_iam_policy.this",
            "module.eks_addons.module.bottlerocket_update_operator.aws_iam_role.this",
            "module.eks_addons.module.bottlerocket_update_operator.aws_iam_role_policy_attachment.additional",
            "module.eks_addons.module.bottlerocket_update_operator.aws_iam_role_policy_attachment.this",
            "module.eks_addons.module.bottlerocket_update_operator.data.aws_caller_identity.current",
            "module.eks_addons.module.bottlerocket_update_operator.data.aws_iam_policy_document.assume",
            "module.eks_addons.module.bottlerocket_update_operator.data.aws_iam_policy_document.this",
            "module.eks_addons.module.bottlerocket_update_operator.data.aws_partition.current",
            "module.eks_addons.module.bottlerocket_update_operator.helm_release.this",
            "module.eks_addons.module.cert_manager.aws_iam_policy.this",
            "module.eks_addons.module.cert_manager.aws_iam_role.this",
            "module.eks_addons.module.cert_manager.aws_iam_role_policy_attachment.additional",
            "module.eks_addons.module.cert_manager.aws_iam_role_policy_attachment.this",
            "module.eks_addons.module.cert_manager.data.aws_caller_identity.current",
            "module.eks_addons.module.cert_manager.data.aws_iam_policy_document.assume",
            "module.eks_addons.module.cert_manager.data.aws_iam_policy_document.this",
            "module.eks_addons.module.cert_manager.data.aws_partition.current",
            "module.eks_addons.module.cert_manager.helm_release.this",
            "module.eks_addons.module.cluster_autoscaler.aws_iam_policy.this",
            "module.eks_addons.module.cluster_autoscaler.aws_iam_role.this",
            "module.eks_addons.module.cluster_autoscaler.aws_iam_role_policy_attachment.additional",
            "module.eks_addons.module.cluster_autoscaler.aws_iam_role_policy_attachment.this",
            "module.eks_addons.module.cluster_autoscaler.data.aws_caller_identity.current",
            "module.eks_addons.module.cluster_autoscaler.data.aws_iam_policy_document.assume",
            "module.eks_addons.module.cluster_autoscaler.data.aws_iam_policy_document.this",
            "module.eks_addons.module.cluster_autoscaler.data.aws_partition.current",
            "module.eks_addons.module.cluster_autoscaler.helm_release.this",
            "module.eks_addons.module.cluster_proportional_autoscaler.aws_iam_policy.this",
            "module.eks_addons.module.cluster_proportional_autoscaler.aws_iam_role.this",
            "module.eks_addons.module.cluster_proportional_autoscaler.aws_iam_role_policy_attachment.additional",
            "module.eks_addons.module.cluster_proportional_autoscaler.aws_iam_role_policy_attachment.this",
            "module.eks_addons.module.cluster_proportional_autoscaler.data.aws_caller_identity.current",
            "module.eks_addons.module.cluster_proportional_autoscaler.data.aws_iam_policy_document.assume",
            "module.eks_addons.module.cluster_proportional_autoscaler.data.aws_iam_policy_document.this",
            "module.eks_addons.module.cluster_proportional_autoscaler.data.aws_partition.current",
            "module.eks_addons.module.cluster_proportional_autoscaler.helm_release.this",
            "module.eks_addons.module.external_dns.aws_iam_policy.this",
            "module.eks_addons.module.external_dns.aws_iam_role.this",
            "module.eks_addons.module.external_dns.aws_iam_role_policy_attachment.additional",
            "module.eks_addons.module.external_dns.aws_iam_role_policy_attachment.this",
            "module.eks_addons.module.external_dns.data.aws_caller_identity.current",
            "module.eks_addons.module.external_dns.data.aws_iam_policy_document.assume",
            "module.eks_addons.module.external_dns.data.aws_iam_policy_document.this",
            "module.eks_addons.module.external_dns.data.aws_partition.current",
            "module.eks_addons.module.external_dns.helm_release.this",
            "module.eks_addons.module.external_secrets.aws_iam_policy.this",
            "module.eks_addons.module.external_secrets.aws_iam_role.this",
            "module.eks_addons.module.external_secrets.aws_iam_role_policy_attachment.additional",
            "module.eks_addons.module.external_secrets.aws_iam_role_policy_attachment.this",
            "module.eks_addons.module.external_secrets.data.aws_caller_identity.current",
            "module.eks_addons.module.external_secrets.data.aws_iam_policy_document.assume",
            "module.eks_addons.module.external_secrets.data.aws_iam_policy_document.this",
            "module.eks_addons.module.external_secrets.data.aws_partition.current",
            "module.eks_addons.module.external_secrets.helm_release.this",
            "module.eks_addons.module.gatekeeper.aws_iam_policy.this",
            "module.eks_addons.module.gatekeeper.aws_iam_role.this",
            "module.eks_addons.module.gatekeeper.aws_iam_role_policy_attachment.additional",
            "module.eks_addons.module.gatekeeper.aws_iam_role_policy_attachment.this",
            "module.eks_addons.module.gatekeeper.data.aws_caller_identity.current",
            "module.eks_addons.module.gatekeeper.data.aws_iam_policy_document.assume",
            "module.eks_addons.module.gatekeeper.data.aws_iam_policy_document.this",
            "module.eks_addons.module.gatekeeper.data.aws_partition.current",
            "module.eks_addons.module.gatekeeper.helm_release.this",
            "module.eks_addons.module.ingress_nginx.aws_iam_policy.this",
            "module.eks_addons.module.ingress_nginx.aws_iam_role.this",
            "module.eks_addons.module.ingress_nginx.aws_iam_role_policy_attachment.additional",
            "module.eks_addons.module.ingress_nginx.aws_iam_role_policy_attachment.this",
            "module.eks_addons.module.ingress_nginx.data.aws_caller_identity.current",
            "module.eks_addons.module.ingress_nginx.data.aws_iam_policy_document.assume",
            "module.eks_addons.module.ingress_nginx.data.aws_iam_policy_document.this",
            "module.eks_addons.module.ingress_nginx.data.aws_partition.current",
            "module.eks_addons.module.ingress_nginx.helm_release.this",
            "module.eks_addons.module.karpenter.aws_iam_policy.this",
            "module.eks_addons.module.karpenter.aws_iam_role.this",
            "module.eks_addons.module.karpenter.aws_iam_role_policy_attachment.additional",
            "module.eks_addons.module.karpenter.aws_iam_role_policy_attachment.this",
            "module.eks_addons.module.karpenter.data.aws_caller_identity.current",
            "module.eks_addons.module.karpenter.data.aws_iam_policy_document.assume",
            "module.eks_addons.module.karpenter.data.aws_iam_policy_document.this",
            "module.eks_addons.module.karpenter.data.aws_partition.current",
            "module.eks_addons.module.karpenter.helm_release.this",
            "module.eks_addons.module.karpenter_sqs.aws_sqs_queue.dlq",
            "module.eks_addons.module.karpenter_sqs.aws_sqs_queue.this",
            "module.eks_addons.module.karpenter_sqs.aws_sqs_queue_policy.dlq",
            "module.eks_addons.module.karpenter_sqs.aws_sqs_queue_policy.this",
            "module.eks_addons.module.karpenter_sqs.aws_sqs_queue_redrive_allow_policy.dlq",
            "module.eks_addons.module.karpenter_sqs.aws_sqs_queue_redrive_allow_policy.this",
            "module.eks_addons.module.karpenter_sqs.aws_sqs_queue_redrive_policy.dlq",
            "module.eks_addons.module.karpenter_sqs.aws_sqs_queue_redrive_policy.this",
            "module.eks_addons.module.karpenter_sqs.data.aws_iam_policy_document.dlq",
            "module.eks_addons.module.karpenter_sqs.data.aws_iam_policy_document.this",
            "module.eks_addons.module.kube_prometheus_stack.aws_iam_policy.this",
            "module.eks_addons.module.kube_prometheus_stack.aws_iam_role.this",
            "module.eks_addons.module.kube_prometheus_stack.aws_iam_role_policy_attachment.additional",
            "module.eks_addons.module.kube_prometheus_stack.aws_iam_role_policy_attachment.this",
            "module.eks_addons.module.kube_prometheus_stack.data.aws_caller_identity.current",
            "module.eks_addons.module.kube_prometheus_stack.data.aws_iam_policy_document.assume",
            "module.eks_addons.module.kube_prometheus_stack.data.aws_iam_policy_document.this",
            "module.eks_addons.module.kube_prometheus_stack.data.aws_partition.current",
            "module.eks_addons.module.kube_prometheus_stack.helm_release.this",
            "module.eks_addons.module.metrics_server.aws_iam_policy.this",
            "module.eks_addons.module.metrics_server.aws_iam_role.this",
            "module.eks_addons.module.metrics_server.aws_iam_role_policy_attachment.additional",
            "module.eks_addons.module.metrics_server.aws_iam_role_policy_attachment.this",
            "module.eks_addons.module.metrics_server.data.aws_caller_identity.current",
            "module.eks_addons.module.metrics_server.data.aws_iam_policy_document.assume",
            "module.eks_addons.module.metrics_server.data.aws_iam_policy_document.this",
            "module.eks_addons.module.metrics_server.data.aws_partition.current",
            "module.eks_addons.module.metrics_server.helm_release.this",
            "module.eks_addons.module.secrets_store_csi_driver.aws_iam_policy.this",
            "module.eks_addons.module.secrets_store_csi_driver.aws_iam_role.this",
            "module.eks_addons.module.secrets_store_csi_driver.aws_iam_role_policy_attachment.additional",
            "module.eks_addons.module.secrets_store_csi_driver.aws_iam_role_policy_attachment.this",
            "module.eks_addons.module.secrets_store_csi_driver.data.aws_caller_identity.current",
            "module.eks_addons.module.secrets_store_csi_driver.data.aws_iam_policy_document.assume",
            "module.eks_addons.module.secrets_store_csi_driver.data.aws_iam_policy_document.this",
            "module.eks_addons.module.secrets_store_csi_driver.data.aws_partition.current",
            "module.eks_addons.module.secrets_store_csi_driver.helm_release.this",
            "module.eks_addons.module.secrets_store_csi_driver_provider_aws.aws_iam_policy.this",
            "module.eks_addons.module.secrets_store_csi_driver_provider_aws.aws_iam_role.this",
            "module.eks_addons.module.secrets_store_csi_driver_provider_aws.aws_iam_role_policy_attachment.additional",
            "module.eks_addons.module.secrets_store_csi_driver_provider_aws.aws_iam_role_policy_attachment.this",
            "module.eks_addons.module.secrets_store_csi_driver_provider_aws.data.aws_caller_identity.current",
            "module.eks_addons.module.secrets_store_csi_driver_provider_aws.data.aws_iam_policy_document.assume",
            "module.eks_addons.module.secrets_store_csi_driver_provider_aws.data.aws_iam_policy_document.this",
            "module.eks_addons.module.secrets_store_csi_driver_provider_aws.data.aws_partition.current",
            "module.eks_addons.module.secrets_store_csi_driver_provider_aws.helm_release.this",
            "module.eks_addons.module.velero.aws_iam_policy.this",
            "module.eks_addons.module.velero.aws_iam_role.this",
            "module.eks_addons.module.velero.aws_iam_role_policy_attachment.additional",
            "module.eks_addons.module.velero.aws_iam_role_policy_attachment.this",
            "module.eks_addons.module.velero.data.aws_caller_identity.current",
            "module.eks_addons.module.velero.data.aws_iam_policy_document.assume",
            "module.eks_addons.module.velero.data.aws_iam_policy_document.this",
            "module.eks_addons.module.velero.data.aws_partition.current",
            "module.eks_addons.module.velero.helm_release.this",
            "module.eks_addons.module.vpa.aws_iam_policy.this",
            "module.eks_addons.module.vpa.aws_iam_role.this",
            "module.eks_addons.module.vpa.aws_iam_role_policy_attachment.additional",
            "module.eks_addons.module.vpa.aws_iam_role_policy_attachment.this",
            "module.eks_addons.module.vpa.data.aws_caller_identity.current",
            "module.eks_addons.module.vpa.data.aws_iam_policy_document.assume",
            "module.eks_addons.module.vpa.data.aws_iam_policy_document.this",
            "module.eks_addons.module.vpa.data.aws_partition.current",
            "module.eks_addons.module.vpa.helm_release.this",
            "module.eks_addons.random_bytes.this",
            "module.eks_addons.time_sleep.this",
            "module.retail_app_eks.aws_cloudwatch_log_group.this",
            "module.retail_app_eks.aws_ec2_tag.cluster_primary_security_group",
            "module.retail_app_eks.aws_eks_access_entry.this",
            "module.retail_app_eks.aws_eks_access_policy_association.this",
            "module.retail_app_eks.aws_eks_addon.before_compute",
            "module.retail_app_eks.aws_eks_addon.this",
            "module.retail_app_eks.aws_eks_cluster.this",
            "module.retail_app_eks.aws_eks_identity_provider_config.this",
            "module.retail_app_eks.aws_iam_openid_connect_provider.oidc_provider",
            "module.retail_app_eks.aws_iam_policy.cluster_encryption",
            "module.retail_app_eks.aws_iam_policy.cni_ipv6_policy",
            "module.retail_app_eks.aws_iam_policy.custom",
            "module.retail_app_eks.aws_iam_role.eks_auto",
            "module.retail_app_eks.aws_iam_role.this",
            "module.retail_app_eks.aws_iam_role_policy_attachment.additional",
            "module.retail_app_eks.aws_iam_role_policy_attachment.cluster_encryption",
            "module.retail_app_eks.aws_iam_role_policy_attachment.custom",
            "module.retail_app_eks.aws_iam_role_policy_attachment.eks_auto",
            "module.retail_app_eks.aws_iam_role_policy_attachment.eks_auto_additional",
            "module.retail_app_eks.aws_iam_role_policy_attachment.this",
            "module.retail_app_eks.aws_security_group.cluster",
            "module.retail_app_eks.aws_security_group.node",
            "module.retail_app_eks.aws_security_group_rule.cluster",
            "module.retail_app_eks.aws_security_group_rule.node",
            "module.retail_app_eks.data.aws_caller_identity.current",
            "module.retail_app_eks.data.aws_eks_addon_version.this",
            "module.retail_app_eks.data.aws_iam_policy_document.assume_role_policy",
            "module.retail_app_eks.data.aws_iam_policy_document.cni_ipv6_policy",
            "module.retail_app_eks.data.aws_iam_policy_document.custom",
            "module.retail_app_eks.data.aws_iam_policy_document.node_assume_role_policy",
            "module.retail_app_eks.data.aws_iam_session_context.current",
            "module.retail_app_eks.data.aws_partition.current",
            "module.retail_app_eks.data.tls_certificate.this",
            "module.retail_app_eks.module.eks_managed_node_group.aws_autoscaling_schedule.this",
            "module.retail_app_eks.module.eks_managed_node_group.aws_eks_node_group.this",
            "module.retail_app_eks.module.eks_managed_node_group.aws_iam_role.this",
            "module.retail_app_eks.module.eks_managed_node_group.aws_iam_role_policy.this",
            "module.retail_app_eks.module.eks_managed_node_group.aws_iam_role_policy_attachment.additional",
            "module.retail_app_eks.module.eks_managed_node_group.aws_iam_role_policy_attachment.this",
            "module.retail_app_eks.module.eks_managed_node_group.aws_launch_template.this",
            "module.retail_app_eks.module.eks_managed_node_group.aws_placement_group.this",
            "module.retail_app_eks.module.eks_managed_node_group.data.aws_caller_identity.current",
            "module.retail_app_eks.module.eks_managed_node_group.data.aws_ec2_instance_type.this",
            "module.retail_app_eks.module.eks_managed_node_group.data.aws_ec2_instance_type_offerings.this",
            "module.retail_app_eks.module.eks_managed_node_group.data.aws_iam_policy_document.assume_role_policy",
            "module.retail_app_eks.module.eks_managed_node_group.data.aws_iam_policy_document.role",
            "module.retail_app_eks.module.eks_managed_node_group.data.aws_partition.current",
            "module.retail_app_eks.module.eks_managed_node_group.data.aws_ssm_parameter.ami",
            "module.retail_app_eks.module.eks_managed_node_group.data.aws_subnets.placement_group",
            "module.retail_app_eks.module.eks_managed_node_group.module.user_data.data.cloudinit_config.al2023_eks_managed_node_group",
            "module.retail_app_eks.module.eks_managed_node_group.module.user_data.data.cloudinit_config.linux_eks_managed_node_group",
            "module.retail_app_eks.module.eks_managed_node_group.module.user_data.null_resource.validate_cluster_service_cidr",
            "module.retail_app_eks.module.fargate_profile.aws_eks_fargate_profile.this",
            "module.retail_app_eks.module.fargate_profile.aws_iam_role.this",
            "module.retail_app_eks.module.fargate_profile.aws_iam_role_policy.this",
            "module.retail_app_eks.module.fargate_profile.aws_iam_role_policy_attachment.additional",
            "module.retail_app_eks.module.fargate_profile.aws_iam_role_policy_attachment.this",
            "module.retail_app_eks.module.fargate_profile.data.aws_caller_identity.current",
            "module.retail_app_eks.module.fargate_profile.data.aws_iam_policy_document.assume_role_policy",
            "module.retail_app_eks.module.fargate_profile.data.aws_iam_policy_document.role",
            "module.retail_app_eks.module.fargate_profile.data.aws_partition.current",
            "module.retail_app_eks.module.fargate_profile.data.aws_region.current",
            "module.retail_app_eks.module.kms.aws_kms_alias.this",
            "module.retail_app_eks.module.kms.aws_kms_external_key.this",
            "module.retail_app_eks.module.kms.aws_kms_grant.this",
            "module.retail_app_eks.module.kms.aws_kms_key.this",
            "module.retail_app_eks.module.kms.aws_kms_replica_external_key.this",
            "module.retail_app_eks.module.kms.aws_kms_replica_key.this",
            "module.retail_app_eks.module.kms.data.aws_caller_identity.current",
            "module.retail_app_eks.module.kms.data.aws_iam_policy_document.this",
            "module.retail_app_eks.module.kms.data.aws_partition.current",
            "module.retail_app_eks.module.self_managed_node_group.aws_autoscaling_group.this",
            "module.retail_app_eks.module.self_managed_node_group.aws_autoscaling_schedule.this",
            "module.retail_app_eks.module.self_managed_node_group.aws_eks_access_entry.this",
            "module.retail_app_eks.module.self_managed_node_group.aws_iam_instance_profile.this",
            "module.retail_app_eks.module.self_managed_node_group.aws_iam_role.this",
            "module.retail_app_eks.module.self_managed_node_group.aws_iam_role_policy.this",
            "module.retail_app_eks.module.self_managed_node_group.aws_iam_role_policy_attachment.additional",
            "module.retail_app_eks.module.self_managed_node_group.aws_iam_role_policy_attachment.this",
            "module.retail_app_eks.module.self_managed_node_group.aws_launch_template.this",
            "module.retail_app_eks.module.self_managed_node_group.aws_placement_group.this",
            "module.retail_app_eks.module.self_managed_node_group.data.aws_caller_identity.current",
            "module.retail_app_eks.module.self_managed_node_group.data.aws_ec2_instance_type.this",
            "module.retail_app_eks.module.self_managed_node_group.data.aws_ec2_instance_type_offerings.this",
            "module.retail_app_eks.module.self_managed_node_group.data.aws_iam_policy_document.assume_role_policy",
            "module.retail_app_eks.module.self_managed_node_group.data.aws_iam_policy_document.role",
            "module.retail_app_eks.module.self_managed_node_group.data.aws_partition.current",
            "module.retail_app_eks.module.self_managed_node_group.data.aws_ssm_parameter.ami",
            "module.retail_app_eks.module.self_managed_node_group.data.aws_subnets.placement_group",
            "module.retail_app_eks.module.self_managed_node_group.module.user_data.data.cloudinit_config.al2023_eks_managed_node_group",
            "module.retail_app_eks.module.self_managed_node_group.module.user_data.data.cloudinit_config.linux_eks_managed_node_group",
            "module.retail_app_eks.module.self_managed_node_group.module.user_data.null_resource.validate_cluster_service_cidr",
            "module.retail_app_eks.time_sleep.this",
            "module.vpc.aws_subnet.private",
            "module.vpc.aws_vpc.this",
            "module.vpc.aws_vpc_ipv4_cidr_block_association.this",
            "random_string.suffix",
            "time_sleep.wait_for_cluster"
          ]
        }
      ]
    },
    {
      "mode": "managed",
      "type": "time_sleep",
      "name": "wait_for_cluster",
      "provider": "provider[\"registry.terraform.io/hashicorp/time\"]",
      "instances": [
        {
          "schema_version": 0,
          "attributes": {
            "create_duration": "30s",
            "destroy_duration": null,
            "id": "2025-11-20T17:15:18Z",
            "triggers": null
          },
          "sensitive_attributes": [],
          "identity_schema_version": 0,
          "dependencies": [
            "data.aws_availability_zones.available",
            "data.aws_caller_identity.current",
            "module.eks_addons.aws_autoscaling_group_tag.aws_node_termination_handler",
            "module.eks_addons.aws_autoscaling_lifecycle_hook.aws_node_termination_handler",
            "module.eks_addons.aws_cloudformation_stack.usage_telemetry",
            "module.eks_addons.aws_cloudwatch_event_rule.aws_node_termination_handler",
            "module.eks_addons.aws_cloudwatch_event_rule.karpenter",
            "module.eks_addons.aws_cloudwatch_event_target.aws_node_termination_handler",
            "module.eks_addons.aws_cloudwatch_event_target.karpenter",
            "module.eks_addons.aws_cloudwatch_log_group.aws_for_fluentbit",
            "module.eks_addons.aws_cloudwatch_log_group.fargate_fluentbit",
            "module.eks_addons.aws_eks_addon.this",
            "module.eks_addons.aws_iam_instance_profile.karpenter",
            "module.eks_addons.aws_iam_policy.fargate_fluentbit",
            "module.eks_addons.aws_iam_role.karpenter",
            "module.eks_addons.aws_iam_role_policy_attachment.additional",
            "module.eks_addons.aws_iam_role_policy_attachment.karpenter",
            "module.eks_addons.data.aws_caller_identity.current",
            "module.eks_addons.data.aws_eks_addon_version.this",
            "module.eks_addons.data.aws_iam_policy_document.aws_efs_csi_driver",
            "module.eks_addons.data.aws_iam_policy_document.aws_for_fluentbit",
            "module.eks_addons.data.aws_iam_policy_document.aws_fsx_csi_driver",
            "module.eks_addons.data.aws_iam_policy_document.aws_gateway_api_controller",
            "module.eks_addons.data.aws_iam_policy_document.aws_load_balancer_controller",
            "module.eks_addons.data.aws_iam_policy_document.aws_node_termination_handler",
            "module.eks_addons.data.aws_iam_policy_document.aws_privateca_issuer",
            "module.eks_addons.data.aws_iam_policy_document.cert_manager",
            "module.eks_addons.data.aws_iam_policy_document.cluster_autoscaler",
            "module.eks_addons.data.aws_iam_policy_document.external_dns",
            "module.eks_addons.data.aws_iam_policy_document.external_secrets",
            "module.eks_addons.data.aws_iam_policy_document.fargate_fluentbit",
            "module.eks_addons.data.aws_iam_policy_document.karpenter",
            "module.eks_addons.data.aws_iam_policy_document.karpenter_assume_role",
            "module.eks_addons.data.aws_iam_policy_document.velero",
            "module.eks_addons.data.aws_partition.current",
            "module.eks_addons.data.aws_region.current",
            "module.eks_addons.helm_release.this",
            "module.eks_addons.kubernetes_config_map_v1.aws_logging",
            "module.eks_addons.kubernetes_config_map_v1_data.aws_for_fluentbit_containerinsights",
            "module.eks_addons.kubernetes_namespace_v1.aws_observability",
            "module.eks_addons.module.argo_events.aws_iam_policy.this",
            "module.eks_addons.module.argo_events.aws_iam_role.this",
            "module.eks_addons.module.argo_events.aws_iam_role_policy_attachment.additional",
            "module.eks_addons.module.argo_events.aws_iam_role_policy_attachment.this",
            "module.eks_addons.module.argo_events.data.aws_caller_identity.current",
            "module.eks_addons.module.argo_events.data.aws_iam_policy_document.assume",
            "module.eks_addons.module.argo_events.data.aws_iam_policy_document.this",
            "module.eks_addons.module.argo_events.data.aws_partition.current",
            "module.eks_addons.module.argo_events.helm_release.this",
            "module.eks_addons.module.argo_rollouts.aws_iam_policy.this",
            "module.eks_addons.module.argo_rollouts.aws_iam_role.this",
            "module.eks_addons.module.argo_rollouts.aws_iam_role_policy_attachment.additional",
            "module.eks_addons.module.argo_rollouts.aws_iam_role_policy_attachment.this",
            "module.eks_addons.module.argo_rollouts.data.aws_caller_identity.current",
            "module.eks_addons.module.argo_rollouts.data.aws_iam_policy_document.assume",
            "module.eks_addons.module.argo_rollouts.data.aws_iam_policy_document.this",
            "module.eks_addons.module.argo_rollouts.data.aws_partition.current",
            "module.eks_addons.module.argo_rollouts.helm_release.this",
            "module.eks_addons.module.argo_workflows.aws_iam_policy.this",
            "module.eks_addons.module.argo_workflows.aws_iam_role.this",
            "module.eks_addons.module.argo_workflows.aws_iam_role_policy_attachment.additional",
            "module.eks_addons.module.argo_workflows.aws_iam_role_policy_attachment.this",
            "module.eks_addons.module.argo_workflows.data.aws_caller_identity.current",
            "module.eks_addons.module.argo_workflows.data.aws_iam_policy_document.assume",
            "module.eks_addons.module.argo_workflows.data.aws_iam_policy_document.this",
            "module.eks_addons.module.argo_workflows.data.aws_partition.current",
            "module.eks_addons.module.argo_workflows.helm_release.this",
            "module.eks_addons.module.argocd.aws_iam_policy.this",
            "module.eks_addons.module.argocd.aws_iam_role.this",
            "module.eks_addons.module.argocd.aws_iam_role_policy_attachment.additional",
            "module.eks_addons.module.argocd.aws_iam_role_policy_attachment.this",
            "module.eks_addons.module.argocd.data.aws_caller_identity.current",
            "module.eks_addons.module.argocd.data.aws_iam_policy_document.assume",
            "module.eks_addons.module.argocd.data.aws_iam_policy_document.this",
            "module.eks_addons.module.argocd.data.aws_partition.current",
            "module.eks_addons.module.argocd.helm_release.this",
            "module.eks_addons.module.aws_cloudwatch_metrics.aws_iam_policy.this",
            "module.eks_addons.module.aws_cloudwatch_metrics.aws_iam_role.this",
            "module.eks_addons.module.aws_cloudwatch_metrics.aws_iam_role_policy_attachment.additional",
            "module.eks_addons.module.aws_cloudwatch_metrics.aws_iam_role_policy_attachment.this",
            "module.eks_addons.module.aws_cloudwatch_metrics.data.aws_caller_identity.current",
            "module.eks_addons.module.aws_cloudwatch_metrics.data.aws_iam_policy_document.assume",
            "module.eks_addons.module.aws_cloudwatch_metrics.data.aws_iam_policy_document.this",
            "module.eks_addons.module.aws_cloudwatch_metrics.data.aws_partition.current",
            "module.eks_addons.module.aws_cloudwatch_metrics.helm_release.this",
            "module.eks_addons.module.aws_efs_csi_driver.aws_iam_policy.this",
            "module.eks_addons.module.aws_efs_csi_driver.aws_iam_role.this",
            "module.eks_addons.module.aws_efs_csi_driver.aws_iam_role_policy_attachment.additional",
            "module.eks_addons.module.aws_efs_csi_driver.aws_iam_role_policy_attachment.this",
            "module.eks_addons.module.aws_efs_csi_driver.data.aws_caller_identity.current",
            "module.eks_addons.module.aws_efs_csi_driver.data.aws_iam_policy_document.assume",
            "module.eks_addons.module.aws_efs_csi_driver.data.aws_iam_policy_document.this",
            "module.eks_addons.module.aws_efs_csi_driver.data.aws_partition.current",
            "module.eks_addons.module.aws_efs_csi_driver.helm_release.this",
            "module.eks_addons.module.aws_for_fluentbit.aws_iam_policy.this",
            "module.eks_addons.module.aws_for_fluentbit.aws_iam_role.this",
            "module.eks_addons.module.aws_for_fluentbit.aws_iam_role_policy_attachment.additional",
            "module.eks_addons.module.aws_for_fluentbit.aws_iam_role_policy_attachment.this",
            "module.eks_addons.module.aws_for_fluentbit.data.aws_caller_identity.current",
            "module.eks_addons.module.aws_for_fluentbit.data.aws_iam_policy_document.assume",
            "module.eks_addons.module.aws_for_fluentbit.data.aws_iam_policy_document.this",
            "module.eks_addons.module.aws_for_fluentbit.data.aws_partition.current",
            "module.eks_addons.module.aws_for_fluentbit.helm_release.this",
            "module.eks_addons.module.aws_fsx_csi_driver.aws_iam_policy.this",
            "module.eks_addons.module.aws_fsx_csi_driver.aws_iam_role.this",
            "module.eks_addons.module.aws_fsx_csi_driver.aws_iam_role_policy_attachment.additional",
            "module.eks_addons.module.aws_fsx_csi_driver.aws_iam_role_policy_attachment.this",
            "module.eks_addons.module.aws_fsx_csi_driver.data.aws_caller_identity.current",
            "module.eks_addons.module.aws_fsx_csi_driver.data.aws_iam_policy_document.assume",
            "module.eks_addons.module.aws_fsx_csi_driver.data.aws_iam_policy_document.this",
            "module.eks_addons.module.aws_fsx_csi_driver.data.aws_partition.current",
            "module.eks_addons.module.aws_fsx_csi_driver.helm_release.this",
            "module.eks_addons.module.aws_gateway_api_controller.aws_iam_policy.this",
            "module.eks_addons.module.aws_gateway_api_controller.aws_iam_role.this",
            "module.eks_addons.module.aws_gateway_api_controller.aws_iam_role_policy_attachment.additional",
            "module.eks_addons.module.aws_gateway_api_controller.aws_iam_role_policy_attachment.this",
            "module.eks_addons.module.aws_gateway_api_controller.data.aws_caller_identity.current",
            "module.eks_addons.module.aws_gateway_api_controller.data.aws_iam_policy_document.assume",
            "module.eks_addons.module.aws_gateway_api_controller.data.aws_iam_policy_document.this",
            "module.eks_addons.module.aws_gateway_api_controller.data.aws_partition.current",
            "module.eks_addons.module.aws_gateway_api_controller.helm_release.this",
            "module.eks_addons.module.aws_load_balancer_controller.aws_iam_policy.this",
            "module.eks_addons.module.aws_load_balancer_controller.aws_iam_role.this",
            "module.eks_addons.module.aws_load_balancer_controller.aws_iam_role_policy_attachment.additional",
            "module.eks_addons.module.aws_load_balancer_controller.aws_iam_role_policy_attachment.this",
            "module.eks_addons.module.aws_load_balancer_controller.data.aws_caller_identity.current",
            "module.eks_addons.module.aws_load_balancer_controller.data.aws_iam_policy_document.assume",
            "module.eks_addons.module.aws_load_balancer_controller.data.aws_iam_policy_document.this",
            "module.eks_addons.module.aws_load_balancer_controller.data.aws_partition.current",
            "module.eks_addons.module.aws_load_balancer_controller.helm_release.this",
            "module.eks_addons.module.aws_node_termination_handler.aws_iam_policy.this",
            "module.eks_addons.module.aws_node_termination_handler.aws_iam_role.this",
            "module.eks_addons.module.aws_node_termination_handler.aws_iam_role_policy_attachment.additional",
            "module.eks_addons.module.aws_node_termination_handler.aws_iam_role_policy_attachment.this",
            "module.eks_addons.module.aws_node_termination_handler.data.aws_caller_identity.current",
            "module.eks_addons.module.aws_node_termination_handler.data.aws_iam_policy_document.assume",
            "module.eks_addons.module.aws_node_termination_handler.data.aws_iam_policy_document.this",
            "module.eks_addons.module.aws_node_termination_handler.data.aws_partition.current",
            "module.eks_addons.module.aws_node_termination_handler.helm_release.this",
            "module.eks_addons.module.aws_node_termination_handler_sqs.aws_sqs_queue.dlq",
            "module.eks_addons.module.aws_node_termination_handler_sqs.aws_sqs_queue.this",
            "module.eks_addons.module.aws_node_termination_handler_sqs.aws_sqs_queue_policy.dlq",
            "module.eks_addons.module.aws_node_termination_handler_sqs.aws_sqs_queue_policy.this",
            "module.eks_addons.module.aws_node_termination_handler_sqs.aws_sqs_queue_redrive_allow_policy.dlq",
            "module.eks_addons.module.aws_node_termination_handler_sqs.aws_sqs_queue_redrive_allow_policy.this",
            "module.eks_addons.module.aws_node_termination_handler_sqs.aws_sqs_queue_redrive_policy.dlq",
            "module.eks_addons.module.aws_node_termination_handler_sqs.aws_sqs_queue_redrive_policy.this",
            "module.eks_addons.module.aws_node_termination_handler_sqs.data.aws_iam_policy_document.dlq",
            "module.eks_addons.module.aws_node_termination_handler_sqs.data.aws_iam_policy_document.this",
            "module.eks_addons.module.aws_privateca_issuer.aws_iam_policy.this",
            "module.eks_addons.module.aws_privateca_issuer.aws_iam_role.this",
            "module.eks_addons.module.aws_privateca_issuer.aws_iam_role_policy_attachment.additional",
            "module.eks_addons.module.aws_privateca_issuer.aws_iam_role_policy_attachment.this",
            "module.eks_addons.module.aws_privateca_issuer.data.aws_caller_identity.current",
            "module.eks_addons.module.aws_privateca_issuer.data.aws_iam_policy_document.assume",
            "module.eks_addons.module.aws_privateca_issuer.data.aws_iam_policy_document.this",
            "module.eks_addons.module.aws_privateca_issuer.data.aws_partition.current",
            "module.eks_addons.module.aws_privateca_issuer.helm_release.this",
            "module.eks_addons.module.bottlerocket_shadow.aws_iam_policy.this",
            "module.eks_addons.module.bottlerocket_shadow.aws_iam_role.this",
            "module.eks_addons.module.bottlerocket_shadow.aws_iam_role_policy_attachment.additional",
            "module.eks_addons.module.bottlerocket_shadow.aws_iam_role_policy_attachment.this",
            "module.eks_addons.module.bottlerocket_shadow.data.aws_caller_identity.current",
            "module.eks_addons.module.bottlerocket_shadow.data.aws_iam_policy_document.assume",
            "module.eks_addons.module.bottlerocket_shadow.data.aws_iam_policy_document.this",
            "module.eks_addons.module.bottlerocket_shadow.data.aws_partition.current",
            "module.eks_addons.module.bottlerocket_shadow.helm_release.this",
            "module.eks_addons.module.bottlerocket_update_operator.aws_iam_policy.this",
            "module.eks_addons.module.bottlerocket_update_operator.aws_iam_role.this",
            "module.eks_addons.module.bottlerocket_update_operator.aws_iam_role_policy_attachment.additional",
            "module.eks_addons.module.bottlerocket_update_operator.aws_iam_role_policy_attachment.this",
            "module.eks_addons.module.bottlerocket_update_operator.data.aws_caller_identity.current",
            "module.eks_addons.module.bottlerocket_update_operator.data.aws_iam_policy_document.assume",
            "module.eks_addons.module.bottlerocket_update_operator.data.aws_iam_policy_document.this",
            "module.eks_addons.module.bottlerocket_update_operator.data.aws_partition.current",
            "module.eks_addons.module.bottlerocket_update_operator.helm_release.this",
            "module.eks_addons.module.cert_manager.aws_iam_policy.this",
            "module.eks_addons.module.cert_manager.aws_iam_role.this",
            "module.eks_addons.module.cert_manager.aws_iam_role_policy_attachment.additional",
            "module.eks_addons.module.cert_manager.aws_iam_role_policy_attachment.this",
            "module.eks_addons.module.cert_manager.data.aws_caller_identity.current",
            "module.eks_addons.module.cert_manager.data.aws_iam_policy_document.assume",
            "module.eks_addons.module.cert_manager.data.aws_iam_policy_document.this",
            "module.eks_addons.module.cert_manager.data.aws_partition.current",
            "module.eks_addons.module.cert_manager.helm_release.this",
            "module.eks_addons.module.cluster_autoscaler.aws_iam_policy.this",
            "module.eks_addons.module.cluster_autoscaler.aws_iam_role.this",
            "module.eks_addons.module.cluster_autoscaler.aws_iam_role_policy_attachment.additional",
            "module.eks_addons.module.cluster_autoscaler.aws_iam_role_policy_attachment.this",
            "module.eks_addons.module.cluster_autoscaler.data.aws_caller_identity.current",
            "module.eks_addons.module.cluster_autoscaler.data.aws_iam_policy_document.assume",
            "module.eks_addons.module.cluster_autoscaler.data.aws_iam_policy_document.this",
            "module.eks_addons.module.cluster_autoscaler.data.aws_partition.current",
            "module.eks_addons.module.cluster_autoscaler.helm_release.this",
            "module.eks_addons.module.cluster_proportional_autoscaler.aws_iam_policy.this",
            "module.eks_addons.module.cluster_proportional_autoscaler.aws_iam_role.this",
            "module.eks_addons.module.cluster_proportional_autoscaler.aws_iam_role_policy_attachment.additional",
            "module.eks_addons.module.cluster_proportional_autoscaler.aws_iam_role_policy_attachment.this",
            "module.eks_addons.module.cluster_proportional_autoscaler.data.aws_caller_identity.current",
            "module.eks_addons.module.cluster_proportional_autoscaler.data.aws_iam_policy_document.assume",
            "module.eks_addons.module.cluster_proportional_autoscaler.data.aws_iam_policy_document.this",
            "module.eks_addons.module.cluster_proportional_autoscaler.data.aws_partition.current",
            "module.eks_addons.module.cluster_proportional_autoscaler.helm_release.this",
            "module.eks_addons.module.external_dns.aws_iam_policy.this",
            "module.eks_addons.module.external_dns.aws_iam_role.this",
            "module.eks_addons.module.external_dns.aws_iam_role_policy_attachment.additional",
            "module.eks_addons.module.external_dns.aws_iam_role_policy_attachment.this",
            "module.eks_addons.module.external_dns.data.aws_caller_identity.current",
            "module.eks_addons.module.external_dns.data.aws_iam_policy_document.assume",
            "module.eks_addons.module.external_dns.data.aws_iam_policy_document.this",
            "module.eks_addons.module.external_dns.data.aws_partition.current",
            "module.eks_addons.module.external_dns.helm_release.this",
            "module.eks_addons.module.external_secrets.aws_iam_policy.this",
            "module.eks_addons.module.external_secrets.aws_iam_role.this",
            "module.eks_addons.module.external_secrets.aws_iam_role_policy_attachment.additional",
            "module.eks_addons.module.external_secrets.aws_iam_role_policy_attachment.this",
            "module.eks_addons.module.external_secrets.data.aws_caller_identity.current",
            "module.eks_addons.module.external_secrets.data.aws_iam_policy_document.assume",
            "module.eks_addons.module.external_secrets.data.aws_iam_policy_document.this",
            "module.eks_addons.module.external_secrets.data.aws_partition.current",
            "module.eks_addons.module.external_secrets.helm_release.this",
            "module.eks_addons.module.gatekeeper.aws_iam_policy.this",
            "module.eks_addons.module.gatekeeper.aws_iam_role.this",
            "module.eks_addons.module.gatekeeper.aws_iam_role_policy_attachment.additional",
            "module.eks_addons.module.gatekeeper.aws_iam_role_policy_attachment.this",
            "module.eks_addons.module.gatekeeper.data.aws_caller_identity.current",
            "module.eks_addons.module.gatekeeper.data.aws_iam_policy_document.assume",
            "module.eks_addons.module.gatekeeper.data.aws_iam_policy_document.this",
            "module.eks_addons.module.gatekeeper.data.aws_partition.current",
            "module.eks_addons.module.gatekeeper.helm_release.this",
            "module.eks_addons.module.ingress_nginx.aws_iam_policy.this",
            "module.eks_addons.module.ingress_nginx.aws_iam_role.this",
            "module.eks_addons.module.ingress_nginx.aws_iam_role_policy_attachment.additional",
            "module.eks_addons.module.ingress_nginx.aws_iam_role_policy_attachment.this",
            "module.eks_addons.module.ingress_nginx.data.aws_caller_identity.current",
            "module.eks_addons.module.ingress_nginx.data.aws_iam_policy_document.assume",
            "module.eks_addons.module.ingress_nginx.data.aws_iam_policy_document.this",
            "module.eks_addons.module.ingress_nginx.data.aws_partition.current",
            "module.eks_addons.module.ingress_nginx.helm_release.this",
            "module.eks_addons.module.karpenter.aws_iam_policy.this",
            "module.eks_addons.module.karpenter.aws_iam_role.this",
            "module.eks_addons.module.karpenter.aws_iam_role_policy_attachment.additional",
            "module.eks_addons.module.karpenter.aws_iam_role_policy_attachment.this",
            "module.eks_addons.module.karpenter.data.aws_caller_identity.current",
            "module.eks_addons.module.karpenter.data.aws_iam_policy_document.assume",
            "module.eks_addons.module.karpenter.data.aws_iam_policy_document.this",
            "module.eks_addons.module.karpenter.data.aws_partition.current",
            "module.eks_addons.module.karpenter.helm_release.this",
            "module.eks_addons.module.karpenter_sqs.aws_sqs_queue.dlq",
            "module.eks_addons.module.karpenter_sqs.aws_sqs_queue.this",
            "module.eks_addons.module.karpenter_sqs.aws_sqs_queue_policy.dlq",
            "module.eks_addons.module.karpenter_sqs.aws_sqs_queue_policy.this",
            "module.eks_addons.module.karpenter_sqs.aws_sqs_queue_redrive_allow_policy.dlq",
            "module.eks_addons.module.karpenter_sqs.aws_sqs_queue_redrive_allow_policy.this",
            "module.eks_addons.module.karpenter_sqs.aws_sqs_queue_redrive_policy.dlq",
            "module.eks_addons.module.karpenter_sqs.aws_sqs_queue_redrive_policy.this",
            "module.eks_addons.module.karpenter_sqs.data.aws_iam_policy_document.dlq",
            "module.eks_addons.module.karpenter_sqs.data.aws_iam_policy_document.this",
            "module.eks_addons.module.kube_prometheus_stack.aws_iam_policy.this",
            "module.eks_addons.module.kube_prometheus_stack.aws_iam_role.this",
            "module.eks_addons.module.kube_prometheus_stack.aws_iam_role_policy_attachment.additional",
            "module.eks_addons.module.kube_prometheus_stack.aws_iam_role_policy_attachment.this",
            "module.eks_addons.module.kube_prometheus_stack.data.aws_caller_identity.current",
            "module.eks_addons.module.kube_prometheus_stack.data.aws_iam_policy_document.assume",
            "module.eks_addons.module.kube_prometheus_stack.data.aws_iam_policy_document.this",
            "module.eks_addons.module.kube_prometheus_stack.data.aws_partition.current",
            "module.eks_addons.module.kube_prometheus_stack.helm_release.this",
            "module.eks_addons.module.metrics_server.aws_iam_policy.this",
            "module.eks_addons.module.metrics_server.aws_iam_role.this",
            "module.eks_addons.module.metrics_server.aws_iam_role_policy_attachment.additional",
            "module.eks_addons.module.metrics_server.aws_iam_role_policy_attachment.this",
            "module.eks_addons.module.metrics_server.data.aws_caller_identity.current",
            "module.eks_addons.module.metrics_server.data.aws_iam_policy_document.assume",
            "module.eks_addons.module.metrics_server.data.aws_iam_policy_document.this",
            "module.eks_addons.module.metrics_server.data.aws_partition.current",
            "module.eks_addons.module.metrics_server.helm_release.this",
            "module.eks_addons.module.secrets_store_csi_driver.aws_iam_policy.this",
            "module.eks_addons.module.secrets_store_csi_driver.aws_iam_role.this",
            "module.eks_addons.module.secrets_store_csi_driver.aws_iam_role_policy_attachment.additional",
            "module.eks_addons.module.secrets_store_csi_driver.aws_iam_role_policy_attachment.this",
            "module.eks_addons.module.secrets_store_csi_driver.data.aws_caller_identity.current",
            "module.eks_addons.module.secrets_store_csi_driver.data.aws_iam_policy_document.assume",
            "module.eks_addons.module.secrets_store_csi_driver.data.aws_iam_policy_document.this",
            "module.eks_addons.module.secrets_store_csi_driver.data.aws_partition.current",
            "module.eks_addons.module.secrets_store_csi_driver.helm_release.this",
            "module.eks_addons.module.secrets_store_csi_driver_provider_aws.aws_iam_policy.this",
            "module.eks_addons.module.secrets_store_csi_driver_provider_aws.aws_iam_role.this",
            "module.eks_addons.module.secrets_store_csi_driver_provider_aws.aws_iam_role_policy_attachment.additional",
            "module.eks_addons.module.secrets_store_csi_driver_provider_aws.aws_iam_role_policy_attachment.this",
            "module.eks_addons.module.secrets_store_csi_driver_provider_aws.data.aws_caller_identity.current",
            "module.eks_addons.module.secrets_store_csi_driver_provider_aws.data.aws_iam_policy_document.assume",
            "module.eks_addons.module.secrets_store_csi_driver_provider_aws.data.aws_iam_policy_document.this",
            "module.eks_addons.module.secrets_store_csi_driver_provider_aws.data.aws_partition.current",
            "module.eks_addons.module.secrets_store_csi_driver_provider_aws.helm_release.this",
            "module.eks_addons.module.velero.aws_iam_policy.this",
            "module.eks_addons.module.velero.aws_iam_role.this",
            "module.eks_addons.module.velero.aws_iam_role_policy_attachment.additional",
            "module.eks_addons.module.velero.aws_iam_role_policy_attachment.this",
            "module.eks_addons.module.velero.data.aws_caller_identity.current",
            "module.eks_addons.module.velero.data.aws_iam_policy_document.assume",
            "module.eks_addons.module.velero.data.aws_iam_policy_document.this",
            "module.eks_addons.module.velero.data.aws_partition.current",
            "module.eks_addons.module.velero.helm_release.this",
            "module.eks_addons.module.vpa.aws_iam_policy.this",
            "module.eks_addons.module.vpa.aws_iam_role.this",
            "module.eks_addons.module.vpa.aws_iam_role_policy_attachment.additional",
            "module.eks_addons.module.vpa.aws_iam_role_policy_attachment.this",
            "module.eks_addons.module.vpa.data.aws_caller_identity.current",
            "module.eks_addons.module.vpa.data.aws_iam_policy_document.assume",
            "module.eks_addons.module.vpa.data.aws_iam_policy_document.this",
            "module.eks_addons.module.vpa.data.aws_partition.current",
            "module.eks_addons.module.vpa.helm_release.this",
            "module.eks_addons.random_bytes.this",
            "module.eks_addons.time_sleep.this",
            "module.retail_app_eks.aws_cloudwatch_log_group.this",
            "module.retail_app_eks.aws_ec2_tag.cluster_primary_security_group",
            "module.retail_app_eks.aws_eks_access_entry.this",
            "module.retail_app_eks.aws_eks_access_policy_association.this",
            "module.retail_app_eks.aws_eks_addon.before_compute",
            "module.retail_app_eks.aws_eks_addon.this",
            "module.retail_app_eks.aws_eks_cluster.this",
            "module.retail_app_eks.aws_eks_identity_provider_config.this",
            "module.retail_app_eks.aws_iam_openid_connect_provider.oidc_provider",
            "module.retail_app_eks.aws_iam_policy.cluster_encryption",
            "module.retail_app_eks.aws_iam_policy.cni_ipv6_policy",
            "module.retail_app_eks.aws_iam_policy.custom",
            "module.retail_app_eks.aws_iam_role.eks_auto",
            "module.retail_app_eks.aws_iam_role.this",
            "module.retail_app_eks.aws_iam_role_policy_attachment.additional",
            "module.retail_app_eks.aws_iam_role_policy_attachment.cluster_encryption",
            "module.retail_app_eks.aws_iam_role_policy_attachment.custom",
            "module.retail_app_eks.aws_iam_role_policy_attachment.eks_auto",
            "module.retail_app_eks.aws_iam_role_policy_attachment.eks_auto_additional",
            "module.retail_app_eks.aws_iam_role_policy_attachment.this",
            "module.retail_app_eks.aws_security_group.cluster",
            "module.retail_app_eks.aws_security_group.node",
            "module.retail_app_eks.aws_security_group_rule.cluster",
            "module.retail_app_eks.aws_security_group_rule.node",
            "module.retail_app_eks.data.aws_caller_identity.current",
            "module.retail_app_eks.data.aws_eks_addon_version.this",
            "module.retail_app_eks.data.aws_iam_policy_document.assume_role_policy",
            "module.retail_app_eks.data.aws_iam_policy_document.cni_ipv6_policy",
            "module.retail_app_eks.data.aws_iam_policy_document.custom",
            "module.retail_app_eks.data.aws_iam_policy_document.node_assume_role_policy",
            "module.retail_app_eks.data.aws_iam_session_context.current",
            "module.retail_app_eks.data.aws_partition.current",
            "module.retail_app_eks.data.tls_certificate.this",
            "module.retail_app_eks.module.eks_managed_node_group.aws_autoscaling_schedule.this",
            "module.retail_app_eks.module.eks_managed_node_group.aws_eks_node_group.this",
            "module.retail_app_eks.module.eks_managed_node_group.aws_iam_role.this",
            "module.retail_app_eks.module.eks_managed_node_group.aws_iam_role_policy.this",
            "module.retail_app_eks.module.eks_managed_node_group.aws_iam_role_policy_attachment.additional",
            "module.retail_app_eks.module.eks_managed_node_group.aws_iam_role_policy_attachment.this",
            "module.retail_app_eks.module.eks_managed_node_group.aws_launch_template.this",
            "module.retail_app_eks.module.eks_managed_node_group.aws_placement_group.this",
            "module.retail_app_eks.module.eks_managed_node_group.data.aws_caller_identity.current",
            "module.retail_app_eks.module.eks_managed_node_group.data.aws_ec2_instance_type.this",
            "module.retail_app_eks.module.eks_managed_node_group.data.aws_ec2_instance_type_offerings.this",
            "module.retail_app_eks.module.eks_managed_node_group.data.aws_iam_policy_document.assume_role_policy",
            "module.retail_app_eks.module.eks_managed_node_group.data.aws_iam_policy_document.role",
            "module.retail_app_eks.module.eks_managed_node_group.data.aws_partition.current",
            "module.retail_app_eks.module.eks_managed_node_group.data.aws_ssm_parameter.ami",
            "module.retail_app_eks.module.eks_managed_node_group.data.aws_subnets.placement_group",
            "module.retail_app_eks.module.eks_managed_node_group.module.user_data.data.cloudinit_config.al2023_eks_managed_node_group",
            "module.retail_app_eks.module.eks_managed_node_group.module.user_data.data.cloudinit_config.linux_eks_managed_node_group",
            "module.retail_app_eks.module.eks_managed_node_group.module.user_data.null_resource.validate_cluster_service_cidr",
            "module.retail_app_eks.module.fargate_profile.aws_eks_fargate_profile.this",
            "module.retail_app_eks.module.fargate_profile.aws_iam_role.this",
            "module.retail_app_eks.module.fargate_profile.aws_iam_role_policy.this",
            "module.retail_app_eks.module.fargate_profile.aws_iam_role_policy_attachment.additional",
            "module.retail_app_eks.module.fargate_profile.aws_iam_role_policy_attachment.this",
            "module.retail_app_eks.module.fargate_profile.data.aws_caller_identity.current",
            "module.retail_app_eks.module.fargate_profile.data.aws_iam_policy_document.assume_role_policy",
            "module.retail_app_eks.module.fargate_profile.data.aws_iam_policy_document.role",
            "module.retail_app_eks.module.fargate_profile.data.aws_partition.current",
            "module.retail_app_eks.module.fargate_profile.data.aws_region.current",
            "module.retail_app_eks.module.kms.aws_kms_alias.this",
            "module.retail_app_eks.module.kms.aws_kms_external_key.this",
            "module.retail_app_eks.module.kms.aws_kms_grant.this",
            "module.retail_app_eks.module.kms.aws_kms_key.this",
            "module.retail_app_eks.module.kms.aws_kms_replica_external_key.this",
            "module.retail_app_eks.module.kms.aws_kms_replica_key.this",
            "module.retail_app_eks.module.kms.data.aws_caller_identity.current",
            "module.retail_app_eks.module.kms.data.aws_iam_policy_document.this",
            "module.retail_app_eks.module.kms.data.aws_partition.current",
            "module.retail_app_eks.module.self_managed_node_group.aws_autoscaling_group.this",
            "module.retail_app_eks.module.self_managed_node_group.aws_autoscaling_schedule.this",
            "module.retail_app_eks.module.self_managed_node_group.aws_eks_access_entry.this",
            "module.retail_app_eks.module.self_managed_node_group.aws_iam_instance_profile.this",
            "module.retail_app_eks.module.self_managed_node_group.aws_iam_role.this",
            "module.retail_app_eks.module.self_managed_node_group.aws_iam_role_policy.this",
            "module.retail_app_eks.module.self_managed_node_group.aws_iam_role_policy_attachment.additional",
            "module.retail_app_eks.module.self_managed_node_group.aws_iam_role_policy_attachment.this",
            "module.retail_app_eks.module.self_managed_node_group.aws_launch_template.this",
            "module.retail_app_eks.module.self_managed_node_group.aws_placement_group.this",
            "module.retail_app_eks.module.self_managed_node_group.data.aws_caller_identity.current",
            "module.retail_app_eks.module.self_managed_node_group.data.aws_ec2_instance_type.this",
            "module.retail_app_eks.module.self_managed_node_group.data.aws_ec2_instance_type_offerings.this",
            "module.retail_app_eks.module.self_managed_node_group.data.aws_iam_policy_document.assume_role_policy",
            "module.retail_app_eks.module.self_managed_node_group.data.aws_iam_policy_document.role",
            "module.retail_app_eks.module.self_managed_node_group.data.aws_partition.current",
            "module.retail_app_eks.module.self_managed_node_group.data.aws_ssm_parameter.ami",
            "module.retail_app_eks.module.self_managed_node_group.data.aws_subnets.placement_group",
            "module.retail_app_eks.module.self_managed_node_group.module.user_data.data.cloudinit_config.al2023_eks_managed_node_group",
            "module.retail_app_eks.module.self_managed_node_group.module.user_data.data.cloudinit_config.linux_eks_managed_node_group",
            "module.retail_app_eks.module.self_managed_node_group.module.user_data.null_resource.validate_cluster_service_cidr",
            "module.retail_app_eks.time_sleep.this",
            "module.vpc.aws_subnet.private",
            "module.vpc.aws_vpc.this",
            "module.vpc.aws_vpc_ipv4_cidr_block_association.this",
            "random_string.suffix"
          ]
        }
      ]
    },
    {
      "module": "module.eks_addons",
      "mode": "data",
      "type": "aws_caller_identity",
      "name": "current",
      "provider": "provider[\"registry.terraform.io/hashicorp/aws\"]",
      "instances": [
        {
          "schema_version": 0,
          "attributes": {
            "account_id": "596507588379",
            "arn": "arn:aws:iam::596507588379:user/linuxuser",
            "id": "596507588379",
            "user_id": "AIDAYVYU7O4NYCHHW6IKK"
          },
          "sensitive_attributes": [],
          "identity_schema_version": 0
        }
      ]
    },
    {
      "module": "module.eks_addons",
      "mode": "data",
      "type": "aws_iam_policy_document",
      "name": "cert_manager",
      "provider": "provider[\"registry.terraform.io/hashicorp/aws\"]",
      "instances": [
        {
          "index_key": 0,
          "schema_version": 0,
          "attributes": {
            "id": "3416383923",
            "json": "{\n  \"Version\": \"2012-10-17\",\n  \"Statement\": [\n    {\n      \"Effect\": \"Allow\",\n      \"Action\": \"route53:GetChange\",\n      \"Resource\": \"arn:aws:route53:::change/*\"\n    },\n    {\n      \"Effect\": \"Allow\",\n      \"Action\": [\n        \"route53:ListResourceRecordSets\",\n        \"route53:ChangeResourceRecordSets\"\n      ],\n      \"Resource\": \"arn:aws:route53:::hostedzone/*\"\n    },\n    {\n      \"Effect\": \"Allow\",\n      \"Action\": \"route53:ListHostedZonesByName\",\n      \"Resource\": \"*\"\n    }\n  ]\n}",
            "minified_json": "{\"Version\":\"2012-10-17\",\"Statement\":[{\"Effect\":\"Allow\",\"Action\":\"route53:GetChange\",\"Resource\":\"arn:aws:route53:::change/*\"},{\"Effect\":\"Allow\",\"Action\":[\"route53:ListResourceRecordSets\",\"route53:ChangeResourceRecordSets\"],\"Resource\":\"arn:aws:route53:::hostedzone/*\"},{\"Effect\":\"Allow\",\"Action\":\"route53:ListHostedZonesByName\",\"Resource\":\"*\"}]}",
            "override_json": null,
            "override_policy_documents": null,
            "policy_id": null,
            "source_json": null,
            "source_policy_documents": null,
            "statement": [
              {
                "actions": [
                  "route53:GetChange"
                ],
                "condition": [],
                "effect": "Allow",
                "not_actions": [],
                "not_principals": [],
                "not_resources": [],
                "principals": [],
                "resources": [
                  "arn:aws:route53:::change/*"
                ],
                "sid": ""
              },
              {
                "actions": [
                  "route53:ChangeResourceRecordSets",
                  "route53:ListResourceRecordSets"
                ],
                "condition": [],
                "effect": "Allow",
                "not_actions": [],
                "not_principals": [],
                "not_resources": [],
                "principals": [],
                "resources": [
                  "arn:aws:route53:::hostedzone/*"
                ],
                "sid": ""
              },
              {
                "actions": [
                  "route53:ListHostedZonesByName"
                ],
                "condition": [],
                "effect": "Allow",
                "not_actions": [],
                "not_principals": [],
                "not_resources": [],
                "principals": [],
                "resources": [
                  "*"
                ],
                "sid": ""
              }
            ],
            "version": "2012-10-17"
          },
          "sensitive_attributes": [],
          "identity_schema_version": 0
        }
      ]
    },
    {
      "module": "module.eks_addons",
      "mode": "data",
      "type": "aws_partition",
      "name": "current",
      "provider": "provider[\"registry.terraform.io/hashicorp/aws\"]",
      "instances": [
        {
          "schema_version": 0,
          "attributes": {
            "dns_suffix": "amazonaws.com",
            "id": "aws",
            "partition": "aws",
            "reverse_dns_prefix": "com.amazonaws"
          },
          "sensitive_attributes": [],
          "identity_schema_version": 0
        }
      ]
    },
    {
      "module": "module.eks_addons",
      "mode": "data",
      "type": "aws_region",
      "name": "current",
      "provider": "provider[\"registry.terraform.io/hashicorp/aws\"]",
      "instances": [
        {
          "schema_version": 0,
          "attributes": {
            "description": "US West (Oregon)",
            "endpoint": "ec2.us-west-2.amazonaws.com",
            "id": "us-west-2",
            "name": "us-west-2"
          },
          "sensitive_attributes": [],
          "identity_schema_version": 0
        }
      ]
    },
    {
      "module": "module.eks_addons",
      "mode": "managed",
      "type": "aws_cloudformation_stack",
      "name": "usage_telemetry",
      "provider": "provider[\"registry.terraform.io/hashicorp/aws\"]",
      "instances": [
        {
          "index_key": 0,
          "schema_version": 0,
          "attributes": {
            "capabilities": null,
            "disable_rollback": false,
            "iam_role_arn": "",
            "id": "arn:aws:cloudformation:us-west-2:596507588379:stack/retail-store-bfkv-53cb/f381d7d0-c633-11f0-beb2-06fe45f0533d",
            "name": "retail-store-bfkv-53cb",
            "notification_arns": null,
            "on_failure": "DO_NOTHING",
            "outputs": {},
            "parameters": {},
            "policy_body": null,
            "policy_url": null,
            "tags": null,
            "tags_all": {},
            "template_body": "{\"AWSTemplateFormatVersion\":\"2010-09-09\",\"Description\":\"Usage telemetry for EKS Blueprints. (qs-1ubotj5kl)\",\"Resources\":{\"EmptyResource\":{\"Type\":\"AWS::CloudFormation::WaitConditionHandle\"}}}",
            "template_url": null,
            "timeout_in_minutes": 0,
            "timeouts": null
          },
          "sensitive_attributes": [
            [
              {
                "type": "get_attr",
                "value": "name"
              }
            ]
          ],
          "identity_schema_version": 0,
          "private": "eyJlMmJmYjczMC1lY2FhLTExZTYtOGY4OC0zNDM2M2JjN2M0YzAiOnsiY3JlYXRlIjoxODAwMDAwMDAwMDAwLCJkZWxldGUiOjE4MDAwMDAwMDAwMDAsInVwZGF0ZSI6MTgwMDAwMDAwMDAwMH19",
          "dependencies": [
            "data.aws_availability_zones.available",
            "data.aws_caller_identity.current",
            "module.eks_addons.random_bytes.this",
            "module.retail_app_eks.aws_cloudwatch_log_group.this",
            "module.retail_app_eks.aws_ec2_tag.cluster_primary_security_group",
            "module.retail_app_eks.aws_eks_access_entry.this",
            "module.retail_app_eks.aws_eks_access_policy_association.this",
            "module.retail_app_eks.aws_eks_addon.before_compute",
            "module.retail_app_eks.aws_eks_addon.this",
            "module.retail_app_eks.aws_eks_cluster.this",
            "module.retail_app_eks.aws_eks_identity_provider_config.this",
            "module.retail_app_eks.aws_iam_openid_connect_provider.oidc_provider",
            "module.retail_app_eks.aws_iam_policy.cluster_encryption",
            "module.retail_app_eks.aws_iam_policy.cni_ipv6_policy",
            "module.retail_app_eks.aws_iam_policy.custom",
            "module.retail_app_eks.aws_iam_role.eks_auto",
            "module.retail_app_eks.aws_iam_role.this",
            "module.retail_app_eks.aws_iam_role_policy_attachment.additional",
            "module.retail_app_eks.aws_iam_role_policy_attachment.cluster_encryption",
            "module.retail_app_eks.aws_iam_role_policy_attachment.custom",
            "module.retail_app_eks.aws_iam_role_policy_attachment.eks_auto",
            "module.retail_app_eks.aws_iam_role_policy_attachment.eks_auto_additional",
            "module.retail_app_eks.aws_iam_role_policy_attachment.this",
            "module.retail_app_eks.aws_security_group.cluster",
            "module.retail_app_eks.aws_security_group.node",
            "module.retail_app_eks.aws_security_group_rule.cluster",
            "module.retail_app_eks.aws_security_group_rule.node",
            "module.retail_app_eks.data.aws_caller_identity.current",
            "module.retail_app_eks.data.aws_eks_addon_version.this",
            "module.retail_app_eks.data.aws_iam_policy_document.assume_role_policy",
            "module.retail_app_eks.data.aws_iam_policy_document.cni_ipv6_policy",
            "module.retail_app_eks.data.aws_iam_policy_document.custom",
            "module.retail_app_eks.data.aws_iam_policy_document.node_assume_role_policy",
            "module.retail_app_eks.data.aws_iam_session_context.current",
            "module.retail_app_eks.data.aws_partition.current",
            "module.retail_app_eks.data.tls_certificate.this",
            "module.retail_app_eks.module.eks_managed_node_group.aws_autoscaling_schedule.this",
            "module.retail_app_eks.module.eks_managed_node_group.aws_eks_node_group.this",
            "module.retail_app_eks.module.eks_managed_node_group.aws_iam_role.this",
            "module.retail_app_eks.module.eks_managed_node_group.aws_iam_role_policy.this",
            "module.retail_app_eks.module.eks_managed_node_group.aws_iam_role_policy_attachment.additional",
            "module.retail_app_eks.module.eks_managed_node_group.aws_iam_role_policy_attachment.this",
            "module.retail_app_eks.module.eks_managed_node_group.aws_launch_template.this",
            "module.retail_app_eks.module.eks_managed_node_group.aws_placement_group.this",
            "module.retail_app_eks.module.eks_managed_node_group.data.aws_caller_identity.current",
            "module.retail_app_eks.module.eks_managed_node_group.data.aws_ec2_instance_type.this",
            "module.retail_app_eks.module.eks_managed_node_group.data.aws_ec2_instance_type_offerings.this",
            "module.retail_app_eks.module.eks_managed_node_group.data.aws_iam_policy_document.assume_role_policy",
            "module.retail_app_eks.module.eks_managed_node_group.data.aws_iam_policy_document.role",
            "module.retail_app_eks.module.eks_managed_node_group.data.aws_partition.current",
            "module.retail_app_eks.module.eks_managed_node_group.data.aws_ssm_parameter.ami",
            "module.retail_app_eks.module.eks_managed_node_group.data.aws_subnets.placement_group",
            "module.retail_app_eks.module.eks_managed_node_group.module.user_data.data.cloudinit_config.al2023_eks_managed_node_group",
            "module.retail_app_eks.module.eks_managed_node_group.module.user_data.data.cloudinit_config.linux_eks_managed_node_group",
            "module.retail_app_eks.module.eks_managed_node_group.module.user_data.null_resource.validate_cluster_service_cidr",
            "module.retail_app_eks.module.fargate_profile.aws_eks_fargate_profile.this",
            "module.retail_app_eks.module.fargate_profile.aws_iam_role.this",
            "module.retail_app_eks.module.fargate_profile.aws_iam_role_policy.this",
            "module.retail_app_eks.module.fargate_profile.aws_iam_role_policy_attachment.additional",
            "module.retail_app_eks.module.fargate_profile.aws_iam_role_policy_attachment.this",
            "module.retail_app_eks.module.fargate_profile.data.aws_caller_identity.current",
            "module.retail_app_eks.module.fargate_profile.data.aws_iam_policy_document.assume_role_policy",
            "module.retail_app_eks.module.fargate_profile.data.aws_iam_policy_document.role",
            "module.retail_app_eks.module.fargate_profile.data.aws_partition.current",
            "module.retail_app_eks.module.fargate_profile.data.aws_region.current",
            "module.retail_app_eks.module.kms.aws_kms_alias.this",
            "module.retail_app_eks.module.kms.aws_kms_external_key.this",
            "module.retail_app_eks.module.kms.aws_kms_grant.this",
            "module.retail_app_eks.module.kms.aws_kms_key.this",
            "module.retail_app_eks.module.kms.aws_kms_replica_external_key.this",
            "module.retail_app_eks.module.kms.aws_kms_replica_key.this",
            "module.retail_app_eks.module.kms.data.aws_caller_identity.current",
            "module.retail_app_eks.module.kms.data.aws_iam_policy_document.this",
            "module.retail_app_eks.module.kms.data.aws_partition.current",
            "module.retail_app_eks.module.self_managed_node_group.aws_autoscaling_group.this",
            "module.retail_app_eks.module.self_managed_node_group.aws_autoscaling_schedule.this",
            "module.retail_app_eks.module.self_managed_node_group.aws_eks_access_entry.this",
            "module.retail_app_eks.module.self_managed_node_group.aws_iam_instance_profile.this",
            "module.retail_app_eks.module.self_managed_node_group.aws_iam_role.this",
            "module.retail_app_eks.module.self_managed_node_group.aws_iam_role_policy.this",
            "module.retail_app_eks.module.self_managed_node_group.aws_iam_role_policy_attachment.additional",
            "module.retail_app_eks.module.self_managed_node_group.aws_iam_role_policy_attachment.this",
            "module.retail_app_eks.module.self_managed_node_group.aws_launch_template.this",
            "module.retail_app_eks.module.self_managed_node_group.aws_placement_group.this",
            "module.retail_app_eks.module.self_managed_node_group.data.aws_caller_identity.current",
            "module.retail_app_eks.module.self_managed_node_group.data.aws_ec2_instance_type.this",
            "module.retail_app_eks.module.self_managed_node_group.data.aws_ec2_instance_type_offerings.this",
            "module.retail_app_eks.module.self_managed_node_group.data.aws_iam_policy_document.assume_role_policy",
            "module.retail_app_eks.module.self_managed_node_group.data.aws_iam_policy_document.role",
            "module.retail_app_eks.module.self_managed_node_group.data.aws_partition.current",
            "module.retail_app_eks.module.self_managed_node_group.data.aws_ssm_parameter.ami",
            "module.retail_app_eks.module.self_managed_node_group.data.aws_subnets.placement_group",
            "module.retail_app_eks.module.self_managed_node_group.module.user_data.data.cloudinit_config.al2023_eks_managed_node_group",
            "module.retail_app_eks.module.self_managed_node_group.module.user_data.data.cloudinit_config.linux_eks_managed_node_group",
            "module.retail_app_eks.module.self_managed_node_group.module.user_data.null_resource.validate_cluster_service_cidr",
            "module.retail_app_eks.time_sleep.this",
            "module.vpc.aws_subnet.private",
            "module.vpc.aws_vpc.this",
            "module.vpc.aws_vpc_ipv4_cidr_block_association.this",
            "random_string.suffix"
          ]
        }
      ]
    },
    {
      "module": "module.eks_addons",
      "mode": "managed",
      "type": "random_bytes",
      "name": "this",
      "provider": "provider[\"registry.terraform.io/hashicorp/random\"]",
      "instances": [
        {
          "schema_version": 0,
          "attributes": {
            "base64": "U8s=",
            "hex": "53cb",
            "keepers": null,
            "length": 2
          },
          "sensitive_attributes": [
            [
              {
                "type": "get_attr",
                "value": "base64"
              }
            ],
            [
              {
                "type": "get_attr",
                "value": "hex"
              }
            ]
          ],
          "identity_schema_version": 0,
          "dependencies": [
            "data.aws_availability_zones.available",
            "data.aws_caller_identity.current",
            "module.retail_app_eks.aws_cloudwatch_log_group.this",
            "module.retail_app_eks.aws_ec2_tag.cluster_primary_security_group",
            "module.retail_app_eks.aws_eks_access_entry.this",
            "module.retail_app_eks.aws_eks_access_policy_association.this",
            "module.retail_app_eks.aws_eks_addon.before_compute",
            "module.retail_app_eks.aws_eks_addon.this",
            "module.retail_app_eks.aws_eks_cluster.this",
            "module.retail_app_eks.aws_eks_identity_provider_config.this",
            "module.retail_app_eks.aws_iam_openid_connect_provider.oidc_provider",
            "module.retail_app_eks.aws_iam_policy.cluster_encryption",
            "module.retail_app_eks.aws_iam_policy.cni_ipv6_policy",
            "module.retail_app_eks.aws_iam_policy.custom",
            "module.retail_app_eks.aws_iam_role.eks_auto",
            "module.retail_app_eks.aws_iam_role.this",
            "module.retail_app_eks.aws_iam_role_policy_attachment.additional",
            "module.retail_app_eks.aws_iam_role_policy_attachment.cluster_encryption",
            "module.retail_app_eks.aws_iam_role_policy_attachment.custom",
            "module.retail_app_eks.aws_iam_role_policy_attachment.eks_auto",
            "module.retail_app_eks.aws_iam_role_policy_attachment.eks_auto_additional",
            "module.retail_app_eks.aws_iam_role_policy_attachment.this",
            "module.retail_app_eks.aws_security_group.cluster",
            "module.retail_app_eks.aws_security_group.node",
            "module.retail_app_eks.aws_security_group_rule.cluster",
            "module.retail_app_eks.aws_security_group_rule.node",
            "module.retail_app_eks.data.aws_caller_identity.current",
            "module.retail_app_eks.data.aws_eks_addon_version.this",
            "module.retail_app_eks.data.aws_iam_policy_document.assume_role_policy",
            "module.retail_app_eks.data.aws_iam_policy_document.cni_ipv6_policy",
            "module.retail_app_eks.data.aws_iam_policy_document.custom",
            "module.retail_app_eks.data.aws_iam_policy_document.node_assume_role_policy",
            "module.retail_app_eks.data.aws_iam_session_context.current",
            "module.retail_app_eks.data.aws_partition.current",
            "module.retail_app_eks.data.tls_certificate.this",
            "module.retail_app_eks.module.eks_managed_node_group.aws_autoscaling_schedule.this",
            "module.retail_app_eks.module.eks_managed_node_group.aws_eks_node_group.this",
            "module.retail_app_eks.module.eks_managed_node_group.aws_iam_role.this",
            "module.retail_app_eks.module.eks_managed_node_group.aws_iam_role_policy.this",
            "module.retail_app_eks.module.eks_managed_node_group.aws_iam_role_policy_attachment.additional",
            "module.retail_app_eks.module.eks_managed_node_group.aws_iam_role_policy_attachment.this",
            "module.retail_app_eks.module.eks_managed_node_group.aws_launch_template.this",
            "module.retail_app_eks.module.eks_managed_node_group.aws_placement_group.this",
            "module.retail_app_eks.module.eks_managed_node_group.data.aws_caller_identity.current",
            "module.retail_app_eks.module.eks_managed_node_group.data.aws_ec2_instance_type.this",
            "module.retail_app_eks.module.eks_managed_node_group.data.aws_ec2_instance_type_offerings.this",
            "module.retail_app_eks.module.eks_managed_node_group.data.aws_iam_policy_document.assume_role_policy",
            "module.retail_app_eks.module.eks_managed_node_group.data.aws_iam_policy_document.role",
            "module.retail_app_eks.module.eks_managed_node_group.data.aws_partition.current",
            "module.retail_app_eks.module.eks_managed_node_group.data.aws_ssm_parameter.ami",
            "module.retail_app_eks.module.eks_managed_node_group.data.aws_subnets.placement_group",
            "module.retail_app_eks.module.eks_managed_node_group.module.user_data.data.cloudinit_config.al2023_eks_managed_node_group",
            "module.retail_app_eks.module.eks_managed_node_group.module.user_data.data.cloudinit_config.linux_eks_managed_node_group",
            "module.retail_app_eks.module.eks_managed_node_group.module.user_data.null_resource.validate_cluster_service_cidr",
            "module.retail_app_eks.module.fargate_profile.aws_eks_fargate_profile.this",
            "module.retail_app_eks.module.fargate_profile.aws_iam_role.this",
            "module.retail_app_eks.module.fargate_profile.aws_iam_role_policy.this",
            "module.retail_app_eks.module.fargate_profile.aws_iam_role_policy_attachment.additional",
            "module.retail_app_eks.module.fargate_profile.aws_iam_role_policy_attachment.this",
            "module.retail_app_eks.module.fargate_profile.data.aws_caller_identity.current",
            "module.retail_app_eks.module.fargate_profile.data.aws_iam_policy_document.assume_role_policy",
            "module.retail_app_eks.module.fargate_profile.data.aws_iam_policy_document.role",
            "module.retail_app_eks.module.fargate_profile.data.aws_partition.current",
            "module.retail_app_eks.module.fargate_profile.data.aws_region.current",
            "module.retail_app_eks.module.kms.aws_kms_alias.this",
            "module.retail_app_eks.module.kms.aws_kms_external_key.this",
            "module.retail_app_eks.module.kms.aws_kms_grant.this",
            "module.retail_app_eks.module.kms.aws_kms_key.this",
            "module.retail_app_eks.module.kms.aws_kms_replica_external_key.this",
            "module.retail_app_eks.module.kms.aws_kms_replica_key.this",
            "module.retail_app_eks.module.kms.data.aws_caller_identity.current",
            "module.retail_app_eks.module.kms.data.aws_iam_policy_document.this",
            "module.retail_app_eks.module.kms.data.aws_partition.current",
            "module.retail_app_eks.module.self_managed_node_group.aws_autoscaling_group.this",
            "module.retail_app_eks.module.self_managed_node_group.aws_autoscaling_schedule.this",
            "module.retail_app_eks.module.self_managed_node_group.aws_eks_access_entry.this",
            "module.retail_app_eks.module.self_managed_node_group.aws_iam_instance_profile.this",
            "module.retail_app_eks.module.self_managed_node_group.aws_iam_role.this",
            "module.retail_app_eks.module.self_managed_node_group.aws_iam_role_policy.this",
            "module.retail_app_eks.module.self_managed_node_group.aws_iam_role_policy_attachment.additional",
            "module.retail_app_eks.module.self_managed_node_group.aws_iam_role_policy_attachment.this",
            "module.retail_app_eks.module.self_managed_node_group.aws_launch_template.this",
            "module.retail_app_eks.module.self_managed_node_group.aws_placement_group.this",
            "module.retail_app_eks.module.self_managed_node_group.data.aws_caller_identity.current",
            "module.retail_app_eks.module.self_managed_node_group.data.aws_ec2_instance_type.this",
            "module.retail_app_eks.module.self_managed_node_group.data.aws_ec2_instance_type_offerings.this",
            "module.retail_app_eks.module.self_managed_node_group.data.aws_iam_policy_document.assume_role_policy",
            "module.retail_app_eks.module.self_managed_node_group.data.aws_iam_policy_document.role",
            "module.retail_app_eks.module.self_managed_node_group.data.aws_partition.current",
            "module.retail_app_eks.module.self_managed_node_group.data.aws_ssm_parameter.ami",
            "module.retail_app_eks.module.self_managed_node_group.data.aws_subnets.placement_group",
            "module.retail_app_eks.module.self_managed_node_group.module.user_data.data.cloudinit_config.al2023_eks_managed_node_group",
            "module.retail_app_eks.module.self_managed_node_group.module.user_data.data.cloudinit_config.linux_eks_managed_node_group",
            "module.retail_app_eks.module.self_managed_node_group.module.user_data.null_resource.validate_cluster_service_cidr",
            "module.retail_app_eks.time_sleep.this",
            "module.vpc.aws_subnet.private",
            "module.vpc.aws_vpc.this",
            "module.vpc.aws_vpc_ipv4_cidr_block_association.this",
            "random_string.suffix"
          ]
        }
      ]
    },
    {
      "module": "module.eks_addons",
      "mode": "managed",
      "type": "time_sleep",
      "name": "this",
      "provider": "provider[\"registry.terraform.io/hashicorp/time\"]",
      "instances": [
        {
          "schema_version": 0,
          "attributes": {
            "create_duration": "30s",
            "destroy_duration": null,
            "id": "2025-11-20T17:11:56Z",
            "triggers": {
              "cluster_endpoint": "https://9D6E0C61D0C5F6C6E26D89C7D396241D.gr7.us-west-2.eks.amazonaws.com",
              "cluster_name": "retail-store-bfkv",
              "custom": "",
              "oidc_provider_arn": "arn:aws:iam::596507588379:oidc-provider/oidc.eks.us-west-2.amazonaws.com/id/9D6E0C61D0C5F6C6E26D89C7D396241D"
            }
          },
          "sensitive_attributes": [],
          "identity_schema_version": 0,
          "dependencies": [
            "data.aws_availability_zones.available",
            "data.aws_caller_identity.current",
            "module.retail_app_eks.aws_cloudwatch_log_group.this",
            "module.retail_app_eks.aws_ec2_tag.cluster_primary_security_group",
            "module.retail_app_eks.aws_eks_access_entry.this",
            "module.retail_app_eks.aws_eks_access_policy_association.this",
            "module.retail_app_eks.aws_eks_addon.before_compute",
            "module.retail_app_eks.aws_eks_addon.this",
            "module.retail_app_eks.aws_eks_cluster.this",
            "module.retail_app_eks.aws_eks_identity_provider_config.this",
            "module.retail_app_eks.aws_iam_openid_connect_provider.oidc_provider",
            "module.retail_app_eks.aws_iam_policy.cluster_encryption",
            "module.retail_app_eks.aws_iam_policy.cni_ipv6_policy",
            "module.retail_app_eks.aws_iam_policy.custom",
            "module.retail_app_eks.aws_iam_role.eks_auto",
            "module.retail_app_eks.aws_iam_role.this",
            "module.retail_app_eks.aws_iam_role_policy_attachment.additional",
            "module.retail_app_eks.aws_iam_role_policy_attachment.cluster_encryption",
            "module.retail_app_eks.aws_iam_role_policy_attachment.custom",
            "module.retail_app_eks.aws_iam_role_policy_attachment.eks_auto",
            "module.retail_app_eks.aws_iam_role_policy_attachment.eks_auto_additional",
            "module.retail_app_eks.aws_iam_role_policy_attachment.this",
            "module.retail_app_eks.aws_security_group.cluster",
            "module.retail_app_eks.aws_security_group.node",
            "module.retail_app_eks.aws_security_group_rule.cluster",
            "module.retail_app_eks.aws_security_group_rule.node",
            "module.retail_app_eks.data.aws_caller_identity.current",
            "module.retail_app_eks.data.aws_eks_addon_version.this",
            "module.retail_app_eks.data.aws_iam_policy_document.assume_role_policy",
            "module.retail_app_eks.data.aws_iam_policy_document.cni_ipv6_policy",
            "module.retail_app_eks.data.aws_iam_policy_document.custom",
            "module.retail_app_eks.data.aws_iam_policy_document.node_assume_role_policy",
            "module.retail_app_eks.data.aws_iam_session_context.current",
            "module.retail_app_eks.data.aws_partition.current",
            "module.retail_app_eks.data.tls_certificate.this",
            "module.retail_app_eks.module.eks_managed_node_group.aws_autoscaling_schedule.this",
            "module.retail_app_eks.module.eks_managed_node_group.aws_eks_node_group.this",
            "module.retail_app_eks.module.eks_managed_node_group.aws_iam_role.this",
            "module.retail_app_eks.module.eks_managed_node_group.aws_iam_role_policy.this",
            "module.retail_app_eks.module.eks_managed_node_group.aws_iam_role_policy_attachment.additional",
            "module.retail_app_eks.module.eks_managed_node_group.aws_iam_role_policy_attachment.this",
            "module.retail_app_eks.module.eks_managed_node_group.aws_launch_template.this",
            "module.retail_app_eks.module.eks_managed_node_group.aws_placement_group.this",
            "module.retail_app_eks.module.eks_managed_node_group.data.aws_caller_identity.current",
            "module.retail_app_eks.module.eks_managed_node_group.data.aws_ec2_instance_type.this",
            "module.retail_app_eks.module.eks_managed_node_group.data.aws_ec2_instance_type_offerings.this",
            "module.retail_app_eks.module.eks_managed_node_group.data.aws_iam_policy_document.assume_role_policy",
            "module.retail_app_eks.module.eks_managed_node_group.data.aws_iam_policy_document.role",
            "module.retail_app_eks.module.eks_managed_node_group.data.aws_partition.current",
            "module.retail_app_eks.module.eks_managed_node_group.data.aws_ssm_parameter.ami",
            "module.retail_app_eks.module.eks_managed_node_group.data.aws_subnets.placement_group",
            "module.retail_app_eks.module.eks_managed_node_group.module.user_data.data.cloudinit_config.al2023_eks_managed_node_group",
            "module.retail_app_eks.module.eks_managed_node_group.module.user_data.data.cloudinit_config.linux_eks_managed_node_group",
            "module.retail_app_eks.module.eks_managed_node_group.module.user_data.null_resource.validate_cluster_service_cidr",
            "module.retail_app_eks.module.fargate_profile.aws_eks_fargate_profile.this",
            "module.retail_app_eks.module.fargate_profile.aws_iam_role.this",
            "module.retail_app_eks.module.fargate_profile.aws_iam_role_policy.this",
            "module.retail_app_eks.module.fargate_profile.aws_iam_role_policy_attachment.additional",
            "module.retail_app_eks.module.fargate_profile.aws_iam_role_policy_attachment.this",
            "module.retail_app_eks.module.fargate_profile.data.aws_caller_identity.current",
            "module.retail_app_eks.module.fargate_profile.data.aws_iam_policy_document.assume_role_policy",
            "module.retail_app_eks.module.fargate_profile.data.aws_iam_policy_document.role",
            "module.retail_app_eks.module.fargate_profile.data.aws_partition.current",
            "module.retail_app_eks.module.fargate_profile.data.aws_region.current",
            "module.retail_app_eks.module.kms.aws_kms_alias.this",
            "module.retail_app_eks.module.kms.aws_kms_external_key.this",
            "module.retail_app_eks.module.kms.aws_kms_grant.this",
            "module.retail_app_eks.module.kms.aws_kms_key.this",
            "module.retail_app_eks.module.kms.aws_kms_replica_external_key.this",
            "module.retail_app_eks.module.kms.aws_kms_replica_key.this",
            "module.retail_app_eks.module.kms.data.aws_caller_identity.current",
            "module.retail_app_eks.module.kms.data.aws_iam_policy_document.this",
            "module.retail_app_eks.module.kms.data.aws_partition.current",
            "module.retail_app_eks.module.self_managed_node_group.aws_autoscaling_group.this",
            "module.retail_app_eks.module.self_managed_node_group.aws_autoscaling_schedule.this",
            "module.retail_app_eks.module.self_managed_node_group.aws_eks_access_entry.this",
            "module.retail_app_eks.module.self_managed_node_group.aws_iam_instance_profile.this",
            "module.retail_app_eks.module.self_managed_node_group.aws_iam_role.this",
            "module.retail_app_eks.module.self_managed_node_group.aws_iam_role_policy.this",
            "module.retail_app_eks.module.self_managed_node_group.aws_iam_role_policy_attachment.additional",
            "module.retail_app_eks.module.self_managed_node_group.aws_iam_role_policy_attachment.this",
            "module.retail_app_eks.module.self_managed_node_group.aws_launch_template.this",
            "module.retail_app_eks.module.self_managed_node_group.aws_placement_group.this",
            "module.retail_app_eks.module.self_managed_node_group.data.aws_caller_identity.current",
            "module.retail_app_eks.module.self_managed_node_group.data.aws_ec2_instance_type.this",
            "module.retail_app_eks.module.self_managed_node_group.data.aws_ec2_instance_type_offerings.this",
            "module.retail_app_eks.module.self_managed_node_group.data.aws_iam_policy_document.assume_role_policy",
            "module.retail_app_eks.module.self_managed_node_group.data.aws_iam_policy_document.role",
            "module.retail_app_eks.module.self_managed_node_group.data.aws_partition.current",
            "module.retail_app_eks.module.self_managed_node_group.data.aws_ssm_parameter.ami",
            "module.retail_app_eks.module.self_managed_node_group.data.aws_subnets.placement_group",
            "module.retail_app_eks.module.self_managed_node_group.module.user_data.data.cloudinit_config.al2023_eks_managed_node_group",
            "module.retail_app_eks.module.self_managed_node_group.module.user_data.data.cloudinit_config.linux_eks_managed_node_group",
            "module.retail_app_eks.module.self_managed_node_group.module.user_data.null_resource.validate_cluster_service_cidr",
            "module.retail_app_eks.time_sleep.this",
            "module.vpc.aws_subnet.private",
            "module.vpc.aws_vpc.this",
            "module.vpc.aws_vpc_ipv4_cidr_block_association.this",
            "random_string.suffix"
          ]
        }
      ]
    },
    {
      "module": "module.eks_addons.module.cert_manager",
      "mode": "data",
      "type": "aws_caller_identity",
      "name": "current",
      "provider": "provider[\"registry.terraform.io/hashicorp/aws\"]",
      "instances": [
        {
          "index_key": 0,
          "schema_version": 0,
          "attributes": {
            "account_id": "596507588379",
            "arn": "arn:aws:iam::596507588379:user/linuxuser",
            "id": "596507588379",
            "user_id": "AIDAYVYU7O4NYCHHW6IKK"
          },
          "sensitive_attributes": [],
          "identity_schema_version": 0
        }
      ]
    },
    {
      "module": "module.eks_addons.module.cert_manager",
      "mode": "data",
      "type": "aws_iam_policy_document",
      "name": "assume",
      "provider": "provider[\"registry.terraform.io/hashicorp/aws\"]",
      "instances": [
        {
          "index_key": 0,
          "schema_version": 0,
          "attributes": {
            "id": "450259594",
            "json": "{\n  \"Version\": \"2012-10-17\",\n  \"Statement\": [\n    {\n      \"Sid\": \"ExplicitSelfRoleAssumption\",\n      \"Effect\": \"Allow\",\n      \"Action\": \"sts:AssumeRole\",\n      \"Principal\": {\n        \"AWS\": \"*\"\n      },\n      \"Condition\": {\n        \"ArnLike\": {\n          \"aws:PrincipalArn\": \"arn:aws:iam::596507588379:role/cert-manager-*\"\n        }\n      }\n    },\n    {\n      \"Effect\": \"Allow\",\n      \"Action\": \"sts:AssumeRoleWithWebIdentity\",\n      \"Principal\": {\n        \"Federated\": \"arn:aws:iam::596507588379:oidc-provider/oidc.eks.us-west-2.amazonaws.com/id/9D6E0C61D0C5F6C6E26D89C7D396241D\"\n      },\n      \"Condition\": {\n        \"StringEquals\": {\n          \"oidc.eks.us-west-2.amazonaws.com/id/9D6E0C61D0C5F6C6E26D89C7D396241D:aud\": \"sts.amazonaws.com\",\n          \"oidc.eks.us-west-2.amazonaws.com/id/9D6E0C61D0C5F6C6E26D89C7D396241D:sub\": \"system:serviceaccount:cert-manager:cert-manager\"\n        }\n      }\n    }\n  ]\n}",
            "minified_json": "{\"Version\":\"2012-10-17\",\"Statement\":[{\"Sid\":\"ExplicitSelfRoleAssumption\",\"Effect\":\"Allow\",\"Action\":\"sts:AssumeRole\",\"Principal\":{\"AWS\":\"*\"},\"Condition\":{\"ArnLike\":{\"aws:PrincipalArn\":\"arn:aws:iam::596507588379:role/cert-manager-*\"}}},{\"Effect\":\"Allow\",\"Action\":\"sts:AssumeRoleWithWebIdentity\",\"Principal\":{\"Federated\":\"arn:aws:iam::596507588379:oidc-provider/oidc.eks.us-west-2.amazonaws.com/id/9D6E0C61D0C5F6C6E26D89C7D396241D\"},\"Condition\":{\"StringEquals\":{\"oidc.eks.us-west-2.amazonaws.com/id/9D6E0C61D0C5F6C6E26D89C7D396241D:aud\":\"sts.amazonaws.com\",\"oidc.eks.us-west-2.amazonaws.com/id/9D6E0C61D0C5F6C6E26D89C7D396241D:sub\":\"system:serviceaccount:cert-manager:cert-manager\"}}}]}",
            "override_json": null,
            "override_policy_documents": null,
            "policy_id": null,
            "source_json": null,
            "source_policy_documents": null,
            "statement": [
              {
                "actions": [
                  "sts:AssumeRole"
                ],
                "condition": [
                  {
                    "test": "ArnLike",
                    "values": [
                      "arn:aws:iam::596507588379:role/cert-manager-*"
                    ],
                    "variable": "aws:PrincipalArn"
                  }
                ],
                "effect": "Allow",
                "not_actions": [],
                "not_principals": [],
                "not_resources": [],
                "principals": [
                  {
                    "identifiers": [
                      "*"
                    ],
                    "type": "AWS"
                  }
                ],
                "resources": [],
                "sid": "ExplicitSelfRoleAssumption"
              },
              {
                "actions": [
                  "sts:AssumeRoleWithWebIdentity"
                ],
                "condition": [
                  {
                    "test": "StringEquals",
                    "values": [
                      "sts.amazonaws.com"
                    ],
                    "variable": "oidc.eks.us-west-2.amazonaws.com/id/9D6E0C61D0C5F6C6E26D89C7D396241D:aud"
                  },
                  {
                    "test": "StringEquals",
                    "values": [
                      "system:serviceaccount:cert-manager:cert-manager"
                    ],
                    "variable": "oidc.eks.us-west-2.amazonaws.com/id/9D6E0C61D0C5F6C6E26D89C7D396241D:sub"
                  }
                ],
                "effect": "Allow",
                "not_actions": [],
                "not_principals": [],
                "not_resources": [],
                "principals": [
                  {
                    "identifiers": [
                      "arn:aws:iam::596507588379:oidc-provider/oidc.eks.us-west-2.amazonaws.com/id/9D6E0C61D0C5F6C6E26D89C7D396241D"
                    ],
                    "type": "Federated"
                  }
                ],
                "resources": [],
                "sid": ""
              }
            ],
            "version": "2012-10-17"
          },
          "sensitive_attributes": [],
          "identity_schema_version": 0
        }
      ]
    },
    {
      "module": "module.eks_addons.module.cert_manager",
      "mode": "data",
      "type": "aws_iam_policy_document",
      "name": "this",
      "provider": "provider[\"registry.terraform.io/hashicorp/aws\"]",
      "instances": [
        {
          "index_key": 0,
          "schema_version": 0,
          "attributes": {
            "id": "3416383923",
            "json": "{\n  \"Version\": \"2012-10-17\",\n  \"Statement\": [\n    {\n      \"Effect\": \"Allow\",\n      \"Action\": \"route53:GetChange\",\n      \"Resource\": \"arn:aws:route53:::change/*\"\n    },\n    {\n      \"Effect\": \"Allow\",\n      \"Action\": [\n        \"route53:ListResourceRecordSets\",\n        \"route53:ChangeResourceRecordSets\"\n      ],\n      \"Resource\": \"arn:aws:route53:::hostedzone/*\"\n    },\n    {\n      \"Effect\": \"Allow\",\n      \"Action\": \"route53:ListHostedZonesByName\",\n      \"Resource\": \"*\"\n    }\n  ]\n}",
            "minified_json": "{\"Version\":\"2012-10-17\",\"Statement\":[{\"Effect\":\"Allow\",\"Action\":\"route53:GetChange\",\"Resource\":\"arn:aws:route53:::change/*\"},{\"Effect\":\"Allow\",\"Action\":[\"route53:ListResourceRecordSets\",\"route53:ChangeResourceRecordSets\"],\"Resource\":\"arn:aws:route53:::hostedzone/*\"},{\"Effect\":\"Allow\",\"Action\":\"route53:ListHostedZonesByName\",\"Resource\":\"*\"}]}",
            "override_json": null,
            "override_policy_documents": null,
            "policy_id": null,
            "source_json": null,
            "source_policy_documents": [
              "{\n  \"Version\": \"2012-10-17\",\n  \"Statement\": [\n    {\n      \"Effect\": \"Allow\",\n      \"Action\": \"route53:GetChange\",\n      \"Resource\": \"arn:aws:route53:::change/*\"\n    },\n    {\n      \"Effect\": \"Allow\",\n      \"Action\": [\n        \"route53:ListResourceRecordSets\",\n        \"route53:ChangeResourceRecordSets\"\n      ],\n      \"Resource\": \"arn:aws:route53:::hostedzone/*\"\n    },\n    {\n      \"Effect\": \"Allow\",\n      \"Action\": \"route53:ListHostedZonesByName\",\n      \"Resource\": \"*\"\n    }\n  ]\n}"
            ],
            "statement": null,
            "version": "2012-10-17"
          },
          "sensitive_attributes": [],
          "identity_schema_version": 0
        }
      ]
    },
    {
      "module": "module.eks_addons.module.cert_manager",
      "mode": "data",
      "type": "aws_partition",
      "name": "current",
      "provider": "provider[\"registry.terraform.io/hashicorp/aws\"]",
      "instances": [
        {
          "index_key": 0,
          "schema_version": 0,
          "attributes": {
            "dns_suffix": "amazonaws.com",
            "id": "aws",
            "partition": "aws",
            "reverse_dns_prefix": "com.amazonaws"
          },
          "sensitive_attributes": [],
          "identity_schema_version": 0
        }
      ]
    },
    {
      "module": "module.eks_addons.module.cert_manager",
      "mode": "managed",
      "type": "aws_iam_policy",
      "name": "this",
      "provider": "provider[\"registry.terraform.io/hashicorp/aws\"]",
      "instances": [
        {
          "index_key": 0,
          "schema_version": 0,
          "attributes": {
            "arn": "arn:aws:iam::596507588379:policy/cert-manager-20251120171126878100000002",
            "attachment_count": 0,
            "description": "IAM Policy for cert-manager",
            "id": "arn:aws:iam::596507588379:policy/cert-manager-20251120171126878100000002",
            "name": "cert-manager-20251120171126878100000002",
            "name_prefix": "cert-manager-",
            "path": "/",
            "policy": "{\"Statement\":[{\"Action\":\"route53:GetChange\",\"Effect\":\"Allow\",\"Resource\":\"arn:aws:route53:::change/*\"},{\"Action\":[\"route53:ListResourceRecordSets\",\"route53:ChangeResourceRecordSets\"],\"Effect\":\"Allow\",\"Resource\":\"arn:aws:route53:::hostedzone/*\"},{\"Action\":\"route53:ListHostedZonesByName\",\"Effect\":\"Allow\",\"Resource\":\"*\"}],\"Version\":\"2012-10-17\"}",
            "policy_id": "ANPAYVYU7O4NUTN5KUKA4",
            "tags": null,
            "tags_all": {}
          },
          "sensitive_attributes": [],
          "identity_schema_version": 0,
          "private": "bnVsbA==",
          "dependencies": [
            "data.aws_availability_zones.available",
            "data.aws_caller_identity.current",
            "module.eks_addons.data.aws_iam_policy_document.cert_manager",
            "module.eks_addons.data.aws_partition.current",
            "module.eks_addons.module.cert_manager.data.aws_iam_policy_document.this",
            "module.retail_app_eks.aws_cloudwatch_log_group.this",
            "module.retail_app_eks.aws_ec2_tag.cluster_primary_security_group",
            "module.retail_app_eks.aws_eks_access_entry.this",
            "module.retail_app_eks.aws_eks_access_policy_association.this",
            "module.retail_app_eks.aws_eks_addon.before_compute",
            "module.retail_app_eks.aws_eks_addon.this",
            "module.retail_app_eks.aws_eks_cluster.this",
            "module.retail_app_eks.aws_eks_identity_provider_config.this",
            "module.retail_app_eks.aws_iam_openid_connect_provider.oidc_provider",
            "module.retail_app_eks.aws_iam_policy.cluster_encryption",
            "module.retail_app_eks.aws_iam_policy.cni_ipv6_policy",
            "module.retail_app_eks.aws_iam_policy.custom",
            "module.retail_app_eks.aws_iam_role.eks_auto",
            "module.retail_app_eks.aws_iam_role.this",
            "module.retail_app_eks.aws_iam_role_policy_attachment.additional",
            "module.retail_app_eks.aws_iam_role_policy_attachment.cluster_encryption",
            "module.retail_app_eks.aws_iam_role_policy_attachment.custom",
            "module.retail_app_eks.aws_iam_role_policy_attachment.eks_auto",
            "module.retail_app_eks.aws_iam_role_policy_attachment.eks_auto_additional",
            "module.retail_app_eks.aws_iam_role_policy_attachment.this",
            "module.retail_app_eks.aws_security_group.cluster",
            "module.retail_app_eks.aws_security_group.node",
            "module.retail_app_eks.aws_security_group_rule.cluster",
            "module.retail_app_eks.aws_security_group_rule.node",
            "module.retail_app_eks.data.aws_caller_identity.current",
            "module.retail_app_eks.data.aws_eks_addon_version.this",
            "module.retail_app_eks.data.aws_iam_policy_document.assume_role_policy",
            "module.retail_app_eks.data.aws_iam_policy_document.cni_ipv6_policy",
            "module.retail_app_eks.data.aws_iam_policy_document.custom",
            "module.retail_app_eks.data.aws_iam_policy_document.node_assume_role_policy",
            "module.retail_app_eks.data.aws_iam_session_context.current",
            "module.retail_app_eks.data.aws_partition.current",
            "module.retail_app_eks.data.tls_certificate.this",
            "module.retail_app_eks.module.eks_managed_node_group.aws_autoscaling_schedule.this",
            "module.retail_app_eks.module.eks_managed_node_group.aws_eks_node_group.this",
            "module.retail_app_eks.module.eks_managed_node_group.aws_iam_role.this",
            "module.retail_app_eks.module.eks_managed_node_group.aws_iam_role_policy.this",
            "module.retail_app_eks.module.eks_managed_node_group.aws_iam_role_policy_attachment.additional",
            "module.retail_app_eks.module.eks_managed_node_group.aws_iam_role_policy_attachment.this",
            "module.retail_app_eks.module.eks_managed_node_group.aws_launch_template.this",
            "module.retail_app_eks.module.eks_managed_node_group.aws_placement_group.this",
            "module.retail_app_eks.module.eks_managed_node_group.data.aws_caller_identity.current",
            "module.retail_app_eks.module.eks_managed_node_group.data.aws_ec2_instance_type.this",
            "module.retail_app_eks.module.eks_managed_node_group.data.aws_ec2_instance_type_offerings.this",
            "module.retail_app_eks.module.eks_managed_node_group.data.aws_iam_policy_document.assume_role_policy",
            "module.retail_app_eks.module.eks_managed_node_group.data.aws_iam_policy_document.role",
            "module.retail_app_eks.module.eks_managed_node_group.data.aws_partition.current",
            "module.retail_app_eks.module.eks_managed_node_group.data.aws_ssm_parameter.ami",
            "module.retail_app_eks.module.eks_managed_node_group.data.aws_subnets.placement_group",
            "module.retail_app_eks.module.eks_managed_node_group.module.user_data.data.cloudinit_config.al2023_eks_managed_node_group",
            "module.retail_app_eks.module.eks_managed_node_group.module.user_data.data.cloudinit_config.linux_eks_managed_node_group",
            "module.retail_app_eks.module.eks_managed_node_group.module.user_data.null_resource.validate_cluster_service_cidr",
            "module.retail_app_eks.module.fargate_profile.aws_eks_fargate_profile.this",
            "module.retail_app_eks.module.fargate_profile.aws_iam_role.this",
            "module.retail_app_eks.module.fargate_profile.aws_iam_role_policy.this",
            "module.retail_app_eks.module.fargate_profile.aws_iam_role_policy_attachment.additional",
            "module.retail_app_eks.module.fargate_profile.aws_iam_role_policy_attachment.this",
            "module.retail_app_eks.module.fargate_profile.data.aws_caller_identity.current",
            "module.retail_app_eks.module.fargate_profile.data.aws_iam_policy_document.assume_role_policy",
            "module.retail_app_eks.module.fargate_profile.data.aws_iam_policy_document.role",
            "module.retail_app_eks.module.fargate_profile.data.aws_partition.current",
            "module.retail_app_eks.module.fargate_profile.data.aws_region.current",
            "module.retail_app_eks.module.kms.aws_kms_alias.this",
            "module.retail_app_eks.module.kms.aws_kms_external_key.this",
            "module.retail_app_eks.module.kms.aws_kms_grant.this",
            "module.retail_app_eks.module.kms.aws_kms_key.this",
            "module.retail_app_eks.module.kms.aws_kms_replica_external_key.this",
            "module.retail_app_eks.module.kms.aws_kms_replica_key.this",
            "module.retail_app_eks.module.kms.data.aws_caller_identity.current",
            "module.retail_app_eks.module.kms.data.aws_iam_policy_document.this",
            "module.retail_app_eks.module.kms.data.aws_partition.current",
            "module.retail_app_eks.module.self_managed_node_group.aws_autoscaling_group.this",
            "module.retail_app_eks.module.self_managed_node_group.aws_autoscaling_schedule.this",
            "module.retail_app_eks.module.self_managed_node_group.aws_eks_access_entry.this",
            "module.retail_app_eks.module.self_managed_node_group.aws_iam_instance_profile.this",
            "module.retail_app_eks.module.self_managed_node_group.aws_iam_role.this",
            "module.retail_app_eks.module.self_managed_node_group.aws_iam_role_policy.this",
            "module.retail_app_eks.module.self_managed_node_group.aws_iam_role_policy_attachment.additional",
            "module.retail_app_eks.module.self_managed_node_group.aws_iam_role_policy_attachment.this",
            "module.retail_app_eks.module.self_managed_node_group.aws_launch_template.this",
            "module.retail_app_eks.module.self_managed_node_group.aws_placement_group.this",
            "module.retail_app_eks.module.self_managed_node_group.data.aws_caller_identity.current",
            "module.retail_app_eks.module.self_managed_node_group.data.aws_ec2_instance_type.this",
            "module.retail_app_eks.module.self_managed_node_group.data.aws_ec2_instance_type_offerings.this",
            "module.retail_app_eks.module.self_managed_node_group.data.aws_iam_policy_document.assume_role_policy",
            "module.retail_app_eks.module.self_managed_node_group.data.aws_iam_policy_document.role",
            "module.retail_app_eks.module.self_managed_node_group.data.aws_partition.current",
            "module.retail_app_eks.module.self_managed_node_group.data.aws_ssm_parameter.ami",
            "module.retail_app_eks.module.self_managed_node_group.data.aws_subnets.placement_group",
            "module.retail_app_eks.module.self_managed_node_group.module.user_data.data.cloudinit_config.al2023_eks_managed_node_group",
            "module.retail_app_eks.module.self_managed_node_group.module.user_data.data.cloudinit_config.linux_eks_managed_node_group",
            "module.retail_app_eks.module.self_managed_node_group.module.user_data.null_resource.validate_cluster_service_cidr",
            "module.retail_app_eks.time_sleep.this",
            "module.vpc.aws_subnet.private",
            "module.vpc.aws_vpc.this",
            "module.vpc.aws_vpc_ipv4_cidr_block_association.this",
            "random_string.suffix"
          ]
        }
      ]
    },
    {
      "module": "module.eks_addons.module.cert_manager",
      "mode": "managed",
      "type": "aws_iam_role",
      "name": "this",
      "provider": "provider[\"registry.terraform.io/hashicorp/aws\"]",
      "instances": [
        {
          "index_key": 0,
          "schema_version": 0,
          "attributes": {
            "arn": "arn:aws:iam::596507588379:role/cert-manager-20251120171156919800000003",
            "assume_role_policy": "{\"Statement\":[{\"Action\":\"sts:AssumeRole\",\"Condition\":{\"ArnLike\":{\"aws:PrincipalArn\":\"arn:aws:iam::596507588379:role/cert-manager-*\"}},\"Effect\":\"Allow\",\"Principal\":{\"AWS\":\"*\"},\"Sid\":\"ExplicitSelfRoleAssumption\"},{\"Action\":\"sts:AssumeRoleWithWebIdentity\",\"Condition\":{\"StringEquals\":{\"oidc.eks.us-west-2.amazonaws.com/id/9D6E0C61D0C5F6C6E26D89C7D396241D:aud\":\"sts.amazonaws.com\",\"oidc.eks.us-west-2.amazonaws.com/id/9D6E0C61D0C5F6C6E26D89C7D396241D:sub\":\"system:serviceaccount:cert-manager:cert-manager\"}},\"Effect\":\"Allow\",\"Principal\":{\"Federated\":\"arn:aws:iam::596507588379:oidc-provider/oidc.eks.us-west-2.amazonaws.com/id/9D6E0C61D0C5F6C6E26D89C7D396241D\"}}],\"Version\":\"2012-10-17\"}",
            "create_date": "2025-11-20T17:11:57Z",
            "description": "IRSA for cert-manger project",
            "force_detach_policies": true,
            "id": "cert-manager-20251120171156919800000003",
            "inline_policy": [],
            "managed_policy_arns": [],
            "max_session_duration": 3600,
            "name": "cert-manager-20251120171156919800000003",
            "name_prefix": "cert-manager-",
            "path": "/",
            "permissions_boundary": "",
            "tags": null,
            "tags_all": {},
            "unique_id": "AROAYVYU7O4NRPPUXUJAW"
          },
          "sensitive_attributes": [],
          "identity_schema_version": 0,
          "private": "bnVsbA==",
          "dependencies": [
            "data.aws_availability_zones.available",
            "data.aws_caller_identity.current",
            "module.eks_addons.module.cert_manager.data.aws_caller_identity.current",
            "module.eks_addons.module.cert_manager.data.aws_iam_policy_document.assume",
            "module.eks_addons.module.cert_manager.data.aws_partition.current",
            "module.eks_addons.time_sleep.this",
            "module.retail_app_eks.aws_cloudwatch_log_group.this",
            "module.retail_app_eks.aws_ec2_tag.cluster_primary_security_group",
            "module.retail_app_eks.aws_eks_access_entry.this",
            "module.retail_app_eks.aws_eks_access_policy_association.this",
            "module.retail_app_eks.aws_eks_addon.before_compute",
            "module.retail_app_eks.aws_eks_addon.this",
            "module.retail_app_eks.aws_eks_cluster.this",
            "module.retail_app_eks.aws_eks_identity_provider_config.this",
            "module.retail_app_eks.aws_iam_openid_connect_provider.oidc_provider",
            "module.retail_app_eks.aws_iam_policy.cluster_encryption",
            "module.retail_app_eks.aws_iam_policy.cni_ipv6_policy",
            "module.retail_app_eks.aws_iam_policy.custom",
            "module.retail_app_eks.aws_iam_role.eks_auto",
            "module.retail_app_eks.aws_iam_role.this",
            "module.retail_app_eks.aws_iam_role_policy_attachment.additional",
            "module.retail_app_eks.aws_iam_role_policy_attachment.cluster_encryption",
            "module.retail_app_eks.aws_iam_role_policy_attachment.custom",
            "module.retail_app_eks.aws_iam_role_policy_attachment.eks_auto",
            "module.retail_app_eks.aws_iam_role_policy_attachment.eks_auto_additional",
            "module.retail_app_eks.aws_iam_role_policy_attachment.this",
            "module.retail_app_eks.aws_security_group.cluster",
            "module.retail_app_eks.aws_security_group.node",
            "module.retail_app_eks.aws_security_group_rule.cluster",
            "module.retail_app_eks.aws_security_group_rule.node",
            "module.retail_app_eks.data.aws_caller_identity.current",
            "module.retail_app_eks.data.aws_eks_addon_version.this",
            "module.retail_app_eks.data.aws_iam_policy_document.assume_role_policy",
            "module.retail_app_eks.data.aws_iam_policy_document.cni_ipv6_policy",
            "module.retail_app_eks.data.aws_iam_policy_document.custom",
            "module.retail_app_eks.data.aws_iam_policy_document.node_assume_role_policy",
            "module.retail_app_eks.data.aws_iam_session_context.current",
            "module.retail_app_eks.data.aws_partition.current",
            "module.retail_app_eks.data.tls_certificate.this",
            "module.retail_app_eks.module.eks_managed_node_group.aws_autoscaling_schedule.this",
            "module.retail_app_eks.module.eks_managed_node_group.aws_eks_node_group.this",
            "module.retail_app_eks.module.eks_managed_node_group.aws_iam_role.this",
            "module.retail_app_eks.module.eks_managed_node_group.aws_iam_role_policy.this",
            "module.retail_app_eks.module.eks_managed_node_group.aws_iam_role_policy_attachment.additional",
            "module.retail_app_eks.module.eks_managed_node_group.aws_iam_role_policy_attachment.this",
            "module.retail_app_eks.module.eks_managed_node_group.aws_launch_template.this",
            "module.retail_app_eks.module.eks_managed_node_group.aws_placement_group.this",
            "module.retail_app_eks.module.eks_managed_node_group.data.aws_caller_identity.current",
            "module.retail_app_eks.module.eks_managed_node_group.data.aws_ec2_instance_type.this",
            "module.retail_app_eks.module.eks_managed_node_group.data.aws_ec2_instance_type_offerings.this",
            "module.retail_app_eks.module.eks_managed_node_group.data.aws_iam_policy_document.assume_role_policy",
            "module.retail_app_eks.module.eks_managed_node_group.data.aws_iam_policy_document.role",
            "module.retail_app_eks.module.eks_managed_node_group.data.aws_partition.current",
            "module.retail_app_eks.module.eks_managed_node_group.data.aws_ssm_parameter.ami",
            "module.retail_app_eks.module.eks_managed_node_group.data.aws_subnets.placement_group",
            "module.retail_app_eks.module.eks_managed_node_group.module.user_data.data.cloudinit_config.al2023_eks_managed_node_group",
            "module.retail_app_eks.module.eks_managed_node_group.module.user_data.data.cloudinit_config.linux_eks_managed_node_group",
            "module.retail_app_eks.module.eks_managed_node_group.module.user_data.null_resource.validate_cluster_service_cidr",
            "module.retail_app_eks.module.fargate_profile.aws_eks_fargate_profile.this",
            "module.retail_app_eks.module.fargate_profile.aws_iam_role.this",
            "module.retail_app_eks.module.fargate_profile.aws_iam_role_policy.this",
            "module.retail_app_eks.module.fargate_profile.aws_iam_role_policy_attachment.additional",
            "module.retail_app_eks.module.fargate_profile.aws_iam_role_policy_attachment.this",
            "module.retail_app_eks.module.fargate_profile.data.aws_caller_identity.current",
            "module.retail_app_eks.module.fargate_profile.data.aws_iam_policy_document.assume_role_policy",
            "module.retail_app_eks.module.fargate_profile.data.aws_iam_policy_document.role",
            "module.retail_app_eks.module.fargate_profile.data.aws_partition.current",
            "module.retail_app_eks.module.fargate_profile.data.aws_region.current",
            "module.retail_app_eks.module.kms.aws_kms_alias.this",
            "module.retail_app_eks.module.kms.aws_kms_external_key.this",
            "module.retail_app_eks.module.kms.aws_kms_grant.this",
            "module.retail_app_eks.module.kms.aws_kms_key.this",
            "module.retail_app_eks.module.kms.aws_kms_replica_external_key.this",
            "module.retail_app_eks.module.kms.aws_kms_replica_key.this",
            "module.retail_app_eks.module.kms.data.aws_caller_identity.current",
            "module.retail_app_eks.module.kms.data.aws_iam_policy_document.this",
            "module.retail_app_eks.module.kms.data.aws_partition.current",
            "module.retail_app_eks.module.self_managed_node_group.aws_autoscaling_group.this",
            "module.retail_app_eks.module.self_managed_node_group.aws_autoscaling_schedule.this",
            "module.retail_app_eks.module.self_managed_node_group.aws_eks_access_entry.this",
            "module.retail_app_eks.module.self_managed_node_group.aws_iam_instance_profile.this",
            "module.retail_app_eks.module.self_managed_node_group.aws_iam_role.this",
            "module.retail_app_eks.module.self_managed_node_group.aws_iam_role_policy.this",
            "module.retail_app_eks.module.self_managed_node_group.aws_iam_role_policy_attachment.additional",
            "module.retail_app_eks.module.self_managed_node_group.aws_iam_role_policy_attachment.this",
            "module.retail_app_eks.module.self_managed_node_group.aws_launch_template.this",
            "module.retail_app_eks.module.self_managed_node_group.aws_placement_group.this",
            "module.retail_app_eks.module.self_managed_node_group.data.aws_caller_identity.current",
            "module.retail_app_eks.module.self_managed_node_group.data.aws_ec2_instance_type.this",
            "module.retail_app_eks.module.self_managed_node_group.data.aws_ec2_instance_type_offerings.this",
            "module.retail_app_eks.module.self_managed_node_group.data.aws_iam_policy_document.assume_role_policy",
            "module.retail_app_eks.module.self_managed_node_group.data.aws_iam_policy_document.role",
            "module.retail_app_eks.module.self_managed_node_group.data.aws_partition.current",
            "module.retail_app_eks.module.self_managed_node_group.data.aws_ssm_parameter.ami",
            "module.retail_app_eks.module.self_managed_node_group.data.aws_subnets.placement_group",
            "module.retail_app_eks.module.self_managed_node_group.module.user_data.data.cloudinit_config.al2023_eks_managed_node_group",
            "module.retail_app_eks.module.self_managed_node_group.module.user_data.data.cloudinit_config.linux_eks_managed_node_group",
            "module.retail_app_eks.module.self_managed_node_group.module.user_data.null_resource.validate_cluster_service_cidr",
            "module.retail_app_eks.time_sleep.this",
            "module.vpc.aws_subnet.private",
            "module.vpc.aws_vpc.this",
            "module.vpc.aws_vpc_ipv4_cidr_block_association.this",
            "random_string.suffix"
          ]
        }
      ]
    },
    {
      "module": "module.eks_addons.module.cert_manager",
      "mode": "managed",
      "type": "aws_iam_role_policy_attachment",
      "name": "this",
      "provider": "provider[\"registry.terraform.io/hashicorp/aws\"]",
      "instances": [
        {
          "index_key": 0,
          "schema_version": 0,
          "attributes": {
            "id": "cert-manager-20251120171156919800000003-20251120171158684800000004",
            "policy_arn": "arn:aws:iam::596507588379:policy/cert-manager-20251120171126878100000002",
            "role": "cert-manager-20251120171156919800000003"
          },
          "sensitive_attributes": [],
          "identity_schema_version": 0,
          "private": "bnVsbA==",
          "dependencies": [
            "data.aws_availability_zones.available",
            "data.aws_caller_identity.current",
            "module.eks_addons.data.aws_iam_policy_document.cert_manager",
            "module.eks_addons.data.aws_partition.current",
            "module.eks_addons.module.cert_manager.aws_iam_policy.this",
            "module.eks_addons.module.cert_manager.aws_iam_role.this",
            "module.eks_addons.module.cert_manager.data.aws_caller_identity.current",
            "module.eks_addons.module.cert_manager.data.aws_iam_policy_document.assume",
            "module.eks_addons.module.cert_manager.data.aws_iam_policy_document.this",
            "module.eks_addons.module.cert_manager.data.aws_partition.current",
            "module.eks_addons.time_sleep.this",
            "module.retail_app_eks.aws_cloudwatch_log_group.this",
            "module.retail_app_eks.aws_ec2_tag.cluster_primary_security_group",
            "module.retail_app_eks.aws_eks_access_entry.this",
            "module.retail_app_eks.aws_eks_access_policy_association.this",
            "module.retail_app_eks.aws_eks_addon.before_compute",
            "module.retail_app_eks.aws_eks_addon.this",
            "module.retail_app_eks.aws_eks_cluster.this",
            "module.retail_app_eks.aws_eks_identity_provider_config.this",
            "module.retail_app_eks.aws_iam_openid_connect_provider.oidc_provider",
            "module.retail_app_eks.aws_iam_policy.cluster_encryption",
            "module.retail_app_eks.aws_iam_policy.cni_ipv6_policy",
            "module.retail_app_eks.aws_iam_policy.custom",
            "module.retail_app_eks.aws_iam_role.eks_auto",
            "module.retail_app_eks.aws_iam_role.this",
            "module.retail_app_eks.aws_iam_role_policy_attachment.additional",
            "module.retail_app_eks.aws_iam_role_policy_attachment.cluster_encryption",
            "module.retail_app_eks.aws_iam_role_policy_attachment.custom",
            "module.retail_app_eks.aws_iam_role_policy_attachment.eks_auto",
            "module.retail_app_eks.aws_iam_role_policy_attachment.eks_auto_additional",
            "module.retail_app_eks.aws_iam_role_policy_attachment.this",
            "module.retail_app_eks.aws_security_group.cluster",
            "module.retail_app_eks.aws_security_group.node",
            "module.retail_app_eks.aws_security_group_rule.cluster",
            "module.retail_app_eks.aws_security_group_rule.node",
            "module.retail_app_eks.data.aws_caller_identity.current",
            "module.retail_app_eks.data.aws_eks_addon_version.this",
            "module.retail_app_eks.data.aws_iam_policy_document.assume_role_policy",
            "module.retail_app_eks.data.aws_iam_policy_document.cni_ipv6_policy",
            "module.retail_app_eks.data.aws_iam_policy_document.custom",
            "module.retail_app_eks.data.aws_iam_policy_document.node_assume_role_policy",
            "module.retail_app_eks.data.aws_iam_session_context.current",
            "module.retail_app_eks.data.aws_partition.current",
            "module.retail_app_eks.data.tls_certificate.this",
            "module.retail_app_eks.module.eks_managed_node_group.aws_autoscaling_schedule.this",
            "module.retail_app_eks.module.eks_managed_node_group.aws_eks_node_group.this",
            "module.retail_app_eks.module.eks_managed_node_group.aws_iam_role.this",
            "module.retail_app_eks.module.eks_managed_node_group.aws_iam_role_policy.this",
            "module.retail_app_eks.module.eks_managed_node_group.aws_iam_role_policy_attachment.additional",
            "module.retail_app_eks.module.eks_managed_node_group.aws_iam_role_policy_attachment.this",
            "module.retail_app_eks.module.eks_managed_node_group.aws_launch_template.this",
            "module.retail_app_eks.module.eks_managed_node_group.aws_placement_group.this",
            "module.retail_app_eks.module.eks_managed_node_group.data.aws_caller_identity.current",
            "module.retail_app_eks.module.eks_managed_node_group.data.aws_ec2_instance_type.this",
            "module.retail_app_eks.module.eks_managed_node_group.data.aws_ec2_instance_type_offerings.this",
            "module.retail_app_eks.module.eks_managed_node_group.data.aws_iam_policy_document.assume_role_policy",
            "module.retail_app_eks.module.eks_managed_node_group.data.aws_iam_policy_document.role",
            "module.retail_app_eks.module.eks_managed_node_group.data.aws_partition.current",
            "module.retail_app_eks.module.eks_managed_node_group.data.aws_ssm_parameter.ami",
            "module.retail_app_eks.module.eks_managed_node_group.data.aws_subnets.placement_group",
            "module.retail_app_eks.module.eks_managed_node_group.module.user_data.data.cloudinit_config.al2023_eks_managed_node_group",
            "module.retail_app_eks.module.eks_managed_node_group.module.user_data.data.cloudinit_config.linux_eks_managed_node_group",
            "module.retail_app_eks.module.eks_managed_node_group.module.user_data.null_resource.validate_cluster_service_cidr",
            "module.retail_app_eks.module.fargate_profile.aws_eks_fargate_profile.this",
            "module.retail_app_eks.module.fargate_profile.aws_iam_role.this",
            "module.retail_app_eks.module.fargate_profile.aws_iam_role_policy.this",
            "module.retail_app_eks.module.fargate_profile.aws_iam_role_policy_attachment.additional",
            "module.retail_app_eks.module.fargate_profile.aws_iam_role_policy_attachment.this",
            "module.retail_app_eks.module.fargate_profile.data.aws_caller_identity.current",
            "module.retail_app_eks.module.fargate_profile.data.aws_iam_policy_document.assume_role_policy",
            "module.retail_app_eks.module.fargate_profile.data.aws_iam_policy_document.role",
            "module.retail_app_eks.module.fargate_profile.data.aws_partition.current",
            "module.retail_app_eks.module.fargate_profile.data.aws_region.current",
            "module.retail_app_eks.module.kms.aws_kms_alias.this",
            "module.retail_app_eks.module.kms.aws_kms_external_key.this",
            "module.retail_app_eks.module.kms.aws_kms_grant.this",
            "module.retail_app_eks.module.kms.aws_kms_key.this",
            "module.retail_app_eks.module.kms.aws_kms_replica_external_key.this",
            "module.retail_app_eks.module.kms.aws_kms_replica_key.this",
            "module.retail_app_eks.module.kms.data.aws_caller_identity.current",
            "module.retail_app_eks.module.kms.data.aws_iam_policy_document.this",
            "module.retail_app_eks.module.kms.data.aws_partition.current",
            "module.retail_app_eks.module.self_managed_node_group.aws_autoscaling_group.this",
            "module.retail_app_eks.module.self_managed_node_group.aws_autoscaling_schedule.this",
            "module.retail_app_eks.module.self_managed_node_group.aws_eks_access_entry.this",
            "module.retail_app_eks.module.self_managed_node_group.aws_iam_instance_profile.this",
            "module.retail_app_eks.module.self_managed_node_group.aws_iam_role.this",
            "module.retail_app_eks.module.self_managed_node_group.aws_iam_role_policy.this",
            "module.retail_app_eks.module.self_managed_node_group.aws_iam_role_policy_attachment.additional",
            "module.retail_app_eks.module.self_managed_node_group.aws_iam_role_policy_attachment.this",
            "module.retail_app_eks.module.self_managed_node_group.aws_launch_template.this",
            "module.retail_app_eks.module.self_managed_node_group.aws_placement_group.this",
            "module.retail_app_eks.module.self_managed_node_group.data.aws_caller_identity.current",
            "module.retail_app_eks.module.self_managed_node_group.data.aws_ec2_instance_type.this",
            "module.retail_app_eks.module.self_managed_node_group.data.aws_ec2_instance_type_offerings.this",
            "module.retail_app_eks.module.self_managed_node_group.data.aws_iam_policy_document.assume_role_policy",
            "module.retail_app_eks.module.self_managed_node_group.data.aws_iam_policy_document.role",
            "module.retail_app_eks.module.self_managed_node_group.data.aws_partition.current",
            "module.retail_app_eks.module.self_managed_node_group.data.aws_ssm_parameter.ami",
            "module.retail_app_eks.module.self_managed_node_group.data.aws_subnets.placement_group",
            "module.retail_app_eks.module.self_managed_node_group.module.user_data.data.cloudinit_config.al2023_eks_managed_node_group",
            "module.retail_app_eks.module.self_managed_node_group.module.user_data.data.cloudinit_config.linux_eks_managed_node_group",
            "module.retail_app_eks.module.self_managed_node_group.module.user_data.null_resource.validate_cluster_service_cidr",
            "module.retail_app_eks.time_sleep.this",
            "module.vpc.aws_subnet.private",
            "module.vpc.aws_vpc.this",
            "module.vpc.aws_vpc_ipv4_cidr_block_association.this",
            "random_string.suffix"
          ]
        }
      ]
    },
    {
      "module": "module.eks_addons.module.cert_manager",
      "mode": "managed",
      "type": "helm_release",
      "name": "this",
      "provider": "provider[\"registry.terraform.io/hashicorp/helm\"]",
      "instances": [
        {
          "index_key": 0,
          "schema_version": 1,
          "attributes": {
            "atomic": false,
            "chart": "cert-manager",
            "cleanup_on_fail": false,
            "create_namespace": true,
            "dependency_update": false,
            "description": "A Helm chart to deploy cert-manager",
            "devel": null,
            "disable_crd_hooks": false,
            "disable_openapi_validation": false,
            "disable_webhooks": false,
            "force_update": false,
            "id": "cert-manager",
            "keyring": null,
            "lint": false,
            "manifest": null,
            "max_history": 0,
            "metadata": [
              {
                "app_version": "v1.14.3",
                "chart": "cert-manager",
                "first_deployed": 1763658723,
                "last_deployed": 1763658723,
                "name": "cert-manager",
                "namespace": "cert-manager",
                "notes": "cert-manager v1.14.3 has been deployed successfully!\n\nIn order to begin issuing certificates, you will need to set up a ClusterIssuer\nor Issuer resource (for example, by creating a 'letsencrypt-staging' issuer).\n\nMore information on the different types of issuers and how to configure them\ncan be found in our documentation:\n\nhttps://cert-manager.io/docs/configuration/\n\nFor information on how to configure cert-manager to automatically provision\nCertificates for Ingress resources, take a look at the `ingress-shim`\ndocumentation:\n\nhttps://cert-manager.io/docs/usage/ingress/\n",
                "revision": 1,
                "values": "{\"installCRDs\":true,\"serviceAccount\":{\"annotations\":{\"eks.amazonaws.com/role-arn\":\"arn:aws:iam::596507588379:role/cert-manager-20251120171156919800000003\"},\"name\":\"cert-manager\"}}",
                "version": "v1.14.3"
              }
            ],
            "name": "cert-manager",
            "namespace": "cert-manager",
            "pass_credentials": false,
            "postrender": [],
            "recreate_pods": false,
            "render_subchart_notes": true,
            "replace": false,
            "repository": "https://charts.jetstack.io",
            "repository_ca_file": null,
            "repository_cert_file": null,
            "repository_key_file": null,
            "repository_password": null,
            "repository_username": null,
            "reset_values": false,
            "reuse_values": false,
            "set": [
              {
                "name": "installCRDs",
                "type": "",
                "value": "true"
              },
              {
                "name": "serviceAccount.annotations.eks\\.amazonaws\\.com/role-arn",
                "type": "",
                "value": "arn:aws:iam::596507588379:role/cert-manager-20251120171156919800000003"
              },
              {
                "name": "serviceAccount.name",
                "type": "",
                "value": "cert-manager"
              }
            ],
            "set_list": [],
            "set_sensitive": [],
            "skip_crds": false,
            "status": "deployed",
            "timeout": 300,
            "upgrade_install": null,
            "values": [],
            "verify": false,
            "version": "v1.14.3",
            "wait": false,
            "wait_for_jobs": false
          },
          "sensitive_attributes": [
            [
              {
                "type": "get_attr",
                "value": "repository_password"
              }
            ]
          ],
          "identity_schema_version": 0,
          "private": "eyJzY2hlbWFfdmVyc2lvbiI6IjEifQ==",
          "dependencies": [
            "data.aws_availability_zones.available",
            "data.aws_caller_identity.current",
            "module.eks_addons.module.cert_manager.aws_iam_role.this",
            "module.eks_addons.module.cert_manager.data.aws_caller_identity.current",
            "module.eks_addons.module.cert_manager.data.aws_iam_policy_document.assume",
            "module.eks_addons.module.cert_manager.data.aws_partition.current",
            "module.eks_addons.time_sleep.this",
            "module.retail_app_eks.aws_cloudwatch_log_group.this",
            "module.retail_app_eks.aws_ec2_tag.cluster_primary_security_group",
            "module.retail_app_eks.aws_eks_access_entry.this",
            "module.retail_app_eks.aws_eks_access_policy_association.this",
            "module.retail_app_eks.aws_eks_addon.before_compute",
            "module.retail_app_eks.aws_eks_addon.this",
            "module.retail_app_eks.aws_eks_cluster.this",
            "module.retail_app_eks.aws_eks_identity_provider_config.this",
            "module.retail_app_eks.aws_iam_openid_connect_provider.oidc_provider",
            "module.retail_app_eks.aws_iam_policy.cluster_encryption",
            "module.retail_app_eks.aws_iam_policy.cni_ipv6_policy",
            "module.retail_app_eks.aws_iam_policy.custom",
            "module.retail_app_eks.aws_iam_role.eks_auto",
            "module.retail_app_eks.aws_iam_role.this",
            "module.retail_app_eks.aws_iam_role_policy_attachment.additional",
            "module.retail_app_eks.aws_iam_role_policy_attachment.cluster_encryption",
            "module.retail_app_eks.aws_iam_role_policy_attachment.custom",
            "module.retail_app_eks.aws_iam_role_policy_attachment.eks_auto",
            "module.retail_app_eks.aws_iam_role_policy_attachment.eks_auto_additional",
            "module.retail_app_eks.aws_iam_role_policy_attachment.this",
            "module.retail_app_eks.aws_security_group.cluster",
            "module.retail_app_eks.aws_security_group.node",
            "module.retail_app_eks.aws_security_group_rule.cluster",
            "module.retail_app_eks.aws_security_group_rule.node",
            "module.retail_app_eks.data.aws_caller_identity.current",
            "module.retail_app_eks.data.aws_eks_addon_version.this",
            "module.retail_app_eks.data.aws_iam_policy_document.assume_role_policy",
            "module.retail_app_eks.data.aws_iam_policy_document.cni_ipv6_policy",
            "module.retail_app_eks.data.aws_iam_policy_document.custom",
            "module.retail_app_eks.data.aws_iam_policy_document.node_assume_role_policy",
            "module.retail_app_eks.data.aws_iam_session_context.current",
            "module.retail_app_eks.data.aws_partition.current",
            "module.retail_app_eks.data.tls_certificate.this",
            "module.retail_app_eks.module.eks_managed_node_group.aws_autoscaling_schedule.this",
            "module.retail_app_eks.module.eks_managed_node_group.aws_eks_node_group.this",
            "module.retail_app_eks.module.eks_managed_node_group.aws_iam_role.this",
            "module.retail_app_eks.module.eks_managed_node_group.aws_iam_role_policy.this",
            "module.retail_app_eks.module.eks_managed_node_group.aws_iam_role_policy_attachment.additional",
            "module.retail_app_eks.module.eks_managed_node_group.aws_iam_role_policy_attachment.this",
            "module.retail_app_eks.module.eks_managed_node_group.aws_launch_template.this",
            "module.retail_app_eks.module.eks_managed_node_group.aws_placement_group.this",
            "module.retail_app_eks.module.eks_managed_node_group.data.aws_caller_identity.current",
            "module.retail_app_eks.module.eks_managed_node_group.data.aws_ec2_instance_type.this",
            "module.retail_app_eks.module.eks_managed_node_group.data.aws_ec2_instance_type_offerings.this",
            "module.retail_app_eks.module.eks_managed_node_group.data.aws_iam_policy_document.assume_role_policy",
            "module.retail_app_eks.module.eks_managed_node_group.data.aws_iam_policy_document.role",
            "module.retail_app_eks.module.eks_managed_node_group.data.aws_partition.current",
            "module.retail_app_eks.module.eks_managed_node_group.data.aws_ssm_parameter.ami",
            "module.retail_app_eks.module.eks_managed_node_group.data.aws_subnets.placement_group",
            "module.retail_app_eks.module.eks_managed_node_group.module.user_data.data.cloudinit_config.al2023_eks_managed_node_group",
            "module.retail_app_eks.module.eks_managed_node_group.module.user_data.data.cloudinit_config.linux_eks_managed_node_group",
            "module.retail_app_eks.module.eks_managed_node_group.module.user_data.null_resource.validate_cluster_service_cidr",
            "module.retail_app_eks.module.fargate_profile.aws_eks_fargate_profile.this",
            "module.retail_app_eks.module.fargate_profile.aws_iam_role.this",
            "module.retail_app_eks.module.fargate_profile.aws_iam_role_policy.this",
            "module.retail_app_eks.module.fargate_profile.aws_iam_role_policy_attachment.additional",
            "module.retail_app_eks.module.fargate_profile.aws_iam_role_policy_attachment.this",
            "module.retail_app_eks.module.fargate_profile.data.aws_caller_identity.current",
            "module.retail_app_eks.module.fargate_profile.data.aws_iam_policy_document.assume_role_policy",
            "module.retail_app_eks.module.fargate_profile.data.aws_iam_policy_document.role",
            "module.retail_app_eks.module.fargate_profile.data.aws_partition.current",
            "module.retail_app_eks.module.fargate_profile.data.aws_region.current",
            "module.retail_app_eks.module.kms.aws_kms_alias.this",
            "module.retail_app_eks.module.kms.aws_kms_external_key.this",
            "module.retail_app_eks.module.kms.aws_kms_grant.this",
            "module.retail_app_eks.module.kms.aws_kms_key.this",
            "module.retail_app_eks.module.kms.aws_kms_replica_external_key.this",
            "module.retail_app_eks.module.kms.aws_kms_replica_key.this",
            "module.retail_app_eks.module.kms.data.aws_caller_identity.current",
            "module.retail_app_eks.module.kms.data.aws_iam_policy_document.this",
            "module.retail_app_eks.module.kms.data.aws_partition.current",
            "module.retail_app_eks.module.self_managed_node_group.aws_autoscaling_group.this",
            "module.retail_app_eks.module.self_managed_node_group.aws_autoscaling_schedule.this",
            "module.retail_app_eks.module.self_managed_node_group.aws_eks_access_entry.this",
            "module.retail_app_eks.module.self_managed_node_group.aws_iam_instance_profile.this",
            "module.retail_app_eks.module.self_managed_node_group.aws_iam_role.this",
            "module.retail_app_eks.module.self_managed_node_group.aws_iam_role_policy.this",
            "module.retail_app_eks.module.self_managed_node_group.aws_iam_role_policy_attachment.additional",
            "module.retail_app_eks.module.self_managed_node_group.aws_iam_role_policy_attachment.this",
            "module.retail_app_eks.module.self_managed_node_group.aws_launch_template.this",
            "module.retail_app_eks.module.self_managed_node_group.aws_placement_group.this",
            "module.retail_app_eks.module.self_managed_node_group.data.aws_caller_identity.current",
            "module.retail_app_eks.module.self_managed_node_group.data.aws_ec2_instance_type.this",
            "module.retail_app_eks.module.self_managed_node_group.data.aws_ec2_instance_type_offerings.this",
            "module.retail_app_eks.module.self_managed_node_group.data.aws_iam_policy_document.assume_role_policy",
            "module.retail_app_eks.module.self_managed_node_group.data.aws_iam_policy_document.role",
            "module.retail_app_eks.module.self_managed_node_group.data.aws_partition.current",
            "module.retail_app_eks.module.self_managed_node_group.data.aws_ssm_parameter.ami",
            "module.retail_app_eks.module.self_managed_node_group.data.aws_subnets.placement_group",
            "module.retail_app_eks.module.self_managed_node_group.module.user_data.data.cloudinit_config.al2023_eks_managed_node_group",
            "module.retail_app_eks.module.self_managed_node_group.module.user_data.data.cloudinit_config.linux_eks_managed_node_group",
            "module.retail_app_eks.module.self_managed_node_group.module.user_data.null_resource.validate_cluster_service_cidr",
            "module.retail_app_eks.time_sleep.this",
            "module.vpc.aws_subnet.private",
            "module.vpc.aws_vpc.this",
            "module.vpc.aws_vpc_ipv4_cidr_block_association.this",
            "random_string.suffix"
          ]
        }
      ]
    },
    {
      "module": "module.eks_addons.module.ingress_nginx",
      "mode": "managed",
      "type": "helm_release",
      "name": "this",
      "provider": "provider[\"registry.terraform.io/hashicorp/helm\"]",
      "instances": [
        {
          "index_key": 0,
          "schema_version": 1,
          "attributes": {
            "atomic": false,
            "chart": "ingress-nginx",
            "cleanup_on_fail": false,
            "create_namespace": true,
            "dependency_update": false,
            "description": "A Helm chart to install the Ingress Nginx",
            "devel": null,
            "disable_crd_hooks": false,
            "disable_openapi_validation": false,
            "disable_webhooks": false,
            "force_update": false,
            "id": "ingress-nginx",
            "keyring": null,
            "lint": false,
            "manifest": null,
            "max_history": 0,
            "metadata": [
              {
                "app_version": "1.12.1",
                "chart": "ingress-nginx",
                "first_deployed": 1763658693,
                "last_deployed": 1763658693,
                "name": "ingress-nginx",
                "namespace": "ingress-nginx",
                "notes": "The ingress-nginx controller has been installed.\nIt may take a few minutes for the load balancer IP to be available.\nYou can watch the status by running 'kubectl get service --namespace ingress-nginx ingress-nginx-controller --output wide --watch'\n\nAn example Ingress that makes use of the controller:\n  apiVersion: networking.k8s.io/v1\n  kind: Ingress\n  metadata:\n    name: example\n    namespace: foo\n  spec:\n    ingressClassName: nginx\n    rules:\n      - host: www.example.com\n        http:\n          paths:\n            - pathType: Prefix\n              backend:\n                service:\n                  name: exampleService\n                  port:\n                    number: 80\n              path: /\n    # This section is only required if TLS is to be enabled for the Ingress\n    tls:\n      - hosts:\n        - www.example.com\n        secretName: example-tls\n\nIf TLS is enabled for the Ingress, a Secret containing the certificate and key must also be provided:\n\n  apiVersion: v1\n  kind: Secret\n  metadata:\n    name: example-tls\n    namespace: foo\n  data:\n    tls.crt: \u003cbase64 encoded cert\u003e\n    tls.key: \u003cbase64 encoded key\u003e\n  type: kubernetes.io/tls\n",
                "revision": 1,
                "values": "{\"controller\":{\"resources\":{\"limits\":{\"cpu\":\"200m\",\"memory\":\"256Mi\"},\"requests\":{\"cpu\":\"100m\",\"memory\":\"128Mi\"}},\"service\":{\"annotations\":{\"service.beta.kubernetes.io/aws-load-balancer-health-check-path\":\"/healthz\",\"service.beta.kubernetes.io/aws-load-balancer-health-check-port\":10254,\"service.beta.kubernetes.io/aws-load-balancer-health-check-protocol\":\"HTTP\",\"service.beta.kubernetes.io/aws-load-balancer-nlb-target-type\":\"instance\",\"service.beta.kubernetes.io/aws-load-balancer-scheme\":\"internet-facing\",\"service.beta.kubernetes.io/aws-load-balancer-type\":\"nlb\"},\"externalTrafficPolicy\":\"Local\",\"type\":\"LoadBalancer\"}}}",
                "version": "4.12.1"
              }
            ],
            "name": "ingress-nginx",
            "namespace": "ingress-nginx",
            "pass_credentials": false,
            "postrender": [],
            "recreate_pods": false,
            "render_subchart_notes": true,
            "replace": false,
            "repository": "https://kubernetes.github.io/ingress-nginx",
            "repository_ca_file": null,
            "repository_cert_file": null,
            "repository_key_file": null,
            "repository_password": null,
            "repository_username": null,
            "reset_values": false,
            "reuse_values": false,
            "set": [
              {
                "name": "controller.resources.limits.cpu",
                "type": "",
                "value": "200m"
              },
              {
                "name": "controller.resources.limits.memory",
                "type": "",
                "value": "256Mi"
              },
              {
                "name": "controller.resources.requests.cpu",
                "type": "",
                "value": "100m"
              },
              {
                "name": "controller.resources.requests.memory",
                "type": "",
                "value": "128Mi"
              },
              {
                "name": "controller.service.externalTrafficPolicy",
                "type": "",
                "value": "Local"
              },
              {
                "name": "controller.service.type",
                "type": "",
                "value": "LoadBalancer"
              }
            ],
            "set_list": [],
            "set_sensitive": [
              {
                "name": "controller.service.annotations.service\\.beta\\.kubernetes\\.io/aws-load-balancer-health-check-path",
                "type": "",
                "value": "/healthz"
              },
              {
                "name": "controller.service.annotations.service\\.beta\\.kubernetes\\.io/aws-load-balancer-health-check-port",
                "type": "",
                "value": "10254"
              },
              {
                "name": "controller.service.annotations.service\\.beta\\.kubernetes\\.io/aws-load-balancer-health-check-protocol",
                "type": "",
                "value": "HTTP"
              },
              {
                "name": "controller.service.annotations.service\\.beta\\.kubernetes\\.io/aws-load-balancer-nlb-target-type",
                "type": "",
                "value": "instance"
              },
              {
                "name": "controller.service.annotations.service\\.beta\\.kubernetes\\.io/aws-load-balancer-scheme",
                "type": "",
                "value": "internet-facing"
              },
              {
                "name": "controller.service.annotations.service\\.beta\\.kubernetes\\.io/aws-load-balancer-type",
                "type": "",
                "value": "nlb"
              }
            ],
            "skip_crds": false,
            "status": "deployed",
            "timeout": 300,
            "upgrade_install": null,
            "values": [],
            "verify": false,
            "version": "4.12.1",
            "wait": false,
            "wait_for_jobs": false
          },
          "sensitive_attributes": [
            [
              {
                "type": "get_attr",
                "value": "repository_password"
              }
            ],
            [
              {
                "type": "get_attr",
                "value": "set_sensitive"
              }
            ]
          ],
          "identity_schema_version": 0,
          "private": "eyJzY2hlbWFfdmVyc2lvbiI6IjEifQ==",
          "dependencies": [
            "data.aws_availability_zones.available",
            "data.aws_caller_identity.current",
            "module.eks_addons.module.ingress_nginx.aws_iam_role.this",
            "module.eks_addons.module.ingress_nginx.data.aws_caller_identity.current",
            "module.eks_addons.module.ingress_nginx.data.aws_iam_policy_document.assume",
            "module.eks_addons.module.ingress_nginx.data.aws_partition.current",
            "module.retail_app_eks.aws_cloudwatch_log_group.this",
            "module.retail_app_eks.aws_ec2_tag.cluster_primary_security_group",
            "module.retail_app_eks.aws_eks_access_entry.this",
            "module.retail_app_eks.aws_eks_access_policy_association.this",
            "module.retail_app_eks.aws_eks_addon.before_compute",
            "module.retail_app_eks.aws_eks_addon.this",
            "module.retail_app_eks.aws_eks_cluster.this",
            "module.retail_app_eks.aws_eks_identity_provider_config.this",
            "module.retail_app_eks.aws_iam_openid_connect_provider.oidc_provider",
            "module.retail_app_eks.aws_iam_policy.cluster_encryption",
            "module.retail_app_eks.aws_iam_policy.cni_ipv6_policy",
            "module.retail_app_eks.aws_iam_policy.custom",
            "module.retail_app_eks.aws_iam_role.eks_auto",
            "module.retail_app_eks.aws_iam_role.this",
            "module.retail_app_eks.aws_iam_role_policy_attachment.additional",
            "module.retail_app_eks.aws_iam_role_policy_attachment.cluster_encryption",
            "module.retail_app_eks.aws_iam_role_policy_attachment.custom",
            "module.retail_app_eks.aws_iam_role_policy_attachment.eks_auto",
            "module.retail_app_eks.aws_iam_role_policy_attachment.eks_auto_additional",
            "module.retail_app_eks.aws_iam_role_policy_attachment.this",
            "module.retail_app_eks.aws_security_group.cluster",
            "module.retail_app_eks.aws_security_group.node",
            "module.retail_app_eks.aws_security_group_rule.cluster",
            "module.retail_app_eks.aws_security_group_rule.node",
            "module.retail_app_eks.data.aws_caller_identity.current",
            "module.retail_app_eks.data.aws_eks_addon_version.this",
            "module.retail_app_eks.data.aws_iam_policy_document.assume_role_policy",
            "module.retail_app_eks.data.aws_iam_policy_document.cni_ipv6_policy",
            "module.retail_app_eks.data.aws_iam_policy_document.custom",
            "module.retail_app_eks.data.aws_iam_policy_document.node_assume_role_policy",
            "module.retail_app_eks.data.aws_iam_session_context.current",
            "module.retail_app_eks.data.aws_partition.current",
            "module.retail_app_eks.data.tls_certificate.this",
            "module.retail_app_eks.module.eks_managed_node_group.aws_autoscaling_schedule.this",
            "module.retail_app_eks.module.eks_managed_node_group.aws_eks_node_group.this",
            "module.retail_app_eks.module.eks_managed_node_group.aws_iam_role.this",
            "module.retail_app_eks.module.eks_managed_node_group.aws_iam_role_policy.this",
            "module.retail_app_eks.module.eks_managed_node_group.aws_iam_role_policy_attachment.additional",
            "module.retail_app_eks.module.eks_managed_node_group.aws_iam_role_policy_attachment.this",
            "module.retail_app_eks.module.eks_managed_node_group.aws_launch_template.this",
            "module.retail_app_eks.module.eks_managed_node_group.aws_placement_group.this",
            "module.retail_app_eks.module.eks_managed_node_group.data.aws_caller_identity.current",
            "module.retail_app_eks.module.eks_managed_node_group.data.aws_ec2_instance_type.this",
            "module.retail_app_eks.module.eks_managed_node_group.data.aws_ec2_instance_type_offerings.this",
            "module.retail_app_eks.module.eks_managed_node_group.data.aws_iam_policy_document.assume_role_policy",
            "module.retail_app_eks.module.eks_managed_node_group.data.aws_iam_policy_document.role",
            "module.retail_app_eks.module.eks_managed_node_group.data.aws_partition.current",
            "module.retail_app_eks.module.eks_managed_node_group.data.aws_ssm_parameter.ami",
            "module.retail_app_eks.module.eks_managed_node_group.data.aws_subnets.placement_group",
            "module.retail_app_eks.module.eks_managed_node_group.module.user_data.data.cloudinit_config.al2023_eks_managed_node_group",
            "module.retail_app_eks.module.eks_managed_node_group.module.user_data.data.cloudinit_config.linux_eks_managed_node_group",
            "module.retail_app_eks.module.eks_managed_node_group.module.user_data.null_resource.validate_cluster_service_cidr",
            "module.retail_app_eks.module.fargate_profile.aws_eks_fargate_profile.this",
            "module.retail_app_eks.module.fargate_profile.aws_iam_role.this",
            "module.retail_app_eks.module.fargate_profile.aws_iam_role_policy.this",
            "module.retail_app_eks.module.fargate_profile.aws_iam_role_policy_attachment.additional",
            "module.retail_app_eks.module.fargate_profile.aws_iam_role_policy_attachment.this",
            "module.retail_app_eks.module.fargate_profile.data.aws_caller_identity.current",
            "module.retail_app_eks.module.fargate_profile.data.aws_iam_policy_document.assume_role_policy",
            "module.retail_app_eks.module.fargate_profile.data.aws_iam_policy_document.role",
            "module.retail_app_eks.module.fargate_profile.data.aws_partition.current",
            "module.retail_app_eks.module.fargate_profile.data.aws_region.current",
            "module.retail_app_eks.module.kms.aws_kms_alias.this",
            "module.retail_app_eks.module.kms.aws_kms_external_key.this",
            "module.retail_app_eks.module.kms.aws_kms_grant.this",
            "module.retail_app_eks.module.kms.aws_kms_key.this",
            "module.retail_app_eks.module.kms.aws_kms_replica_external_key.this",
            "module.retail_app_eks.module.kms.aws_kms_replica_key.this",
            "module.retail_app_eks.module.kms.data.aws_caller_identity.current",
            "module.retail_app_eks.module.kms.data.aws_iam_policy_document.this",
            "module.retail_app_eks.module.kms.data.aws_partition.current",
            "module.retail_app_eks.module.self_managed_node_group.aws_autoscaling_group.this",
            "module.retail_app_eks.module.self_managed_node_group.aws_autoscaling_schedule.this",
            "module.retail_app_eks.module.self_managed_node_group.aws_eks_access_entry.this",
            "module.retail_app_eks.module.self_managed_node_group.aws_iam_instance_profile.this",
            "module.retail_app_eks.module.self_managed_node_group.aws_iam_role.this",
            "module.retail_app_eks.module.self_managed_node_group.aws_iam_role_policy.this",
            "module.retail_app_eks.module.self_managed_node_group.aws_iam_role_policy_attachment.additional",
            "module.retail_app_eks.module.self_managed_node_group.aws_iam_role_policy_attachment.this",
            "module.retail_app_eks.module.self_managed_node_group.aws_launch_template.this",
            "module.retail_app_eks.module.self_managed_node_group.aws_placement_group.this",
            "module.retail_app_eks.module.self_managed_node_group.data.aws_caller_identity.current",
            "module.retail_app_eks.module.self_managed_node_group.data.aws_ec2_instance_type.this",
            "module.retail_app_eks.module.self_managed_node_group.data.aws_ec2_instance_type_offerings.this",
            "module.retail_app_eks.module.self_managed_node_group.data.aws_iam_policy_document.assume_role_policy",
            "module.retail_app_eks.module.self_managed_node_group.data.aws_iam_policy_document.role",
            "module.retail_app_eks.module.self_managed_node_group.data.aws_partition.current",
            "module.retail_app_eks.module.self_managed_node_group.data.aws_ssm_parameter.ami",
            "module.retail_app_eks.module.self_managed_node_group.data.aws_subnets.placement_group",
            "module.retail_app_eks.module.self_managed_node_group.module.user_data.data.cloudinit_config.al2023_eks_managed_node_group",
            "module.retail_app_eks.module.self_managed_node_group.module.user_data.data.cloudinit_config.linux_eks_managed_node_group",
            "module.retail_app_eks.module.self_managed_node_group.module.user_data.null_resource.validate_cluster_service_cidr",
            "module.retail_app_eks.time_sleep.this",
            "module.vpc.aws_subnet.private",
            "module.vpc.aws_vpc.this",
            "module.vpc.aws_vpc_ipv4_cidr_block_association.this",
            "random_string.suffix"
          ]
        }
      ]
    },
    {
      "module": "module.retail_app_eks",
      "mode": "data",
      "type": "aws_caller_identity",
      "name": "current",
      "provider": "provider[\"registry.terraform.io/hashicorp/aws\"]",
      "instances": [
        {
          "index_key": 0,
          "schema_version": 0,
          "attributes": {
            "account_id": "596507588379",
            "arn": "arn:aws:iam::596507588379:user/linuxuser",
            "id": "596507588379",
            "user_id": "AIDAYVYU7O4NYCHHW6IKK"
          },
          "sensitive_attributes": [],
          "identity_schema_version": 0
        }
      ]
    },
    {
      "module": "module.retail_app_eks",
      "mode": "data",
      "type": "aws_iam_policy_document",
      "name": "assume_role_policy",
      "provider": "provider[\"registry.terraform.io/hashicorp/aws\"]",
      "instances": [
        {
          "index_key": 0,
          "schema_version": 0,
          "attributes": {
            "id": "2830595799",
            "json": "{\n  \"Version\": \"2012-10-17\",\n  \"Statement\": [\n    {\n      \"Sid\": \"EKSClusterAssumeRole\",\n      \"Effect\": \"Allow\",\n      \"Action\": [\n        \"sts:TagSession\",\n        \"sts:AssumeRole\"\n      ],\n      \"Principal\": {\n        \"Service\": \"eks.amazonaws.com\"\n      }\n    }\n  ]\n}",
            "minified_json": "{\"Version\":\"2012-10-17\",\"Statement\":[{\"Sid\":\"EKSClusterAssumeRole\",\"Effect\":\"Allow\",\"Action\":[\"sts:TagSession\",\"sts:AssumeRole\"],\"Principal\":{\"Service\":\"eks.amazonaws.com\"}}]}",
            "override_json": null,
            "override_policy_documents": null,
            "policy_id": null,
            "source_json": null,
            "source_policy_documents": null,
            "statement": [
              {
                "actions": [
                  "sts:AssumeRole",
                  "sts:TagSession"
                ],
                "condition": [],
                "effect": "Allow",
                "not_actions": [],
                "not_principals": [],
                "not_resources": [],
                "principals": [
                  {
                    "identifiers": [
                      "eks.amazonaws.com"
                    ],
                    "type": "Service"
                  }
                ],
                "resources": [],
                "sid": "EKSClusterAssumeRole"
              }
            ],
            "version": "2012-10-17"
          },
          "sensitive_attributes": [],
          "identity_schema_version": 0
        }
      ]
    },
    {
      "module": "module.retail_app_eks",
      "mode": "data",
      "type": "aws_iam_policy_document",
      "name": "custom",
      "provider": "provider[\"registry.terraform.io/hashicorp/aws\"]",
      "instances": [
        {
          "index_key": 0,
          "schema_version": 0,
          "attributes": {
            "id": "513122117",
            "json": "{\n  \"Version\": \"2012-10-17\",\n  \"Statement\": [\n    {\n      \"Sid\": \"Compute\",\n      \"Effect\": \"Allow\",\n      \"Action\": [\n        \"ec2:RunInstances\",\n        \"ec2:CreateLaunchTemplate\",\n        \"ec2:CreateFleet\"\n      ],\n      \"Resource\": \"*\",\n      \"Condition\": {\n        \"StringEquals\": {\n          \"aws:RequestTag/eks:eks-cluster-name\": \"${aws:PrincipalTag/eks:eks-cluster-name}\"\n        },\n        \"StringLike\": {\n          \"aws:RequestTag/eks:kubernetes-node-class-name\": \"*\",\n          \"aws:RequestTag/eks:kubernetes-node-pool-name\": \"*\"\n        }\n      }\n    },\n    {\n      \"Sid\": \"Storage\",\n      \"Effect\": \"Allow\",\n      \"Action\": [\n        \"ec2:CreateVolume\",\n        \"ec2:CreateSnapshot\"\n      ],\n      \"Resource\": [\n        \"arn:aws:ec2:*:*:volume/*\",\n        \"arn:aws:ec2:*:*:snapshot/*\"\n      ],\n      \"Condition\": {\n        \"StringEquals\": {\n          \"aws:RequestTag/eks:eks-cluster-name\": \"${aws:PrincipalTag/eks:eks-cluster-name}\"\n        }\n      }\n    },\n    {\n      \"Sid\": \"Networking\",\n      \"Effect\": \"Allow\",\n      \"Action\": \"ec2:CreateNetworkInterface\",\n      \"Resource\": \"*\",\n      \"Condition\": {\n        \"StringEquals\": {\n          \"aws:RequestTag/eks:eks-cluster-name\": \"${aws:PrincipalTag/eks:eks-cluster-name}\",\n          \"aws:RequestTag/eks:kubernetes-cni-node-name\": \"*\"\n        }\n      }\n    },\n    {\n      \"Sid\": \"LoadBalancer\",\n      \"Effect\": \"Allow\",\n      \"Action\": [\n        \"elasticloadbalancing:CreateTargetGroup\",\n        \"elasticloadbalancing:CreateRule\",\n        \"elasticloadbalancing:CreateLoadBalancer\",\n        \"elasticloadbalancing:CreateListener\",\n        \"ec2:CreateSecurityGroup\"\n      ],\n      \"Resource\": \"*\",\n      \"Condition\": {\n        \"StringEquals\": {\n          \"aws:RequestTag/eks:eks-cluster-name\": \"${aws:PrincipalTag/eks:eks-cluster-name}\"\n        }\n      }\n    },\n    {\n      \"Sid\": \"ShieldProtection\",\n      \"Effect\": \"Allow\",\n      \"Action\": \"shield:CreateProtection\",\n      \"Resource\": \"*\",\n      \"Condition\": {\n        \"StringEquals\": {\n          \"aws:RequestTag/eks:eks-cluster-name\": \"${aws:PrincipalTag/eks:eks-cluster-name}\"\n        }\n      }\n    },\n    {\n      \"Sid\": \"ShieldTagResource\",\n      \"Effect\": \"Allow\",\n      \"Action\": \"shield:TagResource\",\n      \"Resource\": \"arn:aws:shield::*:protection/*\",\n      \"Condition\": {\n        \"StringEquals\": {\n          \"aws:RequestTag/eks:eks-cluster-name\": \"${aws:PrincipalTag/eks:eks-cluster-name}\"\n        }\n      }\n    }\n  ]\n}",
            "minified_json": "{\"Version\":\"2012-10-17\",\"Statement\":[{\"Sid\":\"Compute\",\"Effect\":\"Allow\",\"Action\":[\"ec2:RunInstances\",\"ec2:CreateLaunchTemplate\",\"ec2:CreateFleet\"],\"Resource\":\"*\",\"Condition\":{\"StringEquals\":{\"aws:RequestTag/eks:eks-cluster-name\":\"${aws:PrincipalTag/eks:eks-cluster-name}\"},\"StringLike\":{\"aws:RequestTag/eks:kubernetes-node-class-name\":\"*\",\"aws:RequestTag/eks:kubernetes-node-pool-name\":\"*\"}}},{\"Sid\":\"Storage\",\"Effect\":\"Allow\",\"Action\":[\"ec2:CreateVolume\",\"ec2:CreateSnapshot\"],\"Resource\":[\"arn:aws:ec2:*:*:volume/*\",\"arn:aws:ec2:*:*:snapshot/*\"],\"Condition\":{\"StringEquals\":{\"aws:RequestTag/eks:eks-cluster-name\":\"${aws:PrincipalTag/eks:eks-cluster-name}\"}}},{\"Sid\":\"Networking\",\"Effect\":\"Allow\",\"Action\":\"ec2:CreateNetworkInterface\",\"Resource\":\"*\",\"Condition\":{\"StringEquals\":{\"aws:RequestTag/eks:eks-cluster-name\":\"${aws:PrincipalTag/eks:eks-cluster-name}\",\"aws:RequestTag/eks:kubernetes-cni-node-name\":\"*\"}}},{\"Sid\":\"LoadBalancer\",\"Effect\":\"Allow\",\"Action\":[\"elasticloadbalancing:CreateTargetGroup\",\"elasticloadbalancing:CreateRule\",\"elasticloadbalancing:CreateLoadBalancer\",\"elasticloadbalancing:CreateListener\",\"ec2:CreateSecurityGroup\"],\"Resource\":\"*\",\"Condition\":{\"StringEquals\":{\"aws:RequestTag/eks:eks-cluster-name\":\"${aws:PrincipalTag/eks:eks-cluster-name}\"}}},{\"Sid\":\"ShieldProtection\",\"Effect\":\"Allow\",\"Action\":\"shield:CreateProtection\",\"Resource\":\"*\",\"Condition\":{\"StringEquals\":{\"aws:RequestTag/eks:eks-cluster-name\":\"${aws:PrincipalTag/eks:eks-cluster-name}\"}}},{\"Sid\":\"ShieldTagResource\",\"Effect\":\"Allow\",\"Action\":\"shield:TagResource\",\"Resource\":\"arn:aws:shield::*:protection/*\",\"Condition\":{\"StringEquals\":{\"aws:RequestTag/eks:eks-cluster-name\":\"${aws:PrincipalTag/eks:eks-cluster-name}\"}}}]}",
            "override_json": null,
            "override_policy_documents": null,
            "policy_id": null,
            "source_json": null,
            "source_policy_documents": null,
            "statement": [
              {
                "actions": [
                  "ec2:CreateFleet",
                  "ec2:CreateLaunchTemplate",
                  "ec2:RunInstances"
                ],
                "condition": [
                  {
                    "test": "StringEquals",
                    "values": [
                      "${aws:PrincipalTag/eks:eks-cluster-name}"
                    ],
                    "variable": "aws:RequestTag/eks:eks-cluster-name"
                  },
                  {
                    "test": "StringLike",
                    "values": [
                      "*"
                    ],
                    "variable": "aws:RequestTag/eks:kubernetes-node-class-name"
                  },
                  {
                    "test": "StringLike",
                    "values": [
                      "*"
                    ],
                    "variable": "aws:RequestTag/eks:kubernetes-node-pool-name"
                  }
                ],
                "effect": "Allow",
                "not_actions": [],
                "not_principals": [],
                "not_resources": [],
                "principals": [],
                "resources": [
                  "*"
                ],
                "sid": "Compute"
              },
              {
                "actions": [
                  "ec2:CreateSnapshot",
                  "ec2:CreateVolume"
                ],
                "condition": [
                  {
                    "test": "StringEquals",
                    "values": [
                      "${aws:PrincipalTag/eks:eks-cluster-name}"
                    ],
                    "variable": "aws:RequestTag/eks:eks-cluster-name"
                  }
                ],
                "effect": "Allow",
                "not_actions": [],
                "not_principals": [],
                "not_resources": [],
                "principals": [],
                "resources": [
                  "arn:aws:ec2:*:*:snapshot/*",
                  "arn:aws:ec2:*:*:volume/*"
                ],
                "sid": "Storage"
              },
              {
                "actions": [
                  "ec2:CreateNetworkInterface"
                ],
                "condition": [
                  {
                    "test": "StringEquals",
                    "values": [
                      "${aws:PrincipalTag/eks:eks-cluster-name}"
                    ],
                    "variable": "aws:RequestTag/eks:eks-cluster-name"
                  },
                  {
                    "test": "StringEquals",
                    "values": [
                      "*"
                    ],
                    "variable": "aws:RequestTag/eks:kubernetes-cni-node-name"
                  }
                ],
                "effect": "Allow",
                "not_actions": [],
                "not_principals": [],
                "not_resources": [],
                "principals": [],
                "resources": [
                  "*"
                ],
                "sid": "Networking"
              },
              {
                "actions": [
                  "ec2:CreateSecurityGroup",
                  "elasticloadbalancing:CreateListener",
                  "elasticloadbalancing:CreateLoadBalancer",
                  "elasticloadbalancing:CreateRule",
                  "elasticloadbalancing:CreateTargetGroup"
                ],
                "condition": [
                  {
                    "test": "StringEquals",
                    "values": [
                      "${aws:PrincipalTag/eks:eks-cluster-name}"
                    ],
                    "variable": "aws:RequestTag/eks:eks-cluster-name"
                  }
                ],
                "effect": "Allow",
                "not_actions": [],
                "not_principals": [],
                "not_resources": [],
                "principals": [],
                "resources": [
                  "*"
                ],
                "sid": "LoadBalancer"
              },
              {
                "actions": [
                  "shield:CreateProtection"
                ],
                "condition": [
                  {
                    "test": "StringEquals",
                    "values": [
                      "${aws:PrincipalTag/eks:eks-cluster-name}"
                    ],
                    "variable": "aws:RequestTag/eks:eks-cluster-name"
                  }
                ],
                "effect": "Allow",
                "not_actions": [],
                "not_principals": [],
                "not_resources": [],
                "principals": [],
                "resources": [
                  "*"
                ],
                "sid": "ShieldProtection"
              },
              {
                "actions": [
                  "shield:TagResource"
                ],
                "condition": [
                  {
                    "test": "StringEquals",
                    "values": [
                      "${aws:PrincipalTag/eks:eks-cluster-name}"
                    ],
                    "variable": "aws:RequestTag/eks:eks-cluster-name"
                  }
                ],
                "effect": "Allow",
                "not_actions": [],
                "not_principals": [],
                "not_resources": [],
                "principals": [],
                "resources": [
                  "arn:aws:shield::*:protection/*"
                ],
                "sid": "ShieldTagResource"
              }
            ],
            "version": "2012-10-17"
          },
          "sensitive_attributes": [],
          "identity_schema_version": 0
        }
      ]
    },
    {
      "module": "module.retail_app_eks",
      "mode": "data",
      "type": "aws_iam_policy_document",
      "name": "node_assume_role_policy",
      "provider": "provider[\"registry.terraform.io/hashicorp/aws\"]",
      "instances": [
        {
          "index_key": 0,
          "schema_version": 0,
          "attributes": {
            "id": "3518401652",
            "json": "{\n  \"Version\": \"2012-10-17\",\n  \"Statement\": [\n    {\n      \"Sid\": \"EKSAutoNodeAssumeRole\",\n      \"Effect\": \"Allow\",\n      \"Action\": [\n        \"sts:TagSession\",\n        \"sts:AssumeRole\"\n      ],\n      \"Principal\": {\n        \"Service\": \"ec2.amazonaws.com\"\n      }\n    }\n  ]\n}",
            "minified_json": "{\"Version\":\"2012-10-17\",\"Statement\":[{\"Sid\":\"EKSAutoNodeAssumeRole\",\"Effect\":\"Allow\",\"Action\":[\"sts:TagSession\",\"sts:AssumeRole\"],\"Principal\":{\"Service\":\"ec2.amazonaws.com\"}}]}",
            "override_json": null,
            "override_policy_documents": null,
            "policy_id": null,
            "source_json": null,
            "source_policy_documents": null,
            "statement": [
              {
                "actions": [
                  "sts:AssumeRole",
                  "sts:TagSession"
                ],
                "condition": [],
                "effect": "Allow",
                "not_actions": [],
                "not_principals": [],
                "not_resources": [],
                "principals": [
                  {
                    "identifiers": [
                      "ec2.amazonaws.com"
                    ],
                    "type": "Service"
                  }
                ],
                "resources": [],
                "sid": "EKSAutoNodeAssumeRole"
              }
            ],
            "version": "2012-10-17"
          },
          "sensitive_attributes": [],
          "identity_schema_version": 0
        }
      ]
    },
    {
      "module": "module.retail_app_eks",
      "mode": "data",
      "type": "aws_iam_session_context",
      "name": "current",
      "provider": "provider[\"registry.terraform.io/hashicorp/aws\"]",
      "instances": [
        {
          "index_key": 0,
          "schema_version": 0,
          "attributes": {
            "arn": "arn:aws:iam::596507588379:user/linuxuser",
            "id": "arn:aws:iam::596507588379:user/linuxuser",
            "issuer_arn": "arn:aws:iam::596507588379:user/linuxuser",
            "issuer_id": "",
            "issuer_name": "",
            "session_name": ""
          },
          "sensitive_attributes": [],
          "identity_schema_version": 0
        }
      ]
    },
    {
      "module": "module.retail_app_eks",
      "mode": "data",
      "type": "aws_partition",
      "name": "current",
      "provider": "provider[\"registry.terraform.io/hashicorp/aws\"]",
      "instances": [
        {
          "index_key": 0,
          "schema_version": 0,
          "attributes": {
            "dns_suffix": "amazonaws.com",
            "id": "aws",
            "partition": "aws",
            "reverse_dns_prefix": "com.amazonaws"
          },
          "sensitive_attributes": [],
          "identity_schema_version": 0
        }
      ]
    },
    {
      "module": "module.retail_app_eks",
      "mode": "data",
      "type": "tls_certificate",
      "name": "this",
      "provider": "provider[\"registry.terraform.io/hashicorp/tls\"]",
      "instances": [
        {
          "index_key": 0,
          "schema_version": 0,
          "attributes": {
            "certificates": [
              {
                "cert_pem": "-----BEGIN CERTIFICATE-----\nMIIEkjCCA3qgAwIBAgITBn+USionzfP6wq4rAfkI7rnExjANBgkqhkiG9w0BAQsF\nADCBmDELMAkGA1UEBhMCVVMxEDAOBgNVBAgTB0FyaXpvbmExEzARBgNVBAcTClNj\nb3R0c2RhbGUxJTAjBgNVBAoTHFN0YXJmaWVsZCBUZWNobm9sb2dpZXMsIEluYy4x\nOzA5BgNVBAMTMlN0YXJmaWVsZCBTZXJ2aWNlcyBSb290IENlcnRpZmljYXRlIEF1\ndGhvcml0eSAtIEcyMB4XDTE1MDUyNTEyMDAwMFoXDTM3MTIzMTAxMDAwMFowOTEL\nMAkGA1UEBhMCVVMxDzANBgNVBAoTBkFtYXpvbjEZMBcGA1UEAxMQQW1hem9uIFJv\nb3QgQ0EgMTCCASIwDQYJKoZIhvcNAQEBBQADggEPADCCAQoCggEBALJ4gHHKeNXj\nca9HgFB0fW7Y14h29Jlo91ghYPl0hAEvrAIthtOgQ3pOsqTQNroBvo3bSMgHFzZM\n9O6II8c+6zf1tRn4SWiw3te5djgdYZ6k/oI2peVKVuRF4fn9tBb6dNqcmzU5L/qw\nIFAGbHrQgLKm+a/sRxmPUDgH3KKHOVj4utWp+UhnMJbulHheb4mjUcAwhmahRWa6\nVOujw5H5SNz/0egwLX0tdHA114gk957EWW67c4cX8jJGKLhD+rcdqsq08p8kDi1L\n93FcXmn/6pUCyziKrlA4b9v7LWIbxcceVOF34GfID5yHI9Y/QCB/IIDEgEw+OyQm\njgSubJrIqg0CAwEAAaOCATEwggEtMA8GA1UdEwEB/wQFMAMBAf8wDgYDVR0PAQH/\nBAQDAgGGMB0GA1UdDgQWBBSEGMyFNOy8DJSULghZnMeyEE4KCDAfBgNVHSMEGDAW\ngBScXwDfqgHXMCs4iKK4bUqc8hGRgzB4BggrBgEFBQcBAQRsMGowLgYIKwYBBQUH\nMAGGImh0dHA6Ly9vY3NwLnJvb3RnMi5hbWF6b250cnVzdC5jb20wOAYIKwYBBQUH\nMAKGLGh0dHA6Ly9jcnQucm9vdGcyLmFtYXpvbnRydXN0LmNvbS9yb290ZzIuY2Vy\nMD0GA1UdHwQ2MDQwMqAwoC6GLGh0dHA6Ly9jcmwucm9vdGcyLmFtYXpvbnRydXN0\nLmNvbS9yb290ZzIuY3JsMBEGA1UdIAQKMAgwBgYEVR0gADANBgkqhkiG9w0BAQsF\nAAOCAQEAYjdCXLwQtT6LLOkMm2xF4gcAevnFWAu5CIw+7bMlPLVvUOTNNWqnkzSW\nMiGpSESrnO09tKpzbeR/FoCJbM8oAxiDR3mjEH4wW6w7sGDgd9QIpuEdfF7Au/ma\neyKdpwAJfqxGF4PcnCZXmTA5YpaP7dreqsXMGz7KQ2hsVxa81Q4gLv7/wmpdLqBK\nbRRYh5TmOTFffHPLkIhqhBGWJ6bt2YFGpn6jcgAKUj6DiAdjd4lpFw85hdKrCEVN\n0FE6/V1dN2RMfjCyVSRCnTawXZwXgWHxyvkQAiSr6w10kY17RSlQOYiypok1JR4U\nakcjMS9cmvqtmg5iUaQqqcT5NJ0hGA==\n-----END CERTIFICATE-----\n",
                "is_ca": true,
                "issuer": "CN=Starfield Services Root Certificate Authority - G2,O=Starfield Technologies\\, Inc.,L=Scottsdale,ST=Arizona,C=US",
                "not_after": "2037-12-31T01:00:00Z",
                "not_before": "2015-05-25T12:00:00Z",
                "public_key_algorithm": "RSA",
                "serial_number": "144918191876577076464031512351042010504348870",
                "sha1_fingerprint": "06b25927c42a721631c1efd9431e648fa62e1e39",
                "signature_algorithm": "SHA256-RSA",
                "subject": "CN=Amazon Root CA 1,O=Amazon,C=US",
                "version": 3
              },
              {
                "cert_pem": "-----BEGIN CERTIFICATE-----\nMIIEXjCCA0agAwIBAgITB3MSTyqVLj7Rili9uF0bwM5fJzANBgkqhkiG9w0BAQsF\nADA5MQswCQYDVQQGEwJVUzEPMA0GA1UEChMGQW1hem9uMRkwFwYDVQQDExBBbWF6\nb24gUm9vdCBDQSAxMB4XDTIyMDgyMzIyMjYzNVoXDTMwMDgyMzIyMjYzNVowPDEL\nMAkGA1UEBhMCVVMxDzANBgNVBAoTBkFtYXpvbjEcMBoGA1UEAxMTQW1hem9uIFJT\nQSAyMDQ4IE0wNDCCASIwDQYJKoZIhvcNAQEBBQADggEPADCCAQoCggEBAM3pVR6A\nlQOp4xe776FdePXyejgA38mYx1ou9/jrpV6Sfn+/oqBKgwhY6ePsQHHQayWBJdBn\nv4Wz363qRI4XUh9swBFJ11TnZ3LqOMvHmWq2+loA0QPtOfXdJ2fHBLrBrngtJ/GB\n0p5olAVYrSZgvQGP16Rf8ddtNyxEEhYm3HuhmNi+vSeAq1tLYJPAvRCXonTpWdSD\nxY6hvdmxlqTYi82AtBXSfpGQ58HHM0hw0C6aQakghrwWi5fGslLOqzpimNMIsT7c\nqa0GJx6JfKqJqmQQNplO2h8n9ZsFJgBowof01ppdoLAWg6caMOM0om/VILKaa30F\n9W/r8Qjah7ltGVkCAwEAAaOCAVowggFWMBIGA1UdEwEB/wQIMAYBAf8CAQAwDgYD\nVR0PAQH/BAQDAgGGMB0GA1UdJQQWMBQGCCsGAQUFBwMBBggrBgEFBQcDAjAdBgNV\nHQ4EFgQUH1KSYVaCVH+BZtgdPQqqMlyH3QgwHwYDVR0jBBgwFoAUhBjMhTTsvAyU\nlC4IWZzHshBOCggwewYIKwYBBQUHAQEEbzBtMC8GCCsGAQUFBzABhiNodHRwOi8v\nb2NzcC5yb290Y2ExLmFtYXpvbnRydXN0LmNvbTA6BggrBgEFBQcwAoYuaHR0cDov\nL2NydC5yb290Y2ExLmFtYXpvbnRydXN0LmNvbS9yb290Y2ExLmNlcjA/BgNVHR8E\nODA2MDSgMqAwhi5odHRwOi8vY3JsLnJvb3RjYTEuYW1hem9udHJ1c3QuY29tL3Jv\nb3RjYTEuY3JsMBMGA1UdIAQMMAowCAYGZ4EMAQIBMA0GCSqGSIb3DQEBCwUAA4IB\nAQA+1O5UsAaNuW3lHzJtpNGwBnZd9QEYFtxpiAnIaV4qApnGS9OCw5ZPwie7YSlD\nZF5yyFPsFhUC2Q9uJHY/CRV1b5hIiGH0+6+w5PgKiY1MWuWT8VAaJjFxvuhM7a/e\nfN2TIw1Wd6WCl6YRisunjQOrSP+unqC8A540JNyZ1JOE3jVqat3OZBGgMvihdj2w\nY23EpwesrKiQzkHzmvSH67PVW4ycbPy08HVZnBxZ5NrlGG9bwXR3fNTaz+c+Ej6c\n5AnwI3qkOFgSkg3Y75cdFz6pO/olK+e3AqygAcv0WjzmkDPuBjssuZjCHMC56oH3\nGJkV29Di2j5prHJbwZjG1inU\n-----END CERTIFICATE-----\n",
                "is_ca": true,
                "issuer": "CN=Amazon Root CA 1,O=Amazon,C=US",
                "not_after": "2030-08-23T22:26:35Z",
                "not_before": "2022-08-23T22:26:35Z",
                "public_key_algorithm": "RSA",
                "serial_number": "166129359584585245282080020727744908546170663",
                "sha1_fingerprint": "e7b8b5a6743ce1b2f17b041de59558a41472d70c",
                "signature_algorithm": "SHA256-RSA",
                "subject": "CN=Amazon RSA 2048 M04,O=Amazon,C=US",
                "version": 3
              },
              {
                "cert_pem": "-----BEGIN CERTIFICATE-----\nMIIF3DCCBMSgAwIBAgIQBc7CF9iuy6gtYuKiVAdAEzANBgkqhkiG9w0BAQsFADA8\nMQswCQYDVQQGEwJVUzEPMA0GA1UEChMGQW1hem9uMRwwGgYDVQQDExNBbWF6b24g\nUlNBIDIwNDggTTA0MB4XDTI1MTAwNjAwMDAwMFoXDTI2MDQwMTIzNTk1OVowKDEm\nMCQGA1UEAwwdKi5la3MudXMtd2VzdC0yLmFtYXpvbmF3cy5jb20wggEiMA0GCSqG\nSIb3DQEBAQUAA4IBDwAwggEKAoIBAQDlK6G/5ndk62q9E+foI6DHkwhiDAS0Ehx+\nWV4YTV0m96EXn4Fnr1/Ieh7yVay/xz/9hJQsYgbjkRav21TAxVREWqTpBpOHDEXq\n89NiY3IQF4b9TFflOrcwLgDd0JtX3EIKEyUy/3+QCLP5iu/0LuwYJUMHmkwq1QIa\n1kOZkXDM5UO7Yq/ZotJjR5ROhGzcD6uEJut6Hx5HU50f8vtJY9aPOz/G01LZweqO\nMbeQVk/pqLeySO+gEwM1FxyF0H6mQP3FdHdIW/GowLAdkHdwtt9rUKScMKiwssmw\niV+c/P8n4JPaCfqZvLQIc5T/6tyRpdDF9wfJome+llvk0/FytdebAgMBAAGjggLs\nMIIC6DAfBgNVHSMEGDAWgBQfUpJhVoJUf4Fm2B09CqoyXIfdCDAdBgNVHQ4EFgQU\nwxRbt1dG0s5GUgAX/IxxbNxtt1kwKAYDVR0RBCEwH4IdKi5la3MudXMtd2VzdC0y\nLmFtYXpvbmF3cy5jb20wEwYDVR0gBAwwCjAIBgZngQwBAgEwDgYDVR0PAQH/BAQD\nAgWgMBMGA1UdJQQMMAoGCCsGAQUFBwMBMDsGA1UdHwQ0MDIwMKAuoCyGKmh0dHA6\nLy9jcmwucjJtMDQuYW1hem9udHJ1c3QuY29tL3IybTA0LmNybDB1BggrBgEFBQcB\nAQRpMGcwLQYIKwYBBQUHMAGGIWh0dHA6Ly9vY3NwLnIybTA0LmFtYXpvbnRydXN0\nLmNvbTA2BggrBgEFBQcwAoYqaHR0cDovL2NydC5yMm0wNC5hbWF6b250cnVzdC5j\nb20vcjJtMDQuY2VyMAwGA1UdEwEB/wQCMAAwggF+BgorBgEEAdZ5AgQCBIIBbgSC\nAWoBaAB2AJaXZL9VWJet90OHaDcIQnfp8DrV9qTzNm5GpD8PyqnGAAABmbtRaMoA\nAAQDAEcwRQIgYEhzfjdJQESIk6AcV5B3XSKHHCJsBjIon2XUDGibBEQCIQC2yM/1\n9/skavOaJyRzIpW9qL/cQhAT0vzx5TapKnZ6tAB2AGQRxGykEuyniRyiAi4AvKtP\nKAfUHjUnq+r+1QPJfc3wAAABmbtRaK4AAAQDAEcwRQIgGpnUC0SP+dNdTQOnPIRd\nTGCG6sa5ZRJN/TxC+fu78fUCIQDk/vbI+V8GIRGnMv1jsjz4ylRepzdaauK4v6QI\nu0mgkQB2AEmcm2neHXzs/DbezYdkprhbrwqHgBnRVVL76esp3fjDAAABmbtRaL4A\nAAQDAEcwRQIgbPnttAnosLJLAhhcSxxvpkobLx0SFvqBGBqXAgjfe6sCIQCzcY7B\ncGYaxOFz7LvLgwcnPJX08WYBiBXeLNnNJ5BHSzANBgkqhkiG9w0BAQsFAAOCAQEA\nJavL/Vf+nKvpMKYY3WajL5lwzBeo1AtLXGrAJdalKha+Sdct1cxeurlf1FIG7bfZ\nz2hKRTaLA+qe4a7eTzO5AjtVWYXg2CG0wzqjiqpjYKIvZoTRcHsTlVLyXsc5SOSH\noS2WmFUZ6fjDXUlxenYJyTY7aJ4U7sw03SpSIwJKkkZcCNpe+DWpUYbDs8/Z6LIS\nA7MkChzztJB7lBnsy4rkhZimwEjEbbpfsxH33vF9XLapvljIsh1g9a8z+n4y7ggI\nAZVEDLwJTGlZRQFG+cHVhm0+f6T+LoS893SH32FjtHh2rMk4VecHJ30vWfK7TyTA\nD/kdsiUOD8NGk5pmxpy4Zw==\n-----END CERTIFICATE-----\n",
                "is_ca": false,
                "issuer": "CN=Amazon RSA 2048 M04,O=Amazon,C=US",
                "not_after": "2026-04-01T23:59:59Z",
                "not_before": "2025-10-06T00:00:00Z",
                "public_key_algorithm": "RSA",
                "serial_number": "7719689808553677064881260671862784019",
                "sha1_fingerprint": "27d17a27ca2cb41421dc3be46e4d25ee24cbabd1",
                "signature_algorithm": "SHA256-RSA",
                "subject": "CN=*.eks.us-west-2.amazonaws.com",
                "version": 3
              }
            ],
            "content": null,
            "id": "4687b9863b4f2caa907e2ad6c9ffcf73433dc367",
            "url": "https://oidc.eks.us-west-2.amazonaws.com/id/9D6E0C61D0C5F6C6E26D89C7D396241D",
            "verify_chain": true
          },
          "sensitive_attributes": [],
          "identity_schema_version": 0
        }
      ]
    },
    {
      "module": "module.retail_app_eks",
      "mode": "managed",
      "type": "aws_cloudwatch_log_group",
      "name": "this",
      "provider": "provider[\"registry.terraform.io/hashicorp/aws\"]",
      "instances": [
        {
          "index_key": 0,
          "schema_version": 0,
          "attributes": {
            "arn": "arn:aws:logs:us-west-2:596507588379:log-group:/aws/eks/retail-store-bfkv/cluster",
            "id": "/aws/eks/retail-store-bfkv/cluster",
            "kms_key_id": "",
            "log_group_class": "STANDARD",
            "name": "/aws/eks/retail-store-bfkv/cluster",
            "name_prefix": "",
            "retention_in_days": 90,
            "skip_destroy": false,
            "tags": {
              "CreatedBy": "TrainWithShubhamCommunity",
              "CreatedDate": "2025-11-20",
              "Environment": "dev",
              "ManagedBy": "terraform",
              "Name": "/aws/eks/retail-store-bfkv/cluster",
              "Owner": "AIDAYVYU7O4NYCHHW6IKK",
              "Project": "retail-store"
            },
            "tags_all": {
              "CreatedBy": "TrainWithShubhamCommunity",
              "CreatedDate": "2025-11-20",
              "Environment": "dev",
              "ManagedBy": "terraform",
              "Name": "/aws/eks/retail-store-bfkv/cluster",
              "Owner": "AIDAYVYU7O4NYCHHW6IKK",
              "Project": "retail-store"
            }
          },
          "sensitive_attributes": [],
          "identity_schema_version": 0,
          "private": "bnVsbA==",
          "dependencies": [
            "data.aws_caller_identity.current",
            "random_string.suffix"
          ],
          "create_before_destroy": true
        }
      ]
    },
    {
      "module": "module.retail_app_eks",
      "mode": "managed",
      "type": "aws_ec2_tag",
      "name": "cluster_primary_security_group",
      "provider": "provider[\"registry.terraform.io/hashicorp/aws\"]",
      "instances": [
        {
          "index_key": "CreatedBy",
          "schema_version": 0,
          "attributes": {
            "id": "sg-0fa1c1f8b86324c7e,CreatedBy",
            "key": "CreatedBy",
            "resource_id": "sg-0fa1c1f8b86324c7e",
            "value": "TrainWithShubhamCommunity"
          },
          "sensitive_attributes": [],
          "identity_schema_version": 0,
          "private": "bnVsbA==",
          "dependencies": [
            "data.aws_availability_zones.available",
            "data.aws_caller_identity.current",
            "module.retail_app_eks.aws_cloudwatch_log_group.this",
            "module.retail_app_eks.aws_eks_cluster.this",
            "module.retail_app_eks.aws_iam_policy.cni_ipv6_policy",
            "module.retail_app_eks.aws_iam_role.eks_auto",
            "module.retail_app_eks.aws_iam_role.this",
            "module.retail_app_eks.aws_iam_role_policy_attachment.this",
            "module.retail_app_eks.aws_security_group.cluster",
            "module.retail_app_eks.aws_security_group.node",
            "module.retail_app_eks.aws_security_group_rule.cluster",
            "module.retail_app_eks.aws_security_group_rule.node",
            "module.retail_app_eks.data.aws_caller_identity.current",
            "module.retail_app_eks.data.aws_iam_policy_document.assume_role_policy",
            "module.retail_app_eks.data.aws_iam_policy_document.cni_ipv6_policy",
            "module.retail_app_eks.data.aws_iam_policy_document.node_assume_role_policy",
            "module.retail_app_eks.data.aws_iam_session_context.current",
            "module.retail_app_eks.data.aws_partition.current",
            "module.retail_app_eks.module.kms.aws_kms_external_key.this",
            "module.retail_app_eks.module.kms.aws_kms_key.this",
            "module.retail_app_eks.module.kms.aws_kms_replica_external_key.this",
            "module.retail_app_eks.module.kms.aws_kms_replica_key.this",
            "module.retail_app_eks.module.kms.data.aws_caller_identity.current",
            "module.retail_app_eks.module.kms.data.aws_iam_policy_document.this",
            "module.retail_app_eks.module.kms.data.aws_partition.current",
            "module.vpc.aws_subnet.private",
            "module.vpc.aws_vpc.this",
            "module.vpc.aws_vpc_ipv4_cidr_block_association.this",
            "random_string.suffix"
          ]
        },
        {
          "index_key": "CreatedDate",
          "schema_version": 0,
          "attributes": {
            "id": "sg-0fa1c1f8b86324c7e,CreatedDate",
            "key": "CreatedDate",
            "resource_id": "sg-0fa1c1f8b86324c7e",
            "value": "2025-11-20"
          },
          "sensitive_attributes": [],
          "identity_schema_version": 0,
          "private": "bnVsbA==",
          "dependencies": [
            "data.aws_availability_zones.available",
            "data.aws_caller_identity.current",
            "module.retail_app_eks.aws_cloudwatch_log_group.this",
            "module.retail_app_eks.aws_eks_cluster.this",
            "module.retail_app_eks.aws_iam_policy.cni_ipv6_policy",
            "module.retail_app_eks.aws_iam_role.eks_auto",
            "module.retail_app_eks.aws_iam_role.this",
            "module.retail_app_eks.aws_iam_role_policy_attachment.this",
            "module.retail_app_eks.aws_security_group.cluster",
            "module.retail_app_eks.aws_security_group.node",
            "module.retail_app_eks.aws_security_group_rule.cluster",
            "module.retail_app_eks.aws_security_group_rule.node",
            "module.retail_app_eks.data.aws_caller_identity.current",
            "module.retail_app_eks.data.aws_iam_policy_document.assume_role_policy",
            "module.retail_app_eks.data.aws_iam_policy_document.cni_ipv6_policy",
            "module.retail_app_eks.data.aws_iam_policy_document.node_assume_role_policy",
            "module.retail_app_eks.data.aws_iam_session_context.current",
            "module.retail_app_eks.data.aws_partition.current",
            "module.retail_app_eks.module.kms.aws_kms_external_key.this",
            "module.retail_app_eks.module.kms.aws_kms_key.this",
            "module.retail_app_eks.module.kms.aws_kms_replica_external_key.this",
            "module.retail_app_eks.module.kms.aws_kms_replica_key.this",
            "module.retail_app_eks.module.kms.data.aws_caller_identity.current",
            "module.retail_app_eks.module.kms.data.aws_iam_policy_document.this",
            "module.retail_app_eks.module.kms.data.aws_partition.current",
            "module.vpc.aws_subnet.private",
            "module.vpc.aws_vpc.this",
            "module.vpc.aws_vpc_ipv4_cidr_block_association.this",
            "random_string.suffix"
          ]
        },
        {
          "index_key": "Environment",
          "schema_version": 0,
          "attributes": {
            "id": "sg-0fa1c1f8b86324c7e,Environment",
            "key": "Environment",
            "resource_id": "sg-0fa1c1f8b86324c7e",
            "value": "dev"
          },
          "sensitive_attributes": [],
          "identity_schema_version": 0,
          "private": "bnVsbA==",
          "dependencies": [
            "data.aws_availability_zones.available",
            "data.aws_caller_identity.current",
            "module.retail_app_eks.aws_cloudwatch_log_group.this",
            "module.retail_app_eks.aws_eks_cluster.this",
            "module.retail_app_eks.aws_iam_policy.cni_ipv6_policy",
            "module.retail_app_eks.aws_iam_role.eks_auto",
            "module.retail_app_eks.aws_iam_role.this",
            "module.retail_app_eks.aws_iam_role_policy_attachment.this",
            "module.retail_app_eks.aws_security_group.cluster",
            "module.retail_app_eks.aws_security_group.node",
            "module.retail_app_eks.aws_security_group_rule.cluster",
            "module.retail_app_eks.aws_security_group_rule.node",
            "module.retail_app_eks.data.aws_caller_identity.current",
            "module.retail_app_eks.data.aws_iam_policy_document.assume_role_policy",
            "module.retail_app_eks.data.aws_iam_policy_document.cni_ipv6_policy",
            "module.retail_app_eks.data.aws_iam_policy_document.node_assume_role_policy",
            "module.retail_app_eks.data.aws_iam_session_context.current",
            "module.retail_app_eks.data.aws_partition.current",
            "module.retail_app_eks.module.kms.aws_kms_external_key.this",
            "module.retail_app_eks.module.kms.aws_kms_key.this",
            "module.retail_app_eks.module.kms.aws_kms_replica_external_key.this",
            "module.retail_app_eks.module.kms.aws_kms_replica_key.this",
            "module.retail_app_eks.module.kms.data.aws_caller_identity.current",
            "module.retail_app_eks.module.kms.data.aws_iam_policy_document.this",
            "module.retail_app_eks.module.kms.data.aws_partition.current",
            "module.vpc.aws_subnet.private",
            "module.vpc.aws_vpc.this",
            "module.vpc.aws_vpc_ipv4_cidr_block_association.this",
            "random_string.suffix"
          ]
        },
        {
          "index_key": "ManagedBy",
          "schema_version": 0,
          "attributes": {
            "id": "sg-0fa1c1f8b86324c7e,ManagedBy",
            "key": "ManagedBy",
            "resource_id": "sg-0fa1c1f8b86324c7e",
            "value": "terraform"
          },
          "sensitive_attributes": [],
          "identity_schema_version": 0,
          "private": "bnVsbA==",
          "dependencies": [
            "data.aws_availability_zones.available",
            "data.aws_caller_identity.current",
            "module.retail_app_eks.aws_cloudwatch_log_group.this",
            "module.retail_app_eks.aws_eks_cluster.this",
            "module.retail_app_eks.aws_iam_policy.cni_ipv6_policy",
            "module.retail_app_eks.aws_iam_role.eks_auto",
            "module.retail_app_eks.aws_iam_role.this",
            "module.retail_app_eks.aws_iam_role_policy_attachment.this",
            "module.retail_app_eks.aws_security_group.cluster",
            "module.retail_app_eks.aws_security_group.node",
            "module.retail_app_eks.aws_security_group_rule.cluster",
            "module.retail_app_eks.aws_security_group_rule.node",
            "module.retail_app_eks.data.aws_caller_identity.current",
            "module.retail_app_eks.data.aws_iam_policy_document.assume_role_policy",
            "module.retail_app_eks.data.aws_iam_policy_document.cni_ipv6_policy",
            "module.retail_app_eks.data.aws_iam_policy_document.node_assume_role_policy",
            "module.retail_app_eks.data.aws_iam_session_context.current",
            "module.retail_app_eks.data.aws_partition.current",
            "module.retail_app_eks.module.kms.aws_kms_external_key.this",
            "module.retail_app_eks.module.kms.aws_kms_key.this",
            "module.retail_app_eks.module.kms.aws_kms_replica_external_key.this",
            "module.retail_app_eks.module.kms.aws_kms_replica_key.this",
            "module.retail_app_eks.module.kms.data.aws_caller_identity.current",
            "module.retail_app_eks.module.kms.data.aws_iam_policy_document.this",
            "module.retail_app_eks.module.kms.data.aws_partition.current",
            "module.vpc.aws_subnet.private",
            "module.vpc.aws_vpc.this",
            "module.vpc.aws_vpc_ipv4_cidr_block_association.this",
            "random_string.suffix"
          ]
        },
        {
          "index_key": "Owner",
          "schema_version": 0,
          "attributes": {
            "id": "sg-0fa1c1f8b86324c7e,Owner",
            "key": "Owner",
            "resource_id": "sg-0fa1c1f8b86324c7e",
            "value": "AIDAYVYU7O4NYCHHW6IKK"
          },
          "sensitive_attributes": [],
          "identity_schema_version": 0,
          "private": "bnVsbA==",
          "dependencies": [
            "data.aws_availability_zones.available",
            "data.aws_caller_identity.current",
            "module.retail_app_eks.aws_cloudwatch_log_group.this",
            "module.retail_app_eks.aws_eks_cluster.this",
            "module.retail_app_eks.aws_iam_policy.cni_ipv6_policy",
            "module.retail_app_eks.aws_iam_role.eks_auto",
            "module.retail_app_eks.aws_iam_role.this",
            "module.retail_app_eks.aws_iam_role_policy_attachment.this",
            "module.retail_app_eks.aws_security_group.cluster",
            "module.retail_app_eks.aws_security_group.node",
            "module.retail_app_eks.aws_security_group_rule.cluster",
            "module.retail_app_eks.aws_security_group_rule.node",
            "module.retail_app_eks.data.aws_caller_identity.current",
            "module.retail_app_eks.data.aws_iam_policy_document.assume_role_policy",
            "module.retail_app_eks.data.aws_iam_policy_document.cni_ipv6_policy",
            "module.retail_app_eks.data.aws_iam_policy_document.node_assume_role_policy",
            "module.retail_app_eks.data.aws_iam_session_context.current",
            "module.retail_app_eks.data.aws_partition.current",
            "module.retail_app_eks.module.kms.aws_kms_external_key.this",
            "module.retail_app_eks.module.kms.aws_kms_key.this",
            "module.retail_app_eks.module.kms.aws_kms_replica_external_key.this",
            "module.retail_app_eks.module.kms.aws_kms_replica_key.this",
            "module.retail_app_eks.module.kms.data.aws_caller_identity.current",
            "module.retail_app_eks.module.kms.data.aws_iam_policy_document.this",
            "module.retail_app_eks.module.kms.data.aws_partition.current",
            "module.vpc.aws_subnet.private",
            "module.vpc.aws_vpc.this",
            "module.vpc.aws_vpc_ipv4_cidr_block_association.this",
            "random_string.suffix"
          ]
        },
        {
          "index_key": "Project",
          "schema_version": 0,
          "attributes": {
            "id": "sg-0fa1c1f8b86324c7e,Project",
            "key": "Project",
            "resource_id": "sg-0fa1c1f8b86324c7e",
            "value": "retail-store"
          },
          "sensitive_attributes": [],
          "identity_schema_version": 0,
          "private": "bnVsbA==",
          "dependencies": [
            "data.aws_availability_zones.available",
            "data.aws_caller_identity.current",
            "module.retail_app_eks.aws_cloudwatch_log_group.this",
            "module.retail_app_eks.aws_eks_cluster.this",
            "module.retail_app_eks.aws_iam_policy.cni_ipv6_policy",
            "module.retail_app_eks.aws_iam_role.eks_auto",
            "module.retail_app_eks.aws_iam_role.this",
            "module.retail_app_eks.aws_iam_role_policy_attachment.this",
            "module.retail_app_eks.aws_security_group.cluster",
            "module.retail_app_eks.aws_security_group.node",
            "module.retail_app_eks.aws_security_group_rule.cluster",
            "module.retail_app_eks.aws_security_group_rule.node",
            "module.retail_app_eks.data.aws_caller_identity.current",
            "module.retail_app_eks.data.aws_iam_policy_document.assume_role_policy",
            "module.retail_app_eks.data.aws_iam_policy_document.cni_ipv6_policy",
            "module.retail_app_eks.data.aws_iam_policy_document.node_assume_role_policy",
            "module.retail_app_eks.data.aws_iam_session_context.current",
            "module.retail_app_eks.data.aws_partition.current",
            "module.retail_app_eks.module.kms.aws_kms_external_key.this",
            "module.retail_app_eks.module.kms.aws_kms_key.this",
            "module.retail_app_eks.module.kms.aws_kms_replica_external_key.this",
            "module.retail_app_eks.module.kms.aws_kms_replica_key.this",
            "module.retail_app_eks.module.kms.data.aws_caller_identity.current",
            "module.retail_app_eks.module.kms.data.aws_iam_policy_document.this",
            "module.retail_app_eks.module.kms.data.aws_partition.current",
            "module.vpc.aws_subnet.private",
            "module.vpc.aws_vpc.this",
            "module.vpc.aws_vpc_ipv4_cidr_block_association.this",
            "random_string.suffix"
          ]
        }
      ]
    },
    {
      "module": "module.retail_app_eks",
      "mode": "managed",
      "type": "aws_eks_access_entry",
      "name": "this",
      "provider": "provider[\"registry.terraform.io/hashicorp/aws\"]",
      "instances": [
        {
          "index_key": "cluster_creator",
          "schema_version": 0,
          "attributes": {
            "access_entry_arn": "arn:aws:eks:us-west-2:596507588379:access-entry/retail-store-bfkv/user/596507588379/linuxuser/56cd5119-fcdc-5af1-e449-b5ea7537e742",
            "cluster_name": "retail-store-bfkv",
            "created_at": "2025-11-20T16:58:26Z",
            "id": "retail-store-bfkv:arn:aws:iam::596507588379:user/linuxuser",
            "kubernetes_groups": [],
            "modified_at": "2025-11-20T16:58:26Z",
            "principal_arn": "arn:aws:iam::596507588379:user/linuxuser",
            "tags": {
              "CreatedBy": "TrainWithShubhamCommunity",
              "CreatedDate": "2025-11-20",
              "Environment": "dev",
              "ManagedBy": "terraform",
              "Owner": "AIDAYVYU7O4NYCHHW6IKK",
              "Project": "retail-store"
            },
            "tags_all": {
              "CreatedBy": "TrainWithShubhamCommunity",
              "CreatedDate": "2025-11-20",
              "Environment": "dev",
              "ManagedBy": "terraform",
              "Owner": "AIDAYVYU7O4NYCHHW6IKK",
              "Project": "retail-store"
            },
            "timeouts": null,
            "type": "STANDARD",
            "user_name": "arn:aws:iam::596507588379:user/linuxuser"
          },
          "sensitive_attributes": [],
          "identity_schema_version": 0,
          "private": "eyJlMmJmYjczMC1lY2FhLTExZTYtOGY4OC0zNDM2M2JjN2M0YzAiOnsiY3JlYXRlIjo2MDAwMDAwMDAwMDAsImRlbGV0ZSI6NjAwMDAwMDAwMDAwfX0=",
          "dependencies": [
            "data.aws_availability_zones.available",
            "data.aws_caller_identity.current",
            "module.retail_app_eks.aws_cloudwatch_log_group.this",
            "module.retail_app_eks.aws_eks_cluster.this",
            "module.retail_app_eks.aws_iam_policy.cni_ipv6_policy",
            "module.retail_app_eks.aws_iam_role.eks_auto",
            "module.retail_app_eks.aws_iam_role.this",
            "module.retail_app_eks.aws_iam_role_policy_attachment.this",
            "module.retail_app_eks.aws_security_group.cluster",
            "module.retail_app_eks.aws_security_group.node",
            "module.retail_app_eks.aws_security_group_rule.cluster",
            "module.retail_app_eks.aws_security_group_rule.node",
            "module.retail_app_eks.data.aws_caller_identity.current",
            "module.retail_app_eks.data.aws_iam_policy_document.assume_role_policy",
            "module.retail_app_eks.data.aws_iam_policy_document.cni_ipv6_policy",
            "module.retail_app_eks.data.aws_iam_policy_document.node_assume_role_policy",
            "module.retail_app_eks.data.aws_iam_session_context.current",
            "module.retail_app_eks.data.aws_partition.current",
            "module.retail_app_eks.module.kms.aws_kms_external_key.this",
            "module.retail_app_eks.module.kms.aws_kms_key.this",
            "module.retail_app_eks.module.kms.aws_kms_replica_external_key.this",
            "module.retail_app_eks.module.kms.aws_kms_replica_key.this",
            "module.retail_app_eks.module.kms.data.aws_caller_identity.current",
            "module.retail_app_eks.module.kms.data.aws_iam_policy_document.this",
            "module.retail_app_eks.module.kms.data.aws_partition.current",
            "module.vpc.aws_subnet.private",
            "module.vpc.aws_vpc.this",
            "module.vpc.aws_vpc_ipv4_cidr_block_association.this",
            "random_string.suffix"
          ]
        }
      ]
    },
    {
      "module": "module.retail_app_eks",
      "mode": "managed",
      "type": "aws_eks_access_policy_association",
      "name": "this",
      "provider": "provider[\"registry.terraform.io/hashicorp/aws\"]",
      "instances": [
        {
          "index_key": "cluster_creator_admin",
          "schema_version": 0,
          "attributes": {
            "access_scope": [
              {
                "namespaces": [],
                "type": "cluster"
              }
            ],
            "associated_at": "2025-11-20 16:58:28.014 +0000 UTC",
            "cluster_name": "retail-store-bfkv",
            "id": "retail-store-bfkv#arn:aws:iam::596507588379:user/linuxuser#arn:aws:eks::aws:cluster-access-policy/AmazonEKSClusterAdminPolicy",
            "modified_at": "2025-11-20 16:58:28.014 +0000 UTC",
            "policy_arn": "arn:aws:eks::aws:cluster-access-policy/AmazonEKSClusterAdminPolicy",
            "principal_arn": "arn:aws:iam::596507588379:user/linuxuser",
            "timeouts": null
          },
          "sensitive_attributes": [],
          "identity_schema_version": 0,
          "private": "eyJlMmJmYjczMC1lY2FhLTExZTYtOGY4OC0zNDM2M2JjN2M0YzAiOnsiY3JlYXRlIjo2MDAwMDAwMDAwMDAsImRlbGV0ZSI6NjAwMDAwMDAwMDAwfX0=",
          "dependencies": [
            "data.aws_availability_zones.available",
            "data.aws_caller_identity.current",
            "module.retail_app_eks.aws_cloudwatch_log_group.this",
            "module.retail_app_eks.aws_eks_access_entry.this",
            "module.retail_app_eks.aws_eks_cluster.this",
            "module.retail_app_eks.aws_iam_policy.cni_ipv6_policy",
            "module.retail_app_eks.aws_iam_role.eks_auto",
            "module.retail_app_eks.aws_iam_role.this",
            "module.retail_app_eks.aws_iam_role_policy_attachment.this",
            "module.retail_app_eks.aws_security_group.cluster",
            "module.retail_app_eks.aws_security_group.node",
            "module.retail_app_eks.aws_security_group_rule.cluster",
            "module.retail_app_eks.aws_security_group_rule.node",
            "module.retail_app_eks.data.aws_caller_identity.current",
            "module.retail_app_eks.data.aws_iam_policy_document.assume_role_policy",
            "module.retail_app_eks.data.aws_iam_policy_document.cni_ipv6_policy",
            "module.retail_app_eks.data.aws_iam_policy_document.node_assume_role_policy",
            "module.retail_app_eks.data.aws_iam_session_context.current",
            "module.retail_app_eks.data.aws_partition.current",
            "module.retail_app_eks.module.kms.aws_kms_external_key.this",
            "module.retail_app_eks.module.kms.aws_kms_key.this",
            "module.retail_app_eks.module.kms.aws_kms_replica_external_key.this",
            "module.retail_app_eks.module.kms.aws_kms_replica_key.this",
            "module.retail_app_eks.module.kms.data.aws_caller_identity.current",
            "module.retail_app_eks.module.kms.data.aws_iam_policy_document.this",
            "module.retail_app_eks.module.kms.data.aws_partition.current",
            "module.vpc.aws_subnet.private",
            "module.vpc.aws_vpc.this",
            "module.vpc.aws_vpc_ipv4_cidr_block_association.this",
            "random_string.suffix"
          ]
        }
      ]
    },
    {
      "module": "module.retail_app_eks",
      "mode": "managed",
      "type": "aws_eks_cluster",
      "name": "this",
      "provider": "provider[\"registry.terraform.io/hashicorp/aws\"]",
      "instances": [
        {
          "index_key": 0,
          "schema_version": 1,
          "attributes": {
            "access_config": [
              {
                "authentication_mode": "API_AND_CONFIG_MAP",
                "bootstrap_cluster_creator_admin_permissions": false
              }
            ],
            "arn": "arn:aws:eks:us-west-2:596507588379:cluster/retail-store-bfkv",
            "bootstrap_self_managed_addons": false,
            "certificate_authority": [
              {
                "data": "LS0tLS1CRUdJTiBDRVJUSUZJQ0FURS0tLS0tCk1JSURCVENDQWUyZ0F3SUJBZ0lJVlA1WUtWNyt6T1V3RFFZSktvWklodmNOQVFFTEJRQXdGVEVUTUJFR0ExVUUKQXhNS2EzVmlaWEp1WlhSbGN6QWVGdzB5TlRFeE1qQXhOalEzTVRaYUZ3MHpOVEV4TVRneE5qVXlNVFphTUJVeApFekFSQmdOVkJBTVRDbXQxWW1WeWJtVjBaWE13Z2dFaU1BMEdDU3FHU0liM0RRRUJBUVVBQTRJQkR3QXdnZ0VLCkFvSUJBUUM2azhzNGR2VWdKSjBqU2FrT2pWWStaY1NZTzQxZVQ2THI5dHdkK2x2SFhhaTdNanowaFAwVTI1TDgKRzY1c3JRNHdMSVBhM0tCcWdSYU9GUmRxWEpZVVdIRDNEUk5yUXUzS0lFK1p5STAxSjQzRnU1enViczNHZlBldAoxb1lpMU01QVpFOEVyZlNoL1Q1UFkzbHBIRDhxSDNBVzNNUHFQc25OSDhHc3FjdHkwaWVJa2F6Y0FjeTM5ZGRKCksycE56WlhzM3AwVTd2RjI0NjU2elViMnExMjBzZVhGZW5QS2RnY3J2akJPYVpFckpyc3ZaWDJhTzFrSi9PblcKMXJJZ3daaGpkQkh2RjZTNjh2MTkxanNFK3VuQ3hVd3VGWHo5K3FnSGhSM1ZCc3RRdWl3M3FzYWFkVGZTMWRDWAp4RHgxdklQZXZ3Q28wRzVvbnpWYWkyRXN2azJWQWdNQkFBR2pXVEJYTUE0R0ExVWREd0VCL3dRRUF3SUNwREFQCkJnTlZIUk1CQWY4RUJUQURBUUgvTUIwR0ExVWREZ1FXQkJSQWtFQVozMlNoRlhwQnlkVzh5M1ZzYm05OGJUQVYKQmdOVkhSRUVEakFNZ2dwcmRXSmxjbTVsZEdWek1BMEdDU3FHU0liM0RRRUJDd1VBQTRJQkFRQXNNQkpSTGY1OQpNSS9SUkVEaXozU1g4cTNkRklxbDZzZWM5NTlPdnVlcDhHU2Q0TUJUTzlmck9HWEVFdjcrWmtSR1pkY3FFcHRVCjIrK3lIOWhlWFBkdlRPYXFUY2FxVis4RFJHa3JKdlFseG5pTXZOZU5GZ2VxOTZaem8wMFhKenRqRC95OVhPaDQKaFNHb0pGNkpkQWFMUUlzNGNtK2RtNlpFemt2Rk1NNUExRWZsYkZXRUtYeVY3VGJFNHJjc2xxb3B2S2hnN2MxSQo5THVkOERiVEFZVDRQYmljbUF4ZFBIbmFkSTdoUHVwaUZuLzlQTVdwaFR6TGhPVjk2NzNaN2FSUHpqTmxWUWJKCndGZGRJL2RSSExwUWZGOEVKZUdKNldWWlNIY3Myaisyak50N1R3RXJKb2pTRUdCeUpIUUhYYmRZemlpTDdCUisKSmpiUXR6VEIrMEJVCi0tLS0tRU5EIENFUlRJRklDQVRFLS0tLS0K"
              }
            ],
            "cluster_id": null,
            "compute_config": [
              {
                "enabled": true,
                "node_pools": [
                  "general-purpose"
                ],
                "node_role_arn": "arn:aws:iam::596507588379:role/retail-store-bfkv-eks-auto-20251120164537388400000002"
              }
            ],
            "created_at": "2025-11-20T16:46:11Z",
            "enabled_cluster_log_types": [],
            "encryption_config": [
              {
                "provider": [
                  {
                    "key_arn": "arn:aws:kms:us-west-2:596507588379:key/4f58fdb7-10d2-4035-a33a-b62a588519aa"
                  }
                ],
                "resources": [
                  "secrets"
                ]
              }
            ],
            "endpoint": "https://9D6E0C61D0C5F6C6E26D89C7D396241D.gr7.us-west-2.eks.amazonaws.com",
            "force_update_version": null,
            "id": "retail-store-bfkv",
            "identity": [
              {
                "oidc": [
                  {
                    "issuer": "https://oidc.eks.us-west-2.amazonaws.com/id/9D6E0C61D0C5F6C6E26D89C7D396241D"
                  }
                ]
              }
            ],
            "kubernetes_network_config": [
              {
                "elastic_load_balancing": [
                  {
                    "enabled": true
                  }
                ],
                "ip_family": "ipv4",
                "service_ipv4_cidr": "172.20.0.0/16",
                "service_ipv6_cidr": ""
              }
            ],
            "name": "retail-store-bfkv",
            "outpost_config": [],
            "platform_version": "eks.23",
            "remote_network_config": [],
            "role_arn": "arn:aws:iam::596507588379:role/retail-store-bfkv-cluster-20251120164537388200000001",
            "status": "ACTIVE",
            "storage_config": [
              {
                "block_storage": [
                  {
                    "enabled": true
                  }
                ]
              }
            ],
            "tags": {
              "CreatedBy": "TrainWithShubhamCommunity",
              "CreatedDate": "2025-11-20",
              "Environment": "dev",
              "ManagedBy": "terraform",
              "Owner": "AIDAYVYU7O4NYCHHW6IKK",
              "Project": "retail-store",
              "terraform-aws-modules": "eks"
            },
            "tags_all": {
              "CreatedBy": "TrainWithShubhamCommunity",
              "CreatedDate": "2025-11-20",
              "Environment": "dev",
              "ManagedBy": "terraform",
              "Owner": "AIDAYVYU7O4NYCHHW6IKK",
              "Project": "retail-store",
              "terraform-aws-modules": "eks"
            },
            "timeouts": {
              "create": null,
              "delete": null,
              "update": null
            },
            "upgrade_policy": [
              {
                "support_type": "EXTENDED"
              }
            ],
            "version": "1.33",
            "vpc_config": [
              {
                "cluster_security_group_id": "sg-0fa1c1f8b86324c7e",
                "endpoint_private_access": true,
                "endpoint_public_access": true,
                "public_access_cidrs": [
                  "0.0.0.0/0"
                ],
                "security_group_ids": [
                  "sg-04e4ef7f72d37b19f"
                ],
                "subnet_ids": [
                  "subnet-036064752d1ac8e04",
                  "subnet-07a007d5ecb1013e0",
                  "subnet-097656737ae09a394"
                ],
                "vpc_id": "vpc-0db20fc11bd80e840"
              }
            ],
            "zonal_shift_config": []
          },
          "sensitive_attributes": [],
          "identity_schema_version": 0,
          "private": "eyJlMmJmYjczMC1lY2FhLTExZTYtOGY4OC0zNDM2M2JjN2M0YzAiOnsiY3JlYXRlIjoxODAwMDAwMDAwMDAwLCJkZWxldGUiOjkwMDAwMDAwMDAwMCwidXBkYXRlIjozNjAwMDAwMDAwMDAwfSwic2NoZW1hX3ZlcnNpb24iOiIxIn0=",
          "dependencies": [
            "data.aws_availability_zones.available",
            "data.aws_caller_identity.current",
            "module.retail_app_eks.aws_cloudwatch_log_group.this",
            "module.retail_app_eks.aws_iam_policy.cni_ipv6_policy",
            "module.retail_app_eks.aws_iam_role.eks_auto",
            "module.retail_app_eks.aws_iam_role.this",
            "module.retail_app_eks.aws_iam_role_policy_attachment.this",
            "module.retail_app_eks.aws_security_group.cluster",
            "module.retail_app_eks.aws_security_group.node",
            "module.retail_app_eks.aws_security_group_rule.cluster",
            "module.retail_app_eks.aws_security_group_rule.node",
            "module.retail_app_eks.data.aws_caller_identity.current",
            "module.retail_app_eks.data.aws_iam_policy_document.assume_role_policy",
            "module.retail_app_eks.data.aws_iam_policy_document.cni_ipv6_policy",
            "module.retail_app_eks.data.aws_iam_policy_document.node_assume_role_policy",
            "module.retail_app_eks.data.aws_iam_session_context.current",
            "module.retail_app_eks.data.aws_partition.current",
            "module.retail_app_eks.module.kms.aws_kms_external_key.this",
            "module.retail_app_eks.module.kms.aws_kms_key.this",
            "module.retail_app_eks.module.kms.aws_kms_replica_external_key.this",
            "module.retail_app_eks.module.kms.aws_kms_replica_key.this",
            "module.retail_app_eks.module.kms.data.aws_caller_identity.current",
            "module.retail_app_eks.module.kms.data.aws_iam_policy_document.this",
            "module.retail_app_eks.module.kms.data.aws_partition.current",
            "module.vpc.aws_subnet.private",
            "module.vpc.aws_vpc.this",
            "module.vpc.aws_vpc_ipv4_cidr_block_association.this",
            "random_string.suffix"
          ],
          "create_before_destroy": true
        }
      ]
    },
    {
      "module": "module.retail_app_eks",
      "mode": "managed",
      "type": "aws_iam_openid_connect_provider",
      "name": "oidc_provider",
      "provider": "provider[\"registry.terraform.io/hashicorp/aws\"]",
      "instances": [
        {
          "index_key": 0,
          "schema_version": 0,
          "attributes": {
            "arn": "arn:aws:iam::596507588379:oidc-provider/oidc.eks.us-west-2.amazonaws.com/id/9D6E0C61D0C5F6C6E26D89C7D396241D",
            "client_id_list": [
              "sts.amazonaws.com"
            ],
            "id": "arn:aws:iam::596507588379:oidc-provider/oidc.eks.us-west-2.amazonaws.com/id/9D6E0C61D0C5F6C6E26D89C7D396241D",
            "tags": {
              "CreatedBy": "TrainWithShubhamCommunity",
              "CreatedDate": "2025-11-20",
              "Environment": "dev",
              "ManagedBy": "terraform",
              "Name": "retail-store-bfkv-eks-irsa",
              "Owner": "AIDAYVYU7O4NYCHHW6IKK",
              "Project": "retail-store"
            },
            "tags_all": {
              "CreatedBy": "TrainWithShubhamCommunity",
              "CreatedDate": "2025-11-20",
              "Environment": "dev",
              "ManagedBy": "terraform",
              "Name": "retail-store-bfkv-eks-irsa",
              "Owner": "AIDAYVYU7O4NYCHHW6IKK",
              "Project": "retail-store"
            },
            "thumbprint_list": [
              "06b25927c42a721631c1efd9431e648fa62e1e39"
            ],
            "url": "oidc.eks.us-west-2.amazonaws.com/id/9D6E0C61D0C5F6C6E26D89C7D396241D"
          },
          "sensitive_attributes": [],
          "identity_schema_version": 0,
          "private": "bnVsbA==",
          "dependencies": [
            "data.aws_availability_zones.available",
            "data.aws_caller_identity.current",
            "module.retail_app_eks.aws_cloudwatch_log_group.this",
            "module.retail_app_eks.aws_eks_cluster.this",
            "module.retail_app_eks.aws_iam_policy.cni_ipv6_policy",
            "module.retail_app_eks.aws_iam_role.eks_auto",
            "module.retail_app_eks.aws_iam_role.this",
            "module.retail_app_eks.aws_iam_role_policy_attachment.this",
            "module.retail_app_eks.aws_security_group.cluster",
            "module.retail_app_eks.aws_security_group.node",
            "module.retail_app_eks.aws_security_group_rule.cluster",
            "module.retail_app_eks.aws_security_group_rule.node",
            "module.retail_app_eks.data.aws_caller_identity.current",
            "module.retail_app_eks.data.aws_iam_policy_document.assume_role_policy",
            "module.retail_app_eks.data.aws_iam_policy_document.cni_ipv6_policy",
            "module.retail_app_eks.data.aws_iam_policy_document.node_assume_role_policy",
            "module.retail_app_eks.data.aws_iam_session_context.current",
            "module.retail_app_eks.data.aws_partition.current",
            "module.retail_app_eks.data.tls_certificate.this",
            "module.retail_app_eks.module.kms.aws_kms_external_key.this",
            "module.retail_app_eks.module.kms.aws_kms_key.this",
            "module.retail_app_eks.module.kms.aws_kms_replica_external_key.this",
            "module.retail_app_eks.module.kms.aws_kms_replica_key.this",
            "module.retail_app_eks.module.kms.data.aws_caller_identity.current",
            "module.retail_app_eks.module.kms.data.aws_iam_policy_document.this",
            "module.retail_app_eks.module.kms.data.aws_partition.current",
            "module.vpc.aws_subnet.private",
            "module.vpc.aws_vpc.this",
            "module.vpc.aws_vpc_ipv4_cidr_block_association.this",
            "random_string.suffix"
          ]
        }
      ]
    },
    {
      "module": "module.retail_app_eks",
      "mode": "managed",
      "type": "aws_iam_policy",
      "name": "cluster_encryption",
      "provider": "provider[\"registry.terraform.io/hashicorp/aws\"]",
      "instances": [
        {
          "index_key": 0,
          "schema_version": 0,
          "attributes": {
            "arn": "arn:aws:iam::596507588379:policy/retail-store-bfkv-cluster-ClusterEncryption2025112016460816030000000e",
            "attachment_count": 1,
            "description": "Cluster encryption policy to allow cluster role to utilize CMK provided",
            "id": "arn:aws:iam::596507588379:policy/retail-store-bfkv-cluster-ClusterEncryption2025112016460816030000000e",
            "name": "retail-store-bfkv-cluster-ClusterEncryption2025112016460816030000000e",
            "name_prefix": "retail-store-bfkv-cluster-ClusterEncryption",
            "path": "/",
            "policy": "{\"Statement\":[{\"Action\":[\"kms:Encrypt\",\"kms:Decrypt\",\"kms:ListGrants\",\"kms:DescribeKey\"],\"Effect\":\"Allow\",\"Resource\":\"arn:aws:kms:us-west-2:596507588379:key/4f58fdb7-10d2-4035-a33a-b62a588519aa\"}],\"Version\":\"2012-10-17\"}",
            "policy_id": "ANPAYVYU7O4N6MO5HPPJT",
            "tags": {
              "CreatedBy": "TrainWithShubhamCommunity",
              "CreatedDate": "2025-11-20",
              "Environment": "dev",
              "ManagedBy": "terraform",
              "Owner": "AIDAYVYU7O4NYCHHW6IKK",
              "Project": "retail-store"
            },
            "tags_all": {
              "CreatedBy": "TrainWithShubhamCommunity",
              "CreatedDate": "2025-11-20",
              "Environment": "dev",
              "ManagedBy": "terraform",
              "Owner": "AIDAYVYU7O4NYCHHW6IKK",
              "Project": "retail-store"
            }
          },
          "sensitive_attributes": [],
          "identity_schema_version": 0,
          "private": "bnVsbA==",
          "dependencies": [
            "data.aws_caller_identity.current",
            "module.retail_app_eks.aws_iam_role.this",
            "module.retail_app_eks.data.aws_caller_identity.current",
            "module.retail_app_eks.data.aws_iam_policy_document.assume_role_policy",
            "module.retail_app_eks.data.aws_iam_session_context.current",
            "module.retail_app_eks.module.kms.aws_kms_external_key.this",
            "module.retail_app_eks.module.kms.aws_kms_key.this",
            "module.retail_app_eks.module.kms.aws_kms_replica_external_key.this",
            "module.retail_app_eks.module.kms.aws_kms_replica_key.this",
            "module.retail_app_eks.module.kms.data.aws_caller_identity.current",
            "module.retail_app_eks.module.kms.data.aws_iam_policy_document.this",
            "module.retail_app_eks.module.kms.data.aws_partition.current",
            "random_string.suffix"
          ]
        }
      ]
    },
    {
      "module": "module.retail_app_eks",
      "mode": "managed",
      "type": "aws_iam_policy",
      "name": "custom",
      "provider": "provider[\"registry.terraform.io/hashicorp/aws\"]",
      "instances": [
        {
          "index_key": 0,
          "schema_version": 0,
          "attributes": {
            "arn": "arn:aws:iam::596507588379:policy/retail-store-bfkv-cluster-20251120164537388500000003",
            "attachment_count": 1,
            "description": "",
            "id": "arn:aws:iam::596507588379:policy/retail-store-bfkv-cluster-20251120164537388500000003",
            "name": "retail-store-bfkv-cluster-20251120164537388500000003",
            "name_prefix": "retail-store-bfkv-cluster-",
            "path": "/",
            "policy": "{\"Statement\":[{\"Action\":[\"ec2:RunInstances\",\"ec2:CreateLaunchTemplate\",\"ec2:CreateFleet\"],\"Condition\":{\"StringEquals\":{\"aws:RequestTag/eks:eks-cluster-name\":\"${aws:PrincipalTag/eks:eks-cluster-name}\"},\"StringLike\":{\"aws:RequestTag/eks:kubernetes-node-class-name\":\"*\",\"aws:RequestTag/eks:kubernetes-node-pool-name\":\"*\"}},\"Effect\":\"Allow\",\"Resource\":\"*\",\"Sid\":\"Compute\"},{\"Action\":[\"ec2:CreateVolume\",\"ec2:CreateSnapshot\"],\"Condition\":{\"StringEquals\":{\"aws:RequestTag/eks:eks-cluster-name\":\"${aws:PrincipalTag/eks:eks-cluster-name}\"}},\"Effect\":\"Allow\",\"Resource\":[\"arn:aws:ec2:*:*:volume/*\",\"arn:aws:ec2:*:*:snapshot/*\"],\"Sid\":\"Storage\"},{\"Action\":\"ec2:CreateNetworkInterface\",\"Condition\":{\"StringEquals\":{\"aws:RequestTag/eks:eks-cluster-name\":\"${aws:PrincipalTag/eks:eks-cluster-name}\",\"aws:RequestTag/eks:kubernetes-cni-node-name\":\"*\"}},\"Effect\":\"Allow\",\"Resource\":\"*\",\"Sid\":\"Networking\"},{\"Action\":[\"elasticloadbalancing:CreateTargetGroup\",\"elasticloadbalancing:CreateRule\",\"elasticloadbalancing:CreateLoadBalancer\",\"elasticloadbalancing:CreateListener\",\"ec2:CreateSecurityGroup\"],\"Condition\":{\"StringEquals\":{\"aws:RequestTag/eks:eks-cluster-name\":\"${aws:PrincipalTag/eks:eks-cluster-name}\"}},\"Effect\":\"Allow\",\"Resource\":\"*\",\"Sid\":\"LoadBalancer\"},{\"Action\":\"shield:CreateProtection\",\"Condition\":{\"StringEquals\":{\"aws:RequestTag/eks:eks-cluster-name\":\"${aws:PrincipalTag/eks:eks-cluster-name}\"}},\"Effect\":\"Allow\",\"Resource\":\"*\",\"Sid\":\"ShieldProtection\"},{\"Action\":\"shield:TagResource\",\"Condition\":{\"StringEquals\":{\"aws:RequestTag/eks:eks-cluster-name\":\"${aws:PrincipalTag/eks:eks-cluster-name}\"}},\"Effect\":\"Allow\",\"Resource\":\"arn:aws:shield::*:protection/*\",\"Sid\":\"ShieldTagResource\"}],\"Version\":\"2012-10-17\"}",
            "policy_id": "ANPAYVYU7O4N52XEBWNH6",
            "tags": {
              "CreatedBy": "TrainWithShubhamCommunity",
              "CreatedDate": "2025-11-20",
              "Environment": "dev",
              "ManagedBy": "terraform",
              "Owner": "AIDAYVYU7O4NYCHHW6IKK",
              "Project": "retail-store"
            },
            "tags_all": {
              "CreatedBy": "TrainWithShubhamCommunity",
              "CreatedDate": "2025-11-20",
              "Environment": "dev",
              "ManagedBy": "terraform",
              "Owner": "AIDAYVYU7O4NYCHHW6IKK",
              "Project": "retail-store"
            }
          },
          "sensitive_attributes": [],
          "identity_schema_version": 0,
          "private": "bnVsbA==",
          "dependencies": [
            "data.aws_caller_identity.current",
            "module.retail_app_eks.data.aws_iam_policy_document.custom",
            "module.retail_app_eks.data.aws_partition.current",
            "random_string.suffix"
          ]
        }
      ]
    },
    {
      "module": "module.retail_app_eks",
      "mode": "managed",
      "type": "aws_iam_role",
      "name": "eks_auto",
      "provider": "provider[\"registry.terraform.io/hashicorp/aws\"]",
      "instances": [
        {
          "index_key": 0,
          "schema_version": 0,
          "attributes": {
            "arn": "arn:aws:iam::596507588379:role/retail-store-bfkv-eks-auto-20251120164537388400000002",
            "assume_role_policy": "{\"Statement\":[{\"Action\":[\"sts:TagSession\",\"sts:AssumeRole\"],\"Effect\":\"Allow\",\"Principal\":{\"Service\":\"ec2.amazonaws.com\"},\"Sid\":\"EKSAutoNodeAssumeRole\"}],\"Version\":\"2012-10-17\"}",
            "create_date": "2025-11-20T16:45:38Z",
            "description": "",
            "force_detach_policies": true,
            "id": "retail-store-bfkv-eks-auto-20251120164537388400000002",
            "inline_policy": [],
            "managed_policy_arns": [
              "arn:aws:iam::aws:policy/AmazonEC2ContainerRegistryPullOnly",
              "arn:aws:iam::aws:policy/AmazonEKSWorkerNodeMinimalPolicy"
            ],
            "max_session_duration": 3600,
            "name": "retail-store-bfkv-eks-auto-20251120164537388400000002",
            "name_prefix": "retail-store-bfkv-eks-auto-",
            "path": "/",
            "permissions_boundary": "",
            "tags": {
              "CreatedBy": "TrainWithShubhamCommunity",
              "CreatedDate": "2025-11-20",
              "Environment": "dev",
              "ManagedBy": "terraform",
              "Owner": "AIDAYVYU7O4NYCHHW6IKK",
              "Project": "retail-store"
            },
            "tags_all": {
              "CreatedBy": "TrainWithShubhamCommunity",
              "CreatedDate": "2025-11-20",
              "Environment": "dev",
              "ManagedBy": "terraform",
              "Owner": "AIDAYVYU7O4NYCHHW6IKK",
              "Project": "retail-store"
            },
            "unique_id": "AROAYVYU7O4N34KA42T4S"
          },
          "sensitive_attributes": [],
          "identity_schema_version": 0,
          "private": "bnVsbA==",
          "dependencies": [
            "data.aws_caller_identity.current",
            "module.retail_app_eks.data.aws_iam_policy_document.node_assume_role_policy",
            "random_string.suffix"
          ],
          "create_before_destroy": true
        }
      ]
    },
    {
      "module": "module.retail_app_eks",
      "mode": "managed",
      "type": "aws_iam_role",
      "name": "this",
      "provider": "provider[\"registry.terraform.io/hashicorp/aws\"]",
      "instances": [
        {
          "index_key": 0,
          "schema_version": 0,
          "attributes": {
            "arn": "arn:aws:iam::596507588379:role/retail-store-bfkv-cluster-20251120164537388200000001",
            "assume_role_policy": "{\"Statement\":[{\"Action\":[\"sts:TagSession\",\"sts:AssumeRole\"],\"Effect\":\"Allow\",\"Principal\":{\"Service\":\"eks.amazonaws.com\"},\"Sid\":\"EKSClusterAssumeRole\"}],\"Version\":\"2012-10-17\"}",
            "create_date": "2025-11-20T16:45:38Z",
            "description": "",
            "force_detach_policies": true,
            "id": "retail-store-bfkv-cluster-20251120164537388200000001",
            "inline_policy": [],
            "managed_policy_arns": [
              "arn:aws:iam::596507588379:policy/retail-store-bfkv-cluster-20251120164537388500000003",
              "arn:aws:iam::596507588379:policy/retail-store-bfkv-cluster-ClusterEncryption2025112016460816030000000e",
              "arn:aws:iam::aws:policy/AmazonEKSBlockStoragePolicy",
              "arn:aws:iam::aws:policy/AmazonEKSClusterPolicy",
              "arn:aws:iam::aws:policy/AmazonEKSComputePolicy",
              "arn:aws:iam::aws:policy/AmazonEKSLoadBalancingPolicy",
              "arn:aws:iam::aws:policy/AmazonEKSNetworkingPolicy"
            ],
            "max_session_duration": 3600,
            "name": "retail-store-bfkv-cluster-20251120164537388200000001",
            "name_prefix": "retail-store-bfkv-cluster-",
            "path": "/",
            "permissions_boundary": "",
            "tags": {
              "CreatedBy": "TrainWithShubhamCommunity",
              "CreatedDate": "2025-11-20",
              "Environment": "dev",
              "ManagedBy": "terraform",
              "Owner": "AIDAYVYU7O4NYCHHW6IKK",
              "Project": "retail-store"
            },
            "tags_all": {
              "CreatedBy": "TrainWithShubhamCommunity",
              "CreatedDate": "2025-11-20",
              "Environment": "dev",
              "ManagedBy": "terraform",
              "Owner": "AIDAYVYU7O4NYCHHW6IKK",
              "Project": "retail-store"
            },
            "unique_id": "AROAYVYU7O4N2SLQDDFVM"
          },
          "sensitive_attributes": [],
          "identity_schema_version": 0,
          "private": "bnVsbA==",
          "dependencies": [
            "data.aws_caller_identity.current",
            "module.retail_app_eks.data.aws_iam_policy_document.assume_role_policy",
            "random_string.suffix"
          ],
          "create_before_destroy": true
        }
      ]
    },
    {
      "module": "module.retail_app_eks",
      "mode": "managed",
      "type": "aws_iam_role_policy_attachment",
      "name": "cluster_encryption",
      "provider": "provider[\"registry.terraform.io/hashicorp/aws\"]",
      "instances": [
        {
          "index_key": 0,
          "schema_version": 0,
          "attributes": {
            "id": "retail-store-bfkv-cluster-20251120164537388200000001-2025112016460955910000000f",
            "policy_arn": "arn:aws:iam::596507588379:policy/retail-store-bfkv-cluster-ClusterEncryption2025112016460816030000000e",
            "role": "retail-store-bfkv-cluster-20251120164537388200000001"
          },
          "sensitive_attributes": [],
          "identity_schema_version": 0,
          "private": "bnVsbA==",
          "dependencies": [
            "data.aws_caller_identity.current",
            "module.retail_app_eks.aws_iam_policy.cluster_encryption",
            "module.retail_app_eks.aws_iam_role.this",
            "module.retail_app_eks.data.aws_caller_identity.current",
            "module.retail_app_eks.data.aws_iam_policy_document.assume_role_policy",
            "module.retail_app_eks.data.aws_iam_session_context.current",
            "module.retail_app_eks.module.kms.aws_kms_external_key.this",
            "module.retail_app_eks.module.kms.aws_kms_key.this",
            "module.retail_app_eks.module.kms.aws_kms_replica_external_key.this",
            "module.retail_app_eks.module.kms.aws_kms_replica_key.this",
            "module.retail_app_eks.module.kms.data.aws_caller_identity.current",
            "module.retail_app_eks.module.kms.data.aws_iam_policy_document.this",
            "module.retail_app_eks.module.kms.data.aws_partition.current",
            "random_string.suffix"
          ]
        }
      ]
    },
    {
      "module": "module.retail_app_eks",
      "mode": "managed",
      "type": "aws_iam_role_policy_attachment",
      "name": "custom",
      "provider": "provider[\"registry.terraform.io/hashicorp/aws\"]",
      "instances": [
        {
          "index_key": 0,
          "schema_version": 0,
          "attributes": {
            "id": "retail-store-bfkv-cluster-20251120164537388200000001-20251120164540437200000009",
            "policy_arn": "arn:aws:iam::596507588379:policy/retail-store-bfkv-cluster-20251120164537388500000003",
            "role": "retail-store-bfkv-cluster-20251120164537388200000001"
          },
          "sensitive_attributes": [],
          "identity_schema_version": 0,
          "private": "bnVsbA==",
          "dependencies": [
            "data.aws_caller_identity.current",
            "module.retail_app_eks.aws_iam_policy.custom",
            "module.retail_app_eks.aws_iam_role.this",
            "module.retail_app_eks.data.aws_iam_policy_document.assume_role_policy",
            "module.retail_app_eks.data.aws_iam_policy_document.custom",
            "module.retail_app_eks.data.aws_partition.current",
            "random_string.suffix"
          ]
        }
      ]
    },
    {
      "module": "module.retail_app_eks",
      "mode": "managed",
      "type": "aws_iam_role_policy_attachment",
      "name": "eks_auto",
      "provider": "provider[\"registry.terraform.io/hashicorp/aws\"]",
      "instances": [
        {
          "index_key": "AmazonEC2ContainerRegistryPullOnly",
          "schema_version": 0,
          "attributes": {
            "id": "retail-store-bfkv-eks-auto-20251120164537388400000002-2025112016454078770000000c",
            "policy_arn": "arn:aws:iam::aws:policy/AmazonEC2ContainerRegistryPullOnly",
            "role": "retail-store-bfkv-eks-auto-20251120164537388400000002"
          },
          "sensitive_attributes": [],
          "identity_schema_version": 0,
          "private": "bnVsbA==",
          "dependencies": [
            "data.aws_caller_identity.current",
            "module.retail_app_eks.aws_iam_role.eks_auto",
            "module.retail_app_eks.data.aws_iam_policy_document.node_assume_role_policy",
            "module.retail_app_eks.data.aws_partition.current",
            "random_string.suffix"
          ]
        },
        {
          "index_key": "AmazonEKSWorkerNodeMinimalPolicy",
          "schema_version": 0,
          "attributes": {
            "id": "retail-store-bfkv-eks-auto-20251120164537388400000002-2025112016454120520000000d",
            "policy_arn": "arn:aws:iam::aws:policy/AmazonEKSWorkerNodeMinimalPolicy",
            "role": "retail-store-bfkv-eks-auto-20251120164537388400000002"
          },
          "sensitive_attributes": [],
          "identity_schema_version": 0,
          "private": "bnVsbA==",
          "dependencies": [
            "data.aws_caller_identity.current",
            "module.retail_app_eks.aws_iam_role.eks_auto",
            "module.retail_app_eks.data.aws_iam_policy_document.node_assume_role_policy",
            "module.retail_app_eks.data.aws_partition.current",
            "random_string.suffix"
          ]
        }
      ]
    },
    {
      "module": "module.retail_app_eks",
      "mode": "managed",
      "type": "aws_iam_role_policy_attachment",
      "name": "this",
      "provider": "provider[\"registry.terraform.io/hashicorp/aws\"]",
      "instances": [
        {
          "index_key": "AmazonEKSBlockStoragePolicy",
          "schema_version": 0,
          "attributes": {
            "id": "retail-store-bfkv-cluster-20251120164537388200000001-2025112016454064600000000b",
            "policy_arn": "arn:aws:iam::aws:policy/AmazonEKSBlockStoragePolicy",
            "role": "retail-store-bfkv-cluster-20251120164537388200000001"
          },
          "sensitive_attributes": [],
          "identity_schema_version": 0,
          "private": "bnVsbA==",
          "dependencies": [
            "data.aws_caller_identity.current",
            "module.retail_app_eks.aws_iam_role.this",
            "module.retail_app_eks.data.aws_iam_policy_document.assume_role_policy",
            "module.retail_app_eks.data.aws_partition.current",
            "random_string.suffix"
          ],
          "create_before_destroy": true
        },
        {
          "index_key": "AmazonEKSClusterPolicy",
          "schema_version": 0,
          "attributes": {
            "id": "retail-store-bfkv-cluster-20251120164537388200000001-20251120164540124000000007",
            "policy_arn": "arn:aws:iam::aws:policy/AmazonEKSClusterPolicy",
            "role": "retail-store-bfkv-cluster-20251120164537388200000001"
          },
          "sensitive_attributes": [],
          "identity_schema_version": 0,
          "private": "bnVsbA==",
          "dependencies": [
            "data.aws_caller_identity.current",
            "module.retail_app_eks.aws_iam_role.this",
            "module.retail_app_eks.data.aws_iam_policy_document.assume_role_policy",
            "module.retail_app_eks.data.aws_partition.current",
            "random_string.suffix"
          ],
          "create_before_destroy": true
        },
        {
          "index_key": "AmazonEKSComputePolicy",
          "schema_version": 0,
          "attributes": {
            "id": "retail-store-bfkv-cluster-20251120164537388200000001-20251120164540209000000008",
            "policy_arn": "arn:aws:iam::aws:policy/AmazonEKSComputePolicy",
            "role": "retail-store-bfkv-cluster-20251120164537388200000001"
          },
          "sensitive_attributes": [],
          "identity_schema_version": 0,
          "private": "bnVsbA==",
          "dependencies": [
            "data.aws_caller_identity.current",
            "module.retail_app_eks.aws_iam_role.this",
            "module.retail_app_eks.data.aws_iam_policy_document.assume_role_policy",
            "module.retail_app_eks.data.aws_partition.current",
            "random_string.suffix"
          ],
          "create_before_destroy": true
        },
        {
          "index_key": "AmazonEKSLoadBalancingPolicy",
          "schema_version": 0,
          "attributes": {
            "id": "retail-store-bfkv-cluster-20251120164537388200000001-20251120164540123500000006",
            "policy_arn": "arn:aws:iam::aws:policy/AmazonEKSLoadBalancingPolicy",
            "role": "retail-store-bfkv-cluster-20251120164537388200000001"
          },
          "sensitive_attributes": [],
          "identity_schema_version": 0,
          "private": "bnVsbA==",
          "dependencies": [
            "data.aws_caller_identity.current",
            "module.retail_app_eks.aws_iam_role.this",
            "module.retail_app_eks.data.aws_iam_policy_document.assume_role_policy",
            "module.retail_app_eks.data.aws_partition.current",
            "random_string.suffix"
          ],
          "create_before_destroy": true
        },
        {
          "index_key": "AmazonEKSNetworkingPolicy",
          "schema_version": 0,
          "attributes": {
            "id": "retail-store-bfkv-cluster-20251120164537388200000001-2025112016454051010000000a",
            "policy_arn": "arn:aws:iam::aws:policy/AmazonEKSNetworkingPolicy",
            "role": "retail-store-bfkv-cluster-20251120164537388200000001"
          },
          "sensitive_attributes": [],
          "identity_schema_version": 0,
          "private": "bnVsbA==",
          "dependencies": [
            "data.aws_caller_identity.current",
            "module.retail_app_eks.aws_iam_role.this",
            "module.retail_app_eks.data.aws_iam_policy_document.assume_role_policy",
            "module.retail_app_eks.data.aws_partition.current",
            "random_string.suffix"
          ],
          "create_before_destroy": true
        }
      ]
    },
    {
      "module": "module.retail_app_eks",
      "mode": "managed",
      "type": "aws_security_group",
      "name": "cluster",
      "provider": "provider[\"registry.terraform.io/hashicorp/aws\"]",
      "instances": [
        {
          "index_key": 0,
          "schema_version": 1,
          "attributes": {
            "arn": "arn:aws:ec2:us-west-2:596507588379:security-group/sg-04e4ef7f72d37b19f",
            "description": "EKS cluster security group",
            "egress": [],
            "id": "sg-04e4ef7f72d37b19f",
            "ingress": [
              {
                "cidr_blocks": [],
                "description": "Node groups to cluster API",
                "from_port": 443,
                "ipv6_cidr_blocks": [],
                "prefix_list_ids": [],
                "protocol": "tcp",
                "security_groups": [
                  "sg-09536079b6e54f9b5"
                ],
                "self": false,
                "to_port": 443
              }
            ],
            "name": "retail-store-bfkv-cluster-20251120164537397900000004",
            "name_prefix": "retail-store-bfkv-cluster-",
            "owner_id": "596507588379",
            "revoke_rules_on_delete": false,
            "tags": {
              "CreatedBy": "TrainWithShubhamCommunity",
              "CreatedDate": "2025-11-20",
              "Environment": "dev",
              "ManagedBy": "terraform",
              "Name": "retail-store-bfkv-cluster",
              "Owner": "AIDAYVYU7O4NYCHHW6IKK",
              "Project": "retail-store"
            },
            "tags_all": {
              "CreatedBy": "TrainWithShubhamCommunity",
              "CreatedDate": "2025-11-20",
              "Environment": "dev",
              "ManagedBy": "terraform",
              "Name": "retail-store-bfkv-cluster",
              "Owner": "AIDAYVYU7O4NYCHHW6IKK",
              "Project": "retail-store"
            },
            "timeouts": null,
            "vpc_id": "vpc-0db20fc11bd80e840"
          },
          "sensitive_attributes": [],
          "identity_schema_version": 0,
          "private": "eyJlMmJmYjczMC1lY2FhLTExZTYtOGY4OC0zNDM2M2JjN2M0YzAiOnsiY3JlYXRlIjo2MDAwMDAwMDAwMDAsImRlbGV0ZSI6OTAwMDAwMDAwMDAwfSwic2NoZW1hX3ZlcnNpb24iOiIxIn0=",
          "dependencies": [
            "data.aws_caller_identity.current",
            "module.vpc.aws_vpc.this",
            "random_string.suffix"
          ],
          "create_before_destroy": true
        }
      ]
    },
    {
      "module": "module.retail_app_eks",
      "mode": "managed",
      "type": "aws_security_group",
      "name": "node",
      "provider": "provider[\"registry.terraform.io/hashicorp/aws\"]",
      "instances": [
        {
          "index_key": 0,
          "schema_version": 1,
          "attributes": {
            "arn": "arn:aws:ec2:us-west-2:596507588379:security-group/sg-09536079b6e54f9b5",
            "description": "EKS node shared security group",
            "egress": [
              {
                "cidr_blocks": [
                  "0.0.0.0/0"
                ],
                "description": "Allow all egress",
                "from_port": 0,
                "ipv6_cidr_blocks": [],
                "prefix_list_ids": [],
                "protocol": "-1",
                "security_groups": [],
                "self": false,
                "to_port": 0
              }
            ],
            "id": "sg-09536079b6e54f9b5",
            "ingress": [
              {
                "cidr_blocks": [],
                "description": "Cluster API to node 4443/tcp webhook",
                "from_port": 4443,
                "ipv6_cidr_blocks": [],
                "prefix_list_ids": [],
                "protocol": "tcp",
                "security_groups": [
                  "sg-04e4ef7f72d37b19f"
                ],
                "self": false,
                "to_port": 4443
              },
              {
                "cidr_blocks": [],
                "description": "Cluster API to node 6443/tcp webhook",
                "from_port": 6443,
                "ipv6_cidr_blocks": [],
                "prefix_list_ids": [],
                "protocol": "tcp",
                "security_groups": [
                  "sg-04e4ef7f72d37b19f"
                ],
                "self": false,
                "to_port": 6443
              },
              {
                "cidr_blocks": [],
                "description": "Cluster API to node 8443/tcp webhook",
                "from_port": 8443,
                "ipv6_cidr_blocks": [],
                "prefix_list_ids": [],
                "protocol": "tcp",
                "security_groups": [
                  "sg-04e4ef7f72d37b19f"
                ],
                "self": false,
                "to_port": 8443
              },
              {
                "cidr_blocks": [],
                "description": "Cluster API to node 9443/tcp webhook",
                "from_port": 9443,
                "ipv6_cidr_blocks": [],
                "prefix_list_ids": [],
                "protocol": "tcp",
                "security_groups": [
                  "sg-04e4ef7f72d37b19f"
                ],
                "self": false,
                "to_port": 9443
              },
              {
                "cidr_blocks": [],
                "description": "Cluster API to node groups",
                "from_port": 443,
                "ipv6_cidr_blocks": [],
                "prefix_list_ids": [],
                "protocol": "tcp",
                "security_groups": [
                  "sg-04e4ef7f72d37b19f"
                ],
                "self": false,
                "to_port": 443
              },
              {
                "cidr_blocks": [],
                "description": "Cluster API to node kubelets",
                "from_port": 10250,
                "ipv6_cidr_blocks": [],
                "prefix_list_ids": [],
                "protocol": "tcp",
                "security_groups": [
                  "sg-04e4ef7f72d37b19f"
                ],
                "self": false,
                "to_port": 10250
              },
              {
                "cidr_blocks": [],
                "description": "Node to node CoreDNS UDP",
                "from_port": 53,
                "ipv6_cidr_blocks": [],
                "prefix_list_ids": [],
                "protocol": "udp",
                "security_groups": [],
                "self": true,
                "to_port": 53
              },
              {
                "cidr_blocks": [],
                "description": "Node to node CoreDNS",
                "from_port": 53,
                "ipv6_cidr_blocks": [],
                "prefix_list_ids": [],
                "protocol": "tcp",
                "security_groups": [],
                "self": true,
                "to_port": 53
              },
              {
                "cidr_blocks": [],
                "description": "Node to node ingress on ephemeral ports",
                "from_port": 1025,
                "ipv6_cidr_blocks": [],
                "prefix_list_ids": [],
                "protocol": "tcp",
                "security_groups": [],
                "self": true,
                "to_port": 65535
              }
            ],
            "name": "retail-store-bfkv-node-20251120164537398200000005",
            "name_prefix": "retail-store-bfkv-node-",
            "owner_id": "596507588379",
            "revoke_rules_on_delete": false,
            "tags": {
              "CreatedBy": "TrainWithShubhamCommunity",
              "CreatedDate": "2025-11-20",
              "Environment": "dev",
              "ManagedBy": "terraform",
              "Name": "retail-store-bfkv-node",
              "Owner": "AIDAYVYU7O4NYCHHW6IKK",
              "Project": "retail-store",
              "kubernetes.io/cluster/retail-store-bfkv": "owned"
            },
            "tags_all": {
              "CreatedBy": "TrainWithShubhamCommunity",
              "CreatedDate": "2025-11-20",
              "Environment": "dev",
              "ManagedBy": "terraform",
              "Name": "retail-store-bfkv-node",
              "Owner": "AIDAYVYU7O4NYCHHW6IKK",
              "Project": "retail-store",
              "kubernetes.io/cluster/retail-store-bfkv": "owned"
            },
            "timeouts": null,
            "vpc_id": "vpc-0db20fc11bd80e840"
          },
          "sensitive_attributes": [],
          "identity_schema_version": 0,
          "private": "eyJlMmJmYjczMC1lY2FhLTExZTYtOGY4OC0zNDM2M2JjN2M0YzAiOnsiY3JlYXRlIjo2MDAwMDAwMDAwMDAsImRlbGV0ZSI6OTAwMDAwMDAwMDAwfSwic2NoZW1hX3ZlcnNpb24iOiIxIn0=",
          "dependencies": [
            "data.aws_caller_identity.current",
            "module.vpc.aws_vpc.this",
            "random_string.suffix"
          ],
          "create_before_destroy": true
        }
      ]
    },
    {
      "module": "module.retail_app_eks",
      "mode": "managed",
      "type": "aws_security_group_rule",
      "name": "cluster",
      "provider": "provider[\"registry.terraform.io/hashicorp/aws\"]",
      "instances": [
        {
          "index_key": "ingress_nodes_443",
          "schema_version": 2,
          "attributes": {
            "cidr_blocks": null,
            "description": "Node groups to cluster API",
            "from_port": 443,
            "id": "sgrule-60866690",
            "ipv6_cidr_blocks": null,
            "prefix_list_ids": null,
            "protocol": "tcp",
            "security_group_id": "sg-04e4ef7f72d37b19f",
            "security_group_rule_id": "sgr-0db0f687040d80d5d",
            "self": false,
            "source_security_group_id": "sg-09536079b6e54f9b5",
            "timeouts": null,
            "to_port": 443,
            "type": "ingress"
          },
          "sensitive_attributes": [],
          "identity_schema_version": 0,
          "private": "eyJlMmJmYjczMC1lY2FhLTExZTYtOGY4OC0zNDM2M2JjN2M0YzAiOnsiY3JlYXRlIjozMDAwMDAwMDAwMDB9LCJzY2hlbWFfdmVyc2lvbiI6IjIifQ==",
          "dependencies": [
            "data.aws_caller_identity.current",
            "module.retail_app_eks.aws_security_group.cluster",
            "module.retail_app_eks.aws_security_group.node",
            "module.vpc.aws_vpc.this",
            "random_string.suffix"
          ],
          "create_before_destroy": true
        }
      ]
    },
    {
      "module": "module.retail_app_eks",
      "mode": "managed",
      "type": "aws_security_group_rule",
      "name": "node",
      "provider": "provider[\"registry.terraform.io/hashicorp/aws\"]",
      "instances": [
        {
          "index_key": "egress_all",
          "schema_version": 2,
          "attributes": {
            "cidr_blocks": [
              "0.0.0.0/0"
            ],
            "description": "Allow all egress",
            "from_port": 0,
            "id": "sgrule-2695516440",
            "ipv6_cidr_blocks": null,
            "prefix_list_ids": [],
            "protocol": "-1",
            "security_group_id": "sg-09536079b6e54f9b5",
            "security_group_rule_id": "sgr-0b681ac12631b3ce9",
            "self": false,
            "source_security_group_id": null,
            "timeouts": null,
            "to_port": 0,
            "type": "egress"
          },
          "sensitive_attributes": [],
          "identity_schema_version": 0,
          "private": "eyJlMmJmYjczMC1lY2FhLTExZTYtOGY4OC0zNDM2M2JjN2M0YzAiOnsiY3JlYXRlIjozMDAwMDAwMDAwMDB9LCJzY2hlbWFfdmVyc2lvbiI6IjIifQ==",
          "dependencies": [
            "data.aws_caller_identity.current",
            "module.retail_app_eks.aws_security_group.cluster",
            "module.retail_app_eks.aws_security_group.node",
            "module.vpc.aws_vpc.this",
            "random_string.suffix"
          ],
          "create_before_destroy": true
        },
        {
          "index_key": "ingress_cluster_443",
          "schema_version": 2,
          "attributes": {
            "cidr_blocks": null,
            "description": "Cluster API to node groups",
            "from_port": 443,
            "id": "sgrule-1095539742",
            "ipv6_cidr_blocks": null,
            "prefix_list_ids": [],
            "protocol": "tcp",
            "security_group_id": "sg-09536079b6e54f9b5",
            "security_group_rule_id": "sgr-0404fbbce61048172",
            "self": false,
            "source_security_group_id": "sg-04e4ef7f72d37b19f",
            "timeouts": null,
            "to_port": 443,
            "type": "ingress"
          },
          "sensitive_attributes": [],
          "identity_schema_version": 0,
          "private": "eyJlMmJmYjczMC1lY2FhLTExZTYtOGY4OC0zNDM2M2JjN2M0YzAiOnsiY3JlYXRlIjozMDAwMDAwMDAwMDB9LCJzY2hlbWFfdmVyc2lvbiI6IjIifQ==",
          "dependencies": [
            "data.aws_caller_identity.current",
            "module.retail_app_eks.aws_security_group.cluster",
            "module.retail_app_eks.aws_security_group.node",
            "module.vpc.aws_vpc.this",
            "random_string.suffix"
          ],
          "create_before_destroy": true
        },
        {
          "index_key": "ingress_cluster_4443_webhook",
          "schema_version": 2,
          "attributes": {
            "cidr_blocks": null,
            "description": "Cluster API to node 4443/tcp webhook",
            "from_port": 4443,
            "id": "sgrule-1725270252",
            "ipv6_cidr_blocks": null,
            "prefix_list_ids": [],
            "protocol": "tcp",
            "security_group_id": "sg-09536079b6e54f9b5",
            "security_group_rule_id": "sgr-09e691dea051ae79f",
            "self": false,
            "source_security_group_id": "sg-04e4ef7f72d37b19f",
            "timeouts": null,
            "to_port": 4443,
            "type": "ingress"
          },
          "sensitive_attributes": [],
          "identity_schema_version": 0,
          "private": "eyJlMmJmYjczMC1lY2FhLTExZTYtOGY4OC0zNDM2M2JjN2M0YzAiOnsiY3JlYXRlIjozMDAwMDAwMDAwMDB9LCJzY2hlbWFfdmVyc2lvbiI6IjIifQ==",
          "dependencies": [
            "data.aws_caller_identity.current",
            "module.retail_app_eks.aws_security_group.cluster",
            "module.retail_app_eks.aws_security_group.node",
            "module.vpc.aws_vpc.this",
            "random_string.suffix"
          ],
          "create_before_destroy": true
        },
        {
          "index_key": "ingress_cluster_6443_webhook",
          "schema_version": 2,
          "attributes": {
            "cidr_blocks": null,
            "description": "Cluster API to node 6443/tcp webhook",
            "from_port": 6443,
            "id": "sgrule-2945970042",
            "ipv6_cidr_blocks": null,
            "prefix_list_ids": [],
            "protocol": "tcp",
            "security_group_id": "sg-09536079b6e54f9b5",
            "security_group_rule_id": "sgr-0e5adbfc2161ecd8b",
            "self": false,
            "source_security_group_id": "sg-04e4ef7f72d37b19f",
            "timeouts": null,
            "to_port": 6443,
            "type": "ingress"
          },
          "sensitive_attributes": [],
          "identity_schema_version": 0,
          "private": "eyJlMmJmYjczMC1lY2FhLTExZTYtOGY4OC0zNDM2M2JjN2M0YzAiOnsiY3JlYXRlIjozMDAwMDAwMDAwMDB9LCJzY2hlbWFfdmVyc2lvbiI6IjIifQ==",
          "dependencies": [
            "data.aws_caller_identity.current",
            "module.retail_app_eks.aws_security_group.cluster",
            "module.retail_app_eks.aws_security_group.node",
            "module.vpc.aws_vpc.this",
            "random_string.suffix"
          ],
          "create_before_destroy": true
        },
        {
          "index_key": "ingress_cluster_8443_webhook",
          "schema_version": 2,
          "attributes": {
            "cidr_blocks": null,
            "description": "Cluster API to node 8443/tcp webhook",
            "from_port": 8443,
            "id": "sgrule-3167474523",
            "ipv6_cidr_blocks": null,
            "prefix_list_ids": [],
            "protocol": "tcp",
            "security_group_id": "sg-09536079b6e54f9b5",
            "security_group_rule_id": "sgr-0683e7851ac3a9edb",
            "self": false,
            "source_security_group_id": "sg-04e4ef7f72d37b19f",
            "timeouts": null,
            "to_port": 8443,
            "type": "ingress"
          },
          "sensitive_attributes": [],
          "identity_schema_version": 0,
          "private": "eyJlMmJmYjczMC1lY2FhLTExZTYtOGY4OC0zNDM2M2JjN2M0YzAiOnsiY3JlYXRlIjozMDAwMDAwMDAwMDB9LCJzY2hlbWFfdmVyc2lvbiI6IjIifQ==",
          "dependencies": [
            "data.aws_caller_identity.current",
            "module.retail_app_eks.aws_security_group.cluster",
            "module.retail_app_eks.aws_security_group.node",
            "module.vpc.aws_vpc.this",
            "random_string.suffix"
          ],
          "create_before_destroy": true
        },
        {
          "index_key": "ingress_cluster_9443_webhook",
          "schema_version": 2,
          "attributes": {
            "cidr_blocks": null,
            "description": "Cluster API to node 9443/tcp webhook",
            "from_port": 9443,
            "id": "sgrule-3630882960",
            "ipv6_cidr_blocks": null,
            "prefix_list_ids": [],
            "protocol": "tcp",
            "security_group_id": "sg-09536079b6e54f9b5",
            "security_group_rule_id": "sgr-0b063fe55277efd8d",
            "self": false,
            "source_security_group_id": "sg-04e4ef7f72d37b19f",
            "timeouts": null,
            "to_port": 9443,
            "type": "ingress"
          },
          "sensitive_attributes": [],
          "identity_schema_version": 0,
          "private": "eyJlMmJmYjczMC1lY2FhLTExZTYtOGY4OC0zNDM2M2JjN2M0YzAiOnsiY3JlYXRlIjozMDAwMDAwMDAwMDB9LCJzY2hlbWFfdmVyc2lvbiI6IjIifQ==",
          "dependencies": [
            "data.aws_caller_identity.current",
            "module.retail_app_eks.aws_security_group.cluster",
            "module.retail_app_eks.aws_security_group.node",
            "module.vpc.aws_vpc.this",
            "random_string.suffix"
          ],
          "create_before_destroy": true
        },
        {
          "index_key": "ingress_cluster_kubelet",
          "schema_version": 2,
          "attributes": {
            "cidr_blocks": null,
            "description": "Cluster API to node kubelets",
            "from_port": 10250,
            "id": "sgrule-3789762489",
            "ipv6_cidr_blocks": null,
            "prefix_list_ids": [],
            "protocol": "tcp",
            "security_group_id": "sg-09536079b6e54f9b5",
            "security_group_rule_id": "sgr-0a04d8e0de5414f3e",
            "self": false,
            "source_security_group_id": "sg-04e4ef7f72d37b19f",
            "timeouts": null,
            "to_port": 10250,
            "type": "ingress"
          },
          "sensitive_attributes": [],
          "identity_schema_version": 0,
          "private": "eyJlMmJmYjczMC1lY2FhLTExZTYtOGY4OC0zNDM2M2JjN2M0YzAiOnsiY3JlYXRlIjozMDAwMDAwMDAwMDB9LCJzY2hlbWFfdmVyc2lvbiI6IjIifQ==",
          "dependencies": [
            "data.aws_caller_identity.current",
            "module.retail_app_eks.aws_security_group.cluster",
            "module.retail_app_eks.aws_security_group.node",
            "module.vpc.aws_vpc.this",
            "random_string.suffix"
          ],
          "create_before_destroy": true
        },
        {
          "index_key": "ingress_nodes_ephemeral",
          "schema_version": 2,
          "attributes": {
            "cidr_blocks": null,
            "description": "Node to node ingress on ephemeral ports",
            "from_port": 1025,
            "id": "sgrule-702484867",
            "ipv6_cidr_blocks": null,
            "prefix_list_ids": [],
            "protocol": "tcp",
            "security_group_id": "sg-09536079b6e54f9b5",
            "security_group_rule_id": "sgr-03b0f33aef6d13797",
            "self": true,
            "source_security_group_id": null,
            "timeouts": null,
            "to_port": 65535,
            "type": "ingress"
          },
          "sensitive_attributes": [],
          "identity_schema_version": 0,
          "private": "eyJlMmJmYjczMC1lY2FhLTExZTYtOGY4OC0zNDM2M2JjN2M0YzAiOnsiY3JlYXRlIjozMDAwMDAwMDAwMDB9LCJzY2hlbWFfdmVyc2lvbiI6IjIifQ==",
          "dependencies": [
            "data.aws_caller_identity.current",
            "module.retail_app_eks.aws_security_group.cluster",
            "module.retail_app_eks.aws_security_group.node",
            "module.vpc.aws_vpc.this",
            "random_string.suffix"
          ],
          "create_before_destroy": true
        },
        {
          "index_key": "ingress_self_coredns_tcp",
          "schema_version": 2,
          "attributes": {
            "cidr_blocks": null,
            "description": "Node to node CoreDNS",
            "from_port": 53,
            "id": "sgrule-2598831303",
            "ipv6_cidr_blocks": null,
            "prefix_list_ids": [],
            "protocol": "tcp",
            "security_group_id": "sg-09536079b6e54f9b5",
            "security_group_rule_id": "sgr-0e286d16f388b0b48",
            "self": true,
            "source_security_group_id": null,
            "timeouts": null,
            "to_port": 53,
            "type": "ingress"
          },
          "sensitive_attributes": [],
          "identity_schema_version": 0,
          "private": "eyJlMmJmYjczMC1lY2FhLTExZTYtOGY4OC0zNDM2M2JjN2M0YzAiOnsiY3JlYXRlIjozMDAwMDAwMDAwMDB9LCJzY2hlbWFfdmVyc2lvbiI6IjIifQ==",
          "dependencies": [
            "data.aws_caller_identity.current",
            "module.retail_app_eks.aws_security_group.cluster",
            "module.retail_app_eks.aws_security_group.node",
            "module.vpc.aws_vpc.this",
            "random_string.suffix"
          ],
          "create_before_destroy": true
        },
        {
          "index_key": "ingress_self_coredns_udp",
          "schema_version": 2,
          "attributes": {
            "cidr_blocks": null,
            "description": "Node to node CoreDNS UDP",
            "from_port": 53,
            "id": "sgrule-1052288808",
            "ipv6_cidr_blocks": null,
            "prefix_list_ids": [],
            "protocol": "udp",
            "security_group_id": "sg-09536079b6e54f9b5",
            "security_group_rule_id": "sgr-0d3f7fb128d3d4ae4",
            "self": true,
            "source_security_group_id": null,
            "timeouts": null,
            "to_port": 53,
            "type": "ingress"
          },
          "sensitive_attributes": [],
          "identity_schema_version": 0,
          "private": "eyJlMmJmYjczMC1lY2FhLTExZTYtOGY4OC0zNDM2M2JjN2M0YzAiOnsiY3JlYXRlIjozMDAwMDAwMDAwMDB9LCJzY2hlbWFfdmVyc2lvbiI6IjIifQ==",
          "dependencies": [
            "data.aws_caller_identity.current",
            "module.retail_app_eks.aws_security_group.cluster",
            "module.retail_app_eks.aws_security_group.node",
            "module.vpc.aws_vpc.this",
            "random_string.suffix"
          ],
          "create_before_destroy": true
        }
      ]
    },
    {
      "module": "module.retail_app_eks",
      "mode": "managed",
      "type": "time_sleep",
      "name": "this",
      "provider": "provider[\"registry.terraform.io/hashicorp/time\"]",
      "instances": [
        {
          "index_key": 0,
          "schema_version": 0,
          "attributes": {
            "create_duration": "30s",
            "destroy_duration": null,
            "id": "2025-11-20T16:58:56Z",
            "triggers": {
              "cluster_certificate_authority_data": "LS0tLS1CRUdJTiBDRVJUSUZJQ0FURS0tLS0tCk1JSURCVENDQWUyZ0F3SUJBZ0lJVlA1WUtWNyt6T1V3RFFZSktvWklodmNOQVFFTEJRQXdGVEVUTUJFR0ExVUUKQXhNS2EzVmlaWEp1WlhSbGN6QWVGdzB5TlRFeE1qQXhOalEzTVRaYUZ3MHpOVEV4TVRneE5qVXlNVFphTUJVeApFekFSQmdOVkJBTVRDbXQxWW1WeWJtVjBaWE13Z2dFaU1BMEdDU3FHU0liM0RRRUJBUVVBQTRJQkR3QXdnZ0VLCkFvSUJBUUM2azhzNGR2VWdKSjBqU2FrT2pWWStaY1NZTzQxZVQ2THI5dHdkK2x2SFhhaTdNanowaFAwVTI1TDgKRzY1c3JRNHdMSVBhM0tCcWdSYU9GUmRxWEpZVVdIRDNEUk5yUXUzS0lFK1p5STAxSjQzRnU1enViczNHZlBldAoxb1lpMU01QVpFOEVyZlNoL1Q1UFkzbHBIRDhxSDNBVzNNUHFQc25OSDhHc3FjdHkwaWVJa2F6Y0FjeTM5ZGRKCksycE56WlhzM3AwVTd2RjI0NjU2elViMnExMjBzZVhGZW5QS2RnY3J2akJPYVpFckpyc3ZaWDJhTzFrSi9PblcKMXJJZ3daaGpkQkh2RjZTNjh2MTkxanNFK3VuQ3hVd3VGWHo5K3FnSGhSM1ZCc3RRdWl3M3FzYWFkVGZTMWRDWAp4RHgxdklQZXZ3Q28wRzVvbnpWYWkyRXN2azJWQWdNQkFBR2pXVEJYTUE0R0ExVWREd0VCL3dRRUF3SUNwREFQCkJnTlZIUk1CQWY4RUJUQURBUUgvTUIwR0ExVWREZ1FXQkJSQWtFQVozMlNoRlhwQnlkVzh5M1ZzYm05OGJUQVYKQmdOVkhSRUVEakFNZ2dwcmRXSmxjbTVsZEdWek1BMEdDU3FHU0liM0RRRUJDd1VBQTRJQkFRQXNNQkpSTGY1OQpNSS9SUkVEaXozU1g4cTNkRklxbDZzZWM5NTlPdnVlcDhHU2Q0TUJUTzlmck9HWEVFdjcrWmtSR1pkY3FFcHRVCjIrK3lIOWhlWFBkdlRPYXFUY2FxVis4RFJHa3JKdlFseG5pTXZOZU5GZ2VxOTZaem8wMFhKenRqRC95OVhPaDQKaFNHb0pGNkpkQWFMUUlzNGNtK2RtNlpFemt2Rk1NNUExRWZsYkZXRUtYeVY3VGJFNHJjc2xxb3B2S2hnN2MxSQo5THVkOERiVEFZVDRQYmljbUF4ZFBIbmFkSTdoUHVwaUZuLzlQTVdwaFR6TGhPVjk2NzNaN2FSUHpqTmxWUWJKCndGZGRJL2RSSExwUWZGOEVKZUdKNldWWlNIY3Myaisyak50N1R3RXJKb2pTRUdCeUpIUUhYYmRZemlpTDdCUisKSmpiUXR6VEIrMEJVCi0tLS0tRU5EIENFUlRJRklDQVRFLS0tLS0K",
              "cluster_endpoint": "https://9D6E0C61D0C5F6C6E26D89C7D396241D.gr7.us-west-2.eks.amazonaws.com",
              "cluster_name": "retail-store-bfkv",
              "cluster_service_cidr": "172.20.0.0/16",
              "cluster_version": "1.33"
            }
          },
          "sensitive_attributes": [],
          "identity_schema_version": 0,
          "dependencies": [
            "data.aws_availability_zones.available",
            "data.aws_caller_identity.current",
            "module.retail_app_eks.aws_cloudwatch_log_group.this",
            "module.retail_app_eks.aws_eks_cluster.this",
            "module.retail_app_eks.aws_iam_policy.cni_ipv6_policy",
            "module.retail_app_eks.aws_iam_role.eks_auto",
            "module.retail_app_eks.aws_iam_role.this",
            "module.retail_app_eks.aws_iam_role_policy_attachment.this",
            "module.retail_app_eks.aws_security_group.cluster",
            "module.retail_app_eks.aws_security_group.node",
            "module.retail_app_eks.aws_security_group_rule.cluster",
            "module.retail_app_eks.aws_security_group_rule.node",
            "module.retail_app_eks.data.aws_caller_identity.current",
            "module.retail_app_eks.data.aws_iam_policy_document.assume_role_policy",
            "module.retail_app_eks.data.aws_iam_policy_document.cni_ipv6_policy",
            "module.retail_app_eks.data.aws_iam_policy_document.node_assume_role_policy",
            "module.retail_app_eks.data.aws_iam_session_context.current",
            "module.retail_app_eks.data.aws_partition.current",
            "module.retail_app_eks.module.kms.aws_kms_external_key.this",
            "module.retail_app_eks.module.kms.aws_kms_key.this",
            "module.retail_app_eks.module.kms.aws_kms_replica_external_key.this",
            "module.retail_app_eks.module.kms.aws_kms_replica_key.this",
            "module.retail_app_eks.module.kms.data.aws_caller_identity.current",
            "module.retail_app_eks.module.kms.data.aws_iam_policy_document.this",
            "module.retail_app_eks.module.kms.data.aws_partition.current",
            "module.vpc.aws_subnet.private",
            "module.vpc.aws_vpc.this",
            "module.vpc.aws_vpc_ipv4_cidr_block_association.this",
            "random_string.suffix"
          ],
          "create_before_destroy": true
        }
      ]
    },
    {
      "module": "module.retail_app_eks.module.kms",
      "mode": "data",
      "type": "aws_caller_identity",
      "name": "current",
      "provider": "provider[\"registry.terraform.io/hashicorp/aws\"]",
      "instances": [
        {
          "index_key": 0,
          "schema_version": 0,
          "attributes": {
            "account_id": "596507588379",
            "arn": "arn:aws:iam::596507588379:user/linuxuser",
            "id": "596507588379",
            "user_id": "AIDAYVYU7O4NYCHHW6IKK"
          },
          "sensitive_attributes": [],
          "identity_schema_version": 0
        }
      ]
    },
    {
      "module": "module.retail_app_eks.module.kms",
      "mode": "data",
      "type": "aws_iam_policy_document",
      "name": "this",
      "provider": "provider[\"registry.terraform.io/hashicorp/aws\"]",
      "instances": [
        {
          "index_key": 0,
          "schema_version": 0,
          "attributes": {
            "id": "1524760083",
            "json": "{\n  \"Version\": \"2012-10-17\",\n  \"Statement\": [\n    {\n      \"Sid\": \"Default\",\n      \"Effect\": \"Allow\",\n      \"Action\": \"kms:*\",\n      \"Resource\": \"*\",\n      \"Principal\": {\n        \"AWS\": \"arn:aws:iam::596507588379:root\"\n      }\n    },\n    {\n      \"Sid\": \"KeyAdministration\",\n      \"Effect\": \"Allow\",\n      \"Action\": [\n        \"kms:Update*\",\n        \"kms:UntagResource\",\n        \"kms:TagResource\",\n        \"kms:ScheduleKeyDeletion\",\n        \"kms:Revoke*\",\n        \"kms:ReplicateKey\",\n        \"kms:Put*\",\n        \"kms:List*\",\n        \"kms:ImportKeyMaterial\",\n        \"kms:Get*\",\n        \"kms:Enable*\",\n        \"kms:Disable*\",\n        \"kms:Describe*\",\n        \"kms:Delete*\",\n        \"kms:Create*\",\n        \"kms:CancelKeyDeletion\"\n      ],\n      \"Resource\": \"*\",\n      \"Principal\": {\n        \"AWS\": \"arn:aws:iam::596507588379:user/linuxuser\"\n      }\n    },\n    {\n      \"Sid\": \"KeyUsage\",\n      \"Effect\": \"Allow\",\n      \"Action\": [\n        \"kms:ReEncrypt*\",\n        \"kms:GenerateDataKey*\",\n        \"kms:Encrypt\",\n        \"kms:DescribeKey\",\n        \"kms:Decrypt\"\n      ],\n      \"Resource\": \"*\",\n      \"Principal\": {\n        \"AWS\": \"arn:aws:iam::596507588379:role/retail-store-bfkv-cluster-20251120164537388200000001\"\n      }\n    }\n  ]\n}",
            "minified_json": "{\"Version\":\"2012-10-17\",\"Statement\":[{\"Sid\":\"Default\",\"Effect\":\"Allow\",\"Action\":\"kms:*\",\"Resource\":\"*\",\"Principal\":{\"AWS\":\"arn:aws:iam::596507588379:root\"}},{\"Sid\":\"KeyAdministration\",\"Effect\":\"Allow\",\"Action\":[\"kms:Update*\",\"kms:UntagResource\",\"kms:TagResource\",\"kms:ScheduleKeyDeletion\",\"kms:Revoke*\",\"kms:ReplicateKey\",\"kms:Put*\",\"kms:List*\",\"kms:ImportKeyMaterial\",\"kms:Get*\",\"kms:Enable*\",\"kms:Disable*\",\"kms:Describe*\",\"kms:Delete*\",\"kms:Create*\",\"kms:CancelKeyDeletion\"],\"Resource\":\"*\",\"Principal\":{\"AWS\":\"arn:aws:iam::596507588379:user/linuxuser\"}},{\"Sid\":\"KeyUsage\",\"Effect\":\"Allow\",\"Action\":[\"kms:ReEncrypt*\",\"kms:GenerateDataKey*\",\"kms:Encrypt\",\"kms:DescribeKey\",\"kms:Decrypt\"],\"Resource\":\"*\",\"Principal\":{\"AWS\":\"arn:aws:iam::596507588379:role/retail-store-bfkv-cluster-20251120164537388200000001\"}}]}",
            "override_json": null,
            "override_policy_documents": null,
            "policy_id": null,
            "source_json": null,
            "source_policy_documents": null,
            "statement": [
              {
                "actions": [
                  "kms:*"
                ],
                "condition": [],
                "effect": "Allow",
                "not_actions": [],
                "not_principals": [],
                "not_resources": [],
                "principals": [
                  {
                    "identifiers": [
                      "arn:aws:iam::596507588379:root"
                    ],
                    "type": "AWS"
                  }
                ],
                "resources": [
                  "*"
                ],
                "sid": "Default"
              },
              {
                "actions": [
                  "kms:CancelKeyDeletion",
                  "kms:Create*",
                  "kms:Delete*",
                  "kms:Describe*",
                  "kms:Disable*",
                  "kms:Enable*",
                  "kms:Get*",
                  "kms:ImportKeyMaterial",
                  "kms:List*",
                  "kms:Put*",
                  "kms:ReplicateKey",
                  "kms:Revoke*",
                  "kms:ScheduleKeyDeletion",
                  "kms:TagResource",
                  "kms:UntagResource",
                  "kms:Update*"
                ],
                "condition": [],
                "effect": "Allow",
                "not_actions": [],
                "not_principals": [],
                "not_resources": [],
                "principals": [
                  {
                    "identifiers": [
                      "arn:aws:iam::596507588379:user/linuxuser"
                    ],
                    "type": "AWS"
                  }
                ],
                "resources": [
                  "*"
                ],
                "sid": "KeyAdministration"
              },
              {
                "actions": [
                  "kms:Decrypt",
                  "kms:DescribeKey",
                  "kms:Encrypt",
                  "kms:GenerateDataKey*",
                  "kms:ReEncrypt*"
                ],
                "condition": [],
                "effect": "Allow",
                "not_actions": [],
                "not_principals": [],
                "not_resources": [],
                "principals": [
                  {
                    "identifiers": [
                      "arn:aws:iam::596507588379:role/retail-store-bfkv-cluster-20251120164537388200000001"
                    ],
                    "type": "AWS"
                  }
                ],
                "resources": [
                  "*"
                ],
                "sid": "KeyUsage"
              }
            ],
            "version": "2012-10-17"
          },
          "sensitive_attributes": [],
          "identity_schema_version": 0
        }
      ]
    },
    {
      "module": "module.retail_app_eks.module.kms",
      "mode": "data",
      "type": "aws_partition",
      "name": "current",
      "provider": "provider[\"registry.terraform.io/hashicorp/aws\"]",
      "instances": [
        {
          "index_key": 0,
          "schema_version": 0,
          "attributes": {
            "dns_suffix": "amazonaws.com",
            "id": "aws",
            "partition": "aws",
            "reverse_dns_prefix": "com.amazonaws"
          },
          "sensitive_attributes": [],
          "identity_schema_version": 0
        }
      ]
    },
    {
      "module": "module.retail_app_eks.module.kms",
      "mode": "managed",
      "type": "aws_kms_alias",
      "name": "this",
      "provider": "provider[\"registry.terraform.io/hashicorp/aws\"]",
      "instances": [
        {
          "index_key": "cluster",
          "schema_version": 0,
          "attributes": {
            "arn": "arn:aws:kms:us-west-2:596507588379:alias/eks/retail-store-bfkv",
            "id": "alias/eks/retail-store-bfkv",
            "name": "alias/eks/retail-store-bfkv",
            "name_prefix": "",
            "target_key_arn": "arn:aws:kms:us-west-2:596507588379:key/4f58fdb7-10d2-4035-a33a-b62a588519aa",
            "target_key_id": "4f58fdb7-10d2-4035-a33a-b62a588519aa"
          },
          "sensitive_attributes": [],
          "identity_schema_version": 0,
          "private": "bnVsbA==",
          "dependencies": [
            "data.aws_caller_identity.current",
            "module.retail_app_eks.aws_iam_role.this",
            "module.retail_app_eks.data.aws_caller_identity.current",
            "module.retail_app_eks.data.aws_iam_policy_document.assume_role_policy",
            "module.retail_app_eks.data.aws_iam_session_context.current",
            "module.retail_app_eks.module.kms.aws_kms_external_key.this",
            "module.retail_app_eks.module.kms.aws_kms_key.this",
            "module.retail_app_eks.module.kms.aws_kms_replica_external_key.this",
            "module.retail_app_eks.module.kms.aws_kms_replica_key.this",
            "module.retail_app_eks.module.kms.data.aws_caller_identity.current",
            "module.retail_app_eks.module.kms.data.aws_iam_policy_document.this",
            "module.retail_app_eks.module.kms.data.aws_partition.current",
            "random_string.suffix"
          ]
        }
      ]
    },
    {
      "module": "module.retail_app_eks.module.kms",
      "mode": "managed",
      "type": "aws_kms_key",
      "name": "this",
      "provider": "provider[\"registry.terraform.io/hashicorp/aws\"]",
      "instances": [
        {
          "index_key": 0,
          "schema_version": 0,
          "attributes": {
            "arn": "arn:aws:kms:us-west-2:596507588379:key/4f58fdb7-10d2-4035-a33a-b62a588519aa",
            "bypass_policy_lockout_safety_check": false,
            "custom_key_store_id": "",
            "customer_master_key_spec": "SYMMETRIC_DEFAULT",
            "deletion_window_in_days": 7,
            "description": "EKS cluster retail-store-bfkv encryption key",
            "enable_key_rotation": true,
            "id": "4f58fdb7-10d2-4035-a33a-b62a588519aa",
            "is_enabled": true,
            "key_id": "4f58fdb7-10d2-4035-a33a-b62a588519aa",
            "key_usage": "ENCRYPT_DECRYPT",
            "multi_region": false,
            "policy": "{\"Statement\":[{\"Action\":\"kms:*\",\"Effect\":\"Allow\",\"Principal\":{\"AWS\":\"arn:aws:iam::596507588379:root\"},\"Resource\":\"*\",\"Sid\":\"Default\"},{\"Action\":[\"kms:Update*\",\"kms:UntagResource\",\"kms:TagResource\",\"kms:ScheduleKeyDeletion\",\"kms:Revoke*\",\"kms:ReplicateKey\",\"kms:Put*\",\"kms:List*\",\"kms:ImportKeyMaterial\",\"kms:Get*\",\"kms:Enable*\",\"kms:Disable*\",\"kms:Describe*\",\"kms:Delete*\",\"kms:Create*\",\"kms:CancelKeyDeletion\"],\"Effect\":\"Allow\",\"Principal\":{\"AWS\":\"arn:aws:iam::596507588379:user/linuxuser\"},\"Resource\":\"*\",\"Sid\":\"KeyAdministration\"},{\"Action\":[\"kms:ReEncrypt*\",\"kms:GenerateDataKey*\",\"kms:Encrypt\",\"kms:DescribeKey\",\"kms:Decrypt\"],\"Effect\":\"Allow\",\"Principal\":{\"AWS\":\"arn:aws:iam::596507588379:role/retail-store-bfkv-cluster-20251120164537388200000001\"},\"Resource\":\"*\",\"Sid\":\"KeyUsage\"}],\"Version\":\"2012-10-17\"}",
            "rotation_period_in_days": 365,
            "tags": {
              "CreatedBy": "TrainWithShubhamCommunity",
              "CreatedDate": "2025-11-20",
              "Environment": "dev",
              "ManagedBy": "terraform",
              "Owner": "AIDAYVYU7O4NYCHHW6IKK",
              "Project": "retail-store",
              "terraform-aws-modules": "eks"
            },
            "tags_all": {
              "CreatedBy": "TrainWithShubhamCommunity",
              "CreatedDate": "2025-11-20",
              "Environment": "dev",
              "ManagedBy": "terraform",
              "Owner": "AIDAYVYU7O4NYCHHW6IKK",
              "Project": "retail-store",
              "terraform-aws-modules": "eks"
            },
            "timeouts": null,
            "xks_key_id": ""
          },
          "sensitive_attributes": [],
          "identity_schema_version": 0,
          "private": "eyJlMmJmYjczMC1lY2FhLTExZTYtOGY4OC0zNDM2M2JjN2M0YzAiOnsiY3JlYXRlIjoxMjAwMDAwMDAwMDB9fQ==",
          "dependencies": [
            "data.aws_caller_identity.current",
            "module.retail_app_eks.aws_iam_role.this",
            "module.retail_app_eks.data.aws_caller_identity.current",
            "module.retail_app_eks.data.aws_iam_policy_document.assume_role_policy",
            "module.retail_app_eks.data.aws_iam_session_context.current",
            "module.retail_app_eks.module.kms.data.aws_caller_identity.current",
            "module.retail_app_eks.module.kms.data.aws_iam_policy_document.this",
            "module.retail_app_eks.module.kms.data.aws_partition.current",
            "random_string.suffix"
          ],
          "create_before_destroy": true
        }
      ]
    },
    {
      "module": "module.vpc",
      "mode": "managed",
      "type": "aws_default_network_acl",
      "name": "this",
      "provider": "provider[\"registry.terraform.io/hashicorp/aws\"]",
      "instances": [
        {
          "index_key": 0,
          "schema_version": 0,
          "attributes": {
            "arn": "arn:aws:ec2:us-west-2:596507588379:network-acl/acl-0f6d0922cca31eb4a",
            "default_network_acl_id": "acl-0f6d0922cca31eb4a",
            "egress": [
              {
                "action": "allow",
                "cidr_block": "",
                "from_port": 0,
                "icmp_code": 0,
                "icmp_type": 0,
                "ipv6_cidr_block": "::/0",
                "protocol": "-1",
                "rule_no": 101,
                "to_port": 0
              },
              {
                "action": "allow",
                "cidr_block": "0.0.0.0/0",
                "from_port": 0,
                "icmp_code": 0,
                "icmp_type": 0,
                "ipv6_cidr_block": "",
                "protocol": "-1",
                "rule_no": 100,
                "to_port": 0
              }
            ],
            "id": "acl-0f6d0922cca31eb4a",
            "ingress": [
              {
                "action": "allow",
                "cidr_block": "",
                "from_port": 0,
                "icmp_code": 0,
                "icmp_type": 0,
                "ipv6_cidr_block": "::/0",
                "protocol": "-1",
                "rule_no": 101,
                "to_port": 0
              },
              {
                "action": "allow",
                "cidr_block": "0.0.0.0/0",
                "from_port": 0,
                "icmp_code": 0,
                "icmp_type": 0,
                "ipv6_cidr_block": "",
                "protocol": "-1",
                "rule_no": 100,
                "to_port": 0
              }
            ],
            "owner_id": "596507588379",
            "subnet_ids": [
              "subnet-031e9120e703397ce",
              "subnet-036064752d1ac8e04",
              "subnet-04b9ea603685836a2",
              "subnet-07a007d5ecb1013e0",
              "subnet-097656737ae09a394",
              "subnet-0991c61833f0700fb"
            ],
            "tags": {
              "CreatedBy": "TrainWithShubhamCommunity",
              "CreatedDate": "2025-11-20",
              "Environment": "dev",
              "ManagedBy": "terraform",
              "Name": "retail-store-default-nacl",
              "Owner": "AIDAYVYU7O4NYCHHW6IKK",
              "Project": "retail-store"
            },
            "tags_all": {
              "CreatedBy": "TrainWithShubhamCommunity",
              "CreatedDate": "2025-11-20",
              "Environment": "dev",
              "ManagedBy": "terraform",
              "Name": "retail-store-default-nacl",
              "Owner": "AIDAYVYU7O4NYCHHW6IKK",
              "Project": "retail-store"
            },
            "vpc_id": "vpc-0db20fc11bd80e840"
          },
          "sensitive_attributes": [],
          "identity_schema_version": 0,
          "private": "bnVsbA==",
          "dependencies": [
            "data.aws_caller_identity.current",
            "module.vpc.aws_vpc.this"
          ]
        }
      ]
    },
    {
      "module": "module.vpc",
      "mode": "managed",
      "type": "aws_default_route_table",
      "name": "default",
      "provider": "provider[\"registry.terraform.io/hashicorp/aws\"]",
      "instances": [
        {
          "index_key": 0,
          "schema_version": 0,
          "attributes": {
            "arn": "arn:aws:ec2:us-west-2:596507588379:route-table/rtb-01950a653a330267f",
            "default_route_table_id": "rtb-01950a653a330267f",
            "id": "rtb-01950a653a330267f",
            "owner_id": "596507588379",
            "propagating_vgws": [],
            "route": [],
            "tags": {
              "CreatedBy": "TrainWithShubhamCommunity",
              "CreatedDate": "2025-11-20",
              "Environment": "dev",
              "ManagedBy": "terraform",
              "Name": "retail-store-default-rt",
              "Owner": "AIDAYVYU7O4NYCHHW6IKK",
              "Project": "retail-store"
            },
            "tags_all": {
              "CreatedBy": "TrainWithShubhamCommunity",
              "CreatedDate": "2025-11-20",
              "Environment": "dev",
              "ManagedBy": "terraform",
              "Name": "retail-store-default-rt",
              "Owner": "AIDAYVYU7O4NYCHHW6IKK",
              "Project": "retail-store"
            },
            "timeouts": {
              "create": "5m",
              "update": "5m"
            },
            "vpc_id": "vpc-0db20fc11bd80e840"
          },
          "sensitive_attributes": [],
          "identity_schema_version": 0,
          "private": "eyJlMmJmYjczMC1lY2FhLTExZTYtOGY4OC0zNDM2M2JjN2M0YzAiOnsiY3JlYXRlIjozMDAwMDAwMDAwMDAsInVwZGF0ZSI6MzAwMDAwMDAwMDAwfX0=",
          "dependencies": [
            "data.aws_caller_identity.current",
            "module.vpc.aws_vpc.this"
          ]
        }
      ]
    },
    {
      "module": "module.vpc",
      "mode": "managed",
      "type": "aws_default_security_group",
      "name": "this",
      "provider": "provider[\"registry.terraform.io/hashicorp/aws\"]",
      "instances": [
        {
          "index_key": 0,
          "schema_version": 1,
          "attributes": {
            "arn": "arn:aws:ec2:us-west-2:596507588379:security-group/sg-0126767e252660d46",
            "description": "default VPC security group",
            "egress": [],
            "id": "sg-0126767e252660d46",
            "ingress": [],
            "name": "default",
            "name_prefix": "",
            "owner_id": "596507588379",
            "revoke_rules_on_delete": false,
            "tags": {
              "CreatedBy": "TrainWithShubhamCommunity",
              "CreatedDate": "2025-11-20",
              "Environment": "dev",
              "ManagedBy": "terraform",
              "Name": "retail-store-default-sg",
              "Owner": "AIDAYVYU7O4NYCHHW6IKK",
              "Project": "retail-store"
            },
            "tags_all": {
              "CreatedBy": "TrainWithShubhamCommunity",
              "CreatedDate": "2025-11-20",
              "Environment": "dev",
              "ManagedBy": "terraform",
              "Name": "retail-store-default-sg",
              "Owner": "AIDAYVYU7O4NYCHHW6IKK",
              "Project": "retail-store"
            },
            "vpc_id": "vpc-0db20fc11bd80e840"
          },
          "sensitive_attributes": [],
          "identity_schema_version": 0,
          "private": "eyJzY2hlbWFfdmVyc2lvbiI6IjEifQ==",
          "dependencies": [
            "data.aws_caller_identity.current",
            "module.vpc.aws_vpc.this"
          ]
        }
      ]
    },
    {
      "module": "module.vpc",
      "mode": "managed",
      "type": "aws_eip",
      "name": "nat",
      "provider": "provider[\"registry.terraform.io/hashicorp/aws\"]",
      "instances": [
        {
          "index_key": 0,
          "schema_version": 0,
          "attributes": {
            "address": null,
            "allocation_id": "eipalloc-041a9eb90eda9316d",
            "arn": "arn:aws:ec2:us-west-2:596507588379:elastic-ip/eipalloc-041a9eb90eda9316d",
            "associate_with_private_ip": null,
            "association_id": "eipassoc-027df9fd2633bc373",
            "carrier_ip": "",
            "customer_owned_ip": "",
            "customer_owned_ipv4_pool": "",
            "domain": "vpc",
            "id": "eipalloc-041a9eb90eda9316d",
            "instance": "",
            "ipam_pool_id": null,
            "network_border_group": "us-west-2",
            "network_interface": "eni-0ceadbfe59d28714b",
            "private_dns": "ip-10-0-0-219.us-west-2.compute.internal",
            "private_ip": "10.0.0.219",
            "ptr_record": "",
            "public_dns": "ec2-44-240-7-111.us-west-2.compute.amazonaws.com",
            "public_ip": "44.240.7.111",
            "public_ipv4_pool": "amazon",
            "tags": {
              "CreatedBy": "TrainWithShubhamCommunity",
              "CreatedDate": "2025-11-20",
              "Environment": "dev",
              "ManagedBy": "terraform",
              "Name": "retail-store-vpc-us-west-2a",
              "Owner": "AIDAYVYU7O4NYCHHW6IKK",
              "Project": "retail-store"
            },
            "tags_all": {
              "CreatedBy": "TrainWithShubhamCommunity",
              "CreatedDate": "2025-11-20",
              "Environment": "dev",
              "ManagedBy": "terraform",
              "Name": "retail-store-vpc-us-west-2a",
              "Owner": "AIDAYVYU7O4NYCHHW6IKK",
              "Project": "retail-store"
            },
            "timeouts": null,
            "vpc": true
          },
          "sensitive_attributes": [],
          "identity_schema_version": 0,
          "private": "eyJlMmJmYjczMC1lY2FhLTExZTYtOGY4OC0zNDM2M2JjN2M0YzAiOnsiZGVsZXRlIjoxODAwMDAwMDAwMDAsInJlYWQiOjkwMDAwMDAwMDAwMCwidXBkYXRlIjozMDAwMDAwMDAwMDB9fQ==",
          "dependencies": [
            "data.aws_availability_zones.available",
            "data.aws_caller_identity.current",
            "module.vpc.aws_internet_gateway.this",
            "module.vpc.aws_vpc.this",
            "module.vpc.aws_vpc_ipv4_cidr_block_association.this"
          ]
        }
      ]
    },
    {
      "module": "module.vpc",
      "mode": "managed",
      "type": "aws_internet_gateway",
      "name": "this",
      "provider": "provider[\"registry.terraform.io/hashicorp/aws\"]",
      "instances": [
        {
          "index_key": 0,
          "schema_version": 0,
          "attributes": {
            "arn": "arn:aws:ec2:us-west-2:596507588379:internet-gateway/igw-0f0eda0270aae1d20",
            "id": "igw-0f0eda0270aae1d20",
            "owner_id": "596507588379",
            "tags": {
              "CreatedBy": "TrainWithShubhamCommunity",
              "CreatedDate": "2025-11-20",
              "Environment": "dev",
              "ManagedBy": "terraform",
              "Name": "retail-store-vpc",
              "Owner": "AIDAYVYU7O4NYCHHW6IKK",
              "Project": "retail-store"
            },
            "tags_all": {
              "CreatedBy": "TrainWithShubhamCommunity",
              "CreatedDate": "2025-11-20",
              "Environment": "dev",
              "ManagedBy": "terraform",
              "Name": "retail-store-vpc",
              "Owner": "AIDAYVYU7O4NYCHHW6IKK",
              "Project": "retail-store"
            },
            "timeouts": null,
            "vpc_id": "vpc-0db20fc11bd80e840"
          },
          "sensitive_attributes": [],
          "identity_schema_version": 0,
          "private": "eyJlMmJmYjczMC1lY2FhLTExZTYtOGY4OC0zNDM2M2JjN2M0YzAiOnsiY3JlYXRlIjoxMjAwMDAwMDAwMDAwLCJkZWxldGUiOjEyMDAwMDAwMDAwMDAsInVwZGF0ZSI6MTIwMDAwMDAwMDAwMH19",
          "dependencies": [
            "data.aws_availability_zones.available",
            "data.aws_caller_identity.current",
            "module.vpc.aws_vpc.this",
            "module.vpc.aws_vpc_ipv4_cidr_block_association.this"
          ]
        }
      ]
    },
    {
      "module": "module.vpc",
      "mode": "managed",
      "type": "aws_nat_gateway",
      "name": "this",
      "provider": "provider[\"registry.terraform.io/hashicorp/aws\"]",
      "instances": [
        {
          "index_key": 0,
          "schema_version": 0,
          "attributes": {
            "allocation_id": "eipalloc-041a9eb90eda9316d",
            "association_id": "eipassoc-027df9fd2633bc373",
            "connectivity_type": "public",
            "id": "nat-008bb08c19a4d4eda",
            "network_interface_id": "eni-0ceadbfe59d28714b",
            "private_ip": "10.0.0.219",
            "public_ip": "44.240.7.111",
            "secondary_allocation_ids": [],
            "secondary_private_ip_address_count": 0,
            "secondary_private_ip_addresses": [],
            "subnet_id": "subnet-031e9120e703397ce",
            "tags": {
              "CreatedBy": "TrainWithShubhamCommunity",
              "CreatedDate": "2025-11-20",
              "Environment": "dev",
              "ManagedBy": "terraform",
              "Name": "retail-store-vpc-us-west-2a",
              "Owner": "AIDAYVYU7O4NYCHHW6IKK",
              "Project": "retail-store"
            },
            "tags_all": {
              "CreatedBy": "TrainWithShubhamCommunity",
              "CreatedDate": "2025-11-20",
              "Environment": "dev",
              "ManagedBy": "terraform",
              "Name": "retail-store-vpc-us-west-2a",
              "Owner": "AIDAYVYU7O4NYCHHW6IKK",
              "Project": "retail-store"
            },
            "timeouts": null
          },
          "sensitive_attributes": [],
          "identity_schema_version": 0,
          "private": "eyJlMmJmYjczMC1lY2FhLTExZTYtOGY4OC0zNDM2M2JjN2M0YzAiOnsiY3JlYXRlIjo2MDAwMDAwMDAwMDAsImRlbGV0ZSI6MTgwMDAwMDAwMDAwMCwidXBkYXRlIjo2MDAwMDAwMDAwMDB9fQ==",
          "dependencies": [
            "data.aws_availability_zones.available",
            "data.aws_caller_identity.current",
            "module.vpc.aws_eip.nat",
            "module.vpc.aws_internet_gateway.this",
            "module.vpc.aws_subnet.public",
            "module.vpc.aws_vpc.this",
            "module.vpc.aws_vpc_ipv4_cidr_block_association.this",
            "random_string.suffix"
          ]
        }
      ]
    },
    {
      "module": "module.vpc",
      "mode": "managed",
      "type": "aws_route",
      "name": "private_nat_gateway",
      "provider": "provider[\"registry.terraform.io/hashicorp/aws\"]",
      "instances": [
        {
          "index_key": 0,
          "schema_version": 0,
          "attributes": {
            "carrier_gateway_id": "",
            "core_network_arn": "",
            "destination_cidr_block": "0.0.0.0/0",
            "destination_ipv6_cidr_block": "",
            "destination_prefix_list_id": "",
            "egress_only_gateway_id": "",
            "gateway_id": "",
            "id": "r-rtb-0a093e5940caa09ce1080289494",
            "instance_id": "",
            "instance_owner_id": "",
            "local_gateway_id": "",
            "nat_gateway_id": "nat-008bb08c19a4d4eda",
            "network_interface_id": "",
            "origin": "CreateRoute",
            "route_table_id": "rtb-0a093e5940caa09ce",
            "state": "active",
            "timeouts": {
              "create": "5m",
              "delete": null,
              "update": null
            },
            "transit_gateway_id": "",
            "vpc_endpoint_id": "",
            "vpc_peering_connection_id": ""
          },
          "sensitive_attributes": [],
          "identity_schema_version": 0,
          "private": "eyJlMmJmYjczMC1lY2FhLTExZTYtOGY4OC0zNDM2M2JjN2M0YzAiOnsiY3JlYXRlIjozMDAwMDAwMDAwMDAsImRlbGV0ZSI6MzAwMDAwMDAwMDAwLCJ1cGRhdGUiOjEyMDAwMDAwMDAwMH19",
          "dependencies": [
            "data.aws_availability_zones.available",
            "data.aws_caller_identity.current",
            "module.vpc.aws_eip.nat",
            "module.vpc.aws_internet_gateway.this",
            "module.vpc.aws_nat_gateway.this",
            "module.vpc.aws_route_table.private",
            "module.vpc.aws_subnet.public",
            "module.vpc.aws_vpc.this",
            "module.vpc.aws_vpc_ipv4_cidr_block_association.this",
            "random_string.suffix"
          ]
        }
      ]
    },
    {
      "module": "module.vpc",
      "mode": "managed",
      "type": "aws_route",
      "name": "public_internet_gateway",
      "provider": "provider[\"registry.terraform.io/hashicorp/aws\"]",
      "instances": [
        {
          "index_key": 0,
          "schema_version": 0,
          "attributes": {
            "carrier_gateway_id": "",
            "core_network_arn": "",
            "destination_cidr_block": "0.0.0.0/0",
            "destination_ipv6_cidr_block": "",
            "destination_prefix_list_id": "",
            "egress_only_gateway_id": "",
            "gateway_id": "igw-0f0eda0270aae1d20",
            "id": "r-rtb-066f806c5546c61db1080289494",
            "instance_id": "",
            "instance_owner_id": "",
            "local_gateway_id": "",
            "nat_gateway_id": "",
            "network_interface_id": "",
            "origin": "CreateRoute",
            "route_table_id": "rtb-066f806c5546c61db",
            "state": "active",
            "timeouts": {
              "create": "5m",
              "delete": null,
              "update": null
            },
            "transit_gateway_id": "",
            "vpc_endpoint_id": "",
            "vpc_peering_connection_id": ""
          },
          "sensitive_attributes": [],
          "identity_schema_version": 0,
          "private": "eyJlMmJmYjczMC1lY2FhLTExZTYtOGY4OC0zNDM2M2JjN2M0YzAiOnsiY3JlYXRlIjozMDAwMDAwMDAwMDAsImRlbGV0ZSI6MzAwMDAwMDAwMDAwLCJ1cGRhdGUiOjEyMDAwMDAwMDAwMH19",
          "dependencies": [
            "data.aws_availability_zones.available",
            "data.aws_caller_identity.current",
            "module.vpc.aws_internet_gateway.this",
            "module.vpc.aws_route_table.public",
            "module.vpc.aws_vpc.this",
            "module.vpc.aws_vpc_ipv4_cidr_block_association.this"
          ]
        }
      ]
    },
    {
      "module": "module.vpc",
      "mode": "managed",
      "type": "aws_route_table",
      "name": "private",
      "provider": "provider[\"registry.terraform.io/hashicorp/aws\"]",
      "instances": [
        {
          "index_key": 0,
          "schema_version": 0,
          "attributes": {
            "arn": "arn:aws:ec2:us-west-2:596507588379:route-table/rtb-0a093e5940caa09ce",
            "id": "rtb-0a093e5940caa09ce",
            "owner_id": "596507588379",
            "propagating_vgws": [],
            "route": [
              {
                "carrier_gateway_id": "",
                "cidr_block": "0.0.0.0/0",
                "core_network_arn": "",
                "destination_prefix_list_id": "",
                "egress_only_gateway_id": "",
                "gateway_id": "",
                "ipv6_cidr_block": "",
                "local_gateway_id": "",
                "nat_gateway_id": "nat-008bb08c19a4d4eda",
                "network_interface_id": "",
                "transit_gateway_id": "",
                "vpc_endpoint_id": "",
                "vpc_peering_connection_id": ""
              }
            ],
            "tags": {
              "CreatedBy": "TrainWithShubhamCommunity",
              "CreatedDate": "2025-11-20",
              "Environment": "dev",
              "ManagedBy": "terraform",
              "Name": "retail-store-vpc-private",
              "Owner": "AIDAYVYU7O4NYCHHW6IKK",
              "Project": "retail-store"
            },
            "tags_all": {
              "CreatedBy": "TrainWithShubhamCommunity",
              "CreatedDate": "2025-11-20",
              "Environment": "dev",
              "ManagedBy": "terraform",
              "Name": "retail-store-vpc-private",
              "Owner": "AIDAYVYU7O4NYCHHW6IKK",
              "Project": "retail-store"
            },
            "timeouts": null,
            "vpc_id": "vpc-0db20fc11bd80e840"
          },
          "sensitive_attributes": [],
          "identity_schema_version": 0,
          "private": "eyJlMmJmYjczMC1lY2FhLTExZTYtOGY4OC0zNDM2M2JjN2M0YzAiOnsiY3JlYXRlIjozMDAwMDAwMDAwMDAsImRlbGV0ZSI6MzAwMDAwMDAwMDAwLCJ1cGRhdGUiOjEyMDAwMDAwMDAwMH19",
          "dependencies": [
            "data.aws_availability_zones.available",
            "data.aws_caller_identity.current",
            "module.vpc.aws_vpc.this",
            "module.vpc.aws_vpc_ipv4_cidr_block_association.this"
          ]
        }
      ]
    },
    {
      "module": "module.vpc",
      "mode": "managed",
      "type": "aws_route_table",
      "name": "public",
      "provider": "provider[\"registry.terraform.io/hashicorp/aws\"]",
      "instances": [
        {
          "index_key": 0,
          "schema_version": 0,
          "attributes": {
            "arn": "arn:aws:ec2:us-west-2:596507588379:route-table/rtb-066f806c5546c61db",
            "id": "rtb-066f806c5546c61db",
            "owner_id": "596507588379",
            "propagating_vgws": [],
            "route": [
              {
                "carrier_gateway_id": "",
                "cidr_block": "0.0.0.0/0",
                "core_network_arn": "",
                "destination_prefix_list_id": "",
                "egress_only_gateway_id": "",
                "gateway_id": "igw-0f0eda0270aae1d20",
                "ipv6_cidr_block": "",
                "local_gateway_id": "",
                "nat_gateway_id": "",
                "network_interface_id": "",
                "transit_gateway_id": "",
                "vpc_endpoint_id": "",
                "vpc_peering_connection_id": ""
              }
            ],
            "tags": {
              "CreatedBy": "TrainWithShubhamCommunity",
              "CreatedDate": "2025-11-20",
              "Environment": "dev",
              "ManagedBy": "terraform",
              "Name": "retail-store-vpc-public",
              "Owner": "AIDAYVYU7O4NYCHHW6IKK",
              "Project": "retail-store"
            },
            "tags_all": {
              "CreatedBy": "TrainWithShubhamCommunity",
              "CreatedDate": "2025-11-20",
              "Environment": "dev",
              "ManagedBy": "terraform",
              "Name": "retail-store-vpc-public",
              "Owner": "AIDAYVYU7O4NYCHHW6IKK",
              "Project": "retail-store"
            },
            "timeouts": null,
            "vpc_id": "vpc-0db20fc11bd80e840"
          },
          "sensitive_attributes": [],
          "identity_schema_version": 0,
          "private": "eyJlMmJmYjczMC1lY2FhLTExZTYtOGY4OC0zNDM2M2JjN2M0YzAiOnsiY3JlYXRlIjozMDAwMDAwMDAwMDAsImRlbGV0ZSI6MzAwMDAwMDAwMDAwLCJ1cGRhdGUiOjEyMDAwMDAwMDAwMH19",
          "dependencies": [
            "data.aws_availability_zones.available",
            "data.aws_caller_identity.current",
            "module.vpc.aws_vpc.this",
            "module.vpc.aws_vpc_ipv4_cidr_block_association.this"
          ]
        }
      ]
    },
    {
      "module": "module.vpc",
      "mode": "managed",
      "type": "aws_route_table_association",
      "name": "private",
      "provider": "provider[\"registry.terraform.io/hashicorp/aws\"]",
      "instances": [
        {
          "index_key": 0,
          "schema_version": 0,
          "attributes": {
            "gateway_id": "",
            "id": "rtbassoc-015bef0de6a39b30a",
            "route_table_id": "rtb-0a093e5940caa09ce",
            "subnet_id": "subnet-097656737ae09a394",
            "timeouts": null
          },
          "sensitive_attributes": [],
          "identity_schema_version": 0,
          "private": "eyJlMmJmYjczMC1lY2FhLTExZTYtOGY4OC0zNDM2M2JjN2M0YzAiOnsiY3JlYXRlIjozMDAwMDAwMDAwMDAsImRlbGV0ZSI6MzAwMDAwMDAwMDAwLCJ1cGRhdGUiOjEyMDAwMDAwMDAwMH19",
          "dependencies": [
            "data.aws_availability_zones.available",
            "data.aws_caller_identity.current",
            "module.vpc.aws_route_table.private",
            "module.vpc.aws_subnet.private",
            "module.vpc.aws_vpc.this",
            "module.vpc.aws_vpc_ipv4_cidr_block_association.this",
            "random_string.suffix"
          ]
        },
        {
          "index_key": 1,
          "schema_version": 0,
          "attributes": {
            "gateway_id": "",
            "id": "rtbassoc-0363ea6c140fb16c8",
            "route_table_id": "rtb-0a093e5940caa09ce",
            "subnet_id": "subnet-07a007d5ecb1013e0",
            "timeouts": null
          },
          "sensitive_attributes": [],
          "identity_schema_version": 0,
          "private": "eyJlMmJmYjczMC1lY2FhLTExZTYtOGY4OC0zNDM2M2JjN2M0YzAiOnsiY3JlYXRlIjozMDAwMDAwMDAwMDAsImRlbGV0ZSI6MzAwMDAwMDAwMDAwLCJ1cGRhdGUiOjEyMDAwMDAwMDAwMH19",
          "dependencies": [
            "data.aws_availability_zones.available",
            "data.aws_caller_identity.current",
            "module.vpc.aws_route_table.private",
            "module.vpc.aws_subnet.private",
            "module.vpc.aws_vpc.this",
            "module.vpc.aws_vpc_ipv4_cidr_block_association.this",
            "random_string.suffix"
          ]
        },
        {
          "index_key": 2,
          "schema_version": 0,
          "attributes": {
            "gateway_id": "",
            "id": "rtbassoc-0290365b20084fc0d",
            "route_table_id": "rtb-0a093e5940caa09ce",
            "subnet_id": "subnet-036064752d1ac8e04",
            "timeouts": null
          },
          "sensitive_attributes": [],
          "identity_schema_version": 0,
          "private": "eyJlMmJmYjczMC1lY2FhLTExZTYtOGY4OC0zNDM2M2JjN2M0YzAiOnsiY3JlYXRlIjozMDAwMDAwMDAwMDAsImRlbGV0ZSI6MzAwMDAwMDAwMDAwLCJ1cGRhdGUiOjEyMDAwMDAwMDAwMH19",
          "dependencies": [
            "data.aws_availability_zones.available",
            "data.aws_caller_identity.current",
            "module.vpc.aws_route_table.private",
            "module.vpc.aws_subnet.private",
            "module.vpc.aws_vpc.this",
            "module.vpc.aws_vpc_ipv4_cidr_block_association.this",
            "random_string.suffix"
          ]
        }
      ]
    },
    {
      "module": "module.vpc",
      "mode": "managed",
      "type": "aws_route_table_association",
      "name": "public",
      "provider": "provider[\"registry.terraform.io/hashicorp/aws\"]",
      "instances": [
        {
          "index_key": 0,
          "schema_version": 0,
          "attributes": {
            "gateway_id": "",
            "id": "rtbassoc-0cbdd33e3fd3b35cd",
            "route_table_id": "rtb-066f806c5546c61db",
            "subnet_id": "subnet-031e9120e703397ce",
            "timeouts": null
          },
          "sensitive_attributes": [],
          "identity_schema_version": 0,
          "private": "eyJlMmJmYjczMC1lY2FhLTExZTYtOGY4OC0zNDM2M2JjN2M0YzAiOnsiY3JlYXRlIjozMDAwMDAwMDAwMDAsImRlbGV0ZSI6MzAwMDAwMDAwMDAwLCJ1cGRhdGUiOjEyMDAwMDAwMDAwMH19",
          "dependencies": [
            "data.aws_availability_zones.available",
            "data.aws_caller_identity.current",
            "module.vpc.aws_route_table.public",
            "module.vpc.aws_subnet.public",
            "module.vpc.aws_vpc.this",
            "module.vpc.aws_vpc_ipv4_cidr_block_association.this",
            "random_string.suffix"
          ]
        },
        {
          "index_key": 1,
          "schema_version": 0,
          "attributes": {
            "gateway_id": "",
            "id": "rtbassoc-07555fdcc6f802c82",
            "route_table_id": "rtb-066f806c5546c61db",
            "subnet_id": "subnet-04b9ea603685836a2",
            "timeouts": null
          },
          "sensitive_attributes": [],
          "identity_schema_version": 0,
          "private": "eyJlMmJmYjczMC1lY2FhLTExZTYtOGY4OC0zNDM2M2JjN2M0YzAiOnsiY3JlYXRlIjozMDAwMDAwMDAwMDAsImRlbGV0ZSI6MzAwMDAwMDAwMDAwLCJ1cGRhdGUiOjEyMDAwMDAwMDAwMH19",
          "dependencies": [
            "data.aws_availability_zones.available",
            "data.aws_caller_identity.current",
            "module.vpc.aws_route_table.public",
            "module.vpc.aws_subnet.public",
            "module.vpc.aws_vpc.this",
            "module.vpc.aws_vpc_ipv4_cidr_block_association.this",
            "random_string.suffix"
          ]
        },
        {
          "index_key": 2,
          "schema_version": 0,
          "attributes": {
            "gateway_id": "",
            "id": "rtbassoc-0db840503543594b7",
            "route_table_id": "rtb-066f806c5546c61db",
            "subnet_id": "subnet-0991c61833f0700fb",
            "timeouts": null
          },
          "sensitive_attributes": [],
          "identity_schema_version": 0,
          "private": "eyJlMmJmYjczMC1lY2FhLTExZTYtOGY4OC0zNDM2M2JjN2M0YzAiOnsiY3JlYXRlIjozMDAwMDAwMDAwMDAsImRlbGV0ZSI6MzAwMDAwMDAwMDAwLCJ1cGRhdGUiOjEyMDAwMDAwMDAwMH19",
          "dependencies": [
            "data.aws_availability_zones.available",
            "data.aws_caller_identity.current",
            "module.vpc.aws_route_table.public",
            "module.vpc.aws_subnet.public",
            "module.vpc.aws_vpc.this",
            "module.vpc.aws_vpc_ipv4_cidr_block_association.this",
            "random_string.suffix"
          ]
        }
      ]
    },
    {
      "module": "module.vpc",
      "mode": "managed",
      "type": "aws_subnet",
      "name": "private",
      "provider": "provider[\"registry.terraform.io/hashicorp/aws\"]",
      "instances": [
        {
          "index_key": 0,
          "schema_version": 1,
          "attributes": {
            "arn": "arn:aws:ec2:us-west-2:596507588379:subnet/subnet-097656737ae09a394",
            "assign_ipv6_address_on_creation": false,
            "availability_zone": "us-west-2a",
            "availability_zone_id": "usw2-az2",
            "cidr_block": "10.0.10.0/24",
            "customer_owned_ipv4_pool": "",
            "enable_dns64": false,
            "enable_lni_at_device_index": 0,
            "enable_resource_name_dns_a_record_on_launch": false,
            "enable_resource_name_dns_aaaa_record_on_launch": false,
            "id": "subnet-097656737ae09a394",
            "ipv6_cidr_block": "",
            "ipv6_cidr_block_association_id": "",
            "ipv6_native": false,
            "map_customer_owned_ip_on_launch": false,
            "map_public_ip_on_launch": false,
            "outpost_arn": "",
            "owner_id": "596507588379",
            "private_dns_hostname_type_on_launch": "ip-name",
            "tags": {
              "CreatedBy": "TrainWithShubhamCommunity",
              "CreatedDate": "2025-11-20",
              "Environment": "dev",
              "ManagedBy": "terraform",
              "Name": "retail-store-vpc-private-us-west-2a",
              "Owner": "AIDAYVYU7O4NYCHHW6IKK",
              "Project": "retail-store",
              "kubernetes.io/cluster/retail-store-bfkv": "shared",
              "kubernetes.io/role/internal-elb": "1"
            },
            "tags_all": {
              "CreatedBy": "TrainWithShubhamCommunity",
              "CreatedDate": "2025-11-20",
              "Environment": "dev",
              "ManagedBy": "terraform",
              "Name": "retail-store-vpc-private-us-west-2a",
              "Owner": "AIDAYVYU7O4NYCHHW6IKK",
              "Project": "retail-store",
              "kubernetes.io/cluster/retail-store-bfkv": "shared",
              "kubernetes.io/role/internal-elb": "1"
            },
            "timeouts": null,
            "vpc_id": "vpc-0db20fc11bd80e840"
          },
          "sensitive_attributes": [],
          "identity_schema_version": 0,
          "private": "eyJlMmJmYjczMC1lY2FhLTExZTYtOGY4OC0zNDM2M2JjN2M0YzAiOnsiY3JlYXRlIjo2MDAwMDAwMDAwMDAsImRlbGV0ZSI6MTIwMDAwMDAwMDAwMH0sInNjaGVtYV92ZXJzaW9uIjoiMSJ9",
          "dependencies": [
            "data.aws_availability_zones.available",
            "data.aws_caller_identity.current",
            "module.vpc.aws_vpc.this",
            "module.vpc.aws_vpc_ipv4_cidr_block_association.this",
            "random_string.suffix"
          ],
          "create_before_destroy": true
        },
        {
          "index_key": 1,
          "schema_version": 1,
          "attributes": {
            "arn": "arn:aws:ec2:us-west-2:596507588379:subnet/subnet-07a007d5ecb1013e0",
            "assign_ipv6_address_on_creation": false,
            "availability_zone": "us-west-2b",
            "availability_zone_id": "usw2-az1",
            "cidr_block": "10.0.11.0/24",
            "customer_owned_ipv4_pool": "",
            "enable_dns64": false,
            "enable_lni_at_device_index": 0,
            "enable_resource_name_dns_a_record_on_launch": false,
            "enable_resource_name_dns_aaaa_record_on_launch": false,
            "id": "subnet-07a007d5ecb1013e0",
            "ipv6_cidr_block": "",
            "ipv6_cidr_block_association_id": "",
            "ipv6_native": false,
            "map_customer_owned_ip_on_launch": false,
            "map_public_ip_on_launch": false,
            "outpost_arn": "",
            "owner_id": "596507588379",
            "private_dns_hostname_type_on_launch": "ip-name",
            "tags": {
              "CreatedBy": "TrainWithShubhamCommunity",
              "CreatedDate": "2025-11-20",
              "Environment": "dev",
              "ManagedBy": "terraform",
              "Name": "retail-store-vpc-private-us-west-2b",
              "Owner": "AIDAYVYU7O4NYCHHW6IKK",
              "Project": "retail-store",
              "kubernetes.io/cluster/retail-store-bfkv": "shared",
              "kubernetes.io/role/internal-elb": "1"
            },
            "tags_all": {
              "CreatedBy": "TrainWithShubhamCommunity",
              "CreatedDate": "2025-11-20",
              "Environment": "dev",
              "ManagedBy": "terraform",
              "Name": "retail-store-vpc-private-us-west-2b",
              "Owner": "AIDAYVYU7O4NYCHHW6IKK",
              "Project": "retail-store",
              "kubernetes.io/cluster/retail-store-bfkv": "shared",
              "kubernetes.io/role/internal-elb": "1"
            },
            "timeouts": null,
            "vpc_id": "vpc-0db20fc11bd80e840"
          },
          "sensitive_attributes": [],
          "identity_schema_version": 0,
          "private": "eyJlMmJmYjczMC1lY2FhLTExZTYtOGY4OC0zNDM2M2JjN2M0YzAiOnsiY3JlYXRlIjo2MDAwMDAwMDAwMDAsImRlbGV0ZSI6MTIwMDAwMDAwMDAwMH0sInNjaGVtYV92ZXJzaW9uIjoiMSJ9",
          "dependencies": [
            "data.aws_availability_zones.available",
            "data.aws_caller_identity.current",
            "module.vpc.aws_vpc.this",
            "module.vpc.aws_vpc_ipv4_cidr_block_association.this",
            "random_string.suffix"
          ],
          "create_before_destroy": true
        },
        {
          "index_key": 2,
          "schema_version": 1,
          "attributes": {
            "arn": "arn:aws:ec2:us-west-2:596507588379:subnet/subnet-036064752d1ac8e04",
            "assign_ipv6_address_on_creation": false,
            "availability_zone": "us-west-2c",
            "availability_zone_id": "usw2-az3",
            "cidr_block": "10.0.12.0/24",
            "customer_owned_ipv4_pool": "",
            "enable_dns64": false,
            "enable_lni_at_device_index": 0,
            "enable_resource_name_dns_a_record_on_launch": false,
            "enable_resource_name_dns_aaaa_record_on_launch": false,
            "id": "subnet-036064752d1ac8e04",
            "ipv6_cidr_block": "",
            "ipv6_cidr_block_association_id": "",
            "ipv6_native": false,
            "map_customer_owned_ip_on_launch": false,
            "map_public_ip_on_launch": false,
            "outpost_arn": "",
            "owner_id": "596507588379",
            "private_dns_hostname_type_on_launch": "ip-name",
            "tags": {
              "CreatedBy": "TrainWithShubhamCommunity",
              "CreatedDate": "2025-11-20",
              "Environment": "dev",
              "ManagedBy": "terraform",
              "Name": "retail-store-vpc-private-us-west-2c",
              "Owner": "AIDAYVYU7O4NYCHHW6IKK",
              "Project": "retail-store",
              "kubernetes.io/cluster/retail-store-bfkv": "shared",
              "kubernetes.io/role/internal-elb": "1"
            },
            "tags_all": {
              "CreatedBy": "TrainWithShubhamCommunity",
              "CreatedDate": "2025-11-20",
              "Environment": "dev",
              "ManagedBy": "terraform",
              "Name": "retail-store-vpc-private-us-west-2c",
              "Owner": "AIDAYVYU7O4NYCHHW6IKK",
              "Project": "retail-store",
              "kubernetes.io/cluster/retail-store-bfkv": "shared",
              "kubernetes.io/role/internal-elb": "1"
            },
            "timeouts": null,
            "vpc_id": "vpc-0db20fc11bd80e840"
          },
          "sensitive_attributes": [],
          "identity_schema_version": 0,
          "private": "eyJlMmJmYjczMC1lY2FhLTExZTYtOGY4OC0zNDM2M2JjN2M0YzAiOnsiY3JlYXRlIjo2MDAwMDAwMDAwMDAsImRlbGV0ZSI6MTIwMDAwMDAwMDAwMH0sInNjaGVtYV92ZXJzaW9uIjoiMSJ9",
          "dependencies": [
            "data.aws_availability_zones.available",
            "data.aws_caller_identity.current",
            "module.vpc.aws_vpc.this",
            "module.vpc.aws_vpc_ipv4_cidr_block_association.this",
            "random_string.suffix"
          ],
          "create_before_destroy": true
        }
      ]
    },
    {
      "module": "module.vpc",
      "mode": "managed",
      "type": "aws_subnet",
      "name": "public",
      "provider": "provider[\"registry.terraform.io/hashicorp/aws\"]",
      "instances": [
        {
          "index_key": 0,
          "schema_version": 1,
          "attributes": {
            "arn": "arn:aws:ec2:us-west-2:596507588379:subnet/subnet-031e9120e703397ce",
            "assign_ipv6_address_on_creation": false,
            "availability_zone": "us-west-2a",
            "availability_zone_id": "usw2-az2",
            "cidr_block": "10.0.0.0/24",
            "customer_owned_ipv4_pool": "",
            "enable_dns64": false,
            "enable_lni_at_device_index": 0,
            "enable_resource_name_dns_a_record_on_launch": false,
            "enable_resource_name_dns_aaaa_record_on_launch": false,
            "id": "subnet-031e9120e703397ce",
            "ipv6_cidr_block": "",
            "ipv6_cidr_block_association_id": "",
            "ipv6_native": false,
            "map_customer_owned_ip_on_launch": false,
            "map_public_ip_on_launch": false,
            "outpost_arn": "",
            "owner_id": "596507588379",
            "private_dns_hostname_type_on_launch": "ip-name",
            "tags": {
              "CreatedBy": "TrainWithShubhamCommunity",
              "CreatedDate": "2025-11-20",
              "Environment": "dev",
              "ManagedBy": "terraform",
              "Name": "retail-store-vpc-public-us-west-2a",
              "Owner": "AIDAYVYU7O4NYCHHW6IKK",
              "Project": "retail-store",
              "kubernetes.io/cluster/retail-store-bfkv": "shared",
              "kubernetes.io/role/elb": "1"
            },
            "tags_all": {
              "CreatedBy": "TrainWithShubhamCommunity",
              "CreatedDate": "2025-11-20",
              "Environment": "dev",
              "ManagedBy": "terraform",
              "Name": "retail-store-vpc-public-us-west-2a",
              "Owner": "AIDAYVYU7O4NYCHHW6IKK",
              "Project": "retail-store",
              "kubernetes.io/cluster/retail-store-bfkv": "shared",
              "kubernetes.io/role/elb": "1"
            },
            "timeouts": null,
            "vpc_id": "vpc-0db20fc11bd80e840"
          },
          "sensitive_attributes": [],
          "identity_schema_version": 0,
          "private": "eyJlMmJmYjczMC1lY2FhLTExZTYtOGY4OC0zNDM2M2JjN2M0YzAiOnsiY3JlYXRlIjo2MDAwMDAwMDAwMDAsImRlbGV0ZSI6MTIwMDAwMDAwMDAwMH0sInNjaGVtYV92ZXJzaW9uIjoiMSJ9",
          "dependencies": [
            "data.aws_availability_zones.available",
            "data.aws_caller_identity.current",
            "module.vpc.aws_vpc.this",
            "module.vpc.aws_vpc_ipv4_cidr_block_association.this",
            "random_string.suffix"
          ]
        },
        {
          "index_key": 1,
          "schema_version": 1,
          "attributes": {
            "arn": "arn:aws:ec2:us-west-2:596507588379:subnet/subnet-04b9ea603685836a2",
            "assign_ipv6_address_on_creation": false,
            "availability_zone": "us-west-2b",
            "availability_zone_id": "usw2-az1",
            "cidr_block": "10.0.1.0/24",
            "customer_owned_ipv4_pool": "",
            "enable_dns64": false,
            "enable_lni_at_device_index": 0,
            "enable_resource_name_dns_a_record_on_launch": false,
            "enable_resource_name_dns_aaaa_record_on_launch": false,
            "id": "subnet-04b9ea603685836a2",
            "ipv6_cidr_block": "",
            "ipv6_cidr_block_association_id": "",
            "ipv6_native": false,
            "map_customer_owned_ip_on_launch": false,
            "map_public_ip_on_launch": false,
            "outpost_arn": "",
            "owner_id": "596507588379",
            "private_dns_hostname_type_on_launch": "ip-name",
            "tags": {
              "CreatedBy": "TrainWithShubhamCommunity",
              "CreatedDate": "2025-11-20",
              "Environment": "dev",
              "ManagedBy": "terraform",
              "Name": "retail-store-vpc-public-us-west-2b",
              "Owner": "AIDAYVYU7O4NYCHHW6IKK",
              "Project": "retail-store",
              "kubernetes.io/cluster/retail-store-bfkv": "shared",
              "kubernetes.io/role/elb": "1"
            },
            "tags_all": {
              "CreatedBy": "TrainWithShubhamCommunity",
              "CreatedDate": "2025-11-20",
              "Environment": "dev",
              "ManagedBy": "terraform",
              "Name": "retail-store-vpc-public-us-west-2b",
              "Owner": "AIDAYVYU7O4NYCHHW6IKK",
              "Project": "retail-store",
              "kubernetes.io/cluster/retail-store-bfkv": "shared",
              "kubernetes.io/role/elb": "1"
            },
            "timeouts": null,
            "vpc_id": "vpc-0db20fc11bd80e840"
          },
          "sensitive_attributes": [],
          "identity_schema_version": 0,
          "private": "eyJlMmJmYjczMC1lY2FhLTExZTYtOGY4OC0zNDM2M2JjN2M0YzAiOnsiY3JlYXRlIjo2MDAwMDAwMDAwMDAsImRlbGV0ZSI6MTIwMDAwMDAwMDAwMH0sInNjaGVtYV92ZXJzaW9uIjoiMSJ9",
          "dependencies": [
            "data.aws_availability_zones.available",
            "data.aws_caller_identity.current",
            "module.vpc.aws_vpc.this",
            "module.vpc.aws_vpc_ipv4_cidr_block_association.this",
            "random_string.suffix"
          ]
        },
        {
          "index_key": 2,
          "schema_version": 1,
          "attributes": {
            "arn": "arn:aws:ec2:us-west-2:596507588379:subnet/subnet-0991c61833f0700fb",
            "assign_ipv6_address_on_creation": false,
            "availability_zone": "us-west-2c",
            "availability_zone_id": "usw2-az3",
            "cidr_block": "10.0.2.0/24",
            "customer_owned_ipv4_pool": "",
            "enable_dns64": false,
            "enable_lni_at_device_index": 0,
            "enable_resource_name_dns_a_record_on_launch": false,
            "enable_resource_name_dns_aaaa_record_on_launch": false,
            "id": "subnet-0991c61833f0700fb",
            "ipv6_cidr_block": "",
            "ipv6_cidr_block_association_id": "",
            "ipv6_native": false,
            "map_customer_owned_ip_on_launch": false,
            "map_public_ip_on_launch": false,
            "outpost_arn": "",
            "owner_id": "596507588379",
            "private_dns_hostname_type_on_launch": "ip-name",
            "tags": {
              "CreatedBy": "TrainWithShubhamCommunity",
              "CreatedDate": "2025-11-20",
              "Environment": "dev",
              "ManagedBy": "terraform",
              "Name": "retail-store-vpc-public-us-west-2c",
              "Owner": "AIDAYVYU7O4NYCHHW6IKK",
              "Project": "retail-store",
              "kubernetes.io/cluster/retail-store-bfkv": "shared",
              "kubernetes.io/role/elb": "1"
            },
            "tags_all": {
              "CreatedBy": "TrainWithShubhamCommunity",
              "CreatedDate": "2025-11-20",
              "Environment": "dev",
              "ManagedBy": "terraform",
              "Name": "retail-store-vpc-public-us-west-2c",
              "Owner": "AIDAYVYU7O4NYCHHW6IKK",
              "Project": "retail-store",
              "kubernetes.io/cluster/retail-store-bfkv": "shared",
              "kubernetes.io/role/elb": "1"
            },
            "timeouts": null,
            "vpc_id": "vpc-0db20fc11bd80e840"
          },
          "sensitive_attributes": [],
          "identity_schema_version": 0,
          "private": "eyJlMmJmYjczMC1lY2FhLTExZTYtOGY4OC0zNDM2M2JjN2M0YzAiOnsiY3JlYXRlIjo2MDAwMDAwMDAwMDAsImRlbGV0ZSI6MTIwMDAwMDAwMDAwMH0sInNjaGVtYV92ZXJzaW9uIjoiMSJ9",
          "dependencies": [
            "data.aws_availability_zones.available",
            "data.aws_caller_identity.current",
            "module.vpc.aws_vpc.this",
            "module.vpc.aws_vpc_ipv4_cidr_block_association.this",
            "random_string.suffix"
          ]
        }
      ]
    },
    {
      "module": "module.vpc",
      "mode": "managed",
      "type": "aws_vpc",
      "name": "this",
      "provider": "provider[\"registry.terraform.io/hashicorp/aws\"]",
      "instances": [
        {
          "index_key": 0,
          "schema_version": 1,
          "attributes": {
            "arn": "arn:aws:ec2:us-west-2:596507588379:vpc/vpc-0db20fc11bd80e840",
            "assign_generated_ipv6_cidr_block": false,
            "cidr_block": "10.0.0.0/16",
            "default_network_acl_id": "acl-0f6d0922cca31eb4a",
            "default_route_table_id": "rtb-01950a653a330267f",
            "default_security_group_id": "sg-0126767e252660d46",
            "dhcp_options_id": "dopt-04fb47726ce0ca4fb",
            "enable_dns_hostnames": true,
            "enable_dns_support": true,
            "enable_network_address_usage_metrics": false,
            "id": "vpc-0db20fc11bd80e840",
            "instance_tenancy": "default",
            "ipv4_ipam_pool_id": null,
            "ipv4_netmask_length": null,
            "ipv6_association_id": "",
            "ipv6_cidr_block": "",
            "ipv6_cidr_block_network_border_group": "",
            "ipv6_ipam_pool_id": "",
            "ipv6_netmask_length": 0,
            "main_route_table_id": "rtb-01950a653a330267f",
            "owner_id": "596507588379",
            "tags": {
              "CreatedBy": "TrainWithShubhamCommunity",
              "CreatedDate": "2025-11-20",
              "Environment": "dev",
              "ManagedBy": "terraform",
              "Name": "retail-store-vpc",
              "Owner": "AIDAYVYU7O4NYCHHW6IKK",
              "Project": "retail-store"
            },
            "tags_all": {
              "CreatedBy": "TrainWithShubhamCommunity",
              "CreatedDate": "2025-11-20",
              "Environment": "dev",
              "ManagedBy": "terraform",
              "Name": "retail-store-vpc",
              "Owner": "AIDAYVYU7O4NYCHHW6IKK",
              "Project": "retail-store"
            }
          },
          "sensitive_attributes": [],
          "identity_schema_version": 0,
          "private": "eyJzY2hlbWFfdmVyc2lvbiI6IjEifQ==",
          "dependencies": [
            "data.aws_caller_identity.current"
          ],
          "create_before_destroy": true
        }
      ]
    }
  ],
  "check_results": [
    {
      "object_kind": "var",
      "config_addr": "module.retail_app_eks.module.self_managed_node_group.var.platform",
      "status": "pass",
      "objects": null
    },
    {
      "object_kind": "resource",
      "config_addr": "module.retail_app_eks.module.self_managed_node_group.module.user_data.null_resource.validate_cluster_service_cidr",
      "status": "pass",
      "objects": null
    },
    {
      "object_kind": "resource",
      "config_addr": "module.retail_app_eks.module.eks_managed_node_group.module.user_data.null_resource.validate_cluster_service_cidr",
      "status": "pass",
      "objects": null
    }
  ]
}
